
Terraform used the selected providers to generate the following execution
plan. Resource actions are indicated with the following symbols:
  [32m+[0m create[0m
 [36m<=[0m read (data resources)[0m

Terraform will perform the following actions:

[1m  # module.app_nodes.data.aws_ami.rhel[0m will be read during apply
  # (config refers to values not yet known)
[0m [36m<=[0m[0m data "aws_ami" "rhel" {
      [32m+[0m[0m architecture          = (known after apply)
      [32m+[0m[0m arn                   = (known after apply)
      [32m+[0m[0m block_device_mappings = (known after apply)
      [32m+[0m[0m boot_mode             = (known after apply)
      [32m+[0m[0m creation_date         = (known after apply)
      [32m+[0m[0m deprecation_time      = (known after apply)
      [32m+[0m[0m description           = (known after apply)
      [32m+[0m[0m ena_support           = (known after apply)
      [32m+[0m[0m hypervisor            = (known after apply)
      [32m+[0m[0m id                    = (known after apply)
      [32m+[0m[0m image_id              = (known after apply)
      [32m+[0m[0m image_location        = (known after apply)
      [32m+[0m[0m image_owner_alias     = (known after apply)
      [32m+[0m[0m image_type            = (known after apply)
      [32m+[0m[0m imds_support          = (known after apply)
      [32m+[0m[0m kernel_id             = (known after apply)
      [32m+[0m[0m most_recent           = true
      [32m+[0m[0m name                  = (known after apply)
      [32m+[0m[0m owner_id              = (known after apply)
      [32m+[0m[0m owners                = [
          [32m+[0m[0m "309956199498",
        ]
      [32m+[0m[0m platform              = (known after apply)
      [32m+[0m[0m platform_details      = (known after apply)
      [32m+[0m[0m product_codes         = (known after apply)
      [32m+[0m[0m public                = (known after apply)
      [32m+[0m[0m ramdisk_id            = (known after apply)
      [32m+[0m[0m root_device_name      = (known after apply)
      [32m+[0m[0m root_device_type      = (known after apply)
      [32m+[0m[0m root_snapshot_id      = (known after apply)
      [32m+[0m[0m sriov_net_support     = (known after apply)
      [32m+[0m[0m state                 = (known after apply)
      [32m+[0m[0m state_reason          = (known after apply)
      [32m+[0m[0m tags                  = (known after apply)
      [32m+[0m[0m tpm_support           = (known after apply)
      [32m+[0m[0m usage_operation       = (known after apply)
      [32m+[0m[0m virtualization_type   = (known after apply)

      [32m+[0m[0m filter {
          [32m+[0m[0m name   = "architecture"
          [32m+[0m[0m values = [
              [32m+[0m[0m (known after apply),
            ]
        }
      [32m+[0m[0m filter {
          [32m+[0m[0m name   = "name"
          [32m+[0m[0m values = [
              [32m+[0m[0m "RHEL-8.7.0_*",
            ]
        }
      [32m+[0m[0m filter {
          [32m+[0m[0m name   = "virtualization-type"
          [32m+[0m[0m values = [
              [32m+[0m[0m "hvm",
            ]
        }
    }

[1m  # module.app_nodes.data.aws_caller_identity.current[0m will be read during apply
  # (depends on a resource or a module with changes pending)
[0m [36m<=[0m[0m data "aws_caller_identity" "current" {
      [32m+[0m[0m account_id = (known after apply)
      [32m+[0m[0m arn        = (known after apply)
      [32m+[0m[0m id         = (known after apply)
      [32m+[0m[0m user_id    = (known after apply)
    }

[1m  # module.app_nodes.data.aws_ec2_instance_type.node-type-info[0m will be read during apply
  # (depends on a resource or a module with changes pending)
[0m [36m<=[0m[0m data "aws_ec2_instance_type" "node-type-info" {
      [32m+[0m[0m auto_recovery_supported              = (known after apply)
      [32m+[0m[0m bare_metal                           = (known after apply)
      [32m+[0m[0m burstable_performance_supported      = (known after apply)
      [32m+[0m[0m current_generation                   = (known after apply)
      [32m+[0m[0m dedicated_hosts_supported            = (known after apply)
      [32m+[0m[0m default_cores                        = (known after apply)
      [32m+[0m[0m default_threads_per_core             = (known after apply)
      [32m+[0m[0m default_vcpus                        = (known after apply)
      [32m+[0m[0m ebs_encryption_support               = (known after apply)
      [32m+[0m[0m ebs_nvme_support                     = (known after apply)
      [32m+[0m[0m ebs_optimized_support                = (known after apply)
      [32m+[0m[0m ebs_performance_baseline_bandwidth   = (known after apply)
      [32m+[0m[0m ebs_performance_baseline_iops        = (known after apply)
      [32m+[0m[0m ebs_performance_baseline_throughput  = (known after apply)
      [32m+[0m[0m ebs_performance_maximum_bandwidth    = (known after apply)
      [32m+[0m[0m ebs_performance_maximum_iops         = (known after apply)
      [32m+[0m[0m ebs_performance_maximum_throughput   = (known after apply)
      [32m+[0m[0m efa_supported                        = (known after apply)
      [32m+[0m[0m ena_support                          = (known after apply)
      [32m+[0m[0m encryption_in_transit_supported      = (known after apply)
      [32m+[0m[0m fpgas                                = (known after apply)
      [32m+[0m[0m free_tier_eligible                   = (known after apply)
      [32m+[0m[0m gpus                                 = (known after apply)
      [32m+[0m[0m hibernation_supported                = (known after apply)
      [32m+[0m[0m hypervisor                           = (known after apply)
      [32m+[0m[0m id                                   = (known after apply)
      [32m+[0m[0m inference_accelerators               = (known after apply)
      [32m+[0m[0m instance_disks                       = (known after apply)
      [32m+[0m[0m instance_storage_supported           = (known after apply)
      [32m+[0m[0m instance_type                        = "m5n.xlarge"
      [32m+[0m[0m ipv6_supported                       = (known after apply)
      [32m+[0m[0m maximum_ipv4_addresses_per_interface = (known after apply)
      [32m+[0m[0m maximum_ipv6_addresses_per_interface = (known after apply)
      [32m+[0m[0m maximum_network_interfaces           = (known after apply)
      [32m+[0m[0m memory_size                          = (known after apply)
      [32m+[0m[0m network_performance                  = (known after apply)
      [32m+[0m[0m supported_architectures              = (known after apply)
      [32m+[0m[0m supported_placement_strategies       = (known after apply)
      [32m+[0m[0m supported_root_device_types          = (known after apply)
      [32m+[0m[0m supported_usages_classes             = (known after apply)
      [32m+[0m[0m supported_virtualization_types       = (known after apply)
      [32m+[0m[0m sustained_clock_speed                = (known after apply)
      [32m+[0m[0m total_fpga_memory                    = (known after apply)
      [32m+[0m[0m total_gpu_memory                     = (known after apply)
      [32m+[0m[0m total_instance_storage               = (known after apply)
      [32m+[0m[0m valid_cores                          = (known after apply)
      [32m+[0m[0m valid_threads_per_core               = (known after apply)
    }

[1m  # module.media_nodes.data.aws_ami.rhel[0m will be read during apply
  # (config refers to values not yet known)
[0m [36m<=[0m[0m data "aws_ami" "rhel" {
      [32m+[0m[0m architecture          = (known after apply)
      [32m+[0m[0m arn                   = (known after apply)
      [32m+[0m[0m block_device_mappings = (known after apply)
      [32m+[0m[0m boot_mode             = (known after apply)
      [32m+[0m[0m creation_date         = (known after apply)
      [32m+[0m[0m deprecation_time      = (known after apply)
      [32m+[0m[0m description           = (known after apply)
      [32m+[0m[0m ena_support           = (known after apply)
      [32m+[0m[0m hypervisor            = (known after apply)
      [32m+[0m[0m id                    = (known after apply)
      [32m+[0m[0m image_id              = (known after apply)
      [32m+[0m[0m image_location        = (known after apply)
      [32m+[0m[0m image_owner_alias     = (known after apply)
      [32m+[0m[0m image_type            = (known after apply)
      [32m+[0m[0m imds_support          = (known after apply)
      [32m+[0m[0m kernel_id             = (known after apply)
      [32m+[0m[0m most_recent           = true
      [32m+[0m[0m name                  = (known after apply)
      [32m+[0m[0m owner_id              = (known after apply)
      [32m+[0m[0m owners                = [
          [32m+[0m[0m "309956199498",
        ]
      [32m+[0m[0m platform              = (known after apply)
      [32m+[0m[0m platform_details      = (known after apply)
      [32m+[0m[0m product_codes         = (known after apply)
      [32m+[0m[0m public                = (known after apply)
      [32m+[0m[0m ramdisk_id            = (known after apply)
      [32m+[0m[0m root_device_name      = (known after apply)
      [32m+[0m[0m root_device_type      = (known after apply)
      [32m+[0m[0m root_snapshot_id      = (known after apply)
      [32m+[0m[0m sriov_net_support     = (known after apply)
      [32m+[0m[0m state                 = (known after apply)
      [32m+[0m[0m state_reason          = (known after apply)
      [32m+[0m[0m tags                  = (known after apply)
      [32m+[0m[0m tpm_support           = (known after apply)
      [32m+[0m[0m usage_operation       = (known after apply)
      [32m+[0m[0m virtualization_type   = (known after apply)

      [32m+[0m[0m filter {
          [32m+[0m[0m name   = "architecture"
          [32m+[0m[0m values = [
              [32m+[0m[0m (known after apply),
            ]
        }
      [32m+[0m[0m filter {
          [32m+[0m[0m name   = "name"
          [32m+[0m[0m values = [
              [32m+[0m[0m "RHEL-8.7.0_*",
            ]
        }
      [32m+[0m[0m filter {
          [32m+[0m[0m name   = "virtualization-type"
          [32m+[0m[0m values = [
              [32m+[0m[0m "hvm",
            ]
        }
    }

[1m  # module.media_nodes.data.aws_caller_identity.current[0m will be read during apply
  # (depends on a resource or a module with changes pending)
[0m [36m<=[0m[0m data "aws_caller_identity" "current" {
      [32m+[0m[0m account_id = (known after apply)
      [32m+[0m[0m arn        = (known after apply)
      [32m+[0m[0m id         = (known after apply)
      [32m+[0m[0m user_id    = (known after apply)
    }

[1m  # module.media_nodes.data.aws_ec2_instance_type.node-type-info[0m will be read during apply
  # (depends on a resource or a module with changes pending)
[0m [36m<=[0m[0m data "aws_ec2_instance_type" "node-type-info" {
      [32m+[0m[0m auto_recovery_supported              = (known after apply)
      [32m+[0m[0m bare_metal                           = (known after apply)
      [32m+[0m[0m burstable_performance_supported      = (known after apply)
      [32m+[0m[0m current_generation                   = (known after apply)
      [32m+[0m[0m dedicated_hosts_supported            = (known after apply)
      [32m+[0m[0m default_cores                        = (known after apply)
      [32m+[0m[0m default_threads_per_core             = (known after apply)
      [32m+[0m[0m default_vcpus                        = (known after apply)
      [32m+[0m[0m ebs_encryption_support               = (known after apply)
      [32m+[0m[0m ebs_nvme_support                     = (known after apply)
      [32m+[0m[0m ebs_optimized_support                = (known after apply)
      [32m+[0m[0m ebs_performance_baseline_bandwidth   = (known after apply)
      [32m+[0m[0m ebs_performance_baseline_iops        = (known after apply)
      [32m+[0m[0m ebs_performance_baseline_throughput  = (known after apply)
      [32m+[0m[0m ebs_performance_maximum_bandwidth    = (known after apply)
      [32m+[0m[0m ebs_performance_maximum_iops         = (known after apply)
      [32m+[0m[0m ebs_performance_maximum_throughput   = (known after apply)
      [32m+[0m[0m efa_supported                        = (known after apply)
      [32m+[0m[0m ena_support                          = (known after apply)
      [32m+[0m[0m encryption_in_transit_supported      = (known after apply)
      [32m+[0m[0m fpgas                                = (known after apply)
      [32m+[0m[0m free_tier_eligible                   = (known after apply)
      [32m+[0m[0m gpus                                 = (known after apply)
      [32m+[0m[0m hibernation_supported                = (known after apply)
      [32m+[0m[0m hypervisor                           = (known after apply)
      [32m+[0m[0m id                                   = (known after apply)
      [32m+[0m[0m inference_accelerators               = (known after apply)
      [32m+[0m[0m instance_disks                       = (known after apply)
      [32m+[0m[0m instance_storage_supported           = (known after apply)
      [32m+[0m[0m instance_type                        = "is4gen.2xlarge"
      [32m+[0m[0m ipv6_supported                       = (known after apply)
      [32m+[0m[0m maximum_ipv4_addresses_per_interface = (known after apply)
      [32m+[0m[0m maximum_ipv6_addresses_per_interface = (known after apply)
      [32m+[0m[0m maximum_network_interfaces           = (known after apply)
      [32m+[0m[0m memory_size                          = (known after apply)
      [32m+[0m[0m network_performance                  = (known after apply)
      [32m+[0m[0m supported_architectures              = (known after apply)
      [32m+[0m[0m supported_placement_strategies       = (known after apply)
      [32m+[0m[0m supported_root_device_types          = (known after apply)
      [32m+[0m[0m supported_usages_classes             = (known after apply)
      [32m+[0m[0m supported_virtualization_types       = (known after apply)
      [32m+[0m[0m sustained_clock_speed                = (known after apply)
      [32m+[0m[0m total_fpga_memory                    = (known after apply)
      [32m+[0m[0m total_gpu_memory                     = (known after apply)
      [32m+[0m[0m total_instance_storage               = (known after apply)
      [32m+[0m[0m valid_cores                          = (known after apply)
      [32m+[0m[0m valid_threads_per_core               = (known after apply)
    }

[1m  # module.media_nodes.aws_instance.this[0][0m will be created
[0m  [32m+[0m[0m resource "aws_instance" "this" {
      [32m+[0m[0m ami                                  = (known after apply)
      [32m+[0m[0m arn                                  = (known after apply)
      [32m+[0m[0m associate_public_ip_address          = (known after apply)
      [32m+[0m[0m availability_zone                    = (known after apply)
      [32m+[0m[0m cpu_core_count                       = (known after apply)
      [32m+[0m[0m cpu_threads_per_core                 = (known after apply)
      [32m+[0m[0m disable_api_stop                     = (known after apply)
      [32m+[0m[0m disable_api_termination              = (known after apply)
      [32m+[0m[0m ebs_optimized                        = (known after apply)
      [32m+[0m[0m get_password_data                    = false
      [32m+[0m[0m host_id                              = (known after apply)
      [32m+[0m[0m host_resource_group_arn              = (known after apply)
      [32m+[0m[0m iam_instance_profile                 = (known after apply)
      [32m+[0m[0m id                                   = (known after apply)
      [32m+[0m[0m instance_initiated_shutdown_behavior = (known after apply)
      [32m+[0m[0m instance_lifecycle                   = (known after apply)
      [32m+[0m[0m instance_state                       = (known after apply)
      [32m+[0m[0m instance_type                        = "is4gen.2xlarge"
      [32m+[0m[0m ipv6_address_count                   = (known after apply)
      [32m+[0m[0m ipv6_addresses                       = (known after apply)
      [32m+[0m[0m key_name                             = (known after apply)
      [32m+[0m[0m monitoring                           = (known after apply)
      [32m+[0m[0m outpost_arn                          = (known after apply)
      [32m+[0m[0m password_data                        = (known after apply)
      [32m+[0m[0m placement_group                      = (known after apply)
      [32m+[0m[0m placement_partition_number           = (known after apply)
      [32m+[0m[0m primary_network_interface_id         = (known after apply)
      [32m+[0m[0m private_dns                          = (known after apply)
      [32m+[0m[0m private_ip                           = (known after apply)
      [32m+[0m[0m public_dns                           = (known after apply)
      [32m+[0m[0m public_ip                            = (known after apply)
      [32m+[0m[0m secondary_private_ips                = (known after apply)
      [32m+[0m[0m security_groups                      = (known after apply)
      [32m+[0m[0m spot_instance_request_id             = (known after apply)
      [32m+[0m[0m subnet_id                            = (known after apply)
      [32m+[0m[0m tags                                 = (known after apply)
      [32m+[0m[0m tags_all                             = (known after apply)
      [32m+[0m[0m tenancy                              = (known after apply)
      [32m+[0m[0m user_data                            = (known after apply)
      [32m+[0m[0m user_data_base64                     = (known after apply)
      [32m+[0m[0m user_data_replace_on_change          = false
      [32m+[0m[0m vpc_security_group_ids               = (known after apply)

      [32m+[0m[0m network_interface {
          [32m+[0m[0m delete_on_termination = false
          [32m+[0m[0m device_index          = 0
          [32m+[0m[0m network_card_index    = 0
          [32m+[0m[0m network_interface_id  = (known after apply)
        }
    }

[1m  # module.media_nodes.aws_instance.this[1][0m will be created
[0m  [32m+[0m[0m resource "aws_instance" "this" {
      [32m+[0m[0m ami                                  = (known after apply)
      [32m+[0m[0m arn                                  = (known after apply)
      [32m+[0m[0m associate_public_ip_address          = (known after apply)
      [32m+[0m[0m availability_zone                    = (known after apply)
      [32m+[0m[0m cpu_core_count                       = (known after apply)
      [32m+[0m[0m cpu_threads_per_core                 = (known after apply)
      [32m+[0m[0m disable_api_stop                     = (known after apply)
      [32m+[0m[0m disable_api_termination              = (known after apply)
      [32m+[0m[0m ebs_optimized                        = (known after apply)
      [32m+[0m[0m get_password_data                    = false
      [32m+[0m[0m host_id                              = (known after apply)
      [32m+[0m[0m host_resource_group_arn              = (known after apply)
      [32m+[0m[0m iam_instance_profile                 = (known after apply)
      [32m+[0m[0m id                                   = (known after apply)
      [32m+[0m[0m instance_initiated_shutdown_behavior = (known after apply)
      [32m+[0m[0m instance_lifecycle                   = (known after apply)
      [32m+[0m[0m instance_state                       = (known after apply)
      [32m+[0m[0m instance_type                        = "is4gen.2xlarge"
      [32m+[0m[0m ipv6_address_count                   = (known after apply)
      [32m+[0m[0m ipv6_addresses                       = (known after apply)
      [32m+[0m[0m key_name                             = (known after apply)
      [32m+[0m[0m monitoring                           = (known after apply)
      [32m+[0m[0m outpost_arn                          = (known after apply)
      [32m+[0m[0m password_data                        = (known after apply)
      [32m+[0m[0m placement_group                      = (known after apply)
      [32m+[0m[0m placement_partition_number           = (known after apply)
      [32m+[0m[0m primary_network_interface_id         = (known after apply)
      [32m+[0m[0m private_dns                          = (known after apply)
      [32m+[0m[0m private_ip                           = (known after apply)
      [32m+[0m[0m public_dns                           = (known after apply)
      [32m+[0m[0m public_ip                            = (known after apply)
      [32m+[0m[0m secondary_private_ips                = (known after apply)
      [32m+[0m[0m security_groups                      = (known after apply)
      [32m+[0m[0m spot_instance_request_id             = (known after apply)
      [32m+[0m[0m subnet_id                            = (known after apply)
      [32m+[0m[0m tags                                 = (known after apply)
      [32m+[0m[0m tags_all                             = (known after apply)
      [32m+[0m[0m tenancy                              = (known after apply)
      [32m+[0m[0m user_data                            = (known after apply)
      [32m+[0m[0m user_data_base64                     = (known after apply)
      [32m+[0m[0m user_data_replace_on_change          = false
      [32m+[0m[0m vpc_security_group_ids               = (known after apply)

      [32m+[0m[0m network_interface {
          [32m+[0m[0m delete_on_termination = false
          [32m+[0m[0m device_index          = 0
          [32m+[0m[0m network_card_index    = 0
          [32m+[0m[0m network_interface_id  = (known after apply)
        }
    }

[1m  # module.media_nodes.aws_instance.this[2][0m will be created
[0m  [32m+[0m[0m resource "aws_instance" "this" {
      [32m+[0m[0m ami                                  = (known after apply)
      [32m+[0m[0m arn                                  = (known after apply)
      [32m+[0m[0m associate_public_ip_address          = (known after apply)
      [32m+[0m[0m availability_zone                    = (known after apply)
      [32m+[0m[0m cpu_core_count                       = (known after apply)
      [32m+[0m[0m cpu_threads_per_core                 = (known after apply)
      [32m+[0m[0m disable_api_stop                     = (known after apply)
      [32m+[0m[0m disable_api_termination              = (known after apply)
      [32m+[0m[0m ebs_optimized                        = (known after apply)
      [32m+[0m[0m get_password_data                    = false
      [32m+[0m[0m host_id                              = (known after apply)
      [32m+[0m[0m host_resource_group_arn              = (known after apply)
      [32m+[0m[0m iam_instance_profile                 = (known after apply)
      [32m+[0m[0m id                                   = (known after apply)
      [32m+[0m[0m instance_initiated_shutdown_behavior = (known after apply)
      [32m+[0m[0m instance_lifecycle                   = (known after apply)
      [32m+[0m[0m instance_state                       = (known after apply)
      [32m+[0m[0m instance_type                        = "is4gen.2xlarge"
      [32m+[0m[0m ipv6_address_count                   = (known after apply)
      [32m+[0m[0m ipv6_addresses                       = (known after apply)
      [32m+[0m[0m key_name                             = (known after apply)
      [32m+[0m[0m monitoring                           = (known after apply)
      [32m+[0m[0m outpost_arn                          = (known after apply)
      [32m+[0m[0m password_data                        = (known after apply)
      [32m+[0m[0m placement_group                      = (known after apply)
      [32m+[0m[0m placement_partition_number           = (known after apply)
      [32m+[0m[0m primary_network_interface_id         = (known after apply)
      [32m+[0m[0m private_dns                          = (known after apply)
      [32m+[0m[0m private_ip                           = (known after apply)
      [32m+[0m[0m public_dns                           = (known after apply)
      [32m+[0m[0m public_ip                            = (known after apply)
      [32m+[0m[0m secondary_private_ips                = (known after apply)
      [32m+[0m[0m security_groups                      = (known after apply)
      [32m+[0m[0m spot_instance_request_id             = (known after apply)
      [32m+[0m[0m subnet_id                            = (known after apply)
      [32m+[0m[0m tags                                 = (known after apply)
      [32m+[0m[0m tags_all                             = (known after apply)
      [32m+[0m[0m tenancy                              = (known after apply)
      [32m+[0m[0m user_data                            = (known after apply)
      [32m+[0m[0m user_data_base64                     = (known after apply)
      [32m+[0m[0m user_data_replace_on_change          = false
      [32m+[0m[0m vpc_security_group_ids               = (known after apply)

      [32m+[0m[0m network_interface {
          [32m+[0m[0m delete_on_termination = false
          [32m+[0m[0m device_index          = 0
          [32m+[0m[0m network_card_index    = 0
          [32m+[0m[0m network_interface_id  = (known after apply)
        }
    }

[1m  # module.media_nodes.aws_instance.this[3][0m will be created
[0m  [32m+[0m[0m resource "aws_instance" "this" {
      [32m+[0m[0m ami                                  = (known after apply)
      [32m+[0m[0m arn                                  = (known after apply)
      [32m+[0m[0m associate_public_ip_address          = (known after apply)
      [32m+[0m[0m availability_zone                    = (known after apply)
      [32m+[0m[0m cpu_core_count                       = (known after apply)
      [32m+[0m[0m cpu_threads_per_core                 = (known after apply)
      [32m+[0m[0m disable_api_stop                     = (known after apply)
      [32m+[0m[0m disable_api_termination              = (known after apply)
      [32m+[0m[0m ebs_optimized                        = (known after apply)
      [32m+[0m[0m get_password_data                    = false
      [32m+[0m[0m host_id                              = (known after apply)
      [32m+[0m[0m host_resource_group_arn              = (known after apply)
      [32m+[0m[0m iam_instance_profile                 = (known after apply)
      [32m+[0m[0m id                                   = (known after apply)
      [32m+[0m[0m instance_initiated_shutdown_behavior = (known after apply)
      [32m+[0m[0m instance_lifecycle                   = (known after apply)
      [32m+[0m[0m instance_state                       = (known after apply)
      [32m+[0m[0m instance_type                        = "is4gen.2xlarge"
      [32m+[0m[0m ipv6_address_count                   = (known after apply)
      [32m+[0m[0m ipv6_addresses                       = (known after apply)
      [32m+[0m[0m key_name                             = (known after apply)
      [32m+[0m[0m monitoring                           = (known after apply)
      [32m+[0m[0m outpost_arn                          = (known after apply)
      [32m+[0m[0m password_data                        = (known after apply)
      [32m+[0m[0m placement_group                      = (known after apply)
      [32m+[0m[0m placement_partition_number           = (known after apply)
      [32m+[0m[0m primary_network_interface_id         = (known after apply)
      [32m+[0m[0m private_dns                          = (known after apply)
      [32m+[0m[0m private_ip                           = (known after apply)
      [32m+[0m[0m public_dns                           = (known after apply)
      [32m+[0m[0m public_ip                            = (known after apply)
      [32m+[0m[0m secondary_private_ips                = (known after apply)
      [32m+[0m[0m security_groups                      = (known after apply)
      [32m+[0m[0m spot_instance_request_id             = (known after apply)
      [32m+[0m[0m subnet_id                            = (known after apply)
      [32m+[0m[0m tags                                 = (known after apply)
      [32m+[0m[0m tags_all                             = (known after apply)
      [32m+[0m[0m tenancy                              = (known after apply)
      [32m+[0m[0m user_data                            = (known after apply)
      [32m+[0m[0m user_data_base64                     = (known after apply)
      [32m+[0m[0m user_data_replace_on_change          = false
      [32m+[0m[0m vpc_security_group_ids               = (known after apply)

      [32m+[0m[0m network_interface {
          [32m+[0m[0m delete_on_termination = false
          [32m+[0m[0m device_index          = 0
          [32m+[0m[0m network_card_index    = 0
          [32m+[0m[0m network_interface_id  = (known after apply)
        }
    }

[1m  # module.media_nodes.aws_instance.this[4][0m will be created
[0m  [32m+[0m[0m resource "aws_instance" "this" {
      [32m+[0m[0m ami                                  = (known after apply)
      [32m+[0m[0m arn                                  = (known after apply)
      [32m+[0m[0m associate_public_ip_address          = (known after apply)
      [32m+[0m[0m availability_zone                    = (known after apply)
      [32m+[0m[0m cpu_core_count                       = (known after apply)
      [32m+[0m[0m cpu_threads_per_core                 = (known after apply)
      [32m+[0m[0m disable_api_stop                     = (known after apply)
      [32m+[0m[0m disable_api_termination              = (known after apply)
      [32m+[0m[0m ebs_optimized                        = (known after apply)
      [32m+[0m[0m get_password_data                    = false
      [32m+[0m[0m host_id                              = (known after apply)
      [32m+[0m[0m host_resource_group_arn              = (known after apply)
      [32m+[0m[0m iam_instance_profile                 = (known after apply)
      [32m+[0m[0m id                                   = (known after apply)
      [32m+[0m[0m instance_initiated_shutdown_behavior = (known after apply)
      [32m+[0m[0m instance_lifecycle                   = (known after apply)
      [32m+[0m[0m instance_state                       = (known after apply)
      [32m+[0m[0m instance_type                        = "is4gen.2xlarge"
      [32m+[0m[0m ipv6_address_count                   = (known after apply)
      [32m+[0m[0m ipv6_addresses                       = (known after apply)
      [32m+[0m[0m key_name                             = (known after apply)
      [32m+[0m[0m monitoring                           = (known after apply)
      [32m+[0m[0m outpost_arn                          = (known after apply)
      [32m+[0m[0m password_data                        = (known after apply)
      [32m+[0m[0m placement_group                      = (known after apply)
      [32m+[0m[0m placement_partition_number           = (known after apply)
      [32m+[0m[0m primary_network_interface_id         = (known after apply)
      [32m+[0m[0m private_dns                          = (known after apply)
      [32m+[0m[0m private_ip                           = (known after apply)
      [32m+[0m[0m public_dns                           = (known after apply)
      [32m+[0m[0m public_ip                            = (known after apply)
      [32m+[0m[0m secondary_private_ips                = (known after apply)
      [32m+[0m[0m security_groups                      = (known after apply)
      [32m+[0m[0m spot_instance_request_id             = (known after apply)
      [32m+[0m[0m subnet_id                            = (known after apply)
      [32m+[0m[0m tags                                 = (known after apply)
      [32m+[0m[0m tags_all                             = (known after apply)
      [32m+[0m[0m tenancy                              = (known after apply)
      [32m+[0m[0m user_data                            = (known after apply)
      [32m+[0m[0m user_data_base64                     = (known after apply)
      [32m+[0m[0m user_data_replace_on_change          = false
      [32m+[0m[0m vpc_security_group_ids               = (known after apply)

      [32m+[0m[0m network_interface {
          [32m+[0m[0m delete_on_termination = false
          [32m+[0m[0m device_index          = 0
          [32m+[0m[0m network_card_index    = 0
          [32m+[0m[0m network_interface_id  = (known after apply)
        }
    }

[1m  # module.media_nodes.aws_instance.this[5][0m will be created
[0m  [32m+[0m[0m resource "aws_instance" "this" {
      [32m+[0m[0m ami                                  = (known after apply)
      [32m+[0m[0m arn                                  = (known after apply)
      [32m+[0m[0m associate_public_ip_address          = (known after apply)
      [32m+[0m[0m availability_zone                    = (known after apply)
      [32m+[0m[0m cpu_core_count                       = (known after apply)
      [32m+[0m[0m cpu_threads_per_core                 = (known after apply)
      [32m+[0m[0m disable_api_stop                     = (known after apply)
      [32m+[0m[0m disable_api_termination              = (known after apply)
      [32m+[0m[0m ebs_optimized                        = (known after apply)
      [32m+[0m[0m get_password_data                    = false
      [32m+[0m[0m host_id                              = (known after apply)
      [32m+[0m[0m host_resource_group_arn              = (known after apply)
      [32m+[0m[0m iam_instance_profile                 = (known after apply)
      [32m+[0m[0m id                                   = (known after apply)
      [32m+[0m[0m instance_initiated_shutdown_behavior = (known after apply)
      [32m+[0m[0m instance_lifecycle                   = (known after apply)
      [32m+[0m[0m instance_state                       = (known after apply)
      [32m+[0m[0m instance_type                        = "is4gen.2xlarge"
      [32m+[0m[0m ipv6_address_count                   = (known after apply)
      [32m+[0m[0m ipv6_addresses                       = (known after apply)
      [32m+[0m[0m key_name                             = (known after apply)
      [32m+[0m[0m monitoring                           = (known after apply)
      [32m+[0m[0m outpost_arn                          = (known after apply)
      [32m+[0m[0m password_data                        = (known after apply)
      [32m+[0m[0m placement_group                      = (known after apply)
      [32m+[0m[0m placement_partition_number           = (known after apply)
      [32m+[0m[0m primary_network_interface_id         = (known after apply)
      [32m+[0m[0m private_dns                          = (known after apply)
      [32m+[0m[0m private_ip                           = (known after apply)
      [32m+[0m[0m public_dns                           = (known after apply)
      [32m+[0m[0m public_ip                            = (known after apply)
      [32m+[0m[0m secondary_private_ips                = (known after apply)
      [32m+[0m[0m security_groups                      = (known after apply)
      [32m+[0m[0m spot_instance_request_id             = (known after apply)
      [32m+[0m[0m subnet_id                            = (known after apply)
      [32m+[0m[0m tags                                 = (known after apply)
      [32m+[0m[0m tags_all                             = (known after apply)
      [32m+[0m[0m tenancy                              = (known after apply)
      [32m+[0m[0m user_data                            = (known after apply)
      [32m+[0m[0m user_data_base64                     = (known after apply)
      [32m+[0m[0m user_data_replace_on_change          = false
      [32m+[0m[0m vpc_security_group_ids               = (known after apply)

      [32m+[0m[0m network_interface {
          [32m+[0m[0m delete_on_termination = false
          [32m+[0m[0m device_index          = 0
          [32m+[0m[0m network_card_index    = 0
          [32m+[0m[0m network_interface_id  = (known after apply)
        }
    }

[1m  # module.media_nodes.aws_instance.this[6][0m will be created
[0m  [32m+[0m[0m resource "aws_instance" "this" {
      [32m+[0m[0m ami                                  = (known after apply)
      [32m+[0m[0m arn                                  = (known after apply)
      [32m+[0m[0m associate_public_ip_address          = (known after apply)
      [32m+[0m[0m availability_zone                    = (known after apply)
      [32m+[0m[0m cpu_core_count                       = (known after apply)
      [32m+[0m[0m cpu_threads_per_core                 = (known after apply)
      [32m+[0m[0m disable_api_stop                     = (known after apply)
      [32m+[0m[0m disable_api_termination              = (known after apply)
      [32m+[0m[0m ebs_optimized                        = (known after apply)
      [32m+[0m[0m get_password_data                    = false
      [32m+[0m[0m host_id                              = (known after apply)
      [32m+[0m[0m host_resource_group_arn              = (known after apply)
      [32m+[0m[0m iam_instance_profile                 = (known after apply)
      [32m+[0m[0m id                                   = (known after apply)
      [32m+[0m[0m instance_initiated_shutdown_behavior = (known after apply)
      [32m+[0m[0m instance_lifecycle                   = (known after apply)
      [32m+[0m[0m instance_state                       = (known after apply)
      [32m+[0m[0m instance_type                        = "is4gen.2xlarge"
      [32m+[0m[0m ipv6_address_count                   = (known after apply)
      [32m+[0m[0m ipv6_addresses                       = (known after apply)
      [32m+[0m[0m key_name                             = (known after apply)
      [32m+[0m[0m monitoring                           = (known after apply)
      [32m+[0m[0m outpost_arn                          = (known after apply)
      [32m+[0m[0m password_data                        = (known after apply)
      [32m+[0m[0m placement_group                      = (known after apply)
      [32m+[0m[0m placement_partition_number           = (known after apply)
      [32m+[0m[0m primary_network_interface_id         = (known after apply)
      [32m+[0m[0m private_dns                          = (known after apply)
      [32m+[0m[0m private_ip                           = (known after apply)
      [32m+[0m[0m public_dns                           = (known after apply)
      [32m+[0m[0m public_ip                            = (known after apply)
      [32m+[0m[0m secondary_private_ips                = (known after apply)
      [32m+[0m[0m security_groups                      = (known after apply)
      [32m+[0m[0m spot_instance_request_id             = (known after apply)
      [32m+[0m[0m subnet_id                            = (known after apply)
      [32m+[0m[0m tags                                 = (known after apply)
      [32m+[0m[0m tags_all                             = (known after apply)
      [32m+[0m[0m tenancy                              = (known after apply)
      [32m+[0m[0m user_data                            = (known after apply)
      [32m+[0m[0m user_data_base64                     = (known after apply)
      [32m+[0m[0m user_data_replace_on_change          = false
      [32m+[0m[0m vpc_security_group_ids               = (known after apply)

      [32m+[0m[0m network_interface {
          [32m+[0m[0m delete_on_termination = false
          [32m+[0m[0m device_index          = 0
          [32m+[0m[0m network_card_index    = 0
          [32m+[0m[0m network_interface_id  = (known after apply)
        }
    }

[1m  # module.media_nodes.null_resource.node_config[0][0m will be created
[0m  [32m+[0m[0m resource "null_resource" "node_config" {
      [32m+[0m[0m id = (known after apply)
    }

[1m  # module.media_nodes.null_resource.node_config[1][0m will be created
[0m  [32m+[0m[0m resource "null_resource" "node_config" {
      [32m+[0m[0m id = (known after apply)
    }

[1m  # module.media_nodes.null_resource.node_config[2][0m will be created
[0m  [32m+[0m[0m resource "null_resource" "node_config" {
      [32m+[0m[0m id = (known after apply)
    }

[1m  # module.media_nodes.null_resource.node_config[3][0m will be created
[0m  [32m+[0m[0m resource "null_resource" "node_config" {
      [32m+[0m[0m id = (known after apply)
    }

[1m  # module.media_nodes.null_resource.node_config[4][0m will be created
[0m  [32m+[0m[0m resource "null_resource" "node_config" {
      [32m+[0m[0m id = (known after apply)
    }

[1m  # module.media_nodes.null_resource.node_config[5][0m will be created
[0m  [32m+[0m[0m resource "null_resource" "node_config" {
      [32m+[0m[0m id = (known after apply)
    }

[1m  # module.media_nodes.null_resource.node_config[6][0m will be created
[0m  [32m+[0m[0m resource "null_resource" "node_config" {
      [32m+[0m[0m id = (known after apply)
    }

[1m  # module.network_interfaces_media_nodes.aws_network_interface.this[0][0m will be created
[0m  [32m+[0m[0m resource "aws_network_interface" "this" {
      [32m+[0m[0m arn                       = (known after apply)
      [32m+[0m[0m id                        = (known after apply)
      [32m+[0m[0m interface_type            = (known after apply)
      [32m+[0m[0m ipv4_prefix_count         = (known after apply)
      [32m+[0m[0m ipv4_prefixes             = (known after apply)
      [32m+[0m[0m ipv6_address_count        = (known after apply)
      [32m+[0m[0m ipv6_address_list         = (known after apply)
      [32m+[0m[0m ipv6_address_list_enabled = false
      [32m+[0m[0m ipv6_addresses            = (known after apply)
      [32m+[0m[0m ipv6_prefix_count         = (known after apply)
      [32m+[0m[0m ipv6_prefixes             = (known after apply)
      [32m+[0m[0m mac_address               = (known after apply)
      [32m+[0m[0m outpost_arn               = (known after apply)
      [32m+[0m[0m owner_id                  = (known after apply)
      [32m+[0m[0m private_dns_name          = (known after apply)
      [32m+[0m[0m private_ip                = (known after apply)
      [32m+[0m[0m private_ip_list           = (known after apply)
      [32m+[0m[0m private_ip_list_enabled   = false
      [32m+[0m[0m private_ips               = [
          [32m+[0m[0m "10.0.85.10",
        ]
      [32m+[0m[0m private_ips_count         = (known after apply)
      [32m+[0m[0m security_groups           = (known after apply)
      [32m+[0m[0m source_dest_check         = true
      [32m+[0m[0m subnet_id                 = (known after apply)
      [32m+[0m[0m tags                      = {
          [32m+[0m[0m "Name"      = "Volumez-eni-pub-0"
          [32m+[0m[0m "Terraform" = "true"
        }
      [32m+[0m[0m tags_all                  = {
          [32m+[0m[0m "Name"      = "Volumez-eni-pub-0"
          [32m+[0m[0m "Terraform" = "true"
        }
    }

[1m  # module.network_interfaces_media_nodes.aws_network_interface.this[1][0m will be created
[0m  [32m+[0m[0m resource "aws_network_interface" "this" {
      [32m+[0m[0m arn                       = (known after apply)
      [32m+[0m[0m id                        = (known after apply)
      [32m+[0m[0m interface_type            = (known after apply)
      [32m+[0m[0m ipv4_prefix_count         = (known after apply)
      [32m+[0m[0m ipv4_prefixes             = (known after apply)
      [32m+[0m[0m ipv6_address_count        = (known after apply)
      [32m+[0m[0m ipv6_address_list         = (known after apply)
      [32m+[0m[0m ipv6_address_list_enabled = false
      [32m+[0m[0m ipv6_addresses            = (known after apply)
      [32m+[0m[0m ipv6_prefix_count         = (known after apply)
      [32m+[0m[0m ipv6_prefixes             = (known after apply)
      [32m+[0m[0m mac_address               = (known after apply)
      [32m+[0m[0m outpost_arn               = (known after apply)
      [32m+[0m[0m owner_id                  = (known after apply)
      [32m+[0m[0m private_dns_name          = (known after apply)
      [32m+[0m[0m private_ip                = (known after apply)
      [32m+[0m[0m private_ip_list           = (known after apply)
      [32m+[0m[0m private_ip_list_enabled   = false
      [32m+[0m[0m private_ips               = [
          [32m+[0m[0m "10.0.85.11",
        ]
      [32m+[0m[0m private_ips_count         = (known after apply)
      [32m+[0m[0m security_groups           = (known after apply)
      [32m+[0m[0m source_dest_check         = true
      [32m+[0m[0m subnet_id                 = (known after apply)
      [32m+[0m[0m tags                      = {
          [32m+[0m[0m "Name"      = "Volumez-eni-pub-1"
          [32m+[0m[0m "Terraform" = "true"
        }
      [32m+[0m[0m tags_all                  = {
          [32m+[0m[0m "Name"      = "Volumez-eni-pub-1"
          [32m+[0m[0m "Terraform" = "true"
        }
    }

[1m  # module.network_interfaces_media_nodes.aws_network_interface.this[2][0m will be created
[0m  [32m+[0m[0m resource "aws_network_interface" "this" {
      [32m+[0m[0m arn                       = (known after apply)
      [32m+[0m[0m id                        = (known after apply)
      [32m+[0m[0m interface_type            = (known after apply)
      [32m+[0m[0m ipv4_prefix_count         = (known after apply)
      [32m+[0m[0m ipv4_prefixes             = (known after apply)
      [32m+[0m[0m ipv6_address_count        = (known after apply)
      [32m+[0m[0m ipv6_address_list         = (known after apply)
      [32m+[0m[0m ipv6_address_list_enabled = false
      [32m+[0m[0m ipv6_addresses            = (known after apply)
      [32m+[0m[0m ipv6_prefix_count         = (known after apply)
      [32m+[0m[0m ipv6_prefixes             = (known after apply)
      [32m+[0m[0m mac_address               = (known after apply)
      [32m+[0m[0m outpost_arn               = (known after apply)
      [32m+[0m[0m owner_id                  = (known after apply)
      [32m+[0m[0m private_dns_name          = (known after apply)
      [32m+[0m[0m private_ip                = (known after apply)
      [32m+[0m[0m private_ip_list           = (known after apply)
      [32m+[0m[0m private_ip_list_enabled   = false
      [32m+[0m[0m private_ips               = [
          [32m+[0m[0m "10.0.85.12",
        ]
      [32m+[0m[0m private_ips_count         = (known after apply)
      [32m+[0m[0m security_groups           = (known after apply)
      [32m+[0m[0m source_dest_check         = true
      [32m+[0m[0m subnet_id                 = (known after apply)
      [32m+[0m[0m tags                      = {
          [32m+[0m[0m "Name"      = "Volumez-eni-pub-2"
          [32m+[0m[0m "Terraform" = "true"
        }
      [32m+[0m[0m tags_all                  = {
          [32m+[0m[0m "Name"      = "Volumez-eni-pub-2"
          [32m+[0m[0m "Terraform" = "true"
        }
    }

[1m  # module.network_interfaces_media_nodes.aws_network_interface.this[3][0m will be created
[0m  [32m+[0m[0m resource "aws_network_interface" "this" {
      [32m+[0m[0m arn                       = (known after apply)
      [32m+[0m[0m id                        = (known after apply)
      [32m+[0m[0m interface_type            = (known after apply)
      [32m+[0m[0m ipv4_prefix_count         = (known after apply)
      [32m+[0m[0m ipv4_prefixes             = (known after apply)
      [32m+[0m[0m ipv6_address_count        = (known after apply)
      [32m+[0m[0m ipv6_address_list         = (known after apply)
      [32m+[0m[0m ipv6_address_list_enabled = false
      [32m+[0m[0m ipv6_addresses            = (known after apply)
      [32m+[0m[0m ipv6_prefix_count         = (known after apply)
      [32m+[0m[0m ipv6_prefixes             = (known after apply)
      [32m+[0m[0m mac_address               = (known after apply)
      [32m+[0m[0m outpost_arn               = (known after apply)
      [32m+[0m[0m owner_id                  = (known after apply)
      [32m+[0m[0m private_dns_name          = (known after apply)
      [32m+[0m[0m private_ip                = (known after apply)
      [32m+[0m[0m private_ip_list           = (known after apply)
      [32m+[0m[0m private_ip_list_enabled   = false
      [32m+[0m[0m private_ips               = [
          [32m+[0m[0m "10.0.85.13",
        ]
      [32m+[0m[0m private_ips_count         = (known after apply)
      [32m+[0m[0m security_groups           = (known after apply)
      [32m+[0m[0m source_dest_check         = true
      [32m+[0m[0m subnet_id                 = (known after apply)
      [32m+[0m[0m tags                      = {
          [32m+[0m[0m "Name"      = "Volumez-eni-pub-3"
          [32m+[0m[0m "Terraform" = "true"
        }
      [32m+[0m[0m tags_all                  = {
          [32m+[0m[0m "Name"      = "Volumez-eni-pub-3"
          [32m+[0m[0m "Terraform" = "true"
        }
    }

[1m  # module.network_interfaces_media_nodes.aws_network_interface.this[4][0m will be created
[0m  [32m+[0m[0m resource "aws_network_interface" "this" {
      [32m+[0m[0m arn                       = (known after apply)
      [32m+[0m[0m id                        = (known after apply)
      [32m+[0m[0m interface_type            = (known after apply)
      [32m+[0m[0m ipv4_prefix_count         = (known after apply)
      [32m+[0m[0m ipv4_prefixes             = (known after apply)
      [32m+[0m[0m ipv6_address_count        = (known after apply)
      [32m+[0m[0m ipv6_address_list         = (known after apply)
      [32m+[0m[0m ipv6_address_list_enabled = false
      [32m+[0m[0m ipv6_addresses            = (known after apply)
      [32m+[0m[0m ipv6_prefix_count         = (known after apply)
      [32m+[0m[0m ipv6_prefixes             = (known after apply)
      [32m+[0m[0m mac_address               = (known after apply)
      [32m+[0m[0m outpost_arn               = (known after apply)
      [32m+[0m[0m owner_id                  = (known after apply)
      [32m+[0m[0m private_dns_name          = (known after apply)
      [32m+[0m[0m private_ip                = (known after apply)
      [32m+[0m[0m private_ip_list           = (known after apply)
      [32m+[0m[0m private_ip_list_enabled   = false
      [32m+[0m[0m private_ips               = [
          [32m+[0m[0m "10.0.85.14",
        ]
      [32m+[0m[0m private_ips_count         = (known after apply)
      [32m+[0m[0m security_groups           = (known after apply)
      [32m+[0m[0m source_dest_check         = true
      [32m+[0m[0m subnet_id                 = (known after apply)
      [32m+[0m[0m tags                      = {
          [32m+[0m[0m "Name"      = "Volumez-eni-pub-4"
          [32m+[0m[0m "Terraform" = "true"
        }
      [32m+[0m[0m tags_all                  = {
          [32m+[0m[0m "Name"      = "Volumez-eni-pub-4"
          [32m+[0m[0m "Terraform" = "true"
        }
    }

[1m  # module.network_interfaces_media_nodes.aws_network_interface.this[5][0m will be created
[0m  [32m+[0m[0m resource "aws_network_interface" "this" {
      [32m+[0m[0m arn                       = (known after apply)
      [32m+[0m[0m id                        = (known after apply)
      [32m+[0m[0m interface_type            = (known after apply)
      [32m+[0m[0m ipv4_prefix_count         = (known after apply)
      [32m+[0m[0m ipv4_prefixes             = (known after apply)
      [32m+[0m[0m ipv6_address_count        = (known after apply)
      [32m+[0m[0m ipv6_address_list         = (known after apply)
      [32m+[0m[0m ipv6_address_list_enabled = false
      [32m+[0m[0m ipv6_addresses            = (known after apply)
      [32m+[0m[0m ipv6_prefix_count         = (known after apply)
      [32m+[0m[0m ipv6_prefixes             = (known after apply)
      [32m+[0m[0m mac_address               = (known after apply)
      [32m+[0m[0m outpost_arn               = (known after apply)
      [32m+[0m[0m owner_id                  = (known after apply)
      [32m+[0m[0m private_dns_name          = (known after apply)
      [32m+[0m[0m private_ip                = (known after apply)
      [32m+[0m[0m private_ip_list           = (known after apply)
      [32m+[0m[0m private_ip_list_enabled   = false
      [32m+[0m[0m private_ips               = [
          [32m+[0m[0m "10.0.85.15",
        ]
      [32m+[0m[0m private_ips_count         = (known after apply)
      [32m+[0m[0m security_groups           = (known after apply)
      [32m+[0m[0m source_dest_check         = true
      [32m+[0m[0m subnet_id                 = (known after apply)
      [32m+[0m[0m tags                      = {
          [32m+[0m[0m "Name"      = "Volumez-eni-pub-5"
          [32m+[0m[0m "Terraform" = "true"
        }
      [32m+[0m[0m tags_all                  = {
          [32m+[0m[0m "Name"      = "Volumez-eni-pub-5"
          [32m+[0m[0m "Terraform" = "true"
        }
    }

[1m  # module.network_interfaces_media_nodes.aws_network_interface.this[6][0m will be created
[0m  [32m+[0m[0m resource "aws_network_interface" "this" {
      [32m+[0m[0m arn                       = (known after apply)
      [32m+[0m[0m id                        = (known after apply)
      [32m+[0m[0m interface_type            = (known after apply)
      [32m+[0m[0m ipv4_prefix_count         = (known after apply)
      [32m+[0m[0m ipv4_prefixes             = (known after apply)
      [32m+[0m[0m ipv6_address_count        = (known after apply)
      [32m+[0m[0m ipv6_address_list         = (known after apply)
      [32m+[0m[0m ipv6_address_list_enabled = false
      [32m+[0m[0m ipv6_addresses            = (known after apply)
      [32m+[0m[0m ipv6_prefix_count         = (known after apply)
      [32m+[0m[0m ipv6_prefixes             = (known after apply)
      [32m+[0m[0m mac_address               = (known after apply)
      [32m+[0m[0m outpost_arn               = (known after apply)
      [32m+[0m[0m owner_id                  = (known after apply)
      [32m+[0m[0m private_dns_name          = (known after apply)
      [32m+[0m[0m private_ip                = (known after apply)
      [32m+[0m[0m private_ip_list           = (known after apply)
      [32m+[0m[0m private_ip_list_enabled   = false
      [32m+[0m[0m private_ips               = [
          [32m+[0m[0m "10.0.85.16",
        ]
      [32m+[0m[0m private_ips_count         = (known after apply)
      [32m+[0m[0m security_groups           = (known after apply)
      [32m+[0m[0m source_dest_check         = true
      [32m+[0m[0m subnet_id                 = (known after apply)
      [32m+[0m[0m tags                      = {
          [32m+[0m[0m "Name"      = "Volumez-eni-pub-6"
          [32m+[0m[0m "Terraform" = "true"
        }
      [32m+[0m[0m tags_all                  = {
          [32m+[0m[0m "Name"      = "Volumez-eni-pub-6"
          [32m+[0m[0m "Terraform" = "true"
        }
    }

[1m  # module.placement_group.aws_placement_group.env_pg[0][0m will be created
[0m  [32m+[0m[0m resource "aws_placement_group" "env_pg" {
      [32m+[0m[0m arn                = (known after apply)
      [32m+[0m[0m id                 = (known after apply)
      [32m+[0m[0m name               = (known after apply)
      [32m+[0m[0m partition_count    = 7
      [32m+[0m[0m placement_group_id = (known after apply)
      [32m+[0m[0m spread_level       = (known after apply)
      [32m+[0m[0m strategy           = "partition"
      [32m+[0m[0m tags_all           = (known after apply)
    }

[1m  # module.placement_group.random_string.suffix[0m will be created
[0m  [32m+[0m[0m resource "random_string" "suffix" {
      [32m+[0m[0m id          = (known after apply)
      [32m+[0m[0m length      = 8
      [32m+[0m[0m lower       = true
      [32m+[0m[0m min_lower   = 0
      [32m+[0m[0m min_numeric = 0
      [32m+[0m[0m min_special = 0
      [32m+[0m[0m min_upper   = 0
      [32m+[0m[0m number      = true
      [32m+[0m[0m numeric     = true
      [32m+[0m[0m result      = (known after apply)
      [32m+[0m[0m special     = false
      [32m+[0m[0m upper       = true
    }

[1m  # module.route_table.aws_internet_gateway.this[0m will be created
[0m  [32m+[0m[0m resource "aws_internet_gateway" "this" {
      [32m+[0m[0m arn      = (known after apply)
      [32m+[0m[0m id       = (known after apply)
      [32m+[0m[0m owner_id = (known after apply)
      [32m+[0m[0m tags     = {
          [32m+[0m[0m "Name"      = "Volumez-igw"
          [32m+[0m[0m "Terraform" = "true"
        }
      [32m+[0m[0m tags_all = {
          [32m+[0m[0m "Name"      = "Volumez-igw"
          [32m+[0m[0m "Terraform" = "true"
        }
      [32m+[0m[0m vpc_id   = (known after apply)
    }

[1m  # module.route_table.aws_route.public[0][0m will be created
[0m  [32m+[0m[0m resource "aws_route" "public" {
      [32m+[0m[0m destination_cidr_block = "0.0.0.0/0"
      [32m+[0m[0m gateway_id             = (known after apply)
      [32m+[0m[0m id                     = (known after apply)
      [32m+[0m[0m instance_id            = (known after apply)
      [32m+[0m[0m instance_owner_id      = (known after apply)
      [32m+[0m[0m network_interface_id   = (known after apply)
      [32m+[0m[0m origin                 = (known after apply)
      [32m+[0m[0m route_table_id         = (known after apply)
      [32m+[0m[0m state                  = (known after apply)

      [32m+[0m[0m timeouts {
          [32m+[0m[0m create = "5m"
        }
    }

[1m  # module.security_group.aws_default_security_group.this[0m will be created
[0m  [32m+[0m[0m resource "aws_default_security_group" "this" {
      [32m+[0m[0m arn                    = (known after apply)
      [32m+[0m[0m description            = (known after apply)
      [32m+[0m[0m egress                 = [
          [32m+[0m[0m {
              [32m+[0m[0m cidr_blocks      = [
                  [32m+[0m[0m "0.0.0.0/0",
                ]
              [32m+[0m[0m description      = ""
              [32m+[0m[0m from_port        = 0
              [32m+[0m[0m ipv6_cidr_blocks = []
              [32m+[0m[0m prefix_list_ids  = []
              [32m+[0m[0m protocol         = "-1"
              [32m+[0m[0m security_groups  = []
              [32m+[0m[0m self             = false
              [32m+[0m[0m to_port          = 0
            },
        ]
      [32m+[0m[0m id                     = (known after apply)
      [32m+[0m[0m ingress                = [
          [32m+[0m[0m {
              [32m+[0m[0m cidr_blocks      = [
                  [32m+[0m[0m "0.0.0.0/0",
                ]
              [32m+[0m[0m description      = ""
              [32m+[0m[0m from_port        = 0
              [32m+[0m[0m ipv6_cidr_blocks = []
              [32m+[0m[0m prefix_list_ids  = []
              [32m+[0m[0m protocol         = "-1"
              [32m+[0m[0m security_groups  = []
              [32m+[0m[0m self             = false
              [32m+[0m[0m to_port          = 0
            },
          [32m+[0m[0m {
              [32m+[0m[0m cidr_blocks      = [
                  [32m+[0m[0m "0.0.0.0/0",
                ]
              [32m+[0m[0m description      = ""
              [32m+[0m[0m from_port        = 22
              [32m+[0m[0m ipv6_cidr_blocks = []
              [32m+[0m[0m prefix_list_ids  = []
              [32m+[0m[0m protocol         = "tcp"
              [32m+[0m[0m security_groups  = []
              [32m+[0m[0m self             = false
              [32m+[0m[0m to_port          = 22
            },
        ]
      [32m+[0m[0m name                   = (known after apply)
      [32m+[0m[0m name_prefix            = (known after apply)
      [32m+[0m[0m owner_id               = (known after apply)
      [32m+[0m[0m revoke_rules_on_delete = false
      [32m+[0m[0m tags                   = {
          [32m+[0m[0m "Name"      = "Volumez-sg"
          [32m+[0m[0m "Terraform" = "true"
        }
      [32m+[0m[0m tags_all               = {
          [32m+[0m[0m "Name"      = "Volumez-sg"
          [32m+[0m[0m "Terraform" = "true"
        }
      [32m+[0m[0m vpc_id                 = (known after apply)
    }

[1m  # module.ssh_key.aws_key_pair.keypair[0m will be created
[0m  [32m+[0m[0m resource "aws_key_pair" "keypair" {
      [32m+[0m[0m arn             = (known after apply)
      [32m+[0m[0m fingerprint     = (known after apply)
      [32m+[0m[0m id              = (known after apply)
      [32m+[0m[0m key_name        = (known after apply)
      [32m+[0m[0m key_name_prefix = "Volumez"
      [32m+[0m[0m key_pair_id     = (known after apply)
      [32m+[0m[0m key_type        = (known after apply)
      [32m+[0m[0m public_key      = (known after apply)
      [32m+[0m[0m tags_all        = (known after apply)
    }

[1m  # module.ssh_key.aws_secretsmanager_secret.secret_key[0m will be created
[0m  [32m+[0m[0m resource "aws_secretsmanager_secret" "secret_key" {
      [32m+[0m[0m arn                            = (known after apply)
      [32m+[0m[0m description                    = "ssh key for Volumez"
      [32m+[0m[0m force_overwrite_replica_secret = false
      [32m+[0m[0m id                             = (known after apply)
      [32m+[0m[0m name                           = (known after apply)
      [32m+[0m[0m name_prefix                    = "Volumez"
      [32m+[0m[0m policy                         = (known after apply)
      [32m+[0m[0m recovery_window_in_days        = 30
      [32m+[0m[0m tags                           = {
          [32m+[0m[0m "Name" = "Volumez-key"
        }
      [32m+[0m[0m tags_all                       = {
          [32m+[0m[0m "Name" = "Volumez-key"
        }
    }

[1m  # module.ssh_key.aws_secretsmanager_secret_version.secret_key_value[0m will be created
[0m  [32m+[0m[0m resource "aws_secretsmanager_secret_version" "secret_key_value" {
      [32m+[0m[0m arn            = (known after apply)
      [32m+[0m[0m id             = (known after apply)
      [32m+[0m[0m secret_id      = (known after apply)
      [32m+[0m[0m secret_string  = (sensitive value)
      [32m+[0m[0m version_id     = (known after apply)
      [32m+[0m[0m version_stages = (known after apply)
    }

[1m  # module.ssh_key.tls_private_key.key[0m will be created
[0m  [32m+[0m[0m resource "tls_private_key" "key" {
      [32m+[0m[0m algorithm                     = "RSA"
      [32m+[0m[0m ecdsa_curve                   = "P224"
      [32m+[0m[0m id                            = (known after apply)
      [32m+[0m[0m private_key_openssh           = (sensitive value)
      [32m+[0m[0m private_key_pem               = (sensitive value)
      [32m+[0m[0m private_key_pem_pkcs8         = (sensitive value)
      [32m+[0m[0m public_key_fingerprint_md5    = (known after apply)
      [32m+[0m[0m public_key_fingerprint_sha256 = (known after apply)
      [32m+[0m[0m public_key_openssh            = (known after apply)
      [32m+[0m[0m public_key_pem                = (known after apply)
      [32m+[0m[0m rsa_bits                      = 4096
    }

[1m  # module.subnets.aws_subnet.public_sn[0][0m will be created
[0m  [32m+[0m[0m resource "aws_subnet" "public_sn" {
      [32m+[0m[0m arn                                            = (known after apply)
      [32m+[0m[0m assign_ipv6_address_on_creation                = false
      [32m+[0m[0m availability_zone                              = "us-east-1a"
      [32m+[0m[0m availability_zone_id                           = (known after apply)
      [32m+[0m[0m cidr_block                                     = "10.0.85.0/24"
      [32m+[0m[0m enable_dns64                                   = false
      [32m+[0m[0m enable_resource_name_dns_a_record_on_launch    = false
      [32m+[0m[0m enable_resource_name_dns_aaaa_record_on_launch = false
      [32m+[0m[0m id                                             = (known after apply)
      [32m+[0m[0m ipv6_cidr_block_association_id                 = (known after apply)
      [32m+[0m[0m ipv6_native                                    = false
      [32m+[0m[0m map_public_ip_on_launch                        = true
      [32m+[0m[0m owner_id                                       = (known after apply)
      [32m+[0m[0m private_dns_hostname_type_on_launch            = (known after apply)
      [32m+[0m[0m tags                                           = {
          [32m+[0m[0m "Name"      = "Volumez-pub-sn"
          [32m+[0m[0m "Terraform" = "true"
        }
      [32m+[0m[0m tags_all                                       = {
          [32m+[0m[0m "Name"      = "Volumez-pub-sn"
          [32m+[0m[0m "Terraform" = "true"
        }
      [32m+[0m[0m vpc_id                                         = (known after apply)
    }

[1m  # module.vpc.aws_vpc.env_vpc[0m will be created
[0m  [32m+[0m[0m resource "aws_vpc" "env_vpc" {
      [32m+[0m[0m arn                                  = (known after apply)
      [32m+[0m[0m cidr_block                           = "10.0.0.0/16"
      [32m+[0m[0m default_network_acl_id               = (known after apply)
      [32m+[0m[0m default_route_table_id               = (known after apply)
      [32m+[0m[0m default_security_group_id            = (known after apply)
      [32m+[0m[0m dhcp_options_id                      = (known after apply)
      [32m+[0m[0m enable_dns_hostnames                 = true
      [32m+[0m[0m enable_dns_support                   = true
      [32m+[0m[0m enable_network_address_usage_metrics = (known after apply)
      [32m+[0m[0m id                                   = (known after apply)
      [32m+[0m[0m instance_tenancy                     = "default"
      [32m+[0m[0m ipv6_association_id                  = (known after apply)
      [32m+[0m[0m ipv6_cidr_block                      = (known after apply)
      [32m+[0m[0m ipv6_cidr_block_network_border_group = (known after apply)
      [32m+[0m[0m main_route_table_id                  = (known after apply)
      [32m+[0m[0m owner_id                             = (known after apply)
      [32m+[0m[0m tags                                 = {
          [32m+[0m[0m "Name"      = "Volumez-vpc"
          [32m+[0m[0m "Terraform" = "true"
        }
      [32m+[0m[0m tags_all                             = {
          [32m+[0m[0m "Name"      = "Volumez-vpc"
          [32m+[0m[0m "Terraform" = "true"
        }
    }

[1mPlan:[0m 32 to add, 0 to change, 0 to destroy.
[0m
Changes to Outputs:
  [32m+[0m[0m app_nodes_id_list      = []
  [32m+[0m[0m app_nodes_public_dns   = []
  [32m+[0m[0m media_nodes_id_list    = [
      [32m+[0m[0m (known after apply),
      [32m+[0m[0m (known after apply),
      [32m+[0m[0m (known after apply),
      [32m+[0m[0m (known after apply),
      [32m+[0m[0m (known after apply),
      [32m+[0m[0m (known after apply),
      [32m+[0m[0m (known after apply),
    ]
  [32m+[0m[0m media_nodes_public_dns = [
      [32m+[0m[0m (known after apply),
      [32m+[0m[0m (known after apply),
      [32m+[0m[0m (known after apply),
      [32m+[0m[0m (known after apply),
      [32m+[0m[0m (known after apply),
      [32m+[0m[0m (known after apply),
      [32m+[0m[0m (known after apply),
    ]
  [32m+[0m[0m ssh_key_name           = (known after apply)
  [32m+[0m[0m ssh_key_value          = (sensitive value)
  [32m+[0m[0m vpc_id                 = (known after apply)
[0m[1mmodule.ssh_key.tls_private_key.key: Creating...[0m[0m
[0m[1mmodule.ssh_key.tls_private_key.key: Creation complete after 1s [id=1b64510dd0ee357794dc081edd235c8f8a90669e][0m
[0m[1mmodule.vpc.aws_vpc.env_vpc: Creating...[0m[0m
[0m[1mmodule.ssh_key.aws_key_pair.keypair: Creating...[0m[0m
[0m[1mmodule.ssh_key.aws_secretsmanager_secret.secret_key: Creating...[0m[0m
[0m[1mmodule.ssh_key.aws_secretsmanager_secret.secret_key: Creation complete after 1s [id=arn:aws:secretsmanager:us-east-1:125714719355:secret:Volumez20240204152454617500000002-v3QKb5][0m
[0m[1mmodule.ssh_key.aws_secretsmanager_secret_version.secret_key_value: Creating...[0m[0m
[0m[1mmodule.ssh_key.aws_key_pair.keypair: Creation complete after 1s [id=Volumez20240204152454617000000001][0m
[0m[1mmodule.ssh_key.aws_secretsmanager_secret_version.secret_key_value: Creation complete after 0s [id=arn:aws:secretsmanager:us-east-1:125714719355:secret:Volumez20240204152454617500000002-v3QKb5|04F6F22B-F637-4A6E-B070-6FECF427AECF][0m
[0m[1mmodule.vpc.aws_vpc.env_vpc: Still creating... [4m36s elapsed][0m[0m
[0m[1mmodule.vpc.aws_vpc.env_vpc: Creation complete after 4m39s [id=vpc-0d9e5389c1eaf42ca][0m
[0m[1mmodule.route_table.aws_internet_gateway.this: Creating...[0m[0m
[0m[1mmodule.subnets.aws_subnet.public_sn[0]: Creating...[0m[0m
[0m[1mmodule.security_group.aws_default_security_group.this: Creating...[0m[0m
[0m[1mmodule.placement_group.random_string.suffix: Creating...[0m[0m
[0m[1mmodule.placement_group.random_string.suffix: Creation complete after 0s [id=CSUyprPB][0m
[0m[1mmodule.placement_group.aws_placement_group.env_pg[0]: Creating...[0m[0m
[0m[1mmodule.placement_group.aws_placement_group.env_pg[0]: Creation complete after 1s [id=Volumez-pg-0-CSUyprPB][0m
[0m[1mmodule.route_table.aws_internet_gateway.this: Creation complete after 1s [id=igw-082ac334943dab852][0m
[0m[1mmodule.route_table.aws_route.public[0]: Creating...[0m[0m
[0m[1mmodule.route_table.aws_route.public[0]: Creation complete after 1s [id=r-rtb-0505b6bd3f7d950041080289494][0m
[0m[1mmodule.security_group.aws_default_security_group.this: Creation complete after 4s [id=sg-06125a1a6c6b4e20e][0m
[0m[1mmodule.subnets.aws_subnet.public_sn[0]: Still creating... [10s elapsed][0m[0m
[0m[1mmodule.subnets.aws_subnet.public_sn[0]: Creation complete after 12s [id=subnet-09ae25f85e8b51411][0m
[0m[1mmodule.app_nodes.data.aws_ec2_instance_type.node-type-info: Reading...[0m[0m
[0m[1mmodule.app_nodes.data.aws_caller_identity.current: Reading...[0m[0m
[0m[1mmodule.network_interfaces_media_nodes.aws_network_interface.this[5]: Creating...[0m[0m
[0m[1mmodule.network_interfaces_media_nodes.aws_network_interface.this[1]: Creating...[0m[0m
[0m[1mmodule.network_interfaces_media_nodes.aws_network_interface.this[6]: Creating...[0m[0m
[0m[1mmodule.network_interfaces_media_nodes.aws_network_interface.this[2]: Creating...[0m[0m
[0m[1mmodule.network_interfaces_media_nodes.aws_network_interface.this[4]: Creating...[0m[0m
[0m[1mmodule.network_interfaces_media_nodes.aws_network_interface.this[3]: Creating...[0m[0m
[0m[1mmodule.network_interfaces_media_nodes.aws_network_interface.this[0]: Creating...[0m[0m
[0m[1mmodule.app_nodes.data.aws_ec2_instance_type.node-type-info: Read complete after 0s [id=m5n.xlarge][0m
[0m[1mmodule.app_nodes.data.aws_ami.rhel: Reading...[0m[0m
[0m[1mmodule.app_nodes.data.aws_caller_identity.current: Read complete after 0s [id=125714719355][0m
[0m[1mmodule.app_nodes.data.aws_ami.rhel: Read complete after 0s [id=ami-0b324207d4bcaec61][0m
[0m[1mmodule.network_interfaces_media_nodes.aws_network_interface.this[2]: Creation complete after 1s [id=eni-09fc0bdaf48867f65][0m
[0m[1mmodule.network_interfaces_media_nodes.aws_network_interface.this[5]: Creation complete after 1s [id=eni-01ab5138f27a72c63][0m
[0m[1mmodule.network_interfaces_media_nodes.aws_network_interface.this[4]: Creation complete after 1s [id=eni-0255c75cbccf0999c][0m
[0m[1mmodule.network_interfaces_media_nodes.aws_network_interface.this[3]: Creation complete after 1s [id=eni-0e962603ae16b8894][0m
[0m[1mmodule.network_interfaces_media_nodes.aws_network_interface.this[0]: Creation complete after 1s [id=eni-02858c22822dbd4c3][0m
[0m[1mmodule.network_interfaces_media_nodes.aws_network_interface.this[6]: Creation complete after 1s [id=eni-0325ebf7e864ce70f][0m
[0m[1mmodule.network_interfaces_media_nodes.aws_network_interface.this[1]: Creation complete after 1s [id=eni-0b82e7fdcfa86d93d][0m
[0m[1mmodule.media_nodes.data.aws_caller_identity.current: Reading...[0m[0m
[0m[1mmodule.media_nodes.data.aws_ec2_instance_type.node-type-info: Reading...[0m[0m
[0m[1mmodule.media_nodes.data.aws_caller_identity.current: Read complete after 0s [id=125714719355][0m
[0m[1mmodule.media_nodes.data.aws_ec2_instance_type.node-type-info: Read complete after 0s [id=is4gen.2xlarge][0m
[0m[1mmodule.media_nodes.data.aws_ami.rhel: Reading...[0m[0m
[0m[1mmodule.media_nodes.data.aws_ami.rhel: Read complete after 1s [id=ami-05bcb9a3c5cfe07c9][0m
[0m[1mmodule.media_nodes.aws_instance.this[2]: Creating...[0m[0m
[0m[1mmodule.media_nodes.aws_instance.this[1]: Creating...[0m[0m
[0m[1mmodule.media_nodes.aws_instance.this[6]: Creating...[0m[0m
[0m[1mmodule.media_nodes.aws_instance.this[5]: Creating...[0m[0m
[0m[1mmodule.media_nodes.aws_instance.this[4]: Creating...[0m[0m
[0m[1mmodule.media_nodes.aws_instance.this[0]: Creating...[0m[0m
[0m[1mmodule.media_nodes.aws_instance.this[3]: Creating...[0m[0m
[0m[1mmodule.media_nodes.aws_instance.this[2]: Still creating... [10s elapsed][0m[0m
[0m[1mmodule.media_nodes.aws_instance.this[6]: Still creating... [10s elapsed][0m[0m
[0m[1mmodule.media_nodes.aws_instance.this[1]: Still creating... [10s elapsed][0m[0m
[0m[1mmodule.media_nodes.aws_instance.this[5]: Still creating... [10s elapsed][0m[0m
[0m[1mmodule.media_nodes.aws_instance.this[4]: Still creating... [10s elapsed][0m[0m
[0m[1mmodule.media_nodes.aws_instance.this[0]: Still creating... [10s elapsed][0m[0m
[0m[1mmodule.media_nodes.aws_instance.this[3]: Still creating... [10s elapsed][0m[0m
[0m[1mmodule.media_nodes.aws_instance.this[1]: Still creating... [20s elapsed][0m[0m
[0m[1mmodule.media_nodes.aws_instance.this[2]: Still creating... [20s elapsed][0m[0m
[0m[1mmodule.media_nodes.aws_instance.this[6]: Still creating... [20s elapsed][0m[0m
[0m[1mmodule.media_nodes.aws_instance.this[4]: Still creating... [20s elapsed][0m[0m
[0m[1mmodule.media_nodes.aws_instance.this[5]: Still creating... [20s elapsed][0m[0m
[0m[1mmodule.media_nodes.aws_instance.this[0]: Still creating... [20s elapsed][0m[0m
[0m[1mmodule.media_nodes.aws_instance.this[3]: Still creating... [20s elapsed][0m[0m
[0m[1mmodule.media_nodes.aws_instance.this[1]: Still creating... [30s elapsed][0m[0m
[0m[1mmodule.media_nodes.aws_instance.this[2]: Still creating... [30s elapsed][0m[0m
[0m[1mmodule.media_nodes.aws_instance.this[6]: Still creating... [30s elapsed][0m[0m
[0m[1mmodule.media_nodes.aws_instance.this[4]: Still creating... [30s elapsed][0m[0m
[0m[1mmodule.media_nodes.aws_instance.this[5]: Still creating... [30s elapsed][0m[0m
[0m[1mmodule.media_nodes.aws_instance.this[0]: Still creating... [30s elapsed][0m[0m
[0m[1mmodule.media_nodes.aws_instance.this[3]: Still creating... [30s elapsed][0m[0m
[0m[1mmodule.media_nodes.aws_instance.this[6]: Creation complete after 34s [id=i-06dbc145d9e06a04c][0m
[0m[1mmodule.media_nodes.aws_instance.this[2]: Creation complete after 34s [id=i-03e78c7272d220eeb][0m
[0m[1mmodule.media_nodes.aws_instance.this[1]: Creation complete after 34s [id=i-050d6e8c33cb3bb6a][0m
[0m[1mmodule.media_nodes.aws_instance.this[0]: Creation complete after 34s [id=i-0d17b807ce308f939][0m
[0m[1mmodule.media_nodes.aws_instance.this[4]: Creation complete after 34s [id=i-057e35c33711c3e8a][0m
[0m[1mmodule.media_nodes.aws_instance.this[3]: Creation complete after 34s [id=i-0b25098905de73f87][0m
[0m[1mmodule.media_nodes.aws_instance.this[5]: Still creating... [40s elapsed][0m[0m
[0m[1mmodule.media_nodes.aws_instance.this[5]: Still creating... [50s elapsed][0m[0m
[0m[1mmodule.media_nodes.aws_instance.this[5]: Still creating... [1m0s elapsed][0m[0m
[0m[1mmodule.media_nodes.aws_instance.this[5]: Creation complete after 1m5s [id=i-0402683a92da93c6c][0m
[0m[1mmodule.media_nodes.null_resource.node_config[0]: Creating...[0m[0m
[0m[1mmodule.media_nodes.null_resource.node_config[5]: Creating...[0m[0m
[0m[1mmodule.media_nodes.null_resource.node_config[1]: Creating...[0m[0m
[0m[1mmodule.media_nodes.null_resource.node_config[3]: Creating...[0m[0m
[0m[1mmodule.media_nodes.null_resource.node_config[6]: Creating...[0m[0m
[0m[1mmodule.media_nodes.null_resource.node_config[2]: Creating...[0m[0m
[0m[1mmodule.media_nodes.null_resource.node_config[4]: Creating...[0m[0m
[0m[1mmodule.media_nodes.null_resource.node_config[2]: Provisioning with 'file'...[0m[0m
[0m[1mmodule.media_nodes.null_resource.node_config[1]: Provisioning with 'file'...[0m[0m
[0m[1mmodule.media_nodes.null_resource.node_config[0]: Provisioning with 'file'...[0m[0m
[0m[1mmodule.media_nodes.null_resource.node_config[4]: Provisioning with 'file'...[0m[0m
[0m[1mmodule.media_nodes.null_resource.node_config[3]: Provisioning with 'file'...[0m[0m
[0m[1mmodule.media_nodes.null_resource.node_config[6]: Provisioning with 'file'...[0m[0m
[0m[1mmodule.media_nodes.null_resource.node_config[5]: Provisioning with 'file'...[0m[0m
[0m[1mmodule.media_nodes.null_resource.node_config[4]: Provisioning with 'remote-exec'...[0m[0m
[0m[1mmodule.media_nodes.null_resource.node_config[6]: Provisioning with 'remote-exec'...[0m[0m
[0m[1mmodule.media_nodes.null_resource.node_config[1]: Provisioning with 'remote-exec'...[0m[0m
[0m[1mmodule.media_nodes.null_resource.node_config[6] (remote-exec):[0m [0mConnecting to remote host via SSH...
[0m[1mmodule.media_nodes.null_resource.node_config[6] (remote-exec):[0m [0m  Host: ec2-35-174-107-1.compute-1.amazonaws.com
[0m[1mmodule.media_nodes.null_resource.node_config[6] (remote-exec):[0m [0m  User: ec2-user
[0m[1mmodule.media_nodes.null_resource.node_config[6] (remote-exec):[0m [0m  Password: false
[0m[1mmodule.media_nodes.null_resource.node_config[6] (remote-exec):[0m [0m  Private key: true
[0m[1mmodule.media_nodes.null_resource.node_config[6] (remote-exec):[0m [0m  Certificate: false
[0m[1mmodule.media_nodes.null_resource.node_config[6] (remote-exec):[0m [0m  SSH Agent: false
[0m[1mmodule.media_nodes.null_resource.node_config[6] (remote-exec):[0m [0m  Checking Host Key: false
[0m[1mmodule.media_nodes.null_resource.node_config[6] (remote-exec):[0m [0m  Target Platform: unix
[0m[1mmodule.media_nodes.null_resource.node_config[4] (remote-exec):[0m [0mConnecting to remote host via SSH...
[0m[1mmodule.media_nodes.null_resource.node_config[4] (remote-exec):[0m [0m  Host: ec2-3-82-233-118.compute-1.amazonaws.com
[0m[1mmodule.media_nodes.null_resource.node_config[4] (remote-exec):[0m [0m  User: ec2-user
[0m[1mmodule.media_nodes.null_resource.node_config[4] (remote-exec):[0m [0m  Password: false
[0m[1mmodule.media_nodes.null_resource.node_config[4] (remote-exec):[0m [0m  Private key: true
[0m[1mmodule.media_nodes.null_resource.node_config[4] (remote-exec):[0m [0m  Certificate: false
[0m[1mmodule.media_nodes.null_resource.node_config[4] (remote-exec):[0m [0m  SSH Agent: false
[0m[1mmodule.media_nodes.null_resource.node_config[4] (remote-exec):[0m [0m  Checking Host Key: false
[0m[1mmodule.media_nodes.null_resource.node_config[4] (remote-exec):[0m [0m  Target Platform: unix
[0m[1mmodule.media_nodes.null_resource.node_config[3]: Provisioning with 'remote-exec'...[0m[0m
[0m[1mmodule.media_nodes.null_resource.node_config[1] (remote-exec):[0m [0mConnecting to remote host via SSH...
[0m[1mmodule.media_nodes.null_resource.node_config[1] (remote-exec):[0m [0m  Host: ec2-54-152-69-190.compute-1.amazonaws.com
[0m[1mmodule.media_nodes.null_resource.node_config[1] (remote-exec):[0m [0m  User: ec2-user
[0m[1mmodule.media_nodes.null_resource.node_config[1] (remote-exec):[0m [0m  Password: false
[0m[1mmodule.media_nodes.null_resource.node_config[1] (remote-exec):[0m [0m  Private key: true
[0m[1mmodule.media_nodes.null_resource.node_config[1] (remote-exec):[0m [0m  Certificate: false
[0m[1mmodule.media_nodes.null_resource.node_config[1] (remote-exec):[0m [0m  SSH Agent: false
[0m[1mmodule.media_nodes.null_resource.node_config[1] (remote-exec):[0m [0m  Checking Host Key: false
[0m[1mmodule.media_nodes.null_resource.node_config[1] (remote-exec):[0m [0m  Target Platform: unix
[0m[1mmodule.media_nodes.null_resource.node_config[0]: Provisioning with 'remote-exec'...[0m[0m
[0m[1mmodule.media_nodes.null_resource.node_config[3] (remote-exec):[0m [0mConnecting to remote host via SSH...
[0m[1mmodule.media_nodes.null_resource.node_config[3] (remote-exec):[0m [0m  Host: ec2-3-95-188-76.compute-1.amazonaws.com
[0m[1mmodule.media_nodes.null_resource.node_config[3] (remote-exec):[0m [0m  User: ec2-user
[0m[1mmodule.media_nodes.null_resource.node_config[3] (remote-exec):[0m [0m  Password: false
[0m[1mmodule.media_nodes.null_resource.node_config[3] (remote-exec):[0m [0m  Private key: true
[0m[1mmodule.media_nodes.null_resource.node_config[3] (remote-exec):[0m [0m  Certificate: false
[0m[1mmodule.media_nodes.null_resource.node_config[3] (remote-exec):[0m [0m  SSH Agent: false
[0m[1mmodule.media_nodes.null_resource.node_config[3] (remote-exec):[0m [0m  Checking Host Key: false
[0m[1mmodule.media_nodes.null_resource.node_config[3] (remote-exec):[0m [0m  Target Platform: unix
[0m[1mmodule.media_nodes.null_resource.node_config[0] (remote-exec):[0m [0mConnecting to remote host via SSH...
[0m[1mmodule.media_nodes.null_resource.node_config[0] (remote-exec):[0m [0m  Host: ec2-54-152-196-83.compute-1.amazonaws.com
[0m[1mmodule.media_nodes.null_resource.node_config[0] (remote-exec):[0m [0m  User: ec2-user
[0m[1mmodule.media_nodes.null_resource.node_config[0] (remote-exec):[0m [0m  Password: false
[0m[1mmodule.media_nodes.null_resource.node_config[0] (remote-exec):[0m [0m  Private key: true
[0m[1mmodule.media_nodes.null_resource.node_config[0] (remote-exec):[0m [0m  Certificate: false
[0m[1mmodule.media_nodes.null_resource.node_config[0] (remote-exec):[0m [0m  SSH Agent: false
[0m[1mmodule.media_nodes.null_resource.node_config[0] (remote-exec):[0m [0m  Checking Host Key: false
[0m[1mmodule.media_nodes.null_resource.node_config[0] (remote-exec):[0m [0m  Target Platform: unix
[0m[1mmodule.media_nodes.null_resource.node_config[2]: Provisioning with 'remote-exec'...[0m[0m
[0m[1mmodule.media_nodes.null_resource.node_config[2] (remote-exec):[0m [0mConnecting to remote host via SSH...
[0m[1mmodule.media_nodes.null_resource.node_config[2] (remote-exec):[0m [0m  Host: ec2-174-129-129-36.compute-1.amazonaws.com
[0m[1mmodule.media_nodes.null_resource.node_config[2] (remote-exec):[0m [0m  User: ec2-user
[0m[1mmodule.media_nodes.null_resource.node_config[2] (remote-exec):[0m [0m  Password: false
[0m[1mmodule.media_nodes.null_resource.node_config[2] (remote-exec):[0m [0m  Private key: true
[0m[1mmodule.media_nodes.null_resource.node_config[2] (remote-exec):[0m [0m  Certificate: false
[0m[1mmodule.media_nodes.null_resource.node_config[2] (remote-exec):[0m [0m  SSH Agent: false
[0m[1mmodule.media_nodes.null_resource.node_config[2] (remote-exec):[0m [0m  Checking Host Key: false
[0m[1mmodule.media_nodes.null_resource.node_config[2] (remote-exec):[0m [0m  Target Platform: unix
[0m[1mmodule.media_nodes.null_resource.node_config[1] (remote-exec):[0m [0mConnected!
[0m[1mmodule.media_nodes.null_resource.node_config[0] (remote-exec):[0m [0mConnected!
[0m[1mmodule.media_nodes.null_resource.node_config[3] (remote-exec):[0m [0mConnected!
[0m[1mmodule.media_nodes.null_resource.node_config[4] (remote-exec):[0m [0mConnected!
[0m[1mmodule.media_nodes.null_resource.node_config[6] (remote-exec):[0m [0mConnected!
[0m[1mmodule.media_nodes.null_resource.node_config[2] (remote-exec):[0m [0mConnected!
[0m[1mmodule.media_nodes.null_resource.node_config[3]: Provisioning with 'remote-exec'...[0m[0m
[0m[1mmodule.media_nodes.null_resource.node_config[3] (remote-exec):[0m [0mConnecting to remote host via SSH...
[0m[1mmodule.media_nodes.null_resource.node_config[3] (remote-exec):[0m [0m  Host: ec2-3-95-188-76.compute-1.amazonaws.com
[0m[1mmodule.media_nodes.null_resource.node_config[3] (remote-exec):[0m [0m  User: ec2-user
[0m[1mmodule.media_nodes.null_resource.node_config[3] (remote-exec):[0m [0m  Password: false
[0m[1mmodule.media_nodes.null_resource.node_config[3] (remote-exec):[0m [0m  Private key: true
[0m[1mmodule.media_nodes.null_resource.node_config[3] (remote-exec):[0m [0m  Certificate: false
[0m[1mmodule.media_nodes.null_resource.node_config[3] (remote-exec):[0m [0m  SSH Agent: false
[0m[1mmodule.media_nodes.null_resource.node_config[3] (remote-exec):[0m [0m  Checking Host Key: false
[0m[1mmodule.media_nodes.null_resource.node_config[3] (remote-exec):[0m [0m  Target Platform: unix
[0m[1mmodule.media_nodes.null_resource.node_config[0]: Provisioning with 'remote-exec'...[0m[0m
[0m[1mmodule.media_nodes.null_resource.node_config[0] (remote-exec):[0m [0mConnecting to remote host via SSH...
[0m[1mmodule.media_nodes.null_resource.node_config[0] (remote-exec):[0m [0m  Host: ec2-54-152-196-83.compute-1.amazonaws.com
[0m[1mmodule.media_nodes.null_resource.node_config[0] (remote-exec):[0m [0m  User: ec2-user
[0m[1mmodule.media_nodes.null_resource.node_config[0] (remote-exec):[0m [0m  Password: false
[0m[1mmodule.media_nodes.null_resource.node_config[0] (remote-exec):[0m [0m  Private key: true
[0m[1mmodule.media_nodes.null_resource.node_config[0] (remote-exec):[0m [0m  Certificate: false
[0m[1mmodule.media_nodes.null_resource.node_config[0] (remote-exec):[0m [0m  SSH Agent: false
[0m[1mmodule.media_nodes.null_resource.node_config[0] (remote-exec):[0m [0m  Checking Host Key: false
[0m[1mmodule.media_nodes.null_resource.node_config[0] (remote-exec):[0m [0m  Target Platform: unix
[0m[1mmodule.media_nodes.null_resource.node_config[1]: Provisioning with 'remote-exec'...[0m[0m
[0m[1mmodule.media_nodes.null_resource.node_config[1] (remote-exec):[0m [0mConnecting to remote host via SSH...
[0m[1mmodule.media_nodes.null_resource.node_config[1] (remote-exec):[0m [0m  Host: ec2-54-152-69-190.compute-1.amazonaws.com
[0m[1mmodule.media_nodes.null_resource.node_config[1] (remote-exec):[0m [0m  User: ec2-user
[0m[1mmodule.media_nodes.null_resource.node_config[1] (remote-exec):[0m [0m  Password: false
[0m[1mmodule.media_nodes.null_resource.node_config[1] (remote-exec):[0m [0m  Private key: true
[0m[1mmodule.media_nodes.null_resource.node_config[1] (remote-exec):[0m [0m  Certificate: false
[0m[1mmodule.media_nodes.null_resource.node_config[1] (remote-exec):[0m [0m  SSH Agent: false
[0m[1mmodule.media_nodes.null_resource.node_config[1] (remote-exec):[0m [0m  Checking Host Key: false
[0m[1mmodule.media_nodes.null_resource.node_config[1] (remote-exec):[0m [0m  Target Platform: unix
[0m[1mmodule.media_nodes.null_resource.node_config[4]: Provisioning with 'remote-exec'...[0m[0m
[0m[1mmodule.media_nodes.null_resource.node_config[4] (remote-exec):[0m [0mConnecting to remote host via SSH...
[0m[1mmodule.media_nodes.null_resource.node_config[4] (remote-exec):[0m [0m  Host: ec2-3-82-233-118.compute-1.amazonaws.com
[0m[1mmodule.media_nodes.null_resource.node_config[4] (remote-exec):[0m [0m  User: ec2-user
[0m[1mmodule.media_nodes.null_resource.node_config[4] (remote-exec):[0m [0m  Password: false
[0m[1mmodule.media_nodes.null_resource.node_config[4] (remote-exec):[0m [0m  Private key: true
[0m[1mmodule.media_nodes.null_resource.node_config[4] (remote-exec):[0m [0m  Certificate: false
[0m[1mmodule.media_nodes.null_resource.node_config[4] (remote-exec):[0m [0m  SSH Agent: false
[0m[1mmodule.media_nodes.null_resource.node_config[4] (remote-exec):[0m [0m  Checking Host Key: false
[0m[1mmodule.media_nodes.null_resource.node_config[4] (remote-exec):[0m [0m  Target Platform: unix
[0m[1mmodule.media_nodes.null_resource.node_config[2]: Provisioning with 'remote-exec'...[0m[0m
[0m[1mmodule.media_nodes.null_resource.node_config[2] (remote-exec):[0m [0mConnecting to remote host via SSH...
[0m[1mmodule.media_nodes.null_resource.node_config[2] (remote-exec):[0m [0m  Host: ec2-174-129-129-36.compute-1.amazonaws.com
[0m[1mmodule.media_nodes.null_resource.node_config[2] (remote-exec):[0m [0m  User: ec2-user
[0m[1mmodule.media_nodes.null_resource.node_config[2] (remote-exec):[0m [0m  Password: false
[0m[1mmodule.media_nodes.null_resource.node_config[2] (remote-exec):[0m [0m  Private key: true
[0m[1mmodule.media_nodes.null_resource.node_config[2] (remote-exec):[0m [0m  Certificate: false
[0m[1mmodule.media_nodes.null_resource.node_config[2] (remote-exec):[0m [0m  SSH Agent: false
[0m[1mmodule.media_nodes.null_resource.node_config[2] (remote-exec):[0m [0m  Checking Host Key: false
[0m[1mmodule.media_nodes.null_resource.node_config[2] (remote-exec):[0m [0m  Target Platform: unix
[0m[1mmodule.media_nodes.null_resource.node_config[6]: Provisioning with 'remote-exec'...[0m[0m
[0m[1mmodule.media_nodes.null_resource.node_config[6] (remote-exec):[0m [0mConnecting to remote host via SSH...
[0m[1mmodule.media_nodes.null_resource.node_config[6] (remote-exec):[0m [0m  Host: ec2-35-174-107-1.compute-1.amazonaws.com
[0m[1mmodule.media_nodes.null_resource.node_config[6] (remote-exec):[0m [0m  User: ec2-user
[0m[1mmodule.media_nodes.null_resource.node_config[6] (remote-exec):[0m [0m  Password: false
[0m[1mmodule.media_nodes.null_resource.node_config[6] (remote-exec):[0m [0m  Private key: true
[0m[1mmodule.media_nodes.null_resource.node_config[6] (remote-exec):[0m [0m  Certificate: false
[0m[1mmodule.media_nodes.null_resource.node_config[6] (remote-exec):[0m [0m  SSH Agent: false
[0m[1mmodule.media_nodes.null_resource.node_config[6] (remote-exec):[0m [0m  Checking Host Key: false
[0m[1mmodule.media_nodes.null_resource.node_config[6] (remote-exec):[0m [0m  Target Platform: unix
[0m[1mmodule.media_nodes.null_resource.node_config[3] (remote-exec):[0m [0mConnected!
[0m[1mmodule.media_nodes.null_resource.node_config[0] (remote-exec):[0m [0mConnected!
[0m[1mmodule.media_nodes.null_resource.node_config[4] (remote-exec):[0m [0mConnected!
[0m[1mmodule.media_nodes.null_resource.node_config[1] (remote-exec):[0m [0mConnected!
[0m[1mmodule.media_nodes.null_resource.node_config[2] (remote-exec):[0m [0mConnected!
[0m[1mmodule.media_nodes.null_resource.node_config[6] (remote-exec):[0m [0mConnected!
[0m[1mmodule.media_nodes.null_resource.node_config[5]: Provisioning with 'remote-exec'...[0m[0m
[0m[1mmodule.media_nodes.null_resource.node_config[5] (remote-exec):[0m [0mConnecting to remote host via SSH...
[0m[1mmodule.media_nodes.null_resource.node_config[5] (remote-exec):[0m [0m  Host: ec2-44-212-61-84.compute-1.amazonaws.com
[0m[1mmodule.media_nodes.null_resource.node_config[5] (remote-exec):[0m [0m  User: ec2-user
[0m[1mmodule.media_nodes.null_resource.node_config[5] (remote-exec):[0m [0m  Password: false
[0m[1mmodule.media_nodes.null_resource.node_config[5] (remote-exec):[0m [0m  Private key: true
[0m[1mmodule.media_nodes.null_resource.node_config[5] (remote-exec):[0m [0m  Certificate: false
[0m[1mmodule.media_nodes.null_resource.node_config[5] (remote-exec):[0m [0m  SSH Agent: false
[0m[1mmodule.media_nodes.null_resource.node_config[5] (remote-exec):[0m [0m  Checking Host Key: false
[0m[1mmodule.media_nodes.null_resource.node_config[5] (remote-exec):[0m [0m  Target Platform: unix
[0m[1mmodule.media_nodes.null_resource.node_config[3] (remote-exec):[0m [0m<><><> Running connector deploy on Red Hat Enterprise Linux
[0m[1mmodule.media_nodes.null_resource.node_config[4] (remote-exec):[0m [0m<><><> Running connector deploy on Red Hat Enterprise Linux
[0m[1mmodule.media_nodes.null_resource.node_config[0] (remote-exec):[0m [0m<><><> Running connector deploy on Red Hat Enterprise Linux
[0m[1mmodule.media_nodes.null_resource.node_config[3] (remote-exec):[0m [0m  % Total    % Received % Xferd  Average Speed   Time
[0m[1mmodule.media_nodes.null_resource.node_config[0] (remote-exec):[0m [0m  % Total    % Received % Xferd  Average Speed   Time    Time
[0m[1mmodule.media_nodes.null_resource.node_config[4] (remote-exec):[0m [0m  % Total    % Received % Xferd  Average Speed   Time
[0m[1mmodule.media_nodes.null_resource.node_config[1] (remote-exec):[0m [0m<><><> Running connector deploy on Red Hat Enterprise Linux
[0m[1mmodule.media_nodes.null_resource.node_config[3] (remote-exec):[0m [0m   Time     Time  Current
[0m[1mmodule.media_nodes.null_resource.node_config[3] (remote-exec):[0m [0m                                 Dload  Upload   Total   Spent    Left  Speed
[0m[1mmodule.media_nodes.null_resource.node_config[3] (remote-exec):[0m [0m  0     0    0     0    0     0      0      0 --:--:-- --:--:-- --:--:--     0
[0m[1mmodule.media_nodes.null_resource.node_config[3] (remote-exec):[0m [0m100    94  100    94    0     0   3916      0 --:--:-- --:--:-- --:--:--  3916
[0m[1mmodule.media_nodes.null_resource.node_config[0] (remote-exec):[0m [0m    Time  Current
[0m[1mmodule.media_nodes.null_resource.node_config[0] (remote-exec):[0m [0m                                 Dload  Upload   Total   Spent    Left  Speed
[0m[1mmodule.media_nodes.null_resource.node_config[0] (remote-exec):[0m [0m  0     0    0     0    0     0      0      0 --:--:-- --:--:-- --:--:--     0
[0m[1mmodule.media_nodes.null_resource.node_config[0] (remote-exec):[0m [0m100    94  100    94    0     0   3916      0 --:--:-- --:--:-- --:--:--  3916
[0m[1mmodule.media_nodes.null_resource.node_config[4] (remote-exec):[0m [0m  Time     Time  Current
[0m[1mmodule.media_nodes.null_resource.node_config[4] (remote-exec):[0m [0m                                 Dload  Upload   Total   Spent    Left  Speed
[0m[1mmodule.media_nodes.null_resource.node_config[4] (remote-exec):[0m [0m  0     0    0     0    0     0      0      0 --:--:-- --:--:-- --:--:--     0
[0m[1mmodule.media_nodes.null_resource.node_config[4] (remote-exec):[0m [0m100    94  100    94    0     0   2685      0 --:--:-- --:--:-- --:--:--  2685
[0m[1mmodule.media_nodes.null_resource.node_config[2] (remote-exec):[0m [0m<><><> Running connector deploy on Red Hat Enterprise Linux
[0m[1mmodule.media_nodes.null_resource.node_config[6] (remote-exec):[0m [0m<><><> Running connector deploy on Red Hat Enterprise Linux
[0m[1mmodule.media_nodes.null_resource.node_config[1] (remote-exec):[0m [0m  % Total    % Received % Xferd  Average Speed   Time    Time     Time
[0m[1mmodule.media_nodes.null_resource.node_config[3] (remote-exec):[0m [0meyJraWQiOiJhMUxrM1R0TFhtZE81YXVhVmFTbDBwdHprTzF2VW1DbjFvZ3liMWNKT0pzPSIsImFsZyI6IlJTMjU2In0.eyJzdWIiOiIza3A0aGRibmozbGNsZzVwNzdkMDY0dGc0OCIsInRva2VuX3VzZSI6ImFjY2VzcyIsInNjb3BlIjoidGVuYW50LmNvbm5lY3RvclwvcmVhZCIsImF1dGhfdGltZSI6MTcwNzA1NzY3NiwiaXNzIjoiaHR0cHM6XC9cL2NvZ25pdG8taWRwLnVzLWVhc3QtMS5hbWF6b25hd3MuY29tXC91cy1lYXN0LTFfeERGRDJRTnYxIiwiZXhwIjoxNzA3MTQ0MDc2LCJpYXQiOjE3MDcwNTc2NzYsInZlcnNpb24iOjIsImp0aSI6IjU4NjY5NmI2LTc2NzgtNGZlNS1iZmZmLTkyNmNlY2RkYWRmYyIsImNsaWVudF9pZCI6IjNrcDRoZGJuajNsY2xnNXA3N2QwNjR0ZzQ4In0.WoA-0zpvZ3L2p2H92No7sUYM1fFCNUQVn_a9OY1kTOz1YPVZxHjruewDbXwRNbVrDPtySxWAuqsCZmUZdOfp1kqz804jyUHmUU9dTEuDaJBo0VZFzRUmGWi68u8cF6Et0rC21u25js_eYzDyaT8ENewtcLvCqX6QvGZoX-l12FE_s2aMsNtOdlQ-r_t2Cr_-H75Rxb768i_bQo2SJH4hMYed94nSC1-uljbjd9SuVAy79v9JrHUWV5beMZjf77e2CrNlqC1Y2KH9FOuKsWNxd8rgXS1G3dZ2ptEdoIw7rWZ86tTsAqphEzOd9uQKYUUcS12APIKkyIKhbhVF1yWeHQ
[0m[1mmodule.media_nodes.null_resource.node_config[0] (remote-exec):[0m [0meyJraWQiOiJhMUxrM1R0TFhtZE81YXVhVmFTbDBwdHprTzF2VW1DbjFvZ3liMWNKT0pzPSIsImFsZyI6IlJTMjU2In0.eyJzdWIiOiIza3A0aGRibmozbGNsZzVwNzdkMDY0dGc0OCIsInRva2VuX3VzZSI6ImFjY2VzcyIsInNjb3BlIjoidGVuYW50LmNvbm5lY3RvclwvcmVhZCIsImF1dGhfdGltZSI6MTcwNzA1NzY3NiwiaXNzIjoiaHR0cHM6XC9cL2NvZ25pdG8taWRwLnVzLWVhc3QtMS5hbWF6b25hd3MuY29tXC91cy1lYXN0LTFfeERGRDJRTnYxIiwiZXhwIjoxNzA3MTQ0MDc2LCJpYXQiOjE3MDcwNTc2NzYsInZlcnNpb24iOjIsImp0aSI6IjU4NjY5NmI2LTc2NzgtNGZlNS1iZmZmLTkyNmNlY2RkYWRmYyIsImNsaWVudF9pZCI6IjNrcDRoZGJuajNsY2xnNXA3N2QwNjR0ZzQ4In0.WoA-0zpvZ3L2p2H92No7sUYM1fFCNUQVn_a9OY1kTOz1YPVZxHjruewDbXwRNbVrDPtySxWAuqsCZmUZdOfp1kqz804jyUHmUU9dTEuDaJBo0VZFzRUmGWi68u8cF6Et0rC21u25js_eYzDyaT8ENewtcLvCqX6QvGZoX-l12FE_s2aMsNtOdlQ-r_t2Cr_-H75Rxb768i_bQo2SJH4hMYed94nSC1-uljbjd9SuVAy79v9JrHUWV5beMZjf77e2CrNlqC1Y2KH9FOuKsWNxd8rgXS1G3dZ2ptEdoIw7rWZ86tTsAqphEzOd9uQKYUUcS12APIKkyIKhbhVF1yWeHQ
[0m[1mmodule.media_nodes.null_resource.node_config[4] (remote-exec):[0m [0meyJraWQiOiJhMUxrM1R0TFhtZE81YXVhVmFTbDBwdHprTzF2VW1DbjFvZ3liMWNKT0pzPSIsImFsZyI6IlJTMjU2In0.eyJzdWIiOiIza3A0aGRibmozbGNsZzVwNzdkMDY0dGc0OCIsInRva2VuX3VzZSI6ImFjY2VzcyIsInNjb3BlIjoidGVuYW50LmNvbm5lY3RvclwvcmVhZCIsImF1dGhfdGltZSI6MTcwNzA1NzY3NiwiaXNzIjoiaHR0cHM6XC9cL2NvZ25pdG8taWRwLnVzLWVhc3QtMS5hbWF6b25hd3MuY29tXC91cy1lYXN0LTFfeERGRDJRTnYxIiwiZXhwIjoxNzA3MTQ0MDc2LCJpYXQiOjE3MDcwNTc2NzYsInZlcnNpb24iOjIsImp0aSI6IjU4NjY5NmI2LTc2NzgtNGZlNS1iZmZmLTkyNmNlY2RkYWRmYyIsImNsaWVudF9pZCI6IjNrcDRoZGJuajNsY2xnNXA3N2QwNjR0ZzQ4In0.WoA-0zpvZ3L2p2H92No7sUYM1fFCNUQVn_a9OY1kTOz1YPVZxHjruewDbXwRNbVrDPtySxWAuqsCZmUZdOfp1kqz804jyUHmUU9dTEuDaJBo0VZFzRUmGWi68u8cF6Et0rC21u25js_eYzDyaT8ENewtcLvCqX6QvGZoX-l12FE_s2aMsNtOdlQ-r_t2Cr_-H75Rxb768i_bQo2SJH4hMYed94nSC1-uljbjd9SuVAy79v9JrHUWV5beMZjf77e2CrNlqC1Y2KH9FOuKsWNxd8rgXS1G3dZ2ptEdoIw7rWZ86tTsAqphEzOd9uQKYUUcS12APIKkyIKhbhVF1yWeHQ
[0m[1mmodule.media_nodes.null_resource.node_config[2] (remote-exec):[0m [0m  % Total    % Received % Xferd  Average Speed   Time
[0m[1mmodule.media_nodes.null_resource.node_config[6] (remote-exec):[0m [0m  % Total    % Received % Xferd  Average Speed   Time
[0m[1mmodule.media_nodes.null_resource.node_config[2] (remote-exec):[0m [0m    Time     Time  Current
[0m[1mmodule.media_nodes.null_resource.node_config[6] (remote-exec):[0m [0m Time     Time  Current
[0m[1mmodule.media_nodes.null_resource.node_config[2] (remote-exec):[0m [0m                                 Dload  Upload   Total   Spent    Left  Speed
[0m[1mmodule.media_nodes.null_resource.node_config[6] (remote-exec):[0m [0m                                 Dload  Upload   Total   Spent    Left  Speed
[0m[1mmodule.media_nodes.null_resource.node_config[1] (remote-exec):[0m [0mCurrent
[0m[1mmodule.media_nodes.null_resource.node_config[1] (remote-exec):[0m [0m                                 Dload  Upload   Total   Spent    Left  Speed
[0m[1mmodule.media_nodes.null_resource.node_config[6] (remote-exec):[0m [0m  0     0    0     0    0     0      0      0 --:--:-- --:--:-- --:--:--     0
[0m[1mmodule.media_nodes.null_resource.node_config[6] (remote-exec):[0m [0m100    94  100    94    0     0   3241      0 --:--:-- --:--:-- --:--:--  3241
[0m[1mmodule.media_nodes.null_resource.node_config[2] (remote-exec):[0m [0m  0     0    0     0    0     0      0      0 --:--:-- --:--:-- --:--:--     0
[0m[1mmodule.media_nodes.null_resource.node_config[2] (remote-exec):[0m [0m100    94  100    94    0     0   2000      0 --:--:-- --:--:-- --:--:--  2000
[0m[1mmodule.media_nodes.null_resource.node_config[5] (remote-exec):[0m [0mConnected!
[0m[1mmodule.media_nodes.null_resource.node_config[1] (remote-exec):[0m [0m  0     0    0     0    0     0      0      0 --:--:-- --:--:-- --:--:--     0
[0m[1mmodule.media_nodes.null_resource.node_config[1] (remote-exec):[0m [0m100    94  100    94    0     0   3133      0 --:--:-- --:--:-- --:--:--  3133
[0m[1mmodule.media_nodes.null_resource.node_config[2] (remote-exec):[0m [0meyJraWQiOiJhMUxrM1R0TFhtZE81YXVhVmFTbDBwdHprTzF2VW1DbjFvZ3liMWNKT0pzPSIsImFsZyI6IlJTMjU2In0.eyJzdWIiOiIza3A0aGRibmozbGNsZzVwNzdkMDY0dGc0OCIsInRva2VuX3VzZSI6ImFjY2VzcyIsInNjb3BlIjoidGVuYW50LmNvbm5lY3RvclwvcmVhZCIsImF1dGhfdGltZSI6MTcwNzA1NzY3NiwiaXNzIjoiaHR0cHM6XC9cL2NvZ25pdG8taWRwLnVzLWVhc3QtMS5hbWF6b25hd3MuY29tXC91cy1lYXN0LTFfeERGRDJRTnYxIiwiZXhwIjoxNzA3MTQ0MDc2LCJpYXQiOjE3MDcwNTc2NzYsInZlcnNpb24iOjIsImp0aSI6IjU4NjY5NmI2LTc2NzgtNGZlNS1iZmZmLTkyNmNlY2RkYWRmYyIsImNsaWVudF9pZCI6IjNrcDRoZGJuajNsY2xnNXA3N2QwNjR0ZzQ4In0.WoA-0zpvZ3L2p2H92No7sUYM1fFCNUQVn_a9OY1kTOz1YPVZxHjruewDbXwRNbVrDPtySxWAuqsCZmUZdOfp1kqz804jyUHmUU9dTEuDaJBo0VZFzRUmGWi68u8cF6Et0rC21u25js_eYzDyaT8ENewtcLvCqX6QvGZoX-l12FE_s2aMsNtOdlQ-r_t2Cr_-H75Rxb768i_bQo2SJH4hMYed94nSC1-uljbjd9SuVAy79v9JrHUWV5beMZjf77e2CrNlqC1Y2KH9FOuKsWNxd8rgXS1G3dZ2ptEdoIw7rWZ86tTsAqphEzOd9uQKYUUcS12APIKkyIKhbhVF1yWeHQ
[0m[1mmodule.media_nodes.null_resource.node_config[6] (remote-exec):[0m [0meyJraWQiOiJhMUxrM1R0TFhtZE81YXVhVmFTbDBwdHprTzF2VW1DbjFvZ3liMWNKT0pzPSIsImFsZyI6IlJTMjU2In0.eyJzdWIiOiIza3A0aGRibmozbGNsZzVwNzdkMDY0dGc0OCIsInRva2VuX3VzZSI6ImFjY2VzcyIsInNjb3BlIjoidGVuYW50LmNvbm5lY3RvclwvcmVhZCIsImF1dGhfdGltZSI6MTcwNzA1NzY3NiwiaXNzIjoiaHR0cHM6XC9cL2NvZ25pdG8taWRwLnVzLWVhc3QtMS5hbWF6b25hd3MuY29tXC91cy1lYXN0LTFfeERGRDJRTnYxIiwiZXhwIjoxNzA3MTQ0MDc2LCJpYXQiOjE3MDcwNTc2NzYsInZlcnNpb24iOjIsImp0aSI6IjU4NjY5NmI2LTc2NzgtNGZlNS1iZmZmLTkyNmNlY2RkYWRmYyIsImNsaWVudF9pZCI6IjNrcDRoZGJuajNsY2xnNXA3N2QwNjR0ZzQ4In0.WoA-0zpvZ3L2p2H92No7sUYM1fFCNUQVn_a9OY1kTOz1YPVZxHjruewDbXwRNbVrDPtySxWAuqsCZmUZdOfp1kqz804jyUHmUU9dTEuDaJBo0VZFzRUmGWi68u8cF6Et0rC21u25js_eYzDyaT8ENewtcLvCqX6QvGZoX-l12FE_s2aMsNtOdlQ-r_t2Cr_-H75Rxb768i_bQo2SJH4hMYed94nSC1-uljbjd9SuVAy79v9JrHUWV5beMZjf77e2CrNlqC1Y2KH9FOuKsWNxd8rgXS1G3dZ2ptEdoIw7rWZ86tTsAqphEzOd9uQKYUUcS12APIKkyIKhbhVF1yWeHQ
[0m[1mmodule.media_nodes.null_resource.node_config[1] (remote-exec):[0m [0meyJraWQiOiJhMUxrM1R0TFhtZE81YXVhVmFTbDBwdHprTzF2VW1DbjFvZ3liMWNKT0pzPSIsImFsZyI6IlJTMjU2In0.eyJzdWIiOiIza3A0aGRibmozbGNsZzVwNzdkMDY0dGc0OCIsInRva2VuX3VzZSI6ImFjY2VzcyIsInNjb3BlIjoidGVuYW50LmNvbm5lY3RvclwvcmVhZCIsImF1dGhfdGltZSI6MTcwNzA1NzY3NiwiaXNzIjoiaHR0cHM6XC9cL2NvZ25pdG8taWRwLnVzLWVhc3QtMS5hbWF6b25hd3MuY29tXC91cy1lYXN0LTFfeERGRDJRTnYxIiwiZXhwIjoxNzA3MTQ0MDc2LCJpYXQiOjE3MDcwNTc2NzYsInZlcnNpb24iOjIsImp0aSI6IjU4NjY5NmI2LTc2NzgtNGZlNS1iZmZmLTkyNmNlY2RkYWRmYyIsImNsaWVudF9pZCI6IjNrcDRoZGJuajNsY2xnNXA3N2QwNjR0ZzQ4In0.WoA-0zpvZ3L2p2H92No7sUYM1fFCNUQVn_a9OY1kTOz1YPVZxHjruewDbXwRNbVrDPtySxWAuqsCZmUZdOfp1kqz804jyUHmUU9dTEuDaJBo0VZFzRUmGWi68u8cF6Et0rC21u25js_eYzDyaT8ENewtcLvCqX6QvGZoX-l12FE_s2aMsNtOdlQ-r_t2Cr_-H75Rxb768i_bQo2SJH4hMYed94nSC1-uljbjd9SuVAy79v9JrHUWV5beMZjf77e2CrNlqC1Y2KH9FOuKsWNxd8rgXS1G3dZ2ptEdoIw7rWZ86tTsAqphEzOd9uQKYUUcS12APIKkyIKhbhVF1yWeHQ
[0m[1mmodule.media_nodes.null_resource.node_config[0] (remote-exec):[0m [0mUpdating Subscription Management repositories.
[0m[1mmodule.media_nodes.null_resource.node_config[0] (remote-exec):[0m [0mUnable to read consumer identity

[0m[1mmodule.media_nodes.null_resource.node_config[0] (remote-exec):[0m [0mThis system is not registered with an entitlement server. You can use subscription-manager to register.

[0m[1mmodule.media_nodes.null_resource.node_config[4] (remote-exec):[0m [0mUpdating Subscription Management repositories.
[0m[1mmodule.media_nodes.null_resource.node_config[4] (remote-exec):[0m [0mUnable to read consumer identity

[0m[1mmodule.media_nodes.null_resource.node_config[4] (remote-exec):[0m [0mThis system is not registered with an entitlement server. You can use subscription-manager to register.

[0m[1mmodule.media_nodes.null_resource.node_config[2] (remote-exec):[0m [0mUpdating Subscription Management repositories.
[0m[1mmodule.media_nodes.null_resource.node_config[2] (remote-exec):[0m [0mUnable to read consumer identity

[0m[1mmodule.media_nodes.null_resource.node_config[2] (remote-exec):[0m [0mThis system is not registered with an entitlement server. You can use subscription-manager to register.

[0m[1mmodule.media_nodes.null_resource.node_config[3] (remote-exec):[0m [0mUpdating Subscription Management repositories.
[0m[1mmodule.media_nodes.null_resource.node_config[3] (remote-exec):[0m [0mUnable to read consumer identity

[0m[1mmodule.media_nodes.null_resource.node_config[3] (remote-exec):[0m [0mThis system is not registered with an entitlement server. You can use subscription-manager to register.

[0m[1mmodule.media_nodes.null_resource.node_config[0] (remote-exec):[0m [0mRed Hat ---  B/s |   0  B     --:-- ETA
[0m[1mmodule.media_nodes.null_resource.node_config[2] (remote-exec):[0m [0mRed Hat ---  B/s |   0  B     --:-- ETA
[0m[1mmodule.media_nodes.null_resource.node_config[4] (remote-exec):[0m [0mRed Hat ---  B/s |   0  B     --:-- ETA
[0m[1mmodule.media_nodes.null_resource.node_config[1] (remote-exec):[0m [0mUpdating Subscription Management repositories.
[0m[1mmodule.media_nodes.null_resource.node_config[6] (remote-exec):[0m [0mUpdating Subscription Management repositories.
[0m[1mmodule.media_nodes.null_resource.node_config[6] (remote-exec):[0m [0mUnable to read consumer identity
[0m[1mmodule.media_nodes.null_resource.node_config[1] (remote-exec):[0m [0mUnable to read consumer identity


[0m[1mmodule.media_nodes.null_resource.node_config[6] (remote-exec):[0m [0mThis system is not registered with an entitlement server. You can use subscription-manager to register.

[0m[1mmodule.media_nodes.null_resource.node_config[1] (remote-exec):[0m [0mThis system is not registered with an entitlement server. You can use subscription-manager to register.

[0m[1mmodule.media_nodes.null_resource.node_config[0] (remote-exec):[0m [0mRed Hat  71 MB/s |  21 MB     00:00 ETA
[0m[1mmodule.media_nodes.null_resource.node_config[3] (remote-exec):[0m [0mRed Hat ---  B/s |   0  B     --:-- ETA
[0m[1mmodule.media_nodes.null_resource.node_config[0]: Still creating... [10s elapsed][0m[0m
[0m[1mmodule.media_nodes.null_resource.node_config[5]: Still creating... [10s elapsed][0m[0m
[0m[1mmodule.media_nodes.null_resource.node_config[1]: Still creating... [10s elapsed][0m[0m
[0m[1mmodule.media_nodes.null_resource.node_config[3]: Still creating... [10s elapsed][0m[0m
[0m[1mmodule.media_nodes.null_resource.node_config[2]: Still creating... [10s elapsed][0m[0m
[0m[1mmodule.media_nodes.null_resource.node_config[6]: Still creating... [10s elapsed][0m[0m
[0m[1mmodule.media_nodes.null_resource.node_config[4]: Still creating... [10s elapsed][0m[0m
[0m[1mmodule.media_nodes.null_resource.node_config[4] (remote-exec):[0m [0mRed Hat  62 MB/s |  19 MB     00:00 ETA
[0m[1mmodule.media_nodes.null_resource.node_config[2] (remote-exec):[0m [0mRed Hat  66 MB/s |  20 MB     00:00 ETA
[0m[1mmodule.media_nodes.null_resource.node_config[0] (remote-exec):[0m [0mRed Hat  70 MB/s |  50 MB     00:00
[0m[1mmodule.media_nodes.null_resource.node_config[4] (remote-exec):[0m [0mRed Hat  68 MB/s |  50 MB     00:00
[0m[1mmodule.media_nodes.null_resource.node_config[2] (remote-exec):[0m [0mRed Hat  66 MB/s |  50 MB     00:00
[0m[1mmodule.media_nodes.null_resource.node_config[3] (remote-exec):[0m [0mRed Hat  50 MB/s |  19 MB     00:00 ETA
[0m[1mmodule.media_nodes.null_resource.node_config[1] (remote-exec):[0m [0mRed Hat ---  B/s |   0  B     --:-- ETA
[0m[1mmodule.media_nodes.null_resource.node_config[6] (remote-exec):[0m [0mRed Hat ---  B/s |   0  B     --:-- ETA
[0m[1mmodule.media_nodes.null_resource.node_config[1] (remote-exec):[0m [0mRed Hat  55 MB/s |  20 MB     00:00 ETA
[0m[1mmodule.media_nodes.null_resource.node_config[3] (remote-exec):[0m [0mRed Hat  51 MB/s |  50 MB     00:00
[0m[1mmodule.media_nodes.null_resource.node_config[6] (remote-exec):[0m [0mRed Hat  61 MB/s |  20 MB     00:00 ETA
[0m[1mmodule.media_nodes.null_resource.node_config[1] (remote-exec):[0m [0mRed Hat  69 MB/s |  50 MB     00:00
[0m[1mmodule.media_nodes.null_resource.node_config[6] (remote-exec):[0m [0mRed Hat  68 MB/s |  50 MB     00:00
[0m[1mmodule.media_nodes.null_resource.node_config[5]: Provisioning with 'remote-exec'...[0m[0m
[0m[1mmodule.media_nodes.null_resource.node_config[5] (remote-exec):[0m [0mConnecting to remote host via SSH...
[0m[1mmodule.media_nodes.null_resource.node_config[5] (remote-exec):[0m [0m  Host: ec2-44-212-61-84.compute-1.amazonaws.com
[0m[1mmodule.media_nodes.null_resource.node_config[5] (remote-exec):[0m [0m  User: ec2-user
[0m[1mmodule.media_nodes.null_resource.node_config[5] (remote-exec):[0m [0m  Password: false
[0m[1mmodule.media_nodes.null_resource.node_config[5] (remote-exec):[0m [0m  Private key: true
[0m[1mmodule.media_nodes.null_resource.node_config[5] (remote-exec):[0m [0m  Certificate: false
[0m[1mmodule.media_nodes.null_resource.node_config[5] (remote-exec):[0m [0m  SSH Agent: false
[0m[1mmodule.media_nodes.null_resource.node_config[5] (remote-exec):[0m [0m  Checking Host Key: false
[0m[1mmodule.media_nodes.null_resource.node_config[5] (remote-exec):[0m [0m  Target Platform: unix
[0m[1mmodule.media_nodes.null_resource.node_config[5] (remote-exec):[0m [0mConnected!
[0m[1mmodule.media_nodes.null_resource.node_config[5] (remote-exec):[0m [0m<><><> Running connector deploy on Red Hat Enterprise Linux
[0m[1mmodule.media_nodes.null_resource.node_config[5] (remote-exec):[0m [0m  % Total    % Received % Xferd  Average Speed   Time    Time     Time  Current
[0m[1mmodule.media_nodes.null_resource.node_config[5] (remote-exec):[0m [0m                                 Dload  Upload   Total   Spent    Left  Speed
[0m[1mmodule.media_nodes.null_resource.node_config[5] (remote-exec):[0m [0m  0     0    0     0    0     0      0      0 --:--:-- --:--:-- --:--:--     0
[0m[1mmodule.media_nodes.null_resource.node_config[5] (remote-exec):[0m [0m100    94  100    94    0     0   4700      0 --:--:-- --:--:-- --:--:--  4700
[0m[1mmodule.media_nodes.null_resource.node_config[5] (remote-exec):[0m [0meyJraWQiOiJhMUxrM1R0TFhtZE81YXVhVmFTbDBwdHprTzF2VW1DbjFvZ3liMWNKT0pzPSIsImFsZyI6IlJTMjU2In0.eyJzdWIiOiIza3A0aGRibmozbGNsZzVwNzdkMDY0dGc0OCIsInRva2VuX3VzZSI6ImFjY2VzcyIsInNjb3BlIjoidGVuYW50LmNvbm5lY3RvclwvcmVhZCIsImF1dGhfdGltZSI6MTcwNzA1NzY3NiwiaXNzIjoiaHR0cHM6XC9cL2NvZ25pdG8taWRwLnVzLWVhc3QtMS5hbWF6b25hd3MuY29tXC91cy1lYXN0LTFfeERGRDJRTnYxIiwiZXhwIjoxNzA3MTQ0MDc2LCJpYXQiOjE3MDcwNTc2NzYsInZlcnNpb24iOjIsImp0aSI6IjU4NjY5NmI2LTc2NzgtNGZlNS1iZmZmLTkyNmNlY2RkYWRmYyIsImNsaWVudF9pZCI6IjNrcDRoZGJuajNsY2xnNXA3N2QwNjR0ZzQ4In0.WoA-0zpvZ3L2p2H92No7sUYM1fFCNUQVn_a9OY1kTOz1YPVZxHjruewDbXwRNbVrDPtySxWAuqsCZmUZdOfp1kqz804jyUHmUU9dTEuDaJBo0VZFzRUmGWi68u8cF6Et0rC21u25js_eYzDyaT8ENewtcLvCqX6QvGZoX-l12FE_s2aMsNtOdlQ-r_t2Cr_-H75Rxb768i_bQo2SJH4hMYed94nSC1-uljbjd9SuVAy79v9JrHUWV5beMZjf77e2CrNlqC1Y2KH9FOuKsWNxd8rgXS1G3dZ2ptEdoIw7rWZ86tTsAqphEzOd9uQKYUUcS12APIKkyIKhbhVF1yWeHQ
[0m[1mmodule.media_nodes.null_resource.node_config[5] (remote-exec):[0m [0mUpdating Subscription Management repositories.
[0m[1mmodule.media_nodes.null_resource.node_config[5] (remote-exec):[0m [0mUnable to read consumer identity

[0m[1mmodule.media_nodes.null_resource.node_config[5] (remote-exec):[0m [0mThis system is not registered with an entitlement server. You can use subscription-manager to register.

[0m[1mmodule.media_nodes.null_resource.node_config[5] (remote-exec):[0m [0mRed Hat ---  B/s |   0  B     --:-- ETA
[0m[1mmodule.media_nodes.null_resource.node_config[5] (remote-exec):[0m [0mRed Hat  59 MB/s |  18 MB     00:00 ETA
[0m[1mmodule.media_nodes.null_resource.node_config[5] (remote-exec):[0m [0mRed Hat  59 MB/s |  50 MB     00:00
[0m[1mmodule.media_nodes.null_resource.node_config[4]: Still creating... [20s elapsed][0m[0m
[0m[1mmodule.media_nodes.null_resource.node_config[1]: Still creating... [20s elapsed][0m[0m
[0m[1mmodule.media_nodes.null_resource.node_config[0]: Still creating... [20s elapsed][0m[0m
[0m[1mmodule.media_nodes.null_resource.node_config[5]: Still creating... [20s elapsed][0m[0m
[0m[1mmodule.media_nodes.null_resource.node_config[2]: Still creating... [20s elapsed][0m[0m
[0m[1mmodule.media_nodes.null_resource.node_config[3]: Still creating... [20s elapsed][0m[0m
[0m[1mmodule.media_nodes.null_resource.node_config[6]: Still creating... [20s elapsed][0m[0m
[0m[1mmodule.media_nodes.null_resource.node_config[0] (remote-exec):[0m [0mRed Hat ---  B/s |   0  B     --:-- ETA
[0m[1mmodule.media_nodes.null_resource.node_config[2] (remote-exec):[0m [0mRed Hat ---  B/s |   0  B     --:-- ETA
[0m[1mmodule.media_nodes.null_resource.node_config[4] (remote-exec):[0m [0mRed Hat ---  B/s |   0  B     --:-- ETA
[0m[1mmodule.media_nodes.null_resource.node_config[0] (remote-exec):[0m [0mRed Hat  88 MB/s |  26 MB     00:00 ETA
[0m[1mmodule.media_nodes.null_resource.node_config[2] (remote-exec):[0m [0mRed Hat  95 MB/s |  29 MB     00:00 ETA
[0m[1mmodule.media_nodes.null_resource.node_config[2] (remote-exec):[0m [0mRed Hat  82 MB/s |  51 MB     00:00
[0m[1mmodule.media_nodes.null_resource.node_config[0] (remote-exec):[0m [0mRed Hat  80 MB/s |  51 MB     00:00
[0m[1mmodule.media_nodes.null_resource.node_config[4] (remote-exec):[0m [0mRed Hat  79 MB/s |  24 MB     00:00 ETA
[0m[1mmodule.media_nodes.null_resource.node_config[6] (remote-exec):[0m [0mRed Hat ---  B/s |   0  B     --:-- ETA
[0m[1mmodule.media_nodes.null_resource.node_config[3] (remote-exec):[0m [0mRed Hat ---  B/s |   0  B     --:-- ETA
[0m[1mmodule.media_nodes.null_resource.node_config[4] (remote-exec):[0m [0mRed Hat  80 MB/s |  51 MB     00:00
[0m[1mmodule.media_nodes.null_resource.node_config[1] (remote-exec):[0m [0mRed Hat ---  B/s |   0  B     --:-- ETA
[0m[1mmodule.media_nodes.null_resource.node_config[6] (remote-exec):[0m [0mRed Hat  88 MB/s |  27 MB     00:00 ETA
[0m[1mmodule.media_nodes.null_resource.node_config[3] (remote-exec):[0m [0mRed Hat  67 MB/s |  20 MB     00:00 ETA
[0m[1mmodule.media_nodes.null_resource.node_config[1] (remote-exec):[0m [0mRed Hat  95 MB/s |  28 MB     00:00 ETA
[0m[1mmodule.media_nodes.null_resource.node_config[6] (remote-exec):[0m [0mRed Hat  80 MB/s |  51 MB     00:00
[0m[1mmodule.media_nodes.null_resource.node_config[3] (remote-exec):[0m [0mRed Hat  67 MB/s |  50 MB     00:00 ETA
[0m[1mmodule.media_nodes.null_resource.node_config[1] (remote-exec):[0m [0mRed Hat  77 MB/s |  51 MB     00:00
[0m[1mmodule.media_nodes.null_resource.node_config[3] (remote-exec):[0m [0mRed Hat  52 MB/s |  51 MB     00:00
[0m[1mmodule.media_nodes.null_resource.node_config[5] (remote-exec):[0m [0mRed Hat ---  B/s |   0  B     --:-- ETA
[0m[1mmodule.media_nodes.null_resource.node_config[5] (remote-exec):[0m [0mRed Hat  97 MB/s |  29 MB     00:00 ETA
[0m[1mmodule.media_nodes.null_resource.node_config[5] (remote-exec):[0m [0mRed Hat  95 MB/s |  49 MB     00:00 ETA
[0m[1mmodule.media_nodes.null_resource.node_config[5] (remote-exec):[0m [0mRed Hat  63 MB/s |  51 MB     00:00
[0m[1mmodule.media_nodes.null_resource.node_config[6]: Still creating... [30s elapsed][0m[0m
[0m[1mmodule.media_nodes.null_resource.node_config[0]: Still creating... [30s elapsed][0m[0m
[0m[1mmodule.media_nodes.null_resource.node_config[1]: Still creating... [30s elapsed][0m[0m
[0m[1mmodule.media_nodes.null_resource.node_config[4]: Still creating... [30s elapsed][0m[0m
[0m[1mmodule.media_nodes.null_resource.node_config[3]: Still creating... [30s elapsed][0m[0m
[0m[1mmodule.media_nodes.null_resource.node_config[2]: Still creating... [30s elapsed][0m[0m
[0m[1mmodule.media_nodes.null_resource.node_config[5]: Still creating... [30s elapsed][0m[0m
[0m[1mmodule.media_nodes.null_resource.node_config[2] (remote-exec):[0m [0mRed Hat ---  B/s |   0  B     --:-- ETA
[0m[1mmodule.media_nodes.null_resource.node_config[2] (remote-exec):[0m [0mRed Hat  11 MB/s | 2.5 MB     00:00
[0m[1mmodule.media_nodes.null_resource.node_config[0] (remote-exec):[0m [0mRed Hat ---  B/s |   0  B     --:-- ETA
[0m[1mmodule.media_nodes.null_resource.node_config[6] (remote-exec):[0m [0mRed Hat ---  B/s |   0  B     --:-- ETA
[0m[1mmodule.media_nodes.null_resource.node_config[0] (remote-exec):[0m [0mRed Hat  10 MB/s | 2.5 MB     00:00
[0m[1mmodule.media_nodes.null_resource.node_config[4] (remote-exec):[0m [0mRed Hat ---  B/s |   0  B     --:-- ETA
[0m[1mmodule.media_nodes.null_resource.node_config[6] (remote-exec):[0m [0mRed Hat 7.8 MB/s | 2.5 MB     00:00
[0m[1mmodule.media_nodes.null_resource.node_config[4] (remote-exec):[0m [0mRed Hat  10 MB/s | 2.5 MB     00:00
[0m[1mmodule.media_nodes.null_resource.node_config[1] (remote-exec):[0m [0mRed Hat ---  B/s |   0  B     --:-- ETA
[0m[1mmodule.media_nodes.null_resource.node_config[1] (remote-exec):[0m [0mRed Hat 9.0 MB/s | 2.5 MB     00:00
[0m[1mmodule.media_nodes.null_resource.node_config[3] (remote-exec):[0m [0mRed Hat ---  B/s |   0  B     --:-- ETA
[0m[1mmodule.media_nodes.null_resource.node_config[2] (remote-exec):[0m [0mRHUI Cl ---  B/s |   0  B     --:-- ETA
[0m[1mmodule.media_nodes.null_resource.node_config[2] (remote-exec):[0m [0mRHUI Cl  15 kB/s | 2.3 kB     00:00
[0m[1mmodule.media_nodes.null_resource.node_config[3] (remote-exec):[0m [0mRed Hat 9.5 MB/s | 2.5 MB     00:00
[0m[1mmodule.media_nodes.null_resource.node_config[0] (remote-exec):[0m [0mRHUI Cl ---  B/s |   0  B     --:-- ETA
[0m[1mmodule.media_nodes.null_resource.node_config[0] (remote-exec):[0m [0mRHUI Cl  15 kB/s | 2.3 kB     00:00
[0m[1mmodule.media_nodes.null_resource.node_config[2] (remote-exec):[0m [0mVolumez ---  B/s |   0  B     --:-- ETA
[0m[1mmodule.media_nodes.null_resource.node_config[2] (remote-exec):[0m [0mVolumez 368 kB/s |  15 kB     00:00
[0m[1mmodule.media_nodes.null_resource.node_config[6] (remote-exec):[0m [0mRHUI Cl ---  B/s |   0  B     --:-- ETA
[0m[1mmodule.media_nodes.null_resource.node_config[4] (remote-exec):[0m [0mRHUI Cl ---  B/s |   0  B     --:-- ETA
[0m[1mmodule.media_nodes.null_resource.node_config[6] (remote-exec):[0m [0mRHUI Cl  13 kB/s | 2.3 kB     00:00
[0m[1mmodule.media_nodes.null_resource.node_config[4] (remote-exec):[0m [0mRHUI Cl  14 kB/s | 2.3 kB     00:00
[0m[1mmodule.media_nodes.null_resource.node_config[0] (remote-exec):[0m [0mVolumez ---  B/s |   0  B     --:-- ETA
[0m[1mmodule.media_nodes.null_resource.node_config[0] (remote-exec):[0m [0mVolumez 405 kB/s |  15 kB     00:00
[0m[1mmodule.media_nodes.null_resource.node_config[6] (remote-exec):[0m [0mVolumez ---  B/s |   0  B     --:-- ETA
[0m[1mmodule.media_nodes.null_resource.node_config[6] (remote-exec):[0m [0mVolumez 423 kB/s |  15 kB     00:00
[0m[1mmodule.media_nodes.null_resource.node_config[4] (remote-exec):[0m [0mVolumez ---  B/s |   0  B     --:-- ETA
[0m[1mmodule.media_nodes.null_resource.node_config[4] (remote-exec):[0m [0mVolumez 399 kB/s |  15 kB     00:00
[0m[1mmodule.media_nodes.null_resource.node_config[1] (remote-exec):[0m [0mRHUI Cl ---  B/s |   0  B     --:-- ETA
[0m[1mmodule.media_nodes.null_resource.node_config[1] (remote-exec):[0m [0mRHUI Cl  15 kB/s | 2.3 kB     00:00
[0m[1mmodule.media_nodes.null_resource.node_config[1] (remote-exec):[0m [0mVolumez ---  B/s |   0  B     --:-- ETA
[0m[1mmodule.media_nodes.null_resource.node_config[1] (remote-exec):[0m [0mVolumez 393 kB/s |  15 kB     00:00
[0m[1mmodule.media_nodes.null_resource.node_config[3] (remote-exec):[0m [0mRHUI Cl ---  B/s |   0  B     --:-- ETA
[0m[1mmodule.media_nodes.null_resource.node_config[3] (remote-exec):[0m [0mRHUI Cl  13 kB/s | 2.3 kB     00:00
[0m[1mmodule.media_nodes.null_resource.node_config[3] (remote-exec):[0m [0mVolumez ---  B/s |   0  B     --:-- ETA
[0m[1mmodule.media_nodes.null_resource.node_config[3] (remote-exec):[0m [0mVolumez 402 kB/s |  15 kB     00:00
[0m[1mmodule.media_nodes.null_resource.node_config[2] (remote-exec):[0m [0mDependencies resolved.
[0m[1mmodule.media_nodes.null_resource.node_config[2] (remote-exec):[0m [0m========================================
[0m[1mmodule.media_nodes.null_resource.node_config[2] (remote-exec):[0m [0m Package
[0m[1mmodule.media_nodes.null_resource.node_config[2] (remote-exec):[0m [0m      Arch    Version           Repo
[0m[1mmodule.media_nodes.null_resource.node_config[2] (remote-exec):[0m [0m                                   Size
[0m[1mmodule.media_nodes.null_resource.node_config[2] (remote-exec):[0m [0m========================================
[0m[1mmodule.media_nodes.null_resource.node_config[2] (remote-exec):[0m [0mInstalling:
[0m[1mmodule.media_nodes.null_resource.node_config[2] (remote-exec):[0m [0m [1m[32mvlzconnector(B[m
[0m[1mmodule.media_nodes.null_resource.node_config[2] (remote-exec):[0m [0m      aarch64 1.27.0-release    volumez
[0m[1mmodule.media_nodes.null_resource.node_config[2] (remote-exec):[0m [0m                                  8.0 M
[0m[1mmodule.media_nodes.null_resource.node_config[2] (remote-exec):[0m [0mInstalling dependencies:
[0m[1mmodule.media_nodes.null_resource.node_config[2] (remote-exec):[0m [0m [1m[32mboost-atomic(B[m
[0m[1mmodule.media_nodes.null_resource.node_config[2] (remote-exec):[0m [0m      aarch64 1.66.0-13.el8     rhel-8-appstream-rhui-rpms
[0m[1mmodule.media_nodes.null_resource.node_config[2] (remote-exec):[0m [0m                                   14 k
[0m[1mmodule.media_nodes.null_resource.node_config[2] (remote-exec):[0m [0m [1m[32mboost-chrono(B[m
[0m[1mmodule.media_nodes.null_resource.node_config[2] (remote-exec):[0m [0m      aarch64 1.66.0-13.el8     rhel-8-appstream-rhui-rpms
[0m[1mmodule.media_nodes.null_resource.node_config[2] (remote-exec):[0m [0m                                   23 k
[0m[1mmodule.media_nodes.null_resource.node_config[2] (remote-exec):[0m [0m [1m[32mboost-date-time(B[m
[0m[1mmodule.media_nodes.null_resource.node_config[2] (remote-exec):[0m [0m      aarch64 1.66.0-13.el8     rhel-8-appstream-rhui-rpms
[0m[1mmodule.media_nodes.null_resource.node_config[2] (remote-exec):[0m [0m                                   29 k
[0m[1mmodule.media_nodes.null_resource.node_config[2] (remote-exec):[0m [0m [1m[32mboost-iostreams(B[m
[0m[1mmodule.media_nodes.null_resource.node_config[2] (remote-exec):[0m [0m      aarch64 1.66.0-13.el8     rhel-8-appstream-rhui-rpms
[0m[1mmodule.media_nodes.null_resource.node_config[2] (remote-exec):[0m [0m                                   40 k
[0m[1mmodule.media_nodes.null_resource.node_config[2] (remote-exec):[0m [0m [1m[32mboost-program-options(B[m
[0m[1mmodule.media_nodes.null_resource.node_config[2] (remote-exec):[0m [0m      aarch64 1.66.0-13.el8     rhel-8-appstream-rhui-rpms
[0m[1mmodule.media_nodes.null_resource.node_config[2] (remote-exec):[0m [0m                                  131 k
[0m[1mmodule.media_nodes.null_resource.node_config[2] (remote-exec):[0m [0m [1m[32mboost-random(B[m
[0m[1mmodule.media_nodes.null_resource.node_config[2] (remote-exec):[0m [0m      aarch64 1.66.0-13.el8     rhel-8-appstream-rhui-rpms
[0m[1mmodule.media_nodes.null_resource.node_config[2] (remote-exec):[0m [0m                                   22 k
[0m[1mmodule.media_nodes.null_resource.node_config[2] (remote-exec):[0m [0m [1m[32mboost-regex(B[m
[0m[1mmodule.media_nodes.null_resource.node_config[2] (remote-exec):[0m [0m      aarch64 1.66.0-13.el8     rhel-8-appstream-rhui-rpms
[0m[1mmodule.media_nodes.null_resource.node_config[2] (remote-exec):[0m [0m                                  254 k
[0m[1mmodule.media_nodes.null_resource.node_config[2] (remote-exec):[0m [0m [1m[32mboost-system(B[m
[0m[1mmodule.media_nodes.null_resource.node_config[2] (remote-exec):[0m [0m      aarch64 1.66.0-13.el8     rhel-8-appstream-rhui-rpms
[0m[1mmodule.media_nodes.null_resource.node_config[2] (remote-exec):[0m [0m                                   18 k
[0m[1mmodule.media_nodes.null_resource.node_config[2] (remote-exec):[0m [0m [1m[32mboost-thread(B[m
[0m[1mmodule.media_nodes.null_resource.node_config[2] (remote-exec):[0m [0m      aarch64 1.66.0-13.el8     rhel-8-appstream-rhui-rpms
[0m[1mmodule.media_nodes.null_resource.node_config[2] (remote-exec):[0m [0m                                   56 k
[0m[1mmodule.media_nodes.null_resource.node_config[2] (remote-exec):[0m [0m [1m[32mcryptsetup(B[m
[0m[1mmodule.media_nodes.null_resource.node_config[2] (remote-exec):[0m [0m      aarch64 2.3.7-2.el8       rhel-8-baseos-rhui-rpms
[0m[1mmodule.media_nodes.null_resource.node_config[2] (remote-exec):[0m [0m                                  194 k
[0m[1mmodule.media_nodes.null_resource.node_config[2] (remote-exec):[0m [0m [1m[32mdevice-mapper-event(B[m
[0m[1mmodule.media_nodes.null_resource.node_config[2] (remote-exec):[0m [0m      aarch64 8:1.02.181-6.el8  rhel-8-baseos-rhui-rpms
[0m[1mmodule.media_nodes.null_resource.node_config[2] (remote-exec):[0m [0m                                  270 k
[0m[1mmodule.media_nodes.null_resource.node_config[2] (remote-exec):[0m [0m [1m[32mdevice-mapper-event-libs(B[m
[0m[1mmodule.media_nodes.null_resource.node_config[2] (remote-exec):[0m [0m      aarch64 8:1.02.181-6.el8  rhel-8-baseos-rhui-rpms
[0m[1mmodule.media_nodes.null_resource.node_config[2] (remote-exec):[0m [0m                                  270 k
[0m[1mmodule.media_nodes.null_resource.node_config[2] (remote-exec):[0m [0m [1m[32mdevice-mapper-multipath(B[m
[0m[1mmodule.media_nodes.null_resource.node_config[2] (remote-exec):[0m [0m      aarch64 0.8.4-28.el8_7.1  rhel-8-baseos-rhui-rpms
[0m[1mmodule.media_nodes.null_resource.node_config[2] (remote-exec):[0m [0m                                  201 k
[0m[1mmodule.media_nodes.null_resource.node_config[2] (remote-exec):[0m [0m [1m[32mdevice-mapper-multipath-libs(B[m
[0m[1mmodule.media_nodes.null_resource.node_config[2] (remote-exec):[0m [0m      aarch64 0.8.4-28.el8_7.1  rhel-8-baseos-rhui-rpms
[0m[1mmodule.media_nodes.null_resource.node_config[2] (remote-exec):[0m [0m                                  319 k
[0m[1mmodule.media_nodes.null_resource.node_config[2] (remote-exec):[0m [0m [1m[32mdevice-mapper-persistent-data(B[m
[0m[1mmodule.media_nodes.null_resource.node_config[2] (remote-exec):[0m [0m      aarch64 0.9.0-7.el8       rhel-8-baseos-rhui-rpms
[0m[1mmodule.media_nodes.null_resource.node_config[2] (remote-exec):[0m [0m                                  808 k
[0m[1mmodule.media_nodes.null_resource.node_config[2] (remote-exec):[0m [0m [1m[32mfio (B[m aarch64 3.19-4.el8        rhel-8-appstream-rhui-rpms
[0m[1mmodule.media_nodes.null_resource.node_config[2] (remote-exec):[0m [0m                                  516 k
[0m[1mmodule.media_nodes.null_resource.node_config[2] (remote-exec):[0m [0m [1m[32mintegritysetup(B[m
[0m[1mmodule.media_nodes.null_resource.node_config[2] (remote-exec):[0m [0m      aarch64 2.3.7-2.el8       rhel-8-baseos-rhui-rpms
[0m[1mmodule.media_nodes.null_resource.node_config[2] (remote-exec):[0m [0m                                   43 k
[0m[1mmodule.media_nodes.null_resource.node_config[2] (remote-exec):[0m [0m [1m[32miscsi-initiator-utils(B[m
[0m[1mmodule.media_nodes.null_resource.node_config[2] (remote-exec):[0m [0m      aarch64 6.2.1.4-8.git095f59c.el8_8
[0m[1mmodule.media_nodes.null_resource.node_config[2] (remote-exec):[0m [0m                                rhel-8-baseos-rhui-rpms
[0m[1mmodule.media_nodes.null_resource.node_config[2] (remote-exec):[0m [0m                                  376 k
[0m[1mmodule.media_nodes.null_resource.node_config[2] (remote-exec):[0m [0m [1m[32miscsi-initiator-utils-iscsiuio(B[m
[0m[1mmodule.media_nodes.null_resource.node_config[2] (remote-exec):[0m [0m      aarch64 6.2.1.4-8.git095f59c.el8_8
[0m[1mmodule.media_nodes.null_resource.node_config[2] (remote-exec):[0m [0m                                rhel-8-baseos-rhui-rpms
[0m[1mmodule.media_nodes.null_resource.node_config[2] (remote-exec):[0m [0m                                   97 k
[0m[1mmodule.media_nodes.null_resource.node_config[2] (remote-exec):[0m [0m [1m[32misns-utils-libs(B[m
[0m[1mmodule.media_nodes.null_resource.node_config[2] (remote-exec):[0m [0m      aarch64 0.99-1.el8        rhel-8-baseos-rhui-rpms
[0m[1mmodule.media_nodes.null_resource.node_config[2] (remote-exec):[0m [0m                                  101 k
[0m[1mmodule.media_nodes.null_resource.node_config[2] (remote-exec):[0m [0m [1m[32mlibaio(B[m
[0m[1mmodule.media_nodes.null_resource.node_config[2] (remote-exec):[0m [0m      aarch64 0.3.112-1.el8     rhel-8-baseos-rhui-rpms
[0m[1mmodule.media_nodes.null_resource.node_config[2] (remote-exec):[0m [0m                                   33 k
[0m[1mmodule.media_nodes.null_resource.node_config[2] (remote-exec):[0m [0m [1m[32mlibibverbs(B[m
[0m[1mmodule.media_nodes.null_resource.node_config[2] (remote-exec):[0m [0m      aarch64 46.0-1.el8.1      rhel-8-baseos-rhui-rpms
[0m[1mmodule.media_nodes.null_resource.node_config[2] (remote-exec):[0m [0m                                  375 k
[0m[1mmodule.media_nodes.null_resource.node_config[2] (remote-exec):[0m [0m [1m[32mlibicu(B[m
[0m[1mmodule.media_nodes.null_resource.node_config[2] (remote-exec):[0m [0m      aarch64 60.3-2.el8_1      rhel-8-baseos-rhui-rpms
[0m[1mmodule.media_nodes.null_resource.node_config[2] (remote-exec):[0m [0m                                  8.7 M
[0m[1mmodule.media_nodes.null_resource.node_config[2] (remote-exec):[0m [0m [1m[32mlibrados2(B[m
[0m[1mmodule.media_nodes.null_resource.node_config[2] (remote-exec):[0m [0m      aarch64 1:12.2.7-9.el8    rhel-8-appstream-rhui-rpms
[0m[1mmodule.media_nodes.null_resource.node_config[2] (remote-exec):[0m [0m                                  2.6 M
[0m[1mmodule.media_nodes.null_resource.node_config[2] (remote-exec):[0m [0m [1m[32mlibrbd1(B[m
[0m[1mmodule.media_nodes.null_resource.node_config[2] (remote-exec):[0m [0m      aarch64 1:12.2.7-9.el8    rhel-8-appstream-rhui-rpms
[0m[1mmodule.media_nodes.null_resource.node_config[2] (remote-exec):[0m [0m                                  989 k
[0m[1mmodule.media_nodes.null_resource.node_config[2] (remote-exec):[0m [0m [1m[32mlibrdmacm(B[m
[0m[1mmodule.media_nodes.null_resource.node_config[2] (remote-exec):[0m [0m      aarch64 46.0-1.el8.1      rhel-8-baseos-rhui-rpms
[0m[1mmodule.media_nodes.null_resource.node_config[2] (remote-exec):[0m [0m                                   76 k
[0m[1mmodule.media_nodes.null_resource.node_config[2] (remote-exec):[0m [0m [1m[32mlm_sensors-libs(B[m
[0m[1mmodule.media_nodes.null_resource.node_config[2] (remote-exec):[0m [0m      aarch64 3.4.0-23.20180522git70f7e08.el8
[0m[1mmodule.media_nodes.null_resource.node_config[2] (remote-exec):[0m [0m                                rhel-8-baseos-rhui-rpms
[0m[1mmodule.media_nodes.null_resource.node_config[2] (remote-exec):[0m [0m                                   58 k
[0m[1mmodule.media_nodes.null_resource.node_config[2] (remote-exec):[0m [0m [1m[32mlsof(B[m aarch64 4.93.2-1.el8      rhel-8-baseos-rhui-rpms
[0m[1mmodule.media_nodes.null_resource.node_config[2] (remote-exec):[0m [0m                                  249 k
[0m[1mmodule.media_nodes.null_resource.node_config[2] (remote-exec):[0m [0m [1m[32mlvm2(B[m aarch64 8:2.03.14-6.el8   rhel-8-baseos-rhui-rpms
[0m[1mmodule.media_nodes.null_resource.node_config[2] (remote-exec):[0m [0m                                  1.6 M
[0m[1mmodule.media_nodes.null_resource.node_config[2] (remote-exec):[0m [0m [1m[32mlvm2-libs(B[m
[0m[1mmodule.media_nodes.null_resource.node_config[2] (remote-exec):[0m [0m      aarch64 8:2.03.14-6.el8   rhel-8-baseos-rhui-rpms
[0m[1mmodule.media_nodes.null_resource.node_config[2] (remote-exec):[0m [0m                                  1.1 M
[0m[1mmodule.media_nodes.null_resource.node_config[2] (remote-exec):[0m [0m [1m[32mnvme-cli(B[m
[0m[1mmodule.media_nodes.null_resource.node_config[2] (remote-exec):[0m [0m      aarch64 1.16-9.el8        rhel-8-baseos-rhui-rpms
[0m[1mmodule.media_nodes.null_resource.node_config[2] (remote-exec):[0m [0m                                  503 k
[0m[1mmodule.media_nodes.null_resource.node_config[2] (remote-exec):[0m [0m [1m[32mpython3-pip(B[m
[0m[1mmodule.media_nodes.null_resource.node_config[2] (remote-exec):[0m [0m      noarch  9.0.3-22.el8      rhel-8-appstream-rhui-rpms
[0m[1mmodule.media_nodes.null_resource.node_config[2] (remote-exec):[0m [0m                                   20 k
[0m[1mmodule.media_nodes.null_resource.node_config[2] (remote-exec):[0m [0m [1m[32mpython3-setuptools(B[m
[0m[1mmodule.media_nodes.null_resource.node_config[2] (remote-exec):[0m [0m      noarch  39.2.0-6.el8_7.1  rhel-8-baseos-rhui-rpms
[0m[1mmodule.media_nodes.null_resource.node_config[2] (remote-exec):[0m [0m                                  163 k
[0m[1mmodule.media_nodes.null_resource.node_config[2] (remote-exec):[0m [0m [1m[32mpython36(B[m
[0m[1mmodule.media_nodes.null_resource.node_config[2] (remote-exec):[0m [0m      aarch64 3.6.8-38.module+el8.9.0+20976+d3c38525
[0m[1mmodule.media_nodes.null_resource.node_config[2] (remote-exec):[0m [0m                                rhel-8-appstream-rhui-rpms
[0m[1mmodule.media_nodes.null_resource.node_config[2] (remote-exec):[0m [0m                                   19 k
[0m[1mmodule.media_nodes.null_resource.node_config[2] (remote-exec):[0m [0m [1m[32mrdma-core(B[m
[0m[1mmodule.media_nodes.null_resource.node_config[2] (remote-exec):[0m [0m      aarch64 46.0-1.el8.1      rhel-8-baseos-rhui-rpms
[0m[1mmodule.media_nodes.null_resource.node_config[2] (remote-exec):[0m [0m                                   62 k
[0m[1mmodule.media_nodes.null_resource.node_config[2] (remote-exec):[0m [0m [1m[32msmartmontools(B[m
[0m[1mmodule.media_nodes.null_resource.node_config[2] (remote-exec):[0m [0m      aarch64 1:7.1-2.el8       rhel-8-baseos-rhui-rpms
[0m[1mmodule.media_nodes.null_resource.node_config[2] (remote-exec):[0m [0m                                  524 k
[0m[1mmodule.media_nodes.null_resource.node_config[5] (remote-exec):[0m [0mRed Hat ---  B/s |   0  B     --:-- ETA
[0m[1mmodule.media_nodes.null_resource.node_config[2] (remote-exec):[0m [0m [1m[32msysstat(B[m
[0m[1mmodule.media_nodes.null_resource.node_config[2] (remote-exec):[0m [0m      aarch64 11.7.3-11.el8     rhel-8-appstream-rhui-rpms
[0m[1mmodule.media_nodes.null_resource.node_config[2] (remote-exec):[0m [0m                                  410 k
[0m[1mmodule.media_nodes.null_resource.node_config[2] (remote-exec):[0m [0m [1m[32muserspace-rcu(B[m
[0m[1mmodule.media_nodes.null_resource.node_config[2] (remote-exec):[0m [0m      aarch64 0.10.1-4.el8      rhel-8-baseos-rhui-rpms
[0m[1mmodule.media_nodes.null_resource.node_config[2] (remote-exec):[0m [0m                                   98 k
[0m[1mmodule.media_nodes.null_resource.node_config[2] (remote-exec):[0m [0mEnabling module streams:
[0m[1mmodule.media_nodes.null_resource.node_config[2] (remote-exec):[0m [0m python36
[0m[1mmodule.media_nodes.null_resource.node_config[2] (remote-exec):[0m [0m              3.6

[0m[1mmodule.media_nodes.null_resource.node_config[2] (remote-exec):[0m [0mTransaction Summary
[0m[1mmodule.media_nodes.null_resource.node_config[2] (remote-exec):[0m [0m========================================
[0m[1mmodule.media_nodes.null_resource.node_config[2] (remote-exec):[0m [0mInstall  39 Packages

[0m[1mmodule.media_nodes.null_resource.node_config[2] (remote-exec):[0m [0mTotal download size: 29 M
[0m[1mmodule.media_nodes.null_resource.node_config[2] (remote-exec):[0m [0mInstalled size: 105 M
[0m[1mmodule.media_nodes.null_resource.node_config[2] (remote-exec):[0m [0mDownloading Packages:
[0m[1mmodule.media_nodes.null_resource.node_config[2] (remote-exec):[0m [0mRed Hat ---  B/s |   0  B     --:-- ETA
[0m[1mmodule.media_nodes.null_resource.node_config[2] (remote-exec):[0m [0m(1/39): ---  B/s |   0  B     --:-- ETA
[0m[1mmodule.media_nodes.null_resource.node_config[2] (remote-exec):[0m [0m(1/39): 172 kB/s |  20 kB     00:00
[0m[1mmodule.media_nodes.null_resource.node_config[2] (remote-exec):[0m [0m(2-3/39 6.3 MB/s | 755 kB     00:04 ETA
[0m[1mmodule.media_nodes.null_resource.node_config[2] (remote-exec):[0m [0m(2/39): 7.3 MB/s | 989 kB     00:00
[0m[1mmodule.media_nodes.null_resource.node_config[2] (remote-exec):[0m [0m(3-4/39 6.5 MB/s | 1.8 MB     00:04 ETA
[0m[1mmodule.media_nodes.null_resource.node_config[2] (remote-exec):[0m [0m(3/39): 727 kB/s |  14 kB     00:00
[0m[1mmodule.media_nodes.null_resource.node_config[2] (remote-exec):[0m [0m(4-5/39 6.5 MB/s | 1.9 MB     00:04 ETA
[0m[1mmodule.media_nodes.null_resource.node_config[2] (remote-exec):[0m [0m(4/39): 2.5 MB/s |  23 kB     00:00
[0m[1mmodule.media_nodes.null_resource.node_config[2] (remote-exec):[0m [0m(5-6/39 6.6 MB/s | 2.4 MB     00:04 ETA
[0m[1mmodule.media_nodes.null_resource.node_config[2] (remote-exec):[0m [0m(5/39):  16 MB/s | 2.6 MB     00:00
[0m[1mmodule.media_nodes.null_resource.node_config[2] (remote-exec):[0m [0m(6-7/39 6.8 MB/s | 3.6 MB     00:03 ETA
[0m[1mmodule.media_nodes.null_resource.node_config[2] (remote-exec):[0m [0m(6/39): 1.0 MB/s |  29 kB     00:00
[0m[1mmodule.media_nodes.null_resource.node_config[2] (remote-exec):[0m [0m(7-8/39 6.8 MB/s | 3.7 MB     00:03 ETA
[0m[1mmodule.media_nodes.null_resource.node_config[2] (remote-exec):[0m [0m(7/39): 1.5 MB/s |  40 kB     00:00
[0m[1mmodule.media_nodes.null_resource.node_config[2] (remote-exec):[0m [0m(8-9/39 6.8 MB/s | 3.7 MB     00:03 ETA
[0m[1mmodule.media_nodes.null_resource.node_config[2] (remote-exec):[0m [0m(8/39):  12 MB/s | 131 kB     00:00
[0m[1mmodule.media_nodes.null_resource.node_config[2] (remote-exec):[0m [0m(9-10/3 6.9 MB/s | 3.8 MB     00:03 ETA
[0m[1mmodule.media_nodes.null_resource.node_config[2] (remote-exec):[0m [0m(9/39): 1.6 MB/s |  22 kB     00:00
[0m[1mmodule.media_nodes.null_resource.node_config[2] (remote-exec):[0m [0m(10-11/ 6.9 MB/s | 3.8 MB     00:03 ETA
[0m[1mmodule.media_nodes.null_resource.node_config[2] (remote-exec):[0m [0m(10/39)  15 MB/s | 254 kB     00:00
[0m[1mmodule.media_nodes.null_resource.node_config[2] (remote-exec):[0m [0m(11-12/ 6.9 MB/s | 4.1 MB     00:03 ETA
[0m[1mmodule.media_nodes.null_resource.node_config[2] (remote-exec):[0m [0m(11/39) 1.5 MB/s |  18 kB     00:00
[0m[1mmodule.media_nodes.null_resource.node_config[5] (remote-exec):[0m [0mRed Hat  10 MB/s | 2.5 MB     00:00
[0m[1mmodule.media_nodes.null_resource.node_config[0] (remote-exec):[0m [0mDependencies resolved.
[0m[1mmodule.media_nodes.null_resource.node_config[2] (remote-exec):[0m [0m(12-13/ 6.9 MB/s | 4.1 MB     00:03 ETA
[0m[1mmodule.media_nodes.null_resource.node_config[2] (remote-exec):[0m [0m(12/39) 5.4 MB/s |  56 kB     00:00
[0m[1mmodule.media_nodes.null_resource.node_config[2] (remote-exec):[0m [0m(13-14/ 6.9 MB/s | 4.1 MB     00:03 ETA
[0m[1mmodule.media_nodes.null_resource.node_config[2] (remote-exec):[0m [0m(13/39)  22 MB/s | 516 kB     00:00
[0m[1mmodule.media_nodes.null_resource.node_config[5]: Still creating... [40s elapsed][0m[0m
[0m[1mmodule.media_nodes.null_resource.node_config[1]: Still creating... [40s elapsed][0m[0m
[0m[1mmodule.media_nodes.null_resource.node_config[6]: Still creating... [40s elapsed][0m[0m
[0m[1mmodule.media_nodes.null_resource.node_config[2]: Still creating... [40s elapsed][0m[0m
[0m[1mmodule.media_nodes.null_resource.node_config[3]: Still creating... [40s elapsed][0m[0m
[0m[1mmodule.media_nodes.null_resource.node_config[0]: Still creating... [40s elapsed][0m[0m
[0m[1mmodule.media_nodes.null_resource.node_config[4]: Still creating... [40s elapsed][0m[0m
[0m[1mmodule.media_nodes.null_resource.node_config[0] (remote-exec):[0m [0m========================================
[0m[1mmodule.media_nodes.null_resource.node_config[0] (remote-exec):[0m [0m Package
[0m[1mmodule.media_nodes.null_resource.node_config[0] (remote-exec):[0m [0m      Arch    Version           Repo
[0m[1mmodule.media_nodes.null_resource.node_config[0] (remote-exec):[0m [0m                                   Size
[0m[1mmodule.media_nodes.null_resource.node_config[0] (remote-exec):[0m [0m========================================
[0m[1mmodule.media_nodes.null_resource.node_config[0] (remote-exec):[0m [0mInstalling:
[0m[1mmodule.media_nodes.null_resource.node_config[0] (remote-exec):[0m [0m [1m[32mvlzconnector(B[m
[0m[1mmodule.media_nodes.null_resource.node_config[0] (remote-exec):[0m [0m      aarch64 1.27.0-release    volumez
[0m[1mmodule.media_nodes.null_resource.node_config[0] (remote-exec):[0m [0m                                  8.0 M
[0m[1mmodule.media_nodes.null_resource.node_config[0] (remote-exec):[0m [0mInstalling dependencies:
[0m[1mmodule.media_nodes.null_resource.node_config[0] (remote-exec):[0m [0m [1m[32mboost-atomic(B[m
[0m[1mmodule.media_nodes.null_resource.node_config[0] (remote-exec):[0m [0m      aarch64 1.66.0-13.el8     rhel-8-appstream-rhui-rpms
[0m[1mmodule.media_nodes.null_resource.node_config[0] (remote-exec):[0m [0m                                   14 k
[0m[1mmodule.media_nodes.null_resource.node_config[0] (remote-exec):[0m [0m [1m[32mboost-chrono(B[m
[0m[1mmodule.media_nodes.null_resource.node_config[0] (remote-exec):[0m [0m      aarch64 1.66.0-13.el8     rhel-8-appstream-rhui-rpms
[0m[1mmodule.media_nodes.null_resource.node_config[0] (remote-exec):[0m [0m                                   23 k
[0m[1mmodule.media_nodes.null_resource.node_config[0] (remote-exec):[0m [0m [1m[32mboost-date-time(B[m
[0m[1mmodule.media_nodes.null_resource.node_config[0] (remote-exec):[0m [0m      aarch64 1.66.0-13.el8     rhel-8-appstream-rhui-rpms
[0m[1mmodule.media_nodes.null_resource.node_config[0] (remote-exec):[0m [0m                                   29 k
[0m[1mmodule.media_nodes.null_resource.node_config[0] (remote-exec):[0m [0m [1m[32mboost-iostreams(B[m
[0m[1mmodule.media_nodes.null_resource.node_config[0] (remote-exec):[0m [0m      aarch64 1.66.0-13.el8     rhel-8-appstream-rhui-rpms
[0m[1mmodule.media_nodes.null_resource.node_config[0] (remote-exec):[0m [0m                                   40 k
[0m[1mmodule.media_nodes.null_resource.node_config[0] (remote-exec):[0m [0m [1m[32mboost-program-options(B[m
[0m[1mmodule.media_nodes.null_resource.node_config[0] (remote-exec):[0m [0m      aarch64 1.66.0-13.el8     rhel-8-appstream-rhui-rpms
[0m[1mmodule.media_nodes.null_resource.node_config[0] (remote-exec):[0m [0m                                  131 k
[0m[1mmodule.media_nodes.null_resource.node_config[0] (remote-exec):[0m [0m [1m[32mboost-random(B[m
[0m[1mmodule.media_nodes.null_resource.node_config[0] (remote-exec):[0m [0m      aarch64 1.66.0-13.el8     rhel-8-appstream-rhui-rpms
[0m[1mmodule.media_nodes.null_resource.node_config[0] (remote-exec):[0m [0m                                   22 k
[0m[1mmodule.media_nodes.null_resource.node_config[0] (remote-exec):[0m [0m [1m[32mboost-regex(B[m
[0m[1mmodule.media_nodes.null_resource.node_config[0] (remote-exec):[0m [0m      aarch64 1.66.0-13.el8     rhel-8-appstream-rhui-rpms
[0m[1mmodule.media_nodes.null_resource.node_config[0] (remote-exec):[0m [0m                                  254 k
[0m[1mmodule.media_nodes.null_resource.node_config[0] (remote-exec):[0m [0m [1m[32mboost-system(B[m
[0m[1mmodule.media_nodes.null_resource.node_config[2] (remote-exec):[0m [0m(14-15/ 7.1 MB/s | 5.0 MB     00:03 ETA
[0m[1mmodule.media_nodes.null_resource.node_config[2] (remote-exec):[0m [0m(14/39)  13 MB/s | 410 kB     00:00
[0m[1mmodule.media_nodes.null_resource.node_config[0] (remote-exec):[0m [0m      aarch64 1.66.0-13.el8     rhel-8-appstream-rhui-rpms
[0m[1mmodule.media_nodes.null_resource.node_config[0] (remote-exec):[0m [0m                                   18 k
[0m[1mmodule.media_nodes.null_resource.node_config[2] (remote-exec):[0m [0m(15-16/ 7.0 MB/s | 5.1 MB     00:03 ETA
[0m[1mmodule.media_nodes.null_resource.node_config[2] (remote-exec):[0m [0m(15/39) 655 kB/s |  19 kB     00:00
[0m[1mmodule.media_nodes.null_resource.node_config[0] (remote-exec):[0m [0m [1m[32mboost-thread(B[m
[0m[1mmodule.media_nodes.null_resource.node_config[0] (remote-exec):[0m [0m      aarch64 1.66.0-13.el8     rhel-8-appstream-rhui-rpms
[0m[1mmodule.media_nodes.null_resource.node_config[0] (remote-exec):[0m [0m                                   56 k
[0m[1mmodule.media_nodes.null_resource.node_config[2] (remote-exec):[0m [0m(16/39) 7.0 MB/s | 5.1 MB     00:03 ETA
[0m[1mmodule.media_nodes.null_resource.node_config[2] (remote-exec):[0m [0m(16/39) 2.3 MB/s |  33 kB     00:00
[0m[1mmodule.media_nodes.null_resource.node_config[2] (remote-exec):[0m [0m(17-18/ 7.0 MB/s | 5.1 MB     00:03 ETA
[0m[1mmodule.media_nodes.null_resource.node_config[2] (remote-exec):[0m [0m(17/39)  10 MB/s | 101 kB     00:00
[0m[1mmodule.media_nodes.null_resource.node_config[2] (remote-exec):[0m [0m(18-19/ 7.1 MB/s | 5.2 MB     00:03 ETA
[0m[1mmodule.media_nodes.null_resource.node_config[2] (remote-exec):[0m [0m(18/39)  13 MB/s | 249 kB     00:00
[0m[1mmodule.media_nodes.null_resource.node_config[0] (remote-exec):[0m [0m [1m[32mcryptsetup(B[m
[0m[1mmodule.media_nodes.null_resource.node_config[2] (remote-exec):[0m [0m(19-20/ 7.2 MB/s | 6.0 MB     00:03 ETA
[0m[1mmodule.media_nodes.null_resource.node_config[2] (remote-exec):[0m [0m(19/39) 4.3 MB/s |  58 kB     00:00
[0m[1mmodule.media_nodes.null_resource.node_config[2] (remote-exec):[0m [0m(20-21/ 7.2 MB/s | 6.2 MB     00:03 ETA
[0m[1mmodule.media_nodes.null_resource.node_config[2] (remote-exec):[0m [0m(20/39) 8.6 MB/s |  98 kB     00:00
[0m[1mmodule.media_nodes.null_resource.node_config[2] (remote-exec):[0m [0m(21-22/ 7.5 MB/s | 7.6 MB     00:02 ETA
[0m[1mmodule.media_nodes.null_resource.node_config[2] (remote-exec):[0m [0m(21/39)  12 MB/s | 194 kB     00:00
[0m[1mmodule.media_nodes.null_resource.node_config[0] (remote-exec):[0m [0m      aarch64 2.3.7-2.el8       rhel-8-baseos-rhui-rpms
[0m[1mmodule.media_nodes.null_resource.node_config[0] (remote-exec):[0m [0m                                  194 k
[0m[1mmodule.media_nodes.null_resource.node_config[0] (remote-exec):[0m [0m [1m[32mdevice-mapper-event(B[m
[0m[1mmodule.media_nodes.null_resource.node_config[0] (remote-exec):[0m [0m      aarch64 8:1.02.181-6.el8  rhel-8-baseos-rhui-rpms
[0m[1mmodule.media_nodes.null_resource.node_config[0] (remote-exec):[0m [0m                                  270 k
[0m[1mmodule.media_nodes.null_resource.node_config[0] (remote-exec):[0m [0m [1m[32mdevice-mapper-event-libs(B[m
[0m[1mmodule.media_nodes.null_resource.node_config[0] (remote-exec):[0m [0m      aarch64 8:1.02.181-6.el8  rhel-8-baseos-rhui-rpms
[0m[1mmodule.media_nodes.null_resource.node_config[0] (remote-exec):[0m [0m                                  270 k
[0m[1mmodule.media_nodes.null_resource.node_config[0] (remote-exec):[0m [0m [1m[32mdevice-mapper-multipath(B[m
[0m[1mmodule.media_nodes.null_resource.node_config[2] (remote-exec):[0m [0m(22-23/ 7.7 MB/s | 8.4 MB     00:02 ETA
[0m[1mmodule.media_nodes.null_resource.node_config[2] (remote-exec):[0m [0m(22/39) 3.8 MB/s |  43 kB     00:00
[0m[1mmodule.media_nodes.null_resource.node_config[2] (remote-exec):[0m [0m(23-24/ 7.7 MB/s | 8.9 MB     00:02 ETA
[0m[1mmodule.media_nodes.null_resource.node_config[2] (remote-exec):[0m [0m(23/39)  15 MB/s | 270 kB     00:00
[0m[1mmodule.media_nodes.null_resource.node_config[2] (remote-exec):[0m [0m(24-25/ 8.1 MB/s |  11 MB     00:02 ETA
[0m[1mmodule.media_nodes.null_resource.node_config[2] (remote-exec):[0m [0m(24/39)  12 MB/s | 270 kB     00:00
[0m[1mmodule.media_nodes.null_resource.node_config[2] (remote-exec):[0m [0m(25-26/ 8.1 MB/s |  11 MB     00:02 ETA
[0m[1mmodule.media_nodes.null_resource.node_config[2] (remote-exec):[0m [0m(25/39)  34 MB/s | 808 kB     00:00
[0m[1mmodule.media_nodes.null_resource.node_config[2] (remote-exec):[0m [0m(26-27/ 8.5 MB/s |  13 MB     00:01 ETA
[0m[1mmodule.media_nodes.null_resource.node_config[2] (remote-exec):[0m [0m(26/39)  40 MB/s | 1.6 MB     00:00
[0m[1mmodule.media_nodes.null_resource.node_config[0] (remote-exec):[0m [0m      aarch64 0.8.4-28.el8_7.1  rhel-8-baseos-rhui-rpms
[0m[1mmodule.media_nodes.null_resource.node_config[0] (remote-exec):[0m [0m                                  201 k
[0m[1mmodule.media_nodes.null_resource.node_config[0] (remote-exec):[0m [0m [1m[32mdevice-mapper-multipath-libs(B[m
[0m[1mmodule.media_nodes.null_resource.node_config[0] (remote-exec):[0m [0m      aarch64 0.8.4-28.el8_7.1  rhel-8-baseos-rhui-rpms
[0m[1mmodule.media_nodes.null_resource.node_config[0] (remote-exec):[0m [0m                                  319 k
[0m[1mmodule.media_nodes.null_resource.node_config[0] (remote-exec):[0m [0m [1m[32mdevice-mapper-persistent-data(B[m
[0m[1mmodule.media_nodes.null_resource.node_config[0] (remote-exec):[0m [0m      aarch64 0.9.0-7.el8       rhel-8-baseos-rhui-rpms
[0m[1mmodule.media_nodes.null_resource.node_config[0] (remote-exec):[0m [0m                                  808 k
[0m[1mmodule.media_nodes.null_resource.node_config[0] (remote-exec):[0m [0m [1m[32mfio (B[m aarch64 3.19-4.el8        rhel-8-appstream-rhui-rpms
[0m[1mmodule.media_nodes.null_resource.node_config[0] (remote-exec):[0m [0m                                  516 k
[0m[1mmodule.media_nodes.null_resource.node_config[0] (remote-exec):[0m [0m [1m[32mintegritysetup(B[m
[0m[1mmodule.media_nodes.null_resource.node_config[0] (remote-exec):[0m [0m      aarch64 2.3.7-2.el8       rhel-8-baseos-rhui-rpms
[0m[1mmodule.media_nodes.null_resource.node_config[0] (remote-exec):[0m [0m                                   43 k
[0m[1mmodule.media_nodes.null_resource.node_config[0] (remote-exec):[0m [0m [1m[32miscsi-initiator-utils(B[m
[0m[1mmodule.media_nodes.null_resource.node_config[0] (remote-exec):[0m [0m      aarch64 6.2.1.4-8.git095f59c.el8_8
[0m[1mmodule.media_nodes.null_resource.node_config[0] (remote-exec):[0m [0m                                rhel-8-baseos-rhui-rpms
[0m[1mmodule.media_nodes.null_resource.node_config[0] (remote-exec):[0m [0m                                  376 k
[0m[1mmodule.media_nodes.null_resource.node_config[0] (remote-exec):[0m [0m [1m[32miscsi-initiator-utils-iscsiuio(B[m
[0m[1mmodule.media_nodes.null_resource.node_config[0] (remote-exec):[0m [0m      aarch64 6.2.1.4-8.git095f59c.el8_8
[0m[1mmodule.media_nodes.null_resource.node_config[0] (remote-exec):[0m [0m                                rhel-8-baseos-rhui-rpms
[0m[1mmodule.media_nodes.null_resource.node_config[0] (remote-exec):[0m [0m                                   97 k
[0m[1mmodule.media_nodes.null_resource.node_config[0] (remote-exec):[0m [0m [1m[32misns-utils-libs(B[m
[0m[1mmodule.media_nodes.null_resource.node_config[0] (remote-exec):[0m [0m      aarch64 0.99-1.el8        rhel-8-baseos-rhui-rpms
[0m[1mmodule.media_nodes.null_resource.node_config[0] (remote-exec):[0m [0m                                  101 k
[0m[1mmodule.media_nodes.null_resource.node_config[0] (remote-exec):[0m [0m [1m[32mlibaio(B[m
[0m[1mmodule.media_nodes.null_resource.node_config[0] (remote-exec):[0m [0m      aarch64 0.3.112-1.el8     rhel-8-baseos-rhui-rpms
[0m[1mmodule.media_nodes.null_resource.node_config[0] (remote-exec):[0m [0m                                   33 k
[0m[1mmodule.media_nodes.null_resource.node_config[0] (remote-exec):[0m [0m [1m[32mlibibverbs(B[m
[0m[1mmodule.media_nodes.null_resource.node_config[0] (remote-exec):[0m [0m      aarch64 46.0-1.el8.1      rhel-8-baseos-rhui-rpms
[0m[1mmodule.media_nodes.null_resource.node_config[0] (remote-exec):[0m [0m                                  375 k
[0m[1mmodule.media_nodes.null_resource.node_config[0] (remote-exec):[0m [0m [1m[32mlibicu(B[m
[0m[1mmodule.media_nodes.null_resource.node_config[0] (remote-exec):[0m [0m      aarch64 60.3-2.el8_1      rhel-8-baseos-rhui-rpms
[0m[1mmodule.media_nodes.null_resource.node_config[0] (remote-exec):[0m [0m                                  8.7 M
[0m[1mmodule.media_nodes.null_resource.node_config[0] (remote-exec):[0m [0m [1m[32mlibrados2(B[m
[0m[1mmodule.media_nodes.null_resource.node_config[0] (remote-exec):[0m [0m      aarch64 1:12.2.7-9.el8    rhel-8-appstream-rhui-rpms
[0m[1mmodule.media_nodes.null_resource.node_config[0] (remote-exec):[0m [0m                                  2.6 M
[0m[1mmodule.media_nodes.null_resource.node_config[0] (remote-exec):[0m [0m [1m[32mlibrbd1(B[m
[0m[1mmodule.media_nodes.null_resource.node_config[0] (remote-exec):[0m [0m      aarch64 1:12.2.7-9.el8    rhel-8-appstream-rhui-rpms
[0m[1mmodule.media_nodes.null_resource.node_config[0] (remote-exec):[0m [0m                                  989 k
[0m[1mmodule.media_nodes.null_resource.node_config[0] (remote-exec):[0m [0m [1m[32mlibrdmacm(B[m
[0m[1mmodule.media_nodes.null_resource.node_config[0] (remote-exec):[0m [0m      aarch64 46.0-1.el8.1      rhel-8-baseos-rhui-rpms
[0m[1mmodule.media_nodes.null_resource.node_config[0] (remote-exec):[0m [0m                                   76 k
[0m[1mmodule.media_nodes.null_resource.node_config[0] (remote-exec):[0m [0m [1m[32mlm_sensors-libs(B[m
[0m[1mmodule.media_nodes.null_resource.node_config[0] (remote-exec):[0m [0m      aarch64 3.4.0-23.20180522git70f7e08.el8
[0m[1mmodule.media_nodes.null_resource.node_config[0] (remote-exec):[0m [0m                                rhel-8-baseos-rhui-rpms
[0m[1mmodule.media_nodes.null_resource.node_config[0] (remote-exec):[0m [0m                                   58 k
[0m[1mmodule.media_nodes.null_resource.node_config[0] (remote-exec):[0m [0m [1m[32mlsof(B[m aarch64 4.93.2-1.el8      rhel-8-baseos-rhui-rpms
[0m[1mmodule.media_nodes.null_resource.node_config[0] (remote-exec):[0m [0m                                  249 k
[0m[1mmodule.media_nodes.null_resource.node_config[6] (remote-exec):[0m [0mDependencies resolved.
[0m[1mmodule.media_nodes.null_resource.node_config[2] (remote-exec):[0m [0m(27-28/ 9.2 MB/s |  17 MB     00:01 ETA
[0m[1mmodule.media_nodes.null_resource.node_config[2] (remote-exec):[0m [0m(27/39)  27 MB/s | 1.1 MB     00:00
[0m[1mmodule.media_nodes.null_resource.node_config[0] (remote-exec):[0m [0m [1m[32mlvm2(B[m aarch64 8:2.03.14-6.el8   rhel-8-baseos-rhui-rpms
[0m[1mmodule.media_nodes.null_resource.node_config[2] (remote-exec):[0m [0m(28-29/ 9.5 MB/s |  18 MB     00:01 ETA
[0m[1mmodule.media_nodes.null_resource.node_config[2] (remote-exec):[0m [0m(28/39)  50 MB/s | 8.7 MB     00:00
[0m[1mmodule.media_nodes.null_resource.node_config[6] (remote-exec):[0m [0m========================================
[0m[1mmodule.media_nodes.null_resource.node_config[0] (remote-exec):[0m [0m                                  1.6 M
[0m[1mmodule.media_nodes.null_resource.node_config[0] (remote-exec):[0m [0m [1m[32mlvm2-libs(B[m
[0m[1mmodule.media_nodes.null_resource.node_config[6] (remote-exec):[0m [0m Package
[0m[1mmodule.media_nodes.null_resource.node_config[6] (remote-exec):[0m [0m      Arch    Version           Repo
[0m[1mmodule.media_nodes.null_resource.node_config[6] (remote-exec):[0m [0m                                   Size
[0m[1mmodule.media_nodes.null_resource.node_config[0] (remote-exec):[0m [0m      aarch64 8:2.03.14-6.el8   rhel-8-baseos-rhui-rpms
[0m[1mmodule.media_nodes.null_resource.node_config[6] (remote-exec):[0m [0m========================================
[0m[1mmodule.media_nodes.null_resource.node_config[6] (remote-exec):[0m [0mInstalling:
[0m[1mmodule.media_nodes.null_resource.node_config[0] (remote-exec):[0m [0m                                  1.1 M
[0m[1mmodule.media_nodes.null_resource.node_config[0] (remote-exec):[0m [0m [1m[32mnvme-cli(B[m
[0m[1mmodule.media_nodes.null_resource.node_config[6] (remote-exec):[0m [0m [1m[32mvlzconnector(B[m
[0m[1mmodule.media_nodes.null_resource.node_config[6] (remote-exec):[0m [0m      aarch64 1.27.0-release    volumez
[0m[1mmodule.media_nodes.null_resource.node_config[0] (remote-exec):[0m [0m      aarch64 1.16-9.el8        rhel-8-baseos-rhui-rpms
[0m[1mmodule.media_nodes.null_resource.node_config[6] (remote-exec):[0m [0m                                  8.0 M
[0m[1mmodule.media_nodes.null_resource.node_config[0] (remote-exec):[0m [0m                                  503 k
[0m[1mmodule.media_nodes.null_resource.node_config[6] (remote-exec):[0m [0mInstalling dependencies:
[0m[1mmodule.media_nodes.null_resource.node_config[6] (remote-exec):[0m [0m [1m[32mboost-atomic(B[m
[0m[1mmodule.media_nodes.null_resource.node_config[0] (remote-exec):[0m [0m [1m[32mpython3-pip(B[m
[0m[1mmodule.media_nodes.null_resource.node_config[6] (remote-exec):[0m [0m      aarch64 1.66.0-13.el8     rhel-8-appstream-rhui-rpms
[0m[1mmodule.media_nodes.null_resource.node_config[0] (remote-exec):[0m [0m      noarch  9.0.3-22.el8      rhel-8-appstream-rhui-rpms
[0m[1mmodule.media_nodes.null_resource.node_config[6] (remote-exec):[0m [0m                                   14 k
[0m[1mmodule.media_nodes.null_resource.node_config[6] (remote-exec):[0m [0m [1m[32mboost-chrono(B[m
[0m[1mmodule.media_nodes.null_resource.node_config[0] (remote-exec):[0m [0m                                   20 k
[0m[1mmodule.media_nodes.null_resource.node_config[0] (remote-exec):[0m [0m [1m[32mpython3-setuptools(B[m
[0m[1mmodule.media_nodes.null_resource.node_config[6] (remote-exec):[0m [0m      aarch64 1.66.0-13.el8     rhel-8-appstream-rhui-rpms
[0m[1mmodule.media_nodes.null_resource.node_config[0] (remote-exec):[0m [0m      noarch  39.2.0-6.el8_7.1  rhel-8-baseos-rhui-rpms
[0m[1mmodule.media_nodes.null_resource.node_config[6] (remote-exec):[0m [0m                                   23 k
[0m[1mmodule.media_nodes.null_resource.node_config[6] (remote-exec):[0m [0m [1m[32mboost-date-time(B[m
[0m[1mmodule.media_nodes.null_resource.node_config[2] (remote-exec):[0m [0m(29-30/ 9.5 MB/s |  19 MB     00:01 ETA
[0m[1mmodule.media_nodes.null_resource.node_config[2] (remote-exec):[0m [0m(29/39) 2.8 MB/s | 201 kB     00:00
[0m[1mmodule.media_nodes.null_resource.node_config[0] (remote-exec):[0m [0m                                  163 k
[0m[1mmodule.media_nodes.null_resource.node_config[0] (remote-exec):[0m [0m [1m[32mpython36(B[m
[0m[1mmodule.media_nodes.null_resource.node_config[6] (remote-exec):[0m [0m      aarch64 1.66.0-13.el8     rhel-8-appstream-rhui-rpms
[0m[1mmodule.media_nodes.null_resource.node_config[6] (remote-exec):[0m [0m                                   29 k
[0m[1mmodule.media_nodes.null_resource.node_config[0] (remote-exec):[0m [0m      aarch64 3.6.8-38.module+el8.9.0+20976+d3c38525
[0m[1mmodule.media_nodes.null_resource.node_config[6] (remote-exec):[0m [0m [1m[32mboost-iostreams(B[m
[0m[1mmodule.media_nodes.null_resource.node_config[0] (remote-exec):[0m [0m                                rhel-8-appstream-rhui-rpms
[0m[1mmodule.media_nodes.null_resource.node_config[0] (remote-exec):[0m [0m                                   19 k
[0m[1mmodule.media_nodes.null_resource.node_config[6] (remote-exec):[0m [0m      aarch64 1.66.0-13.el8     rhel-8-appstream-rhui-rpms
[0m[1mmodule.media_nodes.null_resource.node_config[6] (remote-exec):[0m [0m                                   40 k
[0m[1mmodule.media_nodes.null_resource.node_config[0] (remote-exec):[0m [0m [1m[32mrdma-core(B[m
[0m[1mmodule.media_nodes.null_resource.node_config[0] (remote-exec):[0m [0m      aarch64 46.0-1.el8.1      rhel-8-baseos-rhui-rpms
[0m[1mmodule.media_nodes.null_resource.node_config[6] (remote-exec):[0m [0m [1m[32mboost-program-options(B[m
[0m[1mmodule.media_nodes.null_resource.node_config[6] (remote-exec):[0m [0m      aarch64 1.66.0-13.el8     rhel-8-appstream-rhui-rpms
[0m[1mmodule.media_nodes.null_resource.node_config[0] (remote-exec):[0m [0m                                   62 k
[0m[1mmodule.media_nodes.null_resource.node_config[0] (remote-exec):[0m [0m [1m[32msmartmontools(B[m
[0m[1mmodule.media_nodes.null_resource.node_config[6] (remote-exec):[0m [0m                                  131 k
[0m[1mmodule.media_nodes.null_resource.node_config[0] (remote-exec):[0m [0m      aarch64 1:7.1-2.el8       rhel-8-baseos-rhui-rpms
[0m[1mmodule.media_nodes.null_resource.node_config[6] (remote-exec):[0m [0m [1m[32mboost-random(B[m
[0m[1mmodule.media_nodes.null_resource.node_config[0] (remote-exec):[0m [0m                                  524 k
[0m[1mmodule.media_nodes.null_resource.node_config[0] (remote-exec):[0m [0m [1m[32msysstat(B[m
[0m[1mmodule.media_nodes.null_resource.node_config[6] (remote-exec):[0m [0m      aarch64 1.66.0-13.el8     rhel-8-appstream-rhui-rpms
[0m[1mmodule.media_nodes.null_resource.node_config[0] (remote-exec):[0m [0m      aarch64 11.7.3-11.el8     rhel-8-appstream-rhui-rpms
[0m[1mmodule.media_nodes.null_resource.node_config[6] (remote-exec):[0m [0m                                   22 k
[0m[1mmodule.media_nodes.null_resource.node_config[0] (remote-exec):[0m [0m                                  410 k
[0m[1mmodule.media_nodes.null_resource.node_config[6] (remote-exec):[0m [0m [1m[32mboost-regex(B[m
[0m[1mmodule.media_nodes.null_resource.node_config[0] (remote-exec):[0m [0m [1m[32muserspace-rcu(B[m
[0m[1mmodule.media_nodes.null_resource.node_config[6] (remote-exec):[0m [0m      aarch64 1.66.0-13.el8     rhel-8-appstream-rhui-rpms
[0m[1mmodule.media_nodes.null_resource.node_config[0] (remote-exec):[0m [0m      aarch64 0.10.1-4.el8      rhel-8-baseos-rhui-rpms
[0m[1mmodule.media_nodes.null_resource.node_config[6] (remote-exec):[0m [0m                                  254 k
[0m[1mmodule.media_nodes.null_resource.node_config[0] (remote-exec):[0m [0m                                   98 k
[0m[1mmodule.media_nodes.null_resource.node_config[6] (remote-exec):[0m [0m [1m[32mboost-system(B[m
[0m[1mmodule.media_nodes.null_resource.node_config[0] (remote-exec):[0m [0mEnabling module streams:
[0m[1mmodule.media_nodes.null_resource.node_config[0] (remote-exec):[0m [0m python36
[0m[1mmodule.media_nodes.null_resource.node_config[6] (remote-exec):[0m [0m      aarch64 1.66.0-13.el8     rhel-8-appstream-rhui-rpms
[0m[1mmodule.media_nodes.null_resource.node_config[0] (remote-exec):[0m [0m              3.6

[0m[1mmodule.media_nodes.null_resource.node_config[0] (remote-exec):[0m [0mTransaction Summary
[0m[1mmodule.media_nodes.null_resource.node_config[6] (remote-exec):[0m [0m                                   18 k
[0m[1mmodule.media_nodes.null_resource.node_config[6] (remote-exec):[0m [0m [1m[32mboost-thread(B[m
[0m[1mmodule.media_nodes.null_resource.node_config[0] (remote-exec):[0m [0m========================================
[0m[1mmodule.media_nodes.null_resource.node_config[0] (remote-exec):[0m [0mInstall  39 Packages

[0m[1mmodule.media_nodes.null_resource.node_config[6] (remote-exec):[0m [0m      aarch64 1.66.0-13.el8     rhel-8-appstream-rhui-rpms
[0m[1mmodule.media_nodes.null_resource.node_config[6] (remote-exec):[0m [0m                                   56 k
[0m[1mmodule.media_nodes.null_resource.node_config[0] (remote-exec):[0m [0mTotal download size: 29 M
[0m[1mmodule.media_nodes.null_resource.node_config[0] (remote-exec):[0m [0mInstalled size: 105 M
[0m[1mmodule.media_nodes.null_resource.node_config[0] (remote-exec):[0m [0mDownloading Packages:
[0m[1mmodule.media_nodes.null_resource.node_config[6] (remote-exec):[0m [0m [1m[32mcryptsetup(B[m
[0m[1mmodule.media_nodes.null_resource.node_config[6] (remote-exec):[0m [0m      aarch64 2.3.7-2.el8       rhel-8-baseos-rhui-rpms
[0m[1mmodule.media_nodes.null_resource.node_config[6] (remote-exec):[0m [0m                                  194 k
[0m[1mmodule.media_nodes.null_resource.node_config[6] (remote-exec):[0m [0m [1m[32mdevice-mapper-event(B[m
[0m[1mmodule.media_nodes.null_resource.node_config[6] (remote-exec):[0m [0m      aarch64 8:1.02.181-6.el8  rhel-8-baseos-rhui-rpms
[0m[1mmodule.media_nodes.null_resource.node_config[6] (remote-exec):[0m [0m                                  270 k
[0m[1mmodule.media_nodes.null_resource.node_config[6] (remote-exec):[0m [0m [1m[32mdevice-mapper-event-libs(B[m
[0m[1mmodule.media_nodes.null_resource.node_config[6] (remote-exec):[0m [0m      aarch64 8:1.02.181-6.el8  rhel-8-baseos-rhui-rpms
[0m[1mmodule.media_nodes.null_resource.node_config[6] (remote-exec):[0m [0m                                  270 k
[0m[1mmodule.media_nodes.null_resource.node_config[6] (remote-exec):[0m [0m [1m[32mdevice-mapper-multipath(B[m
[0m[1mmodule.media_nodes.null_resource.node_config[6] (remote-exec):[0m [0m      aarch64 0.8.4-28.el8_7.1  rhel-8-baseos-rhui-rpms
[0m[1mmodule.media_nodes.null_resource.node_config[6] (remote-exec):[0m [0m                                  201 k
[0m[1mmodule.media_nodes.null_resource.node_config[6] (remote-exec):[0m [0m [1m[32mdevice-mapper-multipath-libs(B[m
[0m[1mmodule.media_nodes.null_resource.node_config[6] (remote-exec):[0m [0m      aarch64 0.8.4-28.el8_7.1  rhel-8-baseos-rhui-rpms
[0m[1mmodule.media_nodes.null_resource.node_config[6] (remote-exec):[0m [0m                                  319 k
[0m[1mmodule.media_nodes.null_resource.node_config[6] (remote-exec):[0m [0m [1m[32mdevice-mapper-persistent-data(B[m
[0m[1mmodule.media_nodes.null_resource.node_config[6] (remote-exec):[0m [0m      aarch64 0.9.0-7.el8       rhel-8-baseos-rhui-rpms
[0m[1mmodule.media_nodes.null_resource.node_config[6] (remote-exec):[0m [0m                                  808 k
[0m[1mmodule.media_nodes.null_resource.node_config[6] (remote-exec):[0m [0m [1m[32mfio (B[m aarch64 3.19-4.el8        rhel-8-appstream-rhui-rpms
[0m[1mmodule.media_nodes.null_resource.node_config[2] (remote-exec):[0m [0m(30-31/ 9.5 MB/s |  19 MB     00:01 ETA
[0m[1mmodule.media_nodes.null_resource.node_config[2] (remote-exec):[0m [0m(30/39) 5.1 MB/s | 319 kB     00:00
[0m[1mmodule.media_nodes.null_resource.node_config[4] (remote-exec):[0m [0mDependencies resolved.
[0m[1mmodule.media_nodes.null_resource.node_config[2] (remote-exec):[0m [0m(31-32/ 9.5 MB/s |  19 MB     00:01 ETA
[0m[1mmodule.media_nodes.null_resource.node_config[2] (remote-exec):[0m [0m(31/39)  11 MB/s | 163 kB     00:00
[0m[1mmodule.media_nodes.null_resource.node_config[2] (remote-exec):[0m [0m(32-33/ 9.6 MB/s |  19 MB     00:01 ETA
[0m[1mmodule.media_nodes.null_resource.node_config[2] (remote-exec):[0m [0m(32/39)  23 MB/s | 376 kB     00:00
[0m[1mmodule.media_nodes.null_resource.node_config[2] (remote-exec):[0m [0m(33-34/ 9.6 MB/s |  20 MB     00:00 ETA
[0m[1mmodule.media_nodes.null_resource.node_config[2] (remote-exec):[0m [0m(33/39) 5.1 MB/s |  97 kB     00:00
[0m[1mmodule.media_nodes.null_resource.node_config[2] (remote-exec):[0m [0m(34-35/ 9.6 MB/s |  20 MB     00:00 ETA
[0m[1mmodule.media_nodes.null_resource.node_config[2] (remote-exec):[0m [0m(34/39)  15 MB/s | 375 kB     00:00
[0m[1mmodule.media_nodes.null_resource.node_config[2] (remote-exec):[0m [0m(35-36/ 9.7 MB/s |  20 MB     00:00 ETA
[0m[1mmodule.media_nodes.null_resource.node_config[2] (remote-exec):[0m [0m(35/39)  18 MB/s | 503 kB     00:00
[0m[1mmodule.media_nodes.null_resource.node_config[2] (remote-exec):[0m [0m(36-37/ 9.8 MB/s |  21 MB     00:00 ETA
[0m[1mmodule.media_nodes.null_resource.node_config[2] (remote-exec):[0m [0m(36/39) 2.9 MB/s |  62 kB     00:00
[0m[1mmodule.media_nodes.null_resource.node_config[2] (remote-exec):[0m [0m(37-38/ 9.8 MB/s |  21 MB     00:00 ETA
[0m[1mmodule.media_nodes.null_resource.node_config[2] (remote-exec):[0m [0m(37/39) 5.1 MB/s |  76 kB     00:00
[0m[1mmodule.media_nodes.null_resource.node_config[0] (remote-exec):[0m [0mRed Hat ---  B/s |   0  B     --:-- ETA
[0m[1mmodule.media_nodes.null_resource.node_config[0] (remote-exec):[0m [0m(1/39): ---  B/s |   0  B     --:-- ETA
[0m[1mmodule.media_nodes.null_resource.node_config[0] (remote-exec):[0m [0m(1/39): 176 kB/s |  20 kB     00:00
[0m[1mmodule.media_nodes.null_resource.node_config[2] (remote-exec):[0m [0m(38-39/ 9.8 MB/s |  21 MB     00:00 ETA
[0m[1mmodule.media_nodes.null_resource.node_config[2] (remote-exec):[0m [0m(38/39)  23 MB/s | 524 kB     00:00
[0m[1mmodule.media_nodes.null_resource.node_config[4] (remote-exec):[0m [0m========================================
[0m[1mmodule.media_nodes.null_resource.node_config[4] (remote-exec):[0m [0m Package
[0m[1mmodule.media_nodes.null_resource.node_config[4] (remote-exec):[0m [0m      Arch    Version           Repo
[0m[1mmodule.media_nodes.null_resource.node_config[4] (remote-exec):[0m [0m                                   Size
[0m[1mmodule.media_nodes.null_resource.node_config[4] (remote-exec):[0m [0m========================================
[0m[1mmodule.media_nodes.null_resource.node_config[4] (remote-exec):[0m [0mInstalling:
[0m[1mmodule.media_nodes.null_resource.node_config[4] (remote-exec):[0m [0m [1m[32mvlzconnector(B[m
[0m[1mmodule.media_nodes.null_resource.node_config[4] (remote-exec):[0m [0m      aarch64 1.27.0-release    volumez
[0m[1mmodule.media_nodes.null_resource.node_config[4] (remote-exec):[0m [0m                                  8.0 M
[0m[1mmodule.media_nodes.null_resource.node_config[4] (remote-exec):[0m [0mInstalling dependencies:
[0m[1mmodule.media_nodes.null_resource.node_config[4] (remote-exec):[0m [0m [1m[32mboost-atomic(B[m
[0m[1mmodule.media_nodes.null_resource.node_config[4] (remote-exec):[0m [0m      aarch64 1.66.0-13.el8     rhel-8-appstream-rhui-rpms
[0m[1mmodule.media_nodes.null_resource.node_config[4] (remote-exec):[0m [0m                                   14 k
[0m[1mmodule.media_nodes.null_resource.node_config[4] (remote-exec):[0m [0m [1m[32mboost-chrono(B[m
[0m[1mmodule.media_nodes.null_resource.node_config[4] (remote-exec):[0m [0m      aarch64 1.66.0-13.el8     rhel-8-appstream-rhui-rpms
[0m[1mmodule.media_nodes.null_resource.node_config[4] (remote-exec):[0m [0m                                   23 k
[0m[1mmodule.media_nodes.null_resource.node_config[4] (remote-exec):[0m [0m [1m[32mboost-date-time(B[m
[0m[1mmodule.media_nodes.null_resource.node_config[4] (remote-exec):[0m [0m      aarch64 1.66.0-13.el8     rhel-8-appstream-rhui-rpms
[0m[1mmodule.media_nodes.null_resource.node_config[4] (remote-exec):[0m [0m                                   29 k
[0m[1mmodule.media_nodes.null_resource.node_config[4] (remote-exec):[0m [0m [1m[32mboost-iostreams(B[m
[0m[1mmodule.media_nodes.null_resource.node_config[4] (remote-exec):[0m [0m      aarch64 1.66.0-13.el8     rhel-8-appstream-rhui-rpms
[0m[1mmodule.media_nodes.null_resource.node_config[0] (remote-exec):[0m [0m(2-3/39  10 MB/s | 1.2 MB     00:02 ETA
[0m[1mmodule.media_nodes.null_resource.node_config[0] (remote-exec):[0m [0m(2/39): 7.3 MB/s | 989 kB     00:00
[0m[1mmodule.media_nodes.null_resource.node_config[4] (remote-exec):[0m [0m                                   40 k
[0m[1mmodule.media_nodes.null_resource.node_config[4] (remote-exec):[0m [0m [1m[32mboost-program-options(B[m
[0m[1mmodule.media_nodes.null_resource.node_config[4] (remote-exec):[0m [0m      aarch64 1.66.0-13.el8     rhel-8-appstream-rhui-rpms
[0m[1mmodule.media_nodes.null_resource.node_config[4] (remote-exec):[0m [0m                                  131 k
[0m[1mmodule.media_nodes.null_resource.node_config[4] (remote-exec):[0m [0m [1m[32mboost-random(B[m
[0m[1mmodule.media_nodes.null_resource.node_config[4] (remote-exec):[0m [0m      aarch64 1.66.0-13.el8     rhel-8-appstream-rhui-rpms
[0m[1mmodule.media_nodes.null_resource.node_config[4] (remote-exec):[0m [0m                                   22 k
[0m[1mmodule.media_nodes.null_resource.node_config[4] (remote-exec):[0m [0m [1m[32mboost-regex(B[m
[0m[1mmodule.media_nodes.null_resource.node_config[4] (remote-exec):[0m [0m      aarch64 1.66.0-13.el8     rhel-8-appstream-rhui-rpms
[0m[1mmodule.media_nodes.null_resource.node_config[4] (remote-exec):[0m [0m                                  254 k
[0m[1mmodule.media_nodes.null_resource.node_config[4] (remote-exec):[0m [0m [1m[32mboost-system(B[m
[0m[1mmodule.media_nodes.null_resource.node_config[4] (remote-exec):[0m [0m      aarch64 1.66.0-13.el8     rhel-8-appstream-rhui-rpms
[0m[1mmodule.media_nodes.null_resource.node_config[4] (remote-exec):[0m [0m                                   18 k
[0m[1mmodule.media_nodes.null_resource.node_config[4] (remote-exec):[0m [0m [1m[32mboost-thread(B[m
[0m[1mmodule.media_nodes.null_resource.node_config[4] (remote-exec):[0m [0m      aarch64 1.66.0-13.el8     rhel-8-appstream-rhui-rpms
[0m[1mmodule.media_nodes.null_resource.node_config[4] (remote-exec):[0m [0m                                   56 k
[0m[1mmodule.media_nodes.null_resource.node_config[4] (remote-exec):[0m [0m [1m[32mcryptsetup(B[m
[0m[1mmodule.media_nodes.null_resource.node_config[4] (remote-exec):[0m [0m      aarch64 2.3.7-2.el8       rhel-8-baseos-rhui-rpms
[0m[1mmodule.media_nodes.null_resource.node_config[4] (remote-exec):[0m [0m                                  194 k
[0m[1mmodule.media_nodes.null_resource.node_config[4] (remote-exec):[0m [0m [1m[32mdevice-mapper-event(B[m
[0m[1mmodule.media_nodes.null_resource.node_config[4] (remote-exec):[0m [0m      aarch64 8:1.02.181-6.el8  rhel-8-baseos-rhui-rpms
[0m[1mmodule.media_nodes.null_resource.node_config[4] (remote-exec):[0m [0m                                  270 k
[0m[1mmodule.media_nodes.null_resource.node_config[4] (remote-exec):[0m [0m [1m[32mdevice-mapper-event-libs(B[m
[0m[1mmodule.media_nodes.null_resource.node_config[4] (remote-exec):[0m [0m      aarch64 8:1.02.181-6.el8  rhel-8-baseos-rhui-rpms
[0m[1mmodule.media_nodes.null_resource.node_config[4] (remote-exec):[0m [0m                                  270 k
[0m[1mmodule.media_nodes.null_resource.node_config[4] (remote-exec):[0m [0m [1m[32mdevice-mapper-multipath(B[m
[0m[1mmodule.media_nodes.null_resource.node_config[4] (remote-exec):[0m [0m      aarch64 0.8.4-28.el8_7.1  rhel-8-baseos-rhui-rpms
[0m[1mmodule.media_nodes.null_resource.node_config[4] (remote-exec):[0m [0m                                  201 k
[0m[1mmodule.media_nodes.null_resource.node_config[0] (remote-exec):[0m [0m(3-4/39  11 MB/s | 2.5 MB     00:02 ETA
[0m[1mmodule.media_nodes.null_resource.node_config[0] (remote-exec):[0m [0m(3/39): 636 kB/s |  14 kB     00:00
[0m[1mmodule.media_nodes.null_resource.node_config[0] (remote-exec):[0m [0m(4-5/39  10 MB/s | 2.6 MB     00:02 ETA
[0m[1mmodule.media_nodes.null_resource.node_config[0] (remote-exec):[0m [0m(4/39): 2.4 MB/s |  23 kB     00:00
[0m[1mmodule.media_nodes.null_resource.node_config[6] (remote-exec):[0m [0m                                  516 k
[0m[1mmodule.media_nodes.null_resource.node_config[6] (remote-exec):[0m [0m [1m[32mintegritysetup(B[m
[0m[1mmodule.media_nodes.null_resource.node_config[6] (remote-exec):[0m [0m      aarch64 2.3.7-2.el8       rhel-8-baseos-rhui-rpms
[0m[1mmodule.media_nodes.null_resource.node_config[6] (remote-exec):[0m [0m                                   43 k
[0m[1mmodule.media_nodes.null_resource.node_config[6] (remote-exec):[0m [0m [1m[32miscsi-initiator-utils(B[m
[0m[1mmodule.media_nodes.null_resource.node_config[6] (remote-exec):[0m [0m      aarch64 6.2.1.4-8.git095f59c.el8_8
[0m[1mmodule.media_nodes.null_resource.node_config[6] (remote-exec):[0m [0m                                rhel-8-baseos-rhui-rpms
[0m[1mmodule.media_nodes.null_resource.node_config[6] (remote-exec):[0m [0m                                  376 k
[0m[1mmodule.media_nodes.null_resource.node_config[6] (remote-exec):[0m [0m [1m[32miscsi-initiator-utils-iscsiuio(B[m
[0m[1mmodule.media_nodes.null_resource.node_config[6] (remote-exec):[0m [0m      aarch64 6.2.1.4-8.git095f59c.el8_8
[0m[1mmodule.media_nodes.null_resource.node_config[6] (remote-exec):[0m [0m                                rhel-8-baseos-rhui-rpms
[0m[1mmodule.media_nodes.null_resource.node_config[6] (remote-exec):[0m [0m                                   97 k
[0m[1mmodule.media_nodes.null_resource.node_config[6] (remote-exec):[0m [0m [1m[32misns-utils-libs(B[m
[0m[1mmodule.media_nodes.null_resource.node_config[6] (remote-exec):[0m [0m      aarch64 0.99-1.el8        rhel-8-baseos-rhui-rpms
[0m[1mmodule.media_nodes.null_resource.node_config[6] (remote-exec):[0m [0m                                  101 k
[0m[1mmodule.media_nodes.null_resource.node_config[6] (remote-exec):[0m [0m [1m[32mlibaio(B[m
[0m[1mmodule.media_nodes.null_resource.node_config[6] (remote-exec):[0m [0m      aarch64 0.3.112-1.el8     rhel-8-baseos-rhui-rpms
[0m[1mmodule.media_nodes.null_resource.node_config[6] (remote-exec):[0m [0m                                   33 k
[0m[1mmodule.media_nodes.null_resource.node_config[6] (remote-exec):[0m [0m [1m[32mlibibverbs(B[m
[0m[1mmodule.media_nodes.null_resource.node_config[6] (remote-exec):[0m [0m      aarch64 46.0-1.el8.1      rhel-8-baseos-rhui-rpms
[0m[1mmodule.media_nodes.null_resource.node_config[6] (remote-exec):[0m [0m                                  375 k
[0m[1mmodule.media_nodes.null_resource.node_config[6] (remote-exec):[0m [0m [1m[32mlibicu(B[m
[0m[1mmodule.media_nodes.null_resource.node_config[6] (remote-exec):[0m [0m      aarch64 60.3-2.el8_1      rhel-8-baseos-rhui-rpms
[0m[1mmodule.media_nodes.null_resource.node_config[6] (remote-exec):[0m [0m                                  8.7 M
[0m[1mmodule.media_nodes.null_resource.node_config[6] (remote-exec):[0m [0m [1m[32mlibrados2(B[m
[0m[1mmodule.media_nodes.null_resource.node_config[6] (remote-exec):[0m [0m      aarch64 1:12.2.7-9.el8    rhel-8-appstream-rhui-rpms
[0m[1mmodule.media_nodes.null_resource.node_config[6] (remote-exec):[0m [0m                                  2.6 M
[0m[1mmodule.media_nodes.null_resource.node_config[6] (remote-exec):[0m [0m [1m[32mlibrbd1(B[m
[0m[1mmodule.media_nodes.null_resource.node_config[6] (remote-exec):[0m [0m      aarch64 1:12.2.7-9.el8    rhel-8-appstream-rhui-rpms
[0m[1mmodule.media_nodes.null_resource.node_config[6] (remote-exec):[0m [0m                                  989 k
[0m[1mmodule.media_nodes.null_resource.node_config[6] (remote-exec):[0m [0m [1m[32mlibrdmacm(B[m
[0m[1mmodule.media_nodes.null_resource.node_config[6] (remote-exec):[0m [0m      aarch64 46.0-1.el8.1      rhel-8-baseos-rhui-rpms
[0m[1mmodule.media_nodes.null_resource.node_config[6] (remote-exec):[0m [0m                                   76 k
[0m[1mmodule.media_nodes.null_resource.node_config[6] (remote-exec):[0m [0m [1m[32mlm_sensors-libs(B[m
[0m[1mmodule.media_nodes.null_resource.node_config[6] (remote-exec):[0m [0m      aarch64 3.4.0-23.20180522git70f7e08.el8
[0m[1mmodule.media_nodes.null_resource.node_config[6] (remote-exec):[0m [0m                                rhel-8-baseos-rhui-rpms
[0m[1mmodule.media_nodes.null_resource.node_config[6] (remote-exec):[0m [0m                                   58 k
[0m[1mmodule.media_nodes.null_resource.node_config[6] (remote-exec):[0m [0m [1m[32mlsof(B[m aarch64 4.93.2-1.el8      rhel-8-baseos-rhui-rpms
[0m[1mmodule.media_nodes.null_resource.node_config[6] (remote-exec):[0m [0m                                  249 k
[0m[1mmodule.media_nodes.null_resource.node_config[6] (remote-exec):[0m [0m [1m[32mlvm2(B[m aarch64 8:2.03.14-6.el8   rhel-8-baseos-rhui-rpms
[0m[1mmodule.media_nodes.null_resource.node_config[6] (remote-exec):[0m [0m                                  1.6 M
[0m[1mmodule.media_nodes.null_resource.node_config[6] (remote-exec):[0m [0m [1m[32mlvm2-libs(B[m
[0m[1mmodule.media_nodes.null_resource.node_config[6] (remote-exec):[0m [0m      aarch64 8:2.03.14-6.el8   rhel-8-baseos-rhui-rpms
[0m[1mmodule.media_nodes.null_resource.node_config[6] (remote-exec):[0m [0m                                  1.1 M
[0m[1mmodule.media_nodes.null_resource.node_config[6] (remote-exec):[0m [0m [1m[32mnvme-cli(B[m
[0m[1mmodule.media_nodes.null_resource.node_config[6] (remote-exec):[0m [0m      aarch64 1.16-9.el8        rhel-8-baseos-rhui-rpms
[0m[1mmodule.media_nodes.null_resource.node_config[6] (remote-exec):[0m [0m                                  503 k
[0m[1mmodule.media_nodes.null_resource.node_config[6] (remote-exec):[0m [0m [1m[32mpython3-pip(B[m
[0m[1mmodule.media_nodes.null_resource.node_config[6] (remote-exec):[0m [0m      noarch  9.0.3-22.el8      rhel-8-appstream-rhui-rpms
[0m[1mmodule.media_nodes.null_resource.node_config[6] (remote-exec):[0m [0m                                   20 k
[0m[1mmodule.media_nodes.null_resource.node_config[6] (remote-exec):[0m [0m [1m[32mpython3-setuptools(B[m
[0m[1mmodule.media_nodes.null_resource.node_config[6] (remote-exec):[0m [0m      noarch  39.2.0-6.el8_7.1  rhel-8-baseos-rhui-rpms
[0m[1mmodule.media_nodes.null_resource.node_config[6] (remote-exec):[0m [0m                                  163 k
[0m[1mmodule.media_nodes.null_resource.node_config[6] (remote-exec):[0m [0m [1m[32mpython36(B[m
[0m[1mmodule.media_nodes.null_resource.node_config[6] (remote-exec):[0m [0m      aarch64 3.6.8-38.module+el8.9.0+20976+d3c38525
[0m[1mmodule.media_nodes.null_resource.node_config[6] (remote-exec):[0m [0m                                rhel-8-appstream-rhui-rpms
[0m[1mmodule.media_nodes.null_resource.node_config[0] (remote-exec):[0m [0m(5-6/39  11 MB/s | 2.8 MB     00:02 ETA
[0m[1mmodule.media_nodes.null_resource.node_config[0] (remote-exec):[0m [0m(5/39):  16 MB/s | 2.6 MB     00:00
[0m[1mmodule.media_nodes.null_resource.node_config[0] (remote-exec):[0m [0m(6-7/39  11 MB/s | 3.6 MB     00:02 ETA
[0m[1mmodule.media_nodes.null_resource.node_config[0] (remote-exec):[0m [0m(6/39): 1.0 MB/s |  29 kB     00:00
[0m[1mmodule.media_nodes.null_resource.node_config[0] (remote-exec):[0m [0m(7-8/39  11 MB/s | 3.7 MB     00:02 ETA
[0m[1mmodule.media_nodes.null_resource.node_config[0] (remote-exec):[0m [0m(7/39): 1.4 MB/s |  40 kB     00:00
[0m[1mmodule.media_nodes.null_resource.node_config[0] (remote-exec):[0m [0m(8-9/39  11 MB/s | 3.7 MB     00:02 ETA
[0m[1mmodule.media_nodes.null_resource.node_config[0] (remote-exec):[0m [0m(8/39):  14 MB/s | 131 kB     00:00
[0m[1mmodule.media_nodes.null_resource.node_config[0] (remote-exec):[0m [0m(9-10/3  11 MB/s | 3.8 MB     00:02 ETA
[0m[1mmodule.media_nodes.null_resource.node_config[0] (remote-exec):[0m [0m(9/39): 1.5 MB/s |  22 kB     00:00
[0m[1mmodule.media_nodes.null_resource.node_config[0] (remote-exec):[0m [0m(10-11/  11 MB/s | 3.8 MB     00:02 ETA
[0m[1mmodule.media_nodes.null_resource.node_config[0] (remote-exec):[0m [0m(10/39) 1.9 MB/s |  18 kB     00:00
[0m[1mmodule.media_nodes.null_resource.node_config[0] (remote-exec):[0m [0m(11-12/  11 MB/s | 3.9 MB     00:02 ETA
[0m[1mmodule.media_nodes.null_resource.node_config[0] (remote-exec):[0m [0m(11/39)  13 MB/s | 254 kB     00:00
[0m[1mmodule.media_nodes.null_resource.node_config[0] (remote-exec):[0m [0m(12-13/  11 MB/s | 4.1 MB     00:02 ETA
[0m[1mmodule.media_nodes.null_resource.node_config[0] (remote-exec):[0m [0m(12/39) 6.0 MB/s |  56 kB     00:00
[0m[1mmodule.media_nodes.null_resource.node_config[2] (remote-exec):[0m [0m(39/39) 9.8 MB/s |  21 MB     00:00 ETA
[0m[1mmodule.media_nodes.null_resource.node_config[2] (remote-exec):[0m [0m(39/39)  87 MB/s | 8.0 MB     00:00
[0m[1mmodule.media_nodes.null_resource.node_config[2] (remote-exec):[0m [0m----------------------------------------
[0m[1mmodule.media_nodes.null_resource.node_config[2] (remote-exec):[0m [0mTotal    47 MB/s |  29 MB     00:00
[0m[1mmodule.media_nodes.null_resource.node_config[6] (remote-exec):[0m [0m                                   19 k
[0m[1mmodule.media_nodes.null_resource.node_config[0] (remote-exec):[0m [0m(13-14/  11 MB/s | 4.1 MB     00:02 ETA
[0m[1mmodule.media_nodes.null_resource.node_config[0] (remote-exec):[0m [0m(13/39)  33 MB/s | 516 kB     00:00
[0m[1mmodule.media_nodes.null_resource.node_config[6] (remote-exec):[0m [0m [1m[32mrdma-core(B[m
[0m[1mmodule.media_nodes.null_resource.node_config[6] (remote-exec):[0m [0m      aarch64 46.0-1.el8.1      rhel-8-baseos-rhui-rpms
[0m[1mmodule.media_nodes.null_resource.node_config[6] (remote-exec):[0m [0m                                   62 k
[0m[1mmodule.media_nodes.null_resource.node_config[6] (remote-exec):[0m [0m [1m[32msmartmontools(B[m
[0m[1mmodule.media_nodes.null_resource.node_config[6] (remote-exec):[0m [0m      aarch64 1:7.1-2.el8       rhel-8-baseos-rhui-rpms
[0m[1mmodule.media_nodes.null_resource.node_config[6] (remote-exec):[0m [0m                                  524 k
[0m[1mmodule.media_nodes.null_resource.node_config[6] (remote-exec):[0m [0m [1m[32msysstat(B[m
[0m[1mmodule.media_nodes.null_resource.node_config[6] (remote-exec):[0m [0m      aarch64 11.7.3-11.el8     rhel-8-appstream-rhui-rpms
[0m[1mmodule.media_nodes.null_resource.node_config[6] (remote-exec):[0m [0m                                  410 k
[0m[1mmodule.media_nodes.null_resource.node_config[6] (remote-exec):[0m [0m [1m[32muserspace-rcu(B[m
[0m[1mmodule.media_nodes.null_resource.node_config[6] (remote-exec):[0m [0m      aarch64 0.10.1-4.el8      rhel-8-baseos-rhui-rpms
[0m[1mmodule.media_nodes.null_resource.node_config[6] (remote-exec):[0m [0m                                   98 k
[0m[1mmodule.media_nodes.null_resource.node_config[6] (remote-exec):[0m [0mEnabling module streams:
[0m[1mmodule.media_nodes.null_resource.node_config[6] (remote-exec):[0m [0m python36
[0m[1mmodule.media_nodes.null_resource.node_config[6] (remote-exec):[0m [0m              3.6

[0m[1mmodule.media_nodes.null_resource.node_config[6] (remote-exec):[0m [0mTransaction Summary
[0m[1mmodule.media_nodes.null_resource.node_config[4] (remote-exec):[0m [0m [1m[32mdevice-mapper-multipath-libs(B[m
[0m[1mmodule.media_nodes.null_resource.node_config[6] (remote-exec):[0m [0m========================================
[0m[1mmodule.media_nodes.null_resource.node_config[6] (remote-exec):[0m [0mInstall  39 Packages

[0m[1mmodule.media_nodes.null_resource.node_config[6] (remote-exec):[0m [0mTotal download size: 29 M
[0m[1mmodule.media_nodes.null_resource.node_config[6] (remote-exec):[0m [0mInstalled size: 105 M
[0m[1mmodule.media_nodes.null_resource.node_config[6] (remote-exec):[0m [0mDownloading Packages:
[0m[1mmodule.media_nodes.null_resource.node_config[4] (remote-exec):[0m [0m      aarch64 0.8.4-28.el8_7.1  rhel-8-baseos-rhui-rpms
[0m[1mmodule.media_nodes.null_resource.node_config[4] (remote-exec):[0m [0m                                  319 k
[0m[1mmodule.media_nodes.null_resource.node_config[4] (remote-exec):[0m [0m [1m[32mdevice-mapper-persistent-data(B[m
[0m[1mmodule.media_nodes.null_resource.node_config[4] (remote-exec):[0m [0m      aarch64 0.9.0-7.el8       rhel-8-baseos-rhui-rpms
[0m[1mmodule.media_nodes.null_resource.node_config[4] (remote-exec):[0m [0m                                  808 k
[0m[1mmodule.media_nodes.null_resource.node_config[4] (remote-exec):[0m [0m [1m[32mfio (B[m aarch64 3.19-4.el8        rhel-8-appstream-rhui-rpms
[0m[1mmodule.media_nodes.null_resource.node_config[4] (remote-exec):[0m [0m                                  516 k
[0m[1mmodule.media_nodes.null_resource.node_config[4] (remote-exec):[0m [0m [1m[32mintegritysetup(B[m
[0m[1mmodule.media_nodes.null_resource.node_config[4] (remote-exec):[0m [0m      aarch64 2.3.7-2.el8       rhel-8-baseos-rhui-rpms
[0m[1mmodule.media_nodes.null_resource.node_config[4] (remote-exec):[0m [0m                                   43 k
[0m[1mmodule.media_nodes.null_resource.node_config[4] (remote-exec):[0m [0m [1m[32miscsi-initiator-utils(B[m
[0m[1mmodule.media_nodes.null_resource.node_config[4] (remote-exec):[0m [0m      aarch64 6.2.1.4-8.git095f59c.el8_8
[0m[1mmodule.media_nodes.null_resource.node_config[4] (remote-exec):[0m [0m                                rhel-8-baseos-rhui-rpms
[0m[1mmodule.media_nodes.null_resource.node_config[4] (remote-exec):[0m [0m                                  376 k
[0m[1mmodule.media_nodes.null_resource.node_config[4] (remote-exec):[0m [0m [1m[32miscsi-initiator-utils-iscsiuio(B[m
[0m[1mmodule.media_nodes.null_resource.node_config[4] (remote-exec):[0m [0m      aarch64 6.2.1.4-8.git095f59c.el8_8
[0m[1mmodule.media_nodes.null_resource.node_config[4] (remote-exec):[0m [0m                                rhel-8-baseos-rhui-rpms
[0m[1mmodule.media_nodes.null_resource.node_config[4] (remote-exec):[0m [0m                                   97 k
[0m[1mmodule.media_nodes.null_resource.node_config[4] (remote-exec):[0m [0m [1m[32misns-utils-libs(B[m
[0m[1mmodule.media_nodes.null_resource.node_config[4] (remote-exec):[0m [0m      aarch64 0.99-1.el8        rhel-8-baseos-rhui-rpms
[0m[1mmodule.media_nodes.null_resource.node_config[4] (remote-exec):[0m [0m                                  101 k
[0m[1mmodule.media_nodes.null_resource.node_config[4] (remote-exec):[0m [0m [1m[32mlibaio(B[m
[0m[1mmodule.media_nodes.null_resource.node_config[4] (remote-exec):[0m [0m      aarch64 0.3.112-1.el8     rhel-8-baseos-rhui-rpms
[0m[1mmodule.media_nodes.null_resource.node_config[4] (remote-exec):[0m [0m                                   33 k
[0m[1mmodule.media_nodes.null_resource.node_config[4] (remote-exec):[0m [0m [1m[32mlibibverbs(B[m
[0m[1mmodule.media_nodes.null_resource.node_config[4] (remote-exec):[0m [0m      aarch64 46.0-1.el8.1      rhel-8-baseos-rhui-rpms
[0m[1mmodule.media_nodes.null_resource.node_config[4] (remote-exec):[0m [0m                                  375 k
[0m[1mmodule.media_nodes.null_resource.node_config[4] (remote-exec):[0m [0m [1m[32mlibicu(B[m
[0m[1mmodule.media_nodes.null_resource.node_config[4] (remote-exec):[0m [0m      aarch64 60.3-2.el8_1      rhel-8-baseos-rhui-rpms
[0m[1mmodule.media_nodes.null_resource.node_config[4] (remote-exec):[0m [0m                                  8.7 M
[0m[1mmodule.media_nodes.null_resource.node_config[4] (remote-exec):[0m [0m [1m[32mlibrados2(B[m
[0m[1mmodule.media_nodes.null_resource.node_config[4] (remote-exec):[0m [0m      aarch64 1:12.2.7-9.el8    rhel-8-appstream-rhui-rpms
[0m[1mmodule.media_nodes.null_resource.node_config[4] (remote-exec):[0m [0m                                  2.6 M
[0m[1mmodule.media_nodes.null_resource.node_config[4] (remote-exec):[0m [0m [1m[32mlibrbd1(B[m
[0m[1mmodule.media_nodes.null_resource.node_config[4] (remote-exec):[0m [0m      aarch64 1:12.2.7-9.el8    rhel-8-appstream-rhui-rpms
[0m[1mmodule.media_nodes.null_resource.node_config[4] (remote-exec):[0m [0m                                  989 k
[0m[1mmodule.media_nodes.null_resource.node_config[4] (remote-exec):[0m [0m [1m[32mlibrdmacm(B[m
[0m[1mmodule.media_nodes.null_resource.node_config[4] (remote-exec):[0m [0m      aarch64 46.0-1.el8.1      rhel-8-baseos-rhui-rpms
[0m[1mmodule.media_nodes.null_resource.node_config[4] (remote-exec):[0m [0m                                   76 k
[0m[1mmodule.media_nodes.null_resource.node_config[4] (remote-exec):[0m [0m [1m[32mlm_sensors-libs(B[m
[0m[1mmodule.media_nodes.null_resource.node_config[4] (remote-exec):[0m [0m      aarch64 3.4.0-23.20180522git70f7e08.el8
[0m[1mmodule.media_nodes.null_resource.node_config[4] (remote-exec):[0m [0m                                rhel-8-baseos-rhui-rpms
[0m[1mmodule.media_nodes.null_resource.node_config[4] (remote-exec):[0m [0m                                   58 k
[0m[1mmodule.media_nodes.null_resource.node_config[4] (remote-exec):[0m [0m [1m[32mlsof(B[m aarch64 4.93.2-1.el8      rhel-8-baseos-rhui-rpms
[0m[1mmodule.media_nodes.null_resource.node_config[4] (remote-exec):[0m [0m                                  249 k
[0m[1mmodule.media_nodes.null_resource.node_config[6] (remote-exec):[0m [0mRed Hat ---  B/s |   0  B     --:-- ETA
[0m[1mmodule.media_nodes.null_resource.node_config[6] (remote-exec):[0m [0m(1/39): ---  B/s |   0  B     --:-- ETA
[0m[1mmodule.media_nodes.null_resource.node_config[6] (remote-exec):[0m [0m(1/39): 186 kB/s |  20 kB     00:00
[0m[1mmodule.media_nodes.null_resource.node_config[0] (remote-exec):[0m [0m(14-15/  11 MB/s | 4.6 MB     00:02 ETA
[0m[1mmodule.media_nodes.null_resource.node_config[0] (remote-exec):[0m [0m(14/39) 1.7 MB/s |  19 kB     00:00
[0m[1mmodule.media_nodes.null_resource.node_config[6] (remote-exec):[0m [0m(2-3/39 1.3 MB/s | 148 kB     00:21 ETA
[0m[1mmodule.media_nodes.null_resource.node_config[6] (remote-exec):[0m [0m(2/39): 1.4 MB/s |  14 kB     00:00
[0m[1mmodule.media_nodes.null_resource.node_config[0] (remote-exec):[0m [0m(15-16/  11 MB/s | 4.9 MB     00:02 ETA
[0m[1mmodule.media_nodes.null_resource.node_config[0] (remote-exec):[0m [0m(15/39)  16 MB/s | 410 kB     00:00
[0m[1mmodule.media_nodes.null_resource.node_config[0] (remote-exec):[0m [0m(16-17/  11 MB/s | 5.1 MB     00:02 ETA
[0m[1mmodule.media_nodes.null_resource.node_config[0] (remote-exec):[0m [0m(16/39) 2.1 MB/s |  33 kB     00:00
[0m[1mmodule.media_nodes.null_resource.node_config[0] (remote-exec):[0m [0m(17-18/  11 MB/s | 5.1 MB     00:02 ETA
[0m[1mmodule.media_nodes.null_resource.node_config[0] (remote-exec):[0m [0m(17/39) 6.6 MB/s | 101 kB     00:00
[0m[1mmodule.media_nodes.null_resource.node_config[0] (remote-exec):[0m [0m(18-19/  11 MB/s | 5.2 MB     00:02 ETA
[0m[1mmodule.media_nodes.null_resource.node_config[0] (remote-exec):[0m [0m(18/39) 5.5 MB/s |  58 kB     00:00
[0m[1mmodule.media_nodes.null_resource.node_config[0] (remote-exec):[0m [0m(19-20/  11 MB/s | 6.5 MB     00:02 ETA
[0m[1mmodule.media_nodes.null_resource.node_config[0] (remote-exec):[0m [0m(19/39)  11 MB/s | 249 kB     00:00
[0m[1mmodule.media_nodes.null_resource.node_config[0] (remote-exec):[0m [0m(20-21/  11 MB/s | 7.0 MB     00:01 ETA
[0m[1mmodule.media_nodes.null_resource.node_config[0] (remote-exec):[0m [0m(20/39) 8.6 MB/s |  98 kB     00:00
[0m[1mmodule.media_nodes.null_resource.node_config[0] (remote-exec):[0m [0m(21-22/  11 MB/s | 7.2 MB     00:01 ETA
[0m[1mmodule.media_nodes.null_resource.node_config[0] (remote-exec):[0m [0m(21/39)  18 MB/s | 194 kB     00:00
[0m[1mmodule.media_nodes.null_resource.node_config[0] (remote-exec):[0m [0m(22-23/  11 MB/s | 8.2 MB     00:01 ETA
[0m[1mmodule.media_nodes.null_resource.node_config[0] (remote-exec):[0m [0m(22/39) 4.3 MB/s |  43 kB     00:00
[0m[1mmodule.media_nodes.null_resource.node_config[0] (remote-exec):[0m [0m(23-24/  11 MB/s | 8.3 MB     00:01 ETA
[0m[1mmodule.media_nodes.null_resource.node_config[0] (remote-exec):[0m [0m(23/39)  19 MB/s | 270 kB     00:00
[0m[1mmodule.media_nodes.null_resource.node_config[6] (remote-exec):[0m [0m(3-4/39 1.5 MB/s | 978 kB     00:18 ETA
[0m[1mmodule.media_nodes.null_resource.node_config[6] (remote-exec):[0m [0m(3/39): 2.5 MB/s |  23 kB     00:00
[0m[1mmodule.media_nodes.null_resource.node_config[4] (remote-exec):[0m [0m [1m[32mlvm2(B[m aarch64 8:2.03.14-6.el8   rhel-8-baseos-rhui-rpms
[0m[1mmodule.media_nodes.null_resource.node_config[4] (remote-exec):[0m [0m                                  1.6 M
[0m[1mmodule.media_nodes.null_resource.node_config[4] (remote-exec):[0m [0m [1m[32mlvm2-libs(B[m
[0m[1mmodule.media_nodes.null_resource.node_config[4] (remote-exec):[0m [0m      aarch64 8:2.03.14-6.el8   rhel-8-baseos-rhui-rpms
[0m[1mmodule.media_nodes.null_resource.node_config[4] (remote-exec):[0m [0m                                  1.1 M
[0m[1mmodule.media_nodes.null_resource.node_config[4] (remote-exec):[0m [0m [1m[32mnvme-cli(B[m
[0m[1mmodule.media_nodes.null_resource.node_config[4] (remote-exec):[0m [0m      aarch64 1.16-9.el8        rhel-8-baseos-rhui-rpms
[0m[1mmodule.media_nodes.null_resource.node_config[4] (remote-exec):[0m [0m                                  503 k
[0m[1mmodule.media_nodes.null_resource.node_config[4] (remote-exec):[0m [0m [1m[32mpython3-pip(B[m
[0m[1mmodule.media_nodes.null_resource.node_config[0] (remote-exec):[0m [0m(24-25/  12 MB/s | 9.5 MB     00:01 ETA
[0m[1mmodule.media_nodes.null_resource.node_config[0] (remote-exec):[0m [0m(24/39)  13 MB/s | 270 kB     00:00
[0m[1mmodule.media_nodes.null_resource.node_config[4] (remote-exec):[0m [0m      noarch  9.0.3-22.el8      rhel-8-appstream-rhui-rpms
[0m[1mmodule.media_nodes.null_resource.node_config[4] (remote-exec):[0m [0m                                   20 k
[0m[1mmodule.media_nodes.null_resource.node_config[4] (remote-exec):[0m [0m [1m[32mpython3-setuptools(B[m
[0m[1mmodule.media_nodes.null_resource.node_config[4] (remote-exec):[0m [0m      noarch  39.2.0-6.el8_7.1  rhel-8-baseos-rhui-rpms
[0m[1mmodule.media_nodes.null_resource.node_config[4] (remote-exec):[0m [0m                                  163 k
[0m[1mmodule.media_nodes.null_resource.node_config[4] (remote-exec):[0m [0m [1m[32mpython36(B[m
[0m[1mmodule.media_nodes.null_resource.node_config[4] (remote-exec):[0m [0m      aarch64 3.6.8-38.module+el8.9.0+20976+d3c38525
[0m[1mmodule.media_nodes.null_resource.node_config[4] (remote-exec):[0m [0m                                rhel-8-appstream-rhui-rpms
[0m[1mmodule.media_nodes.null_resource.node_config[4] (remote-exec):[0m [0m                                   19 k
[0m[1mmodule.media_nodes.null_resource.node_config[4] (remote-exec):[0m [0m [1m[32mrdma-core(B[m
[0m[1mmodule.media_nodes.null_resource.node_config[4] (remote-exec):[0m [0m      aarch64 46.0-1.el8.1      rhel-8-baseos-rhui-rpms
[0m[1mmodule.media_nodes.null_resource.node_config[4] (remote-exec):[0m [0m                                   62 k
[0m[1mmodule.media_nodes.null_resource.node_config[4] (remote-exec):[0m [0m [1m[32msmartmontools(B[m
[0m[1mmodule.media_nodes.null_resource.node_config[4] (remote-exec):[0m [0m      aarch64 1:7.1-2.el8       rhel-8-baseos-rhui-rpms
[0m[1mmodule.media_nodes.null_resource.node_config[4] (remote-exec):[0m [0m                                  524 k
[0m[1mmodule.media_nodes.null_resource.node_config[4] (remote-exec):[0m [0m [1m[32msysstat(B[m
[0m[1mmodule.media_nodes.null_resource.node_config[4] (remote-exec):[0m [0m      aarch64 11.7.3-11.el8     rhel-8-appstream-rhui-rpms
[0m[1mmodule.media_nodes.null_resource.node_config[4] (remote-exec):[0m [0m                                  410 k
[0m[1mmodule.media_nodes.null_resource.node_config[4] (remote-exec):[0m [0m [1m[32muserspace-rcu(B[m
[0m[1mmodule.media_nodes.null_resource.node_config[4] (remote-exec):[0m [0m      aarch64 0.10.1-4.el8      rhel-8-baseos-rhui-rpms
[0m[1mmodule.media_nodes.null_resource.node_config[4] (remote-exec):[0m [0m                                   98 k
[0m[1mmodule.media_nodes.null_resource.node_config[4] (remote-exec):[0m [0mEnabling module streams:
[0m[1mmodule.media_nodes.null_resource.node_config[4] (remote-exec):[0m [0m python36
[0m[1mmodule.media_nodes.null_resource.node_config[4] (remote-exec):[0m [0m              3.6

[0m[1mmodule.media_nodes.null_resource.node_config[4] (remote-exec):[0m [0mTransaction Summary
[0m[1mmodule.media_nodes.null_resource.node_config[4] (remote-exec):[0m [0m========================================
[0m[1mmodule.media_nodes.null_resource.node_config[4] (remote-exec):[0m [0mInstall  39 Packages

[0m[1mmodule.media_nodes.null_resource.node_config[4] (remote-exec):[0m [0mTotal download size: 29 M
[0m[1mmodule.media_nodes.null_resource.node_config[4] (remote-exec):[0m [0mInstalled size: 105 M
[0m[1mmodule.media_nodes.null_resource.node_config[4] (remote-exec):[0m [0mDownloading Packages:
[0m[1mmodule.media_nodes.null_resource.node_config[0] (remote-exec):[0m [0m(25-26/  12 MB/s |  10 MB     00:01 ETA
[0m[1mmodule.media_nodes.null_resource.node_config[0] (remote-exec):[0m [0m(25/39)  33 MB/s | 808 kB     00:00
[0m[1mmodule.media_nodes.null_resource.node_config[0] (remote-exec):[0m [0m(26-27/  12 MB/s |  12 MB     00:01 ETA
[0m[1mmodule.media_nodes.null_resource.node_config[0] (remote-exec):[0m [0m(26/39)  38 MB/s | 1.6 MB     00:00
[0m[1mmodule.media_nodes.null_resource.node_config[0] (remote-exec):[0m [0m(27-28/  13 MB/s |  15 MB     00:01 ETA
[0m[1mmodule.media_nodes.null_resource.node_config[0] (remote-exec):[0m [0m(27/39)  27 MB/s | 1.1 MB     00:00
[0m[1mmodule.media_nodes.null_resource.node_config[0] (remote-exec):[0m [0m(28-29/  13 MB/s |  16 MB     00:01 ETA
[0m[1mmodule.media_nodes.null_resource.node_config[0] (remote-exec):[0m [0m(28/39)  10 MB/s | 201 kB     00:00
[0m[1mmodule.media_nodes.null_resource.node_config[4] (remote-exec):[0m [0mRed Hat ---  B/s |   0  B     --:-- ETA
[0m[1mmodule.media_nodes.null_resource.node_config[4] (remote-exec):[0m [0m(1/39): ---  B/s |   0  B     --:-- ETA
[0m[1mmodule.media_nodes.null_resource.node_config[4] (remote-exec):[0m [0m(1/39): 180 kB/s |  20 kB     00:00
[0m[1mmodule.media_nodes.null_resource.node_config[0] (remote-exec):[0m [0m(29-30/  13 MB/s |  17 MB     00:00 ETA
[0m[1mmodule.media_nodes.null_resource.node_config[0] (remote-exec):[0m [0m(29/39)  21 MB/s | 319 kB     00:00
[0m[1mmodule.media_nodes.null_resource.node_config[0] (remote-exec):[0m [0m(30-31/  13 MB/s |  18 MB     00:00 ETA
[0m[1mmodule.media_nodes.null_resource.node_config[0] (remote-exec):[0m [0m(30/39)  11 MB/s | 163 kB     00:00
[0m[1mmodule.media_nodes.null_resource.node_config[1] (remote-exec):[0m [0mDependencies resolved.
[0m[1mmodule.media_nodes.null_resource.node_config[0] (remote-exec):[0m [0m(31-32/  13 MB/s |  18 MB     00:00 ETA
[0m[1mmodule.media_nodes.null_resource.node_config[0] (remote-exec):[0m [0m(31/39)  25 MB/s | 376 kB     00:00
[0m[1mmodule.media_nodes.null_resource.node_config[0] (remote-exec):[0m [0m(32-33/  13 MB/s |  19 MB     00:00 ETA
[0m[1mmodule.media_nodes.null_resource.node_config[0] (remote-exec):[0m [0m(32/39) 5.7 MB/s |  97 kB     00:00
[0m[1mmodule.media_nodes.null_resource.node_config[6] (remote-exec):[0m [0m(4-5/39 1.9 MB/s | 2.9 MB     00:13 ETA
[0m[1mmodule.media_nodes.null_resource.node_config[6] (remote-exec):[0m [0m(4/39): 9.9 MB/s | 2.6 MB     00:00
[0m[1mmodule.media_nodes.null_resource.node_config[1] (remote-exec):[0m [0m========================================
[0m[1mmodule.media_nodes.null_resource.node_config[1] (remote-exec):[0m [0m Package
[0m[1mmodule.media_nodes.null_resource.node_config[1] (remote-exec):[0m [0m      Arch    Version           Repo
[0m[1mmodule.media_nodes.null_resource.node_config[1] (remote-exec):[0m [0m                                   Size
[0m[1mmodule.media_nodes.null_resource.node_config[1] (remote-exec):[0m [0m========================================
[0m[1mmodule.media_nodes.null_resource.node_config[1] (remote-exec):[0m [0mInstalling:
[0m[1mmodule.media_nodes.null_resource.node_config[1] (remote-exec):[0m [0m [1m[32mvlzconnector(B[m
[0m[1mmodule.media_nodes.null_resource.node_config[1] (remote-exec):[0m [0m      aarch64 1.27.0-release    volumez
[0m[1mmodule.media_nodes.null_resource.node_config[1] (remote-exec):[0m [0m                                  8.0 M
[0m[1mmodule.media_nodes.null_resource.node_config[1] (remote-exec):[0m [0mInstalling dependencies:
[0m[1mmodule.media_nodes.null_resource.node_config[1] (remote-exec):[0m [0m [1m[32mboost-atomic(B[m
[0m[1mmodule.media_nodes.null_resource.node_config[1] (remote-exec):[0m [0m      aarch64 1.66.0-13.el8     rhel-8-appstream-rhui-rpms
[0m[1mmodule.media_nodes.null_resource.node_config[1] (remote-exec):[0m [0m                                   14 k
[0m[1mmodule.media_nodes.null_resource.node_config[1] (remote-exec):[0m [0m [1m[32mboost-chrono(B[m
[0m[1mmodule.media_nodes.null_resource.node_config[1] (remote-exec):[0m [0m      aarch64 1.66.0-13.el8     rhel-8-appstream-rhui-rpms
[0m[1mmodule.media_nodes.null_resource.node_config[1] (remote-exec):[0m [0m                                   23 k
[0m[1mmodule.media_nodes.null_resource.node_config[1] (remote-exec):[0m [0m [1m[32mboost-date-time(B[m
[0m[1mmodule.media_nodes.null_resource.node_config[1] (remote-exec):[0m [0m      aarch64 1.66.0-13.el8     rhel-8-appstream-rhui-rpms
[0m[1mmodule.media_nodes.null_resource.node_config[1] (remote-exec):[0m [0m                                   29 k
[0m[1mmodule.media_nodes.null_resource.node_config[1] (remote-exec):[0m [0m [1m[32mboost-iostreams(B[m
[0m[1mmodule.media_nodes.null_resource.node_config[1] (remote-exec):[0m [0m      aarch64 1.66.0-13.el8     rhel-8-appstream-rhui-rpms
[0m[1mmodule.media_nodes.null_resource.node_config[1] (remote-exec):[0m [0m                                   40 k
[0m[1mmodule.media_nodes.null_resource.node_config[1] (remote-exec):[0m [0m [1m[32mboost-program-options(B[m
[0m[1mmodule.media_nodes.null_resource.node_config[1] (remote-exec):[0m [0m      aarch64 1.66.0-13.el8     rhel-8-appstream-rhui-rpms
[0m[1mmodule.media_nodes.null_resource.node_config[1] (remote-exec):[0m [0m                                  131 k
[0m[1mmodule.media_nodes.null_resource.node_config[1] (remote-exec):[0m [0m [1m[32mboost-random(B[m
[0m[1mmodule.media_nodes.null_resource.node_config[1] (remote-exec):[0m [0m      aarch64 1.66.0-13.el8     rhel-8-appstream-rhui-rpms
[0m[1mmodule.media_nodes.null_resource.node_config[1] (remote-exec):[0m [0m                                   22 k
[0m[1mmodule.media_nodes.null_resource.node_config[1] (remote-exec):[0m [0m [1m[32mboost-regex(B[m
[0m[1mmodule.media_nodes.null_resource.node_config[1] (remote-exec):[0m [0m      aarch64 1.66.0-13.el8     rhel-8-appstream-rhui-rpms
[0m[1mmodule.media_nodes.null_resource.node_config[1] (remote-exec):[0m [0m                                  254 k
[0m[1mmodule.media_nodes.null_resource.node_config[1] (remote-exec):[0m [0m [1m[32mboost-system(B[m
[0m[1mmodule.media_nodes.null_resource.node_config[1] (remote-exec):[0m [0m      aarch64 1.66.0-13.el8     rhel-8-appstream-rhui-rpms
[0m[1mmodule.media_nodes.null_resource.node_config[1] (remote-exec):[0m [0m                                   18 k
[0m[1mmodule.media_nodes.null_resource.node_config[1] (remote-exec):[0m [0m [1m[32mboost-thread(B[m
[0m[1mmodule.media_nodes.null_resource.node_config[1] (remote-exec):[0m [0m      aarch64 1.66.0-13.el8     rhel-8-appstream-rhui-rpms
[0m[1mmodule.media_nodes.null_resource.node_config[1] (remote-exec):[0m [0m                                   56 k
[0m[1mmodule.media_nodes.null_resource.node_config[1] (remote-exec):[0m [0m [1m[32mcryptsetup(B[m
[0m[1mmodule.media_nodes.null_resource.node_config[1] (remote-exec):[0m [0m      aarch64 2.3.7-2.el8       rhel-8-baseos-rhui-rpms
[0m[1mmodule.media_nodes.null_resource.node_config[1] (remote-exec):[0m [0m                                  194 k
[0m[1mmodule.media_nodes.null_resource.node_config[1] (remote-exec):[0m [0m [1m[32mdevice-mapper-event(B[m
[0m[1mmodule.media_nodes.null_resource.node_config[1] (remote-exec):[0m [0m      aarch64 8:1.02.181-6.el8  rhel-8-baseos-rhui-rpms
[0m[1mmodule.media_nodes.null_resource.node_config[1] (remote-exec):[0m [0m                                  270 k
[0m[1mmodule.media_nodes.null_resource.node_config[1] (remote-exec):[0m [0m [1m[32mdevice-mapper-event-libs(B[m
[0m[1mmodule.media_nodes.null_resource.node_config[1] (remote-exec):[0m [0m      aarch64 8:1.02.181-6.el8  rhel-8-baseos-rhui-rpms
[0m[1mmodule.media_nodes.null_resource.node_config[1] (remote-exec):[0m [0m                                  270 k
[0m[1mmodule.media_nodes.null_resource.node_config[1] (remote-exec):[0m [0m [1m[32mdevice-mapper-multipath(B[m
[0m[1mmodule.media_nodes.null_resource.node_config[1] (remote-exec):[0m [0m      aarch64 0.8.4-28.el8_7.1  rhel-8-baseos-rhui-rpms
[0m[1mmodule.media_nodes.null_resource.node_config[1] (remote-exec):[0m [0m                                  201 k
[0m[1mmodule.media_nodes.null_resource.node_config[1] (remote-exec):[0m [0m [1m[32mdevice-mapper-multipath-libs(B[m
[0m[1mmodule.media_nodes.null_resource.node_config[1] (remote-exec):[0m [0m      aarch64 0.8.4-28.el8_7.1  rhel-8-baseos-rhui-rpms
[0m[1mmodule.media_nodes.null_resource.node_config[1] (remote-exec):[0m [0m                                  319 k
[0m[1mmodule.media_nodes.null_resource.node_config[1] (remote-exec):[0m [0m [1m[32mdevice-mapper-persistent-data(B[m
[0m[1mmodule.media_nodes.null_resource.node_config[0] (remote-exec):[0m [0m(33-34/  13 MB/s |  19 MB     00:00 ETA
[0m[1mmodule.media_nodes.null_resource.node_config[0] (remote-exec):[0m [0m(33/39)  42 MB/s | 8.7 MB     00:00
[0m[1mmodule.media_nodes.null_resource.node_config[1] (remote-exec):[0m [0m      aarch64 0.9.0-7.el8       rhel-8-baseos-rhui-rpms
[0m[1mmodule.media_nodes.null_resource.node_config[1] (remote-exec):[0m [0m                                  808 k
[0m[1mmodule.media_nodes.null_resource.node_config[1] (remote-exec):[0m [0m [1m[32mfio (B[m aarch64 3.19-4.el8        rhel-8-appstream-rhui-rpms
[0m[1mmodule.media_nodes.null_resource.node_config[1] (remote-exec):[0m [0m                                  516 k
[0m[1mmodule.media_nodes.null_resource.node_config[1] (remote-exec):[0m [0m [1m[32mintegritysetup(B[m
[0m[1mmodule.media_nodes.null_resource.node_config[1] (remote-exec):[0m [0m      aarch64 2.3.7-2.el8       rhel-8-baseos-rhui-rpms
[0m[1mmodule.media_nodes.null_resource.node_config[1] (remote-exec):[0m [0m                                   43 k
[0m[1mmodule.media_nodes.null_resource.node_config[1] (remote-exec):[0m [0m [1m[32miscsi-initiator-utils(B[m
[0m[1mmodule.media_nodes.null_resource.node_config[1] (remote-exec):[0m [0m      aarch64 6.2.1.4-8.git095f59c.el8_8
[0m[1mmodule.media_nodes.null_resource.node_config[1] (remote-exec):[0m [0m                                rhel-8-baseos-rhui-rpms
[0m[1mmodule.media_nodes.null_resource.node_config[1] (remote-exec):[0m [0m                                  376 k
[0m[1mmodule.media_nodes.null_resource.node_config[1] (remote-exec):[0m [0m [1m[32miscsi-initiator-utils-iscsiuio(B[m
[0m[1mmodule.media_nodes.null_resource.node_config[1] (remote-exec):[0m [0m      aarch64 6.2.1.4-8.git095f59c.el8_8
[0m[1mmodule.media_nodes.null_resource.node_config[1] (remote-exec):[0m [0m                                rhel-8-baseos-rhui-rpms
[0m[1mmodule.media_nodes.null_resource.node_config[1] (remote-exec):[0m [0m                                   97 k
[0m[1mmodule.media_nodes.null_resource.node_config[1] (remote-exec):[0m [0m [1m[32misns-utils-libs(B[m
[0m[1mmodule.media_nodes.null_resource.node_config[1] (remote-exec):[0m [0m      aarch64 0.99-1.el8        rhel-8-baseos-rhui-rpms
[0m[1mmodule.media_nodes.null_resource.node_config[1] (remote-exec):[0m [0m                                  101 k
[0m[1mmodule.media_nodes.null_resource.node_config[1] (remote-exec):[0m [0m [1m[32mlibaio(B[m
[0m[1mmodule.media_nodes.null_resource.node_config[1] (remote-exec):[0m [0m      aarch64 0.3.112-1.el8     rhel-8-baseos-rhui-rpms
[0m[1mmodule.media_nodes.null_resource.node_config[1] (remote-exec):[0m [0m                                   33 k
[0m[1mmodule.media_nodes.null_resource.node_config[1] (remote-exec):[0m [0m [1m[32mlibibverbs(B[m
[0m[1mmodule.media_nodes.null_resource.node_config[1] (remote-exec):[0m [0m      aarch64 46.0-1.el8.1      rhel-8-baseos-rhui-rpms
[0m[1mmodule.media_nodes.null_resource.node_config[1] (remote-exec):[0m [0m                                  375 k
[0m[1mmodule.media_nodes.null_resource.node_config[1] (remote-exec):[0m [0m [1m[32mlibicu(B[m
[0m[1mmodule.media_nodes.null_resource.node_config[1] (remote-exec):[0m [0m      aarch64 60.3-2.el8_1      rhel-8-baseos-rhui-rpms
[0m[1mmodule.media_nodes.null_resource.node_config[1] (remote-exec):[0m [0m                                  8.7 M
[0m[1mmodule.media_nodes.null_resource.node_config[1] (remote-exec):[0m [0m [1m[32mlibrados2(B[m
[0m[1mmodule.media_nodes.null_resource.node_config[1] (remote-exec):[0m [0m      aarch64 1:12.2.7-9.el8    rhel-8-appstream-rhui-rpms
[0m[1mmodule.media_nodes.null_resource.node_config[1] (remote-exec):[0m [0m                                  2.6 M
[0m[1mmodule.media_nodes.null_resource.node_config[1] (remote-exec):[0m [0m [1m[32mlibrbd1(B[m
[0m[1mmodule.media_nodes.null_resource.node_config[1] (remote-exec):[0m [0m      aarch64 1:12.2.7-9.el8    rhel-8-appstream-rhui-rpms
[0m[1mmodule.media_nodes.null_resource.node_config[1] (remote-exec):[0m [0m                                  989 k
[0m[1mmodule.media_nodes.null_resource.node_config[1] (remote-exec):[0m [0m [1m[32mlibrdmacm(B[m
[0m[1mmodule.media_nodes.null_resource.node_config[1] (remote-exec):[0m [0m      aarch64 46.0-1.el8.1      rhel-8-baseos-rhui-rpms
[0m[1mmodule.media_nodes.null_resource.node_config[0] (remote-exec):[0m [0m(34-35/  13 MB/s |  20 MB     00:00 ETA
[0m[1mmodule.media_nodes.null_resource.node_config[0] (remote-exec):[0m [0m(34/39) 5.3 MB/s | 375 kB     00:00
[0m[1mmodule.media_nodes.null_resource.node_config[0] (remote-exec):[0m [0m(35-36/  13 MB/s |  20 MB     00:00 ETA
[0m[1mmodule.media_nodes.null_resource.node_config[0] (remote-exec):[0m [0m(35/39) 5.2 MB/s |  62 kB     00:00
[0m[1mmodule.media_nodes.null_resource.node_config[4] (remote-exec):[0m [0m(2-3/39 9.1 MB/s | 1.0 MB     00:03 ETA
[0m[1mmodule.media_nodes.null_resource.node_config[0] (remote-exec):[0m [0m(36-37/  13 MB/s |  20 MB     00:00 ETA
[0m[1mmodule.media_nodes.null_resource.node_config[0] (remote-exec):[0m [0m(36/39) 9.2 MB/s |  76 kB     00:00
[0m[1mmodule.media_nodes.null_resource.node_config[0] (remote-exec):[0m [0m(37-38/  13 MB/s |  21 MB     00:00 ETA
[0m[1mmodule.media_nodes.null_resource.node_config[0] (remote-exec):[0m [0m(37/39) 6.2 MB/s | 503 kB     00:00
[0m[1mmodule.media_nodes.null_resource.node_config[0] (remote-exec):[0m [0m(38-39/  13 MB/s |  21 MB     00:00 ETA
[0m[1mmodule.media_nodes.null_resource.node_config[0] (remote-exec):[0m [0m(38/39)  18 MB/s | 524 kB     00:00
[0m[1mmodule.media_nodes.null_resource.node_config[6] (remote-exec):[0m [0m(5-6/39 2.0 MB/s | 3.6 MB     00:13 ETA
[0m[1mmodule.media_nodes.null_resource.node_config[6] (remote-exec):[0m [0m(5/39): 138 kB/s |  29 kB     00:00
[0m[1mmodule.media_nodes.null_resource.node_config[1] (remote-exec):[0m [0m                                   76 k
[0m[1mmodule.media_nodes.null_resource.node_config[1] (remote-exec):[0m [0m [1m[32mlm_sensors-libs(B[m
[0m[1mmodule.media_nodes.null_resource.node_config[1] (remote-exec):[0m [0m      aarch64 3.4.0-23.20180522git70f7e08.el8
[0m[1mmodule.media_nodes.null_resource.node_config[1] (remote-exec):[0m [0m                                rhel-8-baseos-rhui-rpms
[0m[1mmodule.media_nodes.null_resource.node_config[1] (remote-exec):[0m [0m                                   58 k
[0m[1mmodule.media_nodes.null_resource.node_config[1] (remote-exec):[0m [0m [1m[32mlsof(B[m aarch64 4.93.2-1.el8      rhel-8-baseos-rhui-rpms
[0m[1mmodule.media_nodes.null_resource.node_config[1] (remote-exec):[0m [0m                                  249 k
[0m[1mmodule.media_nodes.null_resource.node_config[1] (remote-exec):[0m [0m [1m[32mlvm2(B[m aarch64 8:2.03.14-6.el8   rhel-8-baseos-rhui-rpms
[0m[1mmodule.media_nodes.null_resource.node_config[1] (remote-exec):[0m [0m                                  1.6 M
[0m[1mmodule.media_nodes.null_resource.node_config[1] (remote-exec):[0m [0m [1m[32mlvm2-libs(B[m
[0m[1mmodule.media_nodes.null_resource.node_config[1] (remote-exec):[0m [0m      aarch64 8:2.03.14-6.el8   rhel-8-baseos-rhui-rpms
[0m[1mmodule.media_nodes.null_resource.node_config[1] (remote-exec):[0m [0m                                  1.1 M
[0m[1mmodule.media_nodes.null_resource.node_config[1] (remote-exec):[0m [0m [1m[32mnvme-cli(B[m
[0m[1mmodule.media_nodes.null_resource.node_config[1] (remote-exec):[0m [0m      aarch64 1.16-9.el8        rhel-8-baseos-rhui-rpms
[0m[1mmodule.media_nodes.null_resource.node_config[1] (remote-exec):[0m [0m                                  503 k
[0m[1mmodule.media_nodes.null_resource.node_config[1] (remote-exec):[0m [0m [1m[32mpython3-pip(B[m
[0m[1mmodule.media_nodes.null_resource.node_config[1] (remote-exec):[0m [0m      noarch  9.0.3-22.el8      rhel-8-appstream-rhui-rpms
[0m[1mmodule.media_nodes.null_resource.node_config[1] (remote-exec):[0m [0m                                   20 k
[0m[1mmodule.media_nodes.null_resource.node_config[1] (remote-exec):[0m [0m [1m[32mpython3-setuptools(B[m
[0m[1mmodule.media_nodes.null_resource.node_config[1] (remote-exec):[0m [0m      noarch  39.2.0-6.el8_7.1  rhel-8-baseos-rhui-rpms
[0m[1mmodule.media_nodes.null_resource.node_config[1] (remote-exec):[0m [0m                                  163 k
[0m[1mmodule.media_nodes.null_resource.node_config[1] (remote-exec):[0m [0m [1m[32mpython36(B[m
[0m[1mmodule.media_nodes.null_resource.node_config[1] (remote-exec):[0m [0m      aarch64 3.6.8-38.module+el8.9.0+20976+d3c38525
[0m[1mmodule.media_nodes.null_resource.node_config[1] (remote-exec):[0m [0m                                rhel-8-appstream-rhui-rpms
[0m[1mmodule.media_nodes.null_resource.node_config[1] (remote-exec):[0m [0m                                   19 k
[0m[1mmodule.media_nodes.null_resource.node_config[1] (remote-exec):[0m [0m [1m[32mrdma-core(B[m
[0m[1mmodule.media_nodes.null_resource.node_config[1] (remote-exec):[0m [0m      aarch64 46.0-1.el8.1      rhel-8-baseos-rhui-rpms
[0m[1mmodule.media_nodes.null_resource.node_config[1] (remote-exec):[0m [0m                                   62 k
[0m[1mmodule.media_nodes.null_resource.node_config[1] (remote-exec):[0m [0m [1m[32msmartmontools(B[m
[0m[1mmodule.media_nodes.null_resource.node_config[1] (remote-exec):[0m [0m      aarch64 1:7.1-2.el8       rhel-8-baseos-rhui-rpms
[0m[1mmodule.media_nodes.null_resource.node_config[1] (remote-exec):[0m [0m                                  524 k
[0m[1mmodule.media_nodes.null_resource.node_config[1] (remote-exec):[0m [0m [1m[32msysstat(B[m
[0m[1mmodule.media_nodes.null_resource.node_config[1] (remote-exec):[0m [0m      aarch64 11.7.3-11.el8     rhel-8-appstream-rhui-rpms
[0m[1mmodule.media_nodes.null_resource.node_config[1] (remote-exec):[0m [0m                                  410 k
[0m[1mmodule.media_nodes.null_resource.node_config[1] (remote-exec):[0m [0m [1m[32muserspace-rcu(B[m
[0m[1mmodule.media_nodes.null_resource.node_config[1] (remote-exec):[0m [0m      aarch64 0.10.1-4.el8      rhel-8-baseos-rhui-rpms
[0m[1mmodule.media_nodes.null_resource.node_config[1] (remote-exec):[0m [0m                                   98 k
[0m[1mmodule.media_nodes.null_resource.node_config[1] (remote-exec):[0m [0mEnabling module streams:
[0m[1mmodule.media_nodes.null_resource.node_config[1] (remote-exec):[0m [0m python36
[0m[1mmodule.media_nodes.null_resource.node_config[1] (remote-exec):[0m [0m              3.6

[0m[1mmodule.media_nodes.null_resource.node_config[1] (remote-exec):[0m [0mTransaction Summary
[0m[1mmodule.media_nodes.null_resource.node_config[1] (remote-exec):[0m [0m========================================
[0m[1mmodule.media_nodes.null_resource.node_config[1] (remote-exec):[0m [0mInstall  39 Packages

[0m[1mmodule.media_nodes.null_resource.node_config[1] (remote-exec):[0m [0mTotal download size: 29 M
[0m[1mmodule.media_nodes.null_resource.node_config[1] (remote-exec):[0m [0mInstalled size: 105 M
[0m[1mmodule.media_nodes.null_resource.node_config[1] (remote-exec):[0m [0mDownloading Packages:
[0m[1mmodule.media_nodes.null_resource.node_config[0] (remote-exec):[0m [0m(39/39)  13 MB/s |  21 MB     00:00 ETA
[0m[1mmodule.media_nodes.null_resource.node_config[0] (remote-exec):[0m [0m(39/39)  79 MB/s | 8.0 MB     00:00
[0m[1mmodule.media_nodes.null_resource.node_config[0] (remote-exec):[0m [0m----------------------------------------
[0m[1mmodule.media_nodes.null_resource.node_config[0] (remote-exec):[0m [0mTotal    47 MB/s |  29 MB     00:00
[0m[1mmodule.media_nodes.null_resource.node_config[4] (remote-exec):[0m [0m(2/39): 2.8 MB/s | 989 kB     00:00
[0m[1mmodule.media_nodes.null_resource.node_config[4] (remote-exec):[0m [0m(3-4/39 8.9 MB/s | 1.8 MB     00:03 ETA
[0m[1mmodule.media_nodes.null_resource.node_config[4] (remote-exec):[0m [0m(3/39):  60 kB/s |  14 kB     00:00
[0m[1mmodule.media_nodes.null_resource.node_config[4] (remote-exec):[0m [0m(4-5/39 8.9 MB/s | 1.8 MB     00:03 ETA
[0m[1mmodule.media_nodes.null_resource.node_config[4] (remote-exec):[0m [0m(4/39): 2.7 MB/s |  23 kB     00:00
[0m[1mmodule.media_nodes.null_resource.node_config[2] (remote-exec):[0m [0mRunning transaction check
[0m[1mmodule.media_nodes.null_resource.node_config[4] (remote-exec):[0m [0m(5-6/39 8.9 MB/s | 2.2 MB     00:03 ETA
[0m[1mmodule.media_nodes.null_resource.node_config[4] (remote-exec):[0m [0m(5/39): 2.7 MB/s |  29 kB     00:00
[0m[1mmodule.media_nodes.null_resource.node_config[6] (remote-exec):[0m [0m(6-7/39 1.9 MB/s | 3.6 MB     00:13 ETA
[0m[1mmodule.media_nodes.null_resource.node_config[1] (remote-exec):[0m [0mRed Hat ---  B/s |   0  B     --:-- ETA
[0m[1mmodule.media_nodes.null_resource.node_config[1] (remote-exec):[0m [0m(1/39): ---  B/s |   0  B     --:-- ETA
[0m[1mmodule.media_nodes.null_resource.node_config[1] (remote-exec):[0m [0m(1/39): 194 kB/s |  20 kB     00:00
[0m[1mmodule.media_nodes.null_resource.node_config[6] (remote-exec):[0m [0m(6/39): 2.0 MB/s | 989 kB     00:00
[0m[1mmodule.media_nodes.null_resource.node_config[6] (remote-exec):[0m [0m(7-8/39 1.9 MB/s | 3.6 MB     00:13 ETA
[0m[1mmodule.media_nodes.null_resource.node_config[6] (remote-exec):[0m [0m(7/39): 176 kB/s |  40 kB     00:00
[0m[1mmodule.media_nodes.null_resource.node_config[6] (remote-exec):[0m [0m(8-9/39 1.9 MB/s | 3.7 MB     00:13 ETA
[0m[1mmodule.media_nodes.null_resource.node_config[6] (remote-exec):[0m [0m(8/39): 855 kB/s | 131 kB     00:00
[0m[1mmodule.media_nodes.null_resource.node_config[2] (remote-exec):[0m [0mTransaction check succeeded.
[0m[1mmodule.media_nodes.null_resource.node_config[6] (remote-exec):[0m [0m(9-10/3 1.9 MB/s | 3.8 MB     00:13 ETA
[0m[1mmodule.media_nodes.null_resource.node_config[6] (remote-exec):[0m [0m(9/39): 1.9 MB/s |  22 kB     00:00
[0m[1mmodule.media_nodes.null_resource.node_config[2] (remote-exec):[0m [0mRunning transaction test
[0m[1mmodule.media_nodes.null_resource.node_config[6] (remote-exec):[0m [0m(10-11/ 1.9 MB/s | 3.8 MB     00:13 ETA
[0m[1mmodule.media_nodes.null_resource.node_config[6] (remote-exec):[0m [0m(10/39)  18 MB/s | 254 kB     00:00
[0m[1mmodule.media_nodes.null_resource.node_config[6] (remote-exec):[0m [0m(11-12/ 2.0 MB/s | 4.1 MB     00:12 ETA
[0m[1mmodule.media_nodes.null_resource.node_config[6] (remote-exec):[0m [0m(11/39) 1.6 MB/s |  18 kB     00:00
[0m[1mmodule.media_nodes.null_resource.node_config[6] (remote-exec):[0m [0m(12-13/ 2.0 MB/s | 4.1 MB     00:12 ETA
[0m[1mmodule.media_nodes.null_resource.node_config[6] (remote-exec):[0m [0m(12/39) 4.9 MB/s |  56 kB     00:00
[0m[1mmodule.media_nodes.null_resource.node_config[4] (remote-exec):[0m [0m(6-7/39 9.1 MB/s | 3.3 MB     00:02 ETA
[0m[1mmodule.media_nodes.null_resource.node_config[4] (remote-exec):[0m [0m(6/39): 5.6 MB/s | 2.6 MB     00:00
[0m[1mmodule.media_nodes.null_resource.node_config[4] (remote-exec):[0m [0m(7-8/39 9.0 MB/s | 3.6 MB     00:02 ETA
[0m[1mmodule.media_nodes.null_resource.node_config[4] (remote-exec):[0m [0m(7/39): 366 kB/s |  40 kB     00:00
[0m[1mmodule.media_nodes.null_resource.node_config[4] (remote-exec):[0m [0m(8-9/39 9.0 MB/s | 3.7 MB     00:02 ETA
[0m[1mmodule.media_nodes.null_resource.node_config[4] (remote-exec):[0m [0m(8/39): 1.2 MB/s | 131 kB     00:00
[0m[1mmodule.media_nodes.null_resource.node_config[1] (remote-exec):[0m [0m(2-3/39 193 kB/s |  20 kB     02:34 ETA
[0m[1mmodule.media_nodes.null_resource.node_config[4] (remote-exec):[0m [0m(9-10/3 9.0 MB/s | 3.8 MB     00:02 ETA
[0m[1mmodule.media_nodes.null_resource.node_config[4] (remote-exec):[0m [0m(9/39): 482 kB/s |  22 kB     00:00
[0m[1mmodule.media_nodes.null_resource.node_config[4] (remote-exec):[0m [0m(10-11/ 9.0 MB/s | 3.8 MB     00:02 ETA
[0m[1mmodule.media_nodes.null_resource.node_config[4] (remote-exec):[0m [0m(10/39) 444 kB/s |  18 kB     00:00
[0m[1mmodule.media_nodes.null_resource.node_config[4] (remote-exec):[0m [0m(11-12/ 9.0 MB/s | 3.9 MB     00:02 ETA
[0m[1mmodule.media_nodes.null_resource.node_config[4] (remote-exec):[0m [0m(11/39) 5.0 MB/s | 254 kB     00:00
[0m[1mmodule.media_nodes.null_resource.node_config[4] (remote-exec):[0m [0m(12-13/ 9.0 MB/s | 4.1 MB     00:02 ETA
[0m[1mmodule.media_nodes.null_resource.node_config[4] (remote-exec):[0m [0m(12/39) 5.9 MB/s |  56 kB     00:00
[0m[1mmodule.media_nodes.null_resource.node_config[1] (remote-exec):[0m [0m(2/39): 4.0 MB/s | 989 kB     00:00
[0m[1mmodule.media_nodes.null_resource.node_config[6] (remote-exec):[0m [0m(13-14/ 2.0 MB/s | 4.1 MB     00:12 ETA
[0m[1mmodule.media_nodes.null_resource.node_config[4] (remote-exec):[0m [0m(13-14/ 9.0 MB/s | 4.1 MB     00:02 ETA
[0m[1mmodule.media_nodes.null_resource.node_config[4] (remote-exec):[0m [0m(13/39)  20 MB/s | 410 kB     00:00
[0m[1mmodule.media_nodes.null_resource.node_config[6] (remote-exec):[0m [0m(13/39) 4.6 MB/s | 516 kB     00:00
[0m[1mmodule.media_nodes.null_resource.node_config[6] (remote-exec):[0m [0m(14-15/ 2.0 MB/s | 4.6 MB     00:12 ETA
[0m[1mmodule.media_nodes.null_resource.node_config[6] (remote-exec):[0m [0m(14/39) 185 kB/s |  19 kB     00:00
[0m[1mmodule.media_nodes.null_resource.node_config[4] (remote-exec):[0m [0m(14-15/ 9.1 MB/s | 4.8 MB     00:02 ETA
[0m[1mmodule.media_nodes.null_resource.node_config[4] (remote-exec):[0m [0m(14/39) 911 kB/s |  19 kB     00:00
[0m[1mmodule.media_nodes.null_resource.node_config[4] (remote-exec):[0m [0m(15-16/ 9.1 MB/s | 4.8 MB     00:02 ETA
[0m[1mmodule.media_nodes.null_resource.node_config[4] (remote-exec):[0m [0m(15/39)  13 MB/s | 516 kB     00:00
[0m[1mmodule.media_nodes.null_resource.node_config[4] (remote-exec):[0m [0m(16-17/ 9.1 MB/s | 5.1 MB     00:02 ETA
[0m[1mmodule.media_nodes.null_resource.node_config[4] (remote-exec):[0m [0m(16/39) 2.1 MB/s |  33 kB     00:00
[0m[1mmodule.media_nodes.null_resource.node_config[1] (remote-exec):[0m [0m(3-4/39 479 kB/s | 1.4 MB     00:59 ETA
[0m[1mmodule.media_nodes.null_resource.node_config[1] (remote-exec):[0m [0m(3/39):  84 kB/s |  14 kB     00:00
[0m[1mmodule.media_nodes.null_resource.node_config[1] (remote-exec):[0m [0m(4-5/39 482 kB/s | 1.5 MB     00:58 ETA
[0m[1mmodule.media_nodes.null_resource.node_config[1] (remote-exec):[0m [0m(4/39): 722 kB/s |  23 kB     00:00
[0m[1mmodule.media_nodes.null_resource.node_config[1] (remote-exec):[0m [0m(5-6/39 493 kB/s | 1.5 MB     00:57 ETA
[0m[1mmodule.media_nodes.null_resource.node_config[1] (remote-exec):[0m [0m(5/39): 3.2 MB/s |  29 kB     00:00
[0m[1mmodule.media_nodes.null_resource.node_config[1] (remote-exec):[0m [0m(6-7/39 744 kB/s | 2.8 MB     00:36 ETA
[0m[1mmodule.media_nodes.null_resource.node_config[1] (remote-exec):[0m [0m(6/39): 4.1 MB/s |  40 kB     00:00
[0m[1mmodule.media_nodes.null_resource.node_config[4] (remote-exec):[0m [0m(17-18/ 9.2 MB/s | 5.1 MB     00:02 ETA
[0m[1mmodule.media_nodes.null_resource.node_config[4] (remote-exec):[0m [0m(17/39) 6.8 MB/s | 101 kB     00:00
[0m[1mmodule.media_nodes.null_resource.node_config[4] (remote-exec):[0m [0m(18-19/ 9.2 MB/s | 5.2 MB     00:02 ETA
[0m[1mmodule.media_nodes.null_resource.node_config[4] (remote-exec):[0m [0m(18/39)  14 MB/s | 249 kB     00:00
[0m[1mmodule.media_nodes.null_resource.node_config[4] (remote-exec):[0m [0m(19-20/ 9.3 MB/s | 6.1 MB     00:02 ETA
[0m[1mmodule.media_nodes.null_resource.node_config[4] (remote-exec):[0m [0m(19/39) 3.4 MB/s |  58 kB     00:00
[0m[1mmodule.media_nodes.null_resource.node_config[4] (remote-exec):[0m [0m(20-21/ 9.3 MB/s | 6.2 MB     00:02 ETA
[0m[1mmodule.media_nodes.null_resource.node_config[4] (remote-exec):[0m [0m(20/39)  10 MB/s |  98 kB     00:00
[0m[1mmodule.media_nodes.null_resource.node_config[4] (remote-exec):[0m [0m(21-22/ 9.5 MB/s | 7.1 MB     00:02 ETA
[0m[1mmodule.media_nodes.null_resource.node_config[4] (remote-exec):[0m [0m(21/39)  17 MB/s | 194 kB     00:00
[0m[1mmodule.media_nodes.null_resource.node_config[4] (remote-exec):[0m [0m(22-23/ 9.6 MB/s | 7.5 MB     00:02 ETA
[0m[1mmodule.media_nodes.null_resource.node_config[4] (remote-exec):[0m [0m(22/39) 5.2 MB/s |  43 kB     00:00
[0m[1mmodule.media_nodes.null_resource.node_config[4] (remote-exec):[0m [0m(23-24/ 9.6 MB/s | 7.8 MB     00:02 ETA
[0m[1mmodule.media_nodes.null_resource.node_config[4] (remote-exec):[0m [0m(23/39)  15 MB/s | 270 kB     00:00
[0m[1mmodule.media_nodes.null_resource.node_config[4] (remote-exec):[0m [0m(24-25/ 9.8 MB/s | 9.1 MB     00:02 ETA
[0m[1mmodule.media_nodes.null_resource.node_config[4] (remote-exec):[0m [0m(24/39)  11 MB/s | 270 kB     00:00
[0m[1mmodule.media_nodes.null_resource.node_config[6] (remote-exec):[0m [0m(15-16/ 2.1 MB/s | 4.7 MB     00:11 ETA
[0m[1mmodule.media_nodes.null_resource.node_config[6] (remote-exec):[0m [0m(15/39) 2.1 MB/s | 410 kB     00:00
[0m[1mmodule.media_nodes.null_resource.node_config[6] (remote-exec):[0m [0m(16-17/ 2.1 MB/s | 5.1 MB     00:11 ETA
[0m[1mmodule.media_nodes.null_resource.node_config[6] (remote-exec):[0m [0m(16/39) 405 kB/s |  33 kB     00:00
[0m[1mmodule.media_nodes.null_resource.node_config[6] (remote-exec):[0m [0m(17-18/ 2.1 MB/s | 5.1 MB     00:11 ETA
[0m[1mmodule.media_nodes.null_resource.node_config[6] (remote-exec):[0m [0m(17/39) 1.2 MB/s | 101 kB     00:00
[0m[1mmodule.media_nodes.null_resource.node_config[4] (remote-exec):[0m [0m(25-26/ 9.9 MB/s | 9.6 MB     00:01 ETA
[0m[1mmodule.media_nodes.null_resource.node_config[4] (remote-exec):[0m [0m(25/39)  26 MB/s | 808 kB     00:00
[0m[1mmodule.media_nodes.null_resource.node_config[1] (remote-exec):[0m [0m(7-8/39 761 kB/s | 2.8 MB     00:35 ETA
[0m[1mmodule.media_nodes.null_resource.node_config[1] (remote-exec):[0m [0m(7/39): 7.0 MB/s | 2.6 MB     00:00
[0m[1mmodule.media_nodes.null_resource.node_config[1] (remote-exec):[0m [0m(8-9/39 919 kB/s | 3.7 MB     00:28 ETA
[0m[1mmodule.media_nodes.null_resource.node_config[1] (remote-exec):[0m [0m(8/39): 265 kB/s |  22 kB     00:00
[0m[1mmodule.media_nodes.null_resource.node_config[1] (remote-exec):[0m [0m(9-10/3 930 kB/s | 3.7 MB     00:28 ETA
[0m[1mmodule.media_nodes.null_resource.node_config[1] (remote-exec):[0m [0m(9/39): 1.4 MB/s | 131 kB     00:00
[0m[1mmodule.media_nodes.null_resource.node_config[6] (remote-exec):[0m [0m(18-19/ 2.1 MB/s | 5.2 MB     00:11 ETA
[0m[1mmodule.media_nodes.null_resource.node_config[6] (remote-exec):[0m [0m(18/39) 2.8 MB/s | 249 kB     00:00
[0m[1mmodule.media_nodes.null_resource.node_config[6] (remote-exec):[0m [0m(19-20/ 2.3 MB/s | 6.1 MB     00:10 ETA
[0m[1mmodule.media_nodes.null_resource.node_config[6] (remote-exec):[0m [0m(19/39) 680 kB/s |  58 kB     00:00
[0m[1mmodule.media_nodes.null_resource.node_config[0] (remote-exec):[0m [0mRunning transaction check
[0m[1mmodule.media_nodes.null_resource.node_config[1] (remote-exec):[0m [0m(10-11/ 949 kB/s | 3.8 MB     00:27 ETA
[0m[1mmodule.media_nodes.null_resource.node_config[1] (remote-exec):[0m [0m(10/39) 4.0 MB/s | 254 kB     00:00
[0m[1mmodule.media_nodes.null_resource.node_config[4] (remote-exec):[0m [0m(26-27/  10 MB/s |  11 MB     00:01 ETA
[0m[1mmodule.media_nodes.null_resource.node_config[4] (remote-exec):[0m [0m(26/39)  16 MB/s | 1.6 MB     00:00
[0m[1mmodule.media_nodes.null_resource.node_config[6] (remote-exec):[0m [0m(20-21/ 2.3 MB/s | 6.2 MB     00:10 ETA
[0m[1mmodule.media_nodes.null_resource.node_config[6] (remote-exec):[0m [0m(20/39)  10 MB/s |  98 kB     00:00
[0m[1mmodule.media_nodes.null_resource.node_config[1] (remote-exec):[0m [0m(11-12/ 989 kB/s | 4.1 MB     00:25 ETA
[0m[1mmodule.media_nodes.null_resource.node_config[1] (remote-exec):[0m [0m(11/39) 305 kB/s |  18 kB     00:00
[0m[1mmodule.media_nodes.null_resource.node_config[1] (remote-exec):[0m [0m(12-13/ 999 kB/s | 4.1 MB     00:25 ETA
[0m[1mmodule.media_nodes.null_resource.node_config[1] (remote-exec):[0m [0m(12/39) 955 kB/s |  56 kB     00:00
[0m[1mmodule.media_nodes.null_resource.node_config[6] (remote-exec):[0m [0m(21-22/ 2.5 MB/s | 7.5 MB     00:08 ETA
[0m[1mmodule.media_nodes.null_resource.node_config[6] (remote-exec):[0m [0m(21/39)  12 MB/s | 194 kB     00:00
[0m[1mmodule.media_nodes.null_resource.node_config[6] (remote-exec):[0m [0m(22-23/ 2.8 MB/s | 8.7 MB     00:07 ETA
[0m[1mmodule.media_nodes.null_resource.node_config[6] (remote-exec):[0m [0m(22/39) 3.4 MB/s |  43 kB     00:00
[0m[1mmodule.media_nodes.null_resource.node_config[4] (remote-exec):[0m [0m(27-28/  11 MB/s |  15 MB     00:01 ETA
[0m[1mmodule.media_nodes.null_resource.node_config[4] (remote-exec):[0m [0m(27/39)  12 MB/s | 1.1 MB     00:00
[0m[1mmodule.media_nodes.null_resource.node_config[4] (remote-exec):[0m [0m(28-29/  11 MB/s |  16 MB     00:01 ETA
[0m[1mmodule.media_nodes.null_resource.node_config[4] (remote-exec):[0m [0m(28/39)  11 MB/s | 201 kB     00:00
[0m[1mmodule.media_nodes.null_resource.node_config[4] (remote-exec):[0m [0m(29-30/  11 MB/s |  16 MB     00:01 ETA
[0m[1mmodule.media_nodes.null_resource.node_config[4] (remote-exec):[0m [0m(29/39)  20 MB/s | 319 kB     00:00
[0m[1mmodule.media_nodes.null_resource.node_config[4] (remote-exec):[0m [0m(30-31/  11 MB/s |  17 MB     00:01 ETA
[0m[1mmodule.media_nodes.null_resource.node_config[4] (remote-exec):[0m [0m(30/39)  11 MB/s | 163 kB     00:00
[0m[1mmodule.media_nodes.null_resource.node_config[1] (remote-exec):[0m [0m(13-14/ 1.0 MB/s | 4.1 MB     00:25 ETA
[0m[1mmodule.media_nodes.null_resource.node_config[1] (remote-exec):[0m [0m(13/39)  13 MB/s | 516 kB     00:00
[0m[1mmodule.media_nodes.null_resource.node_config[1] (remote-exec):[0m [0m(14-15/ 1.1 MB/s | 4.6 MB     00:22 ETA
[0m[1mmodule.media_nodes.null_resource.node_config[1] (remote-exec):[0m [0m(14/39) 541 kB/s |  19 kB     00:00
[0m[1mmodule.media_nodes.null_resource.node_config[2] (remote-exec):[0m [0mTransaction test succeeded.
[0m[1mmodule.media_nodes.null_resource.node_config[2] (remote-exec):[0m [0mRunning transaction
[0m[1mmodule.media_nodes.null_resource.node_config[4] (remote-exec):[0m [0m(31-32/  11 MB/s |  17 MB     00:01 ETA
[0m[1mmodule.media_nodes.null_resource.node_config[4] (remote-exec):[0m [0m(31/39)  18 MB/s | 376 kB     00:00
[0m[1mmodule.media_nodes.null_resource.node_config[0] (remote-exec):[0m [0mTransaction check succeeded.
[0m[1mmodule.media_nodes.null_resource.node_config[4] (remote-exec):[0m [0m(32-33/  12 MB/s |  19 MB     00:00 ETA
[0m[1mmodule.media_nodes.null_resource.node_config[4] (remote-exec):[0m [0m(32/39) 4.0 MB/s |  97 kB     00:00
[0m[1mmodule.media_nodes.null_resource.node_config[0] (remote-exec):[0m [0mRunning transaction test
[0m[1mmodule.media_nodes.null_resource.node_config[3] (remote-exec):[0m [0mDependencies resolved.
[0m[1mmodule.media_nodes.null_resource.node_config[1] (remote-exec):[0m [0m(15-16/ 1.1 MB/s | 4.7 MB     00:22 ETA
[0m[1mmodule.media_nodes.null_resource.node_config[1] (remote-exec):[0m [0m(15/39) 5.1 MB/s | 410 kB     00:00
[0m[1mmodule.media_nodes.null_resource.node_config[1] (remote-exec):[0m [0m(16-17/ 1.1 MB/s | 5.1 MB     00:20 ETA
[0m[1mmodule.media_nodes.null_resource.node_config[1] (remote-exec):[0m [0m(16/39) 730 kB/s |  33 kB     00:00
[0m[1mmodule.media_nodes.null_resource.node_config[1] (remote-exec):[0m [0m(17-18/ 1.2 MB/s | 5.1 MB     00:20 ETA
[0m[1mmodule.media_nodes.null_resource.node_config[1] (remote-exec):[0m [0m(17/39) 2.2 MB/s | 101 kB     00:00
[0m[1mmodule.media_nodes.null_resource.node_config[6] (remote-exec):[0m [0m(23-24/ 2.9 MB/s | 9.4 MB     00:06 ETA
[0m[1mmodule.media_nodes.null_resource.node_config[6] (remote-exec):[0m [0m(23/39) 2.7 MB/s | 270 kB     00:00
[0m[1mmodule.media_nodes.null_resource.node_config[1] (remote-exec):[0m [0m(18-19/ 1.2 MB/s | 5.2 MB     00:20 ETA
[0m[1mmodule.media_nodes.null_resource.node_config[1] (remote-exec):[0m [0m(18/39) 5.4 MB/s | 249 kB     00:00
[0m[1mmodule.media_nodes.null_resource.node_config[5] (remote-exec):[0m [0mRHUI Cl ---  B/s |   0  B     --:-- ETA
[0m[1mmodule.media_nodes.null_resource.node_config[1] (remote-exec):[0m [0m(19-20/ 1.3 MB/s | 5.7 MB     00:18 ETA
[0m[1mmodule.media_nodes.null_resource.node_config[1] (remote-exec):[0m [0m(19/39) 1.2 MB/s |  58 kB     00:00
[0m[1mmodule.media_nodes.null_resource.node_config[3] (remote-exec):[0m [0m========================================
[0m[1mmodule.media_nodes.null_resource.node_config[3] (remote-exec):[0m [0m Package
[0m[1mmodule.media_nodes.null_resource.node_config[1] (remote-exec):[0m [0m(20-21/ 1.3 MB/s | 5.9 MB     00:18 ETA
[0m[1mmodule.media_nodes.null_resource.node_config[1] (remote-exec):[0m [0m(20/39)  12 MB/s |  98 kB     00:00
[0m[1mmodule.media_nodes.null_resource.node_config[3] (remote-exec):[0m [0m      Arch    Version           Repo
[0m[1mmodule.media_nodes.null_resource.node_config[3] (remote-exec):[0m [0m                                   Size
[0m[1mmodule.media_nodes.null_resource.node_config[3] (remote-exec):[0m [0m========================================
[0m[1mmodule.media_nodes.null_resource.node_config[3] (remote-exec):[0m [0mInstalling:
[0m[1mmodule.media_nodes.null_resource.node_config[3] (remote-exec):[0m [0m [1m[32mvlzconnector(B[m
[0m[1mmodule.media_nodes.null_resource.node_config[3] (remote-exec):[0m [0m      aarch64 1.27.0-release    volumez
[0m[1mmodule.media_nodes.null_resource.node_config[3] (remote-exec):[0m [0m                                  8.0 M
[0m[1mmodule.media_nodes.null_resource.node_config[3] (remote-exec):[0m [0mInstalling dependencies:
[0m[1mmodule.media_nodes.null_resource.node_config[3] (remote-exec):[0m [0m [1m[32mboost-atomic(B[m
[0m[1mmodule.media_nodes.null_resource.node_config[3] (remote-exec):[0m [0m      aarch64 1.66.0-13.el8     rhel-8-appstream-rhui-rpms
[0m[1mmodule.media_nodes.null_resource.node_config[3] (remote-exec):[0m [0m                                   14 k
[0m[1mmodule.media_nodes.null_resource.node_config[3] (remote-exec):[0m [0m [1m[32mboost-chrono(B[m
[0m[1mmodule.media_nodes.null_resource.node_config[3] (remote-exec):[0m [0m      aarch64 1.66.0-13.el8     rhel-8-appstream-rhui-rpms
[0m[1mmodule.media_nodes.null_resource.node_config[3] (remote-exec):[0m [0m                                   23 k
[0m[1mmodule.media_nodes.null_resource.node_config[3] (remote-exec):[0m [0m [1m[32mboost-date-time(B[m
[0m[1mmodule.media_nodes.null_resource.node_config[3] (remote-exec):[0m [0m      aarch64 1.66.0-13.el8     rhel-8-appstream-rhui-rpms
[0m[1mmodule.media_nodes.null_resource.node_config[3] (remote-exec):[0m [0m                                   29 k
[0m[1mmodule.media_nodes.null_resource.node_config[3] (remote-exec):[0m [0m [1m[32mboost-iostreams(B[m
[0m[1mmodule.media_nodes.null_resource.node_config[3] (remote-exec):[0m [0m      aarch64 1.66.0-13.el8     rhel-8-appstream-rhui-rpms
[0m[1mmodule.media_nodes.null_resource.node_config[3] (remote-exec):[0m [0m                                   40 k
[0m[1mmodule.media_nodes.null_resource.node_config[3] (remote-exec):[0m [0m [1m[32mboost-program-options(B[m
[0m[1mmodule.media_nodes.null_resource.node_config[3] (remote-exec):[0m [0m      aarch64 1.66.0-13.el8     rhel-8-appstream-rhui-rpms
[0m[1mmodule.media_nodes.null_resource.node_config[3] (remote-exec):[0m [0m                                  131 k
[0m[1mmodule.media_nodes.null_resource.node_config[3] (remote-exec):[0m [0m [1m[32mboost-random(B[m
[0m[1mmodule.media_nodes.null_resource.node_config[3] (remote-exec):[0m [0m      aarch64 1.66.0-13.el8     rhel-8-appstream-rhui-rpms
[0m[1mmodule.media_nodes.null_resource.node_config[3] (remote-exec):[0m [0m                                   22 k
[0m[1mmodule.media_nodes.null_resource.node_config[3] (remote-exec):[0m [0m [1m[32mboost-regex(B[m
[0m[1mmodule.media_nodes.null_resource.node_config[3] (remote-exec):[0m [0m      aarch64 1.66.0-13.el8     rhel-8-appstream-rhui-rpms
[0m[1mmodule.media_nodes.null_resource.node_config[3] (remote-exec):[0m [0m                                  254 k
[0m[1mmodule.media_nodes.null_resource.node_config[3] (remote-exec):[0m [0m [1m[32mboost-system(B[m
[0m[1mmodule.media_nodes.null_resource.node_config[1] (remote-exec):[0m [0m(21-22/ 1.4 MB/s | 6.6 MB     00:15 ETA
[0m[1mmodule.media_nodes.null_resource.node_config[1] (remote-exec):[0m [0m(21/39)  17 MB/s | 194 kB     00:00
[0m[1mmodule.media_nodes.null_resource.node_config[3] (remote-exec):[0m [0m      aarch64 1.66.0-13.el8     rhel-8-appstream-rhui-rpms
[0m[1mmodule.media_nodes.null_resource.node_config[3] (remote-exec):[0m [0m                                   18 k
[0m[1mmodule.media_nodes.null_resource.node_config[3] (remote-exec):[0m [0m [1m[32mboost-thread(B[m
[0m[1mmodule.media_nodes.null_resource.node_config[3] (remote-exec):[0m [0m      aarch64 1.66.0-13.el8     rhel-8-appstream-rhui-rpms
[0m[1mmodule.media_nodes.null_resource.node_config[3] (remote-exec):[0m [0m                                   56 k
[0m[1mmodule.media_nodes.null_resource.node_config[3] (remote-exec):[0m [0m [1m[32mcryptsetup(B[m
[0m[1mmodule.media_nodes.null_resource.node_config[3] (remote-exec):[0m [0m      aarch64 2.3.7-2.el8       rhel-8-baseos-rhui-rpms
[0m[1mmodule.media_nodes.null_resource.node_config[3] (remote-exec):[0m [0m                                  194 k
[0m[1mmodule.media_nodes.null_resource.node_config[3] (remote-exec):[0m [0m [1m[32mdevice-mapper-event(B[m
[0m[1mmodule.media_nodes.null_resource.node_config[3] (remote-exec):[0m [0m      aarch64 8:1.02.181-6.el8  rhel-8-baseos-rhui-rpms
[0m[1mmodule.media_nodes.null_resource.node_config[3] (remote-exec):[0m [0m                                  270 k
[0m[1mmodule.media_nodes.null_resource.node_config[3] (remote-exec):[0m [0m [1m[32mdevice-mapper-event-libs(B[m
[0m[1mmodule.media_nodes.null_resource.node_config[3] (remote-exec):[0m [0m      aarch64 8:1.02.181-6.el8  rhel-8-baseos-rhui-rpms
[0m[1mmodule.media_nodes.null_resource.node_config[3] (remote-exec):[0m [0m                                  270 k
[0m[1mmodule.media_nodes.null_resource.node_config[3] (remote-exec):[0m [0m [1m[32mdevice-mapper-multipath(B[m
[0m[1mmodule.media_nodes.null_resource.node_config[3] (remote-exec):[0m [0m      aarch64 0.8.4-28.el8_7.1  rhel-8-baseos-rhui-rpms
[0m[1mmodule.media_nodes.null_resource.node_config[3] (remote-exec):[0m [0m                                  201 k
[0m[1mmodule.media_nodes.null_resource.node_config[3] (remote-exec):[0m [0m [1m[32mdevice-mapper-multipath-libs(B[m
[0m[1mmodule.media_nodes.null_resource.node_config[3] (remote-exec):[0m [0m      aarch64 0.8.4-28.el8_7.1  rhel-8-baseos-rhui-rpms
[0m[1mmodule.media_nodes.null_resource.node_config[3] (remote-exec):[0m [0m                                  319 k
[0m[1mmodule.media_nodes.null_resource.node_config[3] (remote-exec):[0m [0m [1m[32mdevice-mapper-persistent-data(B[m
[0m[1mmodule.media_nodes.null_resource.node_config[3] (remote-exec):[0m [0m      aarch64 0.9.0-7.el8       rhel-8-baseos-rhui-rpms
[0m[1mmodule.media_nodes.null_resource.node_config[3] (remote-exec):[0m [0m                                  808 k
[0m[1mmodule.media_nodes.null_resource.node_config[3] (remote-exec):[0m [0m [1m[32mfio (B[m aarch64 3.19-4.el8        rhel-8-appstream-rhui-rpms
[0m[1mmodule.media_nodes.null_resource.node_config[3] (remote-exec):[0m [0m                                  516 k
[0m[1mmodule.media_nodes.null_resource.node_config[3] (remote-exec):[0m [0m [1m[32mintegritysetup(B[m
[0m[1mmodule.media_nodes.null_resource.node_config[3] (remote-exec):[0m [0m      aarch64 2.3.7-2.el8       rhel-8-baseos-rhui-rpms
[0m[1mmodule.media_nodes.null_resource.node_config[1] (remote-exec):[0m [0m(22-23/ 1.6 MB/s | 7.3 MB     00:13 ETA
[0m[1mmodule.media_nodes.null_resource.node_config[1] (remote-exec):[0m [0m(22/39) 5.0 MB/s |  43 kB     00:00
[0m[1mmodule.media_nodes.null_resource.node_config[4] (remote-exec):[0m [0m(33-34/  12 MB/s |  19 MB     00:00 ETA
[0m[1mmodule.media_nodes.null_resource.node_config[4] (remote-exec):[0m [0m(33/39)  26 MB/s | 8.7 MB     00:00
[0m[1mmodule.media_nodes.null_resource.node_config[5] (remote-exec):[0m [0mRHUI Cl  15 kB/s | 2.3 kB     00:00
[0m[1mmodule.media_nodes.null_resource.node_config[4] (remote-exec):[0m [0m(34-35/  11 MB/s |  20 MB     00:00 ETA
[0m[1mmodule.media_nodes.null_resource.node_config[4] (remote-exec):[0m [0m(34/39) 2.7 MB/s | 375 kB     00:00
[0m[1mmodule.media_nodes.null_resource.node_config[6] (remote-exec):[0m [0m(24-25/ 3.4 MB/s |  12 MB     00:05 ETA
[0m[1mmodule.media_nodes.null_resource.node_config[6] (remote-exec):[0m [0m(24/39) 1.5 MB/s | 270 kB     00:00
[0m[1mmodule.media_nodes.null_resource.node_config[1] (remote-exec):[0m [0m(23-24/ 1.6 MB/s | 7.5 MB     00:13 ETA
[0m[1mmodule.media_nodes.null_resource.node_config[1] (remote-exec):[0m [0m(23/39) 6.2 MB/s | 270 kB     00:00
[0m[1mmodule.media_nodes.null_resource.node_config[4] (remote-exec):[0m [0m(35-36/  11 MB/s |  20 MB     00:00 ETA
[0m[1mmodule.media_nodes.null_resource.node_config[4] (remote-exec):[0m [0m(35/39) 5.4 MB/s |  62 kB     00:00
[0m[1mmodule.media_nodes.null_resource.node_config[4] (remote-exec):[0m [0m(36-37/  11 MB/s |  20 MB     00:00 ETA
[0m[1mmodule.media_nodes.null_resource.node_config[4] (remote-exec):[0m [0m(36/39) 3.5 MB/s | 503 kB     00:00
[0m[1mmodule.media_nodes.null_resource.node_config[4] (remote-exec):[0m [0m(37-38/  11 MB/s |  21 MB     00:00 ETA
[0m[1mmodule.media_nodes.null_resource.node_config[4] (remote-exec):[0m [0m(37/39) 4.1 MB/s |  76 kB     00:00
[0m[1mmodule.media_nodes.null_resource.node_config[3] (remote-exec):[0m [0m                                   43 k
[0m[1mmodule.media_nodes.null_resource.node_config[4] (remote-exec):[0m [0m(38-39/  11 MB/s |  21 MB     00:00 ETA
[0m[1mmodule.media_nodes.null_resource.node_config[4] (remote-exec):[0m [0m(38/39)  16 MB/s | 524 kB     00:00
[0m[1mmodule.media_nodes.null_resource.node_config[3] (remote-exec):[0m [0m [1m[32miscsi-initiator-utils(B[m
[0m[1mmodule.media_nodes.null_resource.node_config[3] (remote-exec):[0m [0m      aarch64 6.2.1.4-8.git095f59c.el8_8
[0m[1mmodule.media_nodes.null_resource.node_config[3] (remote-exec):[0m [0m                                rhel-8-baseos-rhui-rpms
[0m[1mmodule.media_nodes.null_resource.node_config[3] (remote-exec):[0m [0m                                  376 k
[0m[1mmodule.media_nodes.null_resource.node_config[3] (remote-exec):[0m [0m [1m[32miscsi-initiator-utils-iscsiuio(B[m
[0m[1mmodule.media_nodes.null_resource.node_config[3] (remote-exec):[0m [0m      aarch64 6.2.1.4-8.git095f59c.el8_8
[0m[1mmodule.media_nodes.null_resource.node_config[3] (remote-exec):[0m [0m                                rhel-8-baseos-rhui-rpms
[0m[1mmodule.media_nodes.null_resource.node_config[3] (remote-exec):[0m [0m                                   97 k
[0m[1mmodule.media_nodes.null_resource.node_config[3] (remote-exec):[0m [0m [1m[32misns-utils-libs(B[m
[0m[1mmodule.media_nodes.null_resource.node_config[3] (remote-exec):[0m [0m      aarch64 0.99-1.el8        rhel-8-baseos-rhui-rpms
[0m[1mmodule.media_nodes.null_resource.node_config[3] (remote-exec):[0m [0m                                  101 k
[0m[1mmodule.media_nodes.null_resource.node_config[3] (remote-exec):[0m [0m [1m[32mlibaio(B[m
[0m[1mmodule.media_nodes.null_resource.node_config[3] (remote-exec):[0m [0m      aarch64 0.3.112-1.el8     rhel-8-baseos-rhui-rpms
[0m[1mmodule.media_nodes.null_resource.node_config[3] (remote-exec):[0m [0m                                   33 k
[0m[1mmodule.media_nodes.null_resource.node_config[3] (remote-exec):[0m [0m [1m[32mlibibverbs(B[m
[0m[1mmodule.media_nodes.null_resource.node_config[3] (remote-exec):[0m [0m      aarch64 46.0-1.el8.1      rhel-8-baseos-rhui-rpms
[0m[1mmodule.media_nodes.null_resource.node_config[3] (remote-exec):[0m [0m                                  375 k
[0m[1mmodule.media_nodes.null_resource.node_config[3] (remote-exec):[0m [0m [1m[32mlibicu(B[m
[0m[1mmodule.media_nodes.null_resource.node_config[3] (remote-exec):[0m [0m      aarch64 60.3-2.el8_1      rhel-8-baseos-rhui-rpms
[0m[1mmodule.media_nodes.null_resource.node_config[3] (remote-exec):[0m [0m                                  8.7 M
[0m[1mmodule.media_nodes.null_resource.node_config[3] (remote-exec):[0m [0m [1m[32mlibrados2(B[m
[0m[1mmodule.media_nodes.null_resource.node_config[3] (remote-exec):[0m [0m      aarch64 1:12.2.7-9.el8    rhel-8-appstream-rhui-rpms
[0m[1mmodule.media_nodes.null_resource.node_config[3] (remote-exec):[0m [0m                                  2.6 M
[0m[1mmodule.media_nodes.null_resource.node_config[3] (remote-exec):[0m [0m [1m[32mlibrbd1(B[m
[0m[1mmodule.media_nodes.null_resource.node_config[3] (remote-exec):[0m [0m      aarch64 1:12.2.7-9.el8    rhel-8-appstream-rhui-rpms
[0m[1mmodule.media_nodes.null_resource.node_config[3] (remote-exec):[0m [0m                                  989 k
[0m[1mmodule.media_nodes.null_resource.node_config[3] (remote-exec):[0m [0m [1m[32mlibrdmacm(B[m
[0m[1mmodule.media_nodes.null_resource.node_config[3] (remote-exec):[0m [0m      aarch64 46.0-1.el8.1      rhel-8-baseos-rhui-rpms
[0m[1mmodule.media_nodes.null_resource.node_config[3] (remote-exec):[0m [0m                                   76 k
[0m[1mmodule.media_nodes.null_resource.node_config[3] (remote-exec):[0m [0m [1m[32mlm_sensors-libs(B[m
[0m[1mmodule.media_nodes.null_resource.node_config[3] (remote-exec):[0m [0m      aarch64 3.4.0-23.20180522git70f7e08.el8
[0m[1mmodule.media_nodes.null_resource.node_config[3] (remote-exec):[0m [0m                                rhel-8-baseos-rhui-rpms
[0m[1mmodule.media_nodes.null_resource.node_config[3] (remote-exec):[0m [0m                                   58 k
[0m[1mmodule.media_nodes.null_resource.node_config[3] (remote-exec):[0m [0m [1m[32mlsof(B[m aarch64 4.93.2-1.el8      rhel-8-baseos-rhui-rpms
[0m[1mmodule.media_nodes.null_resource.node_config[3] (remote-exec):[0m [0m                                  249 k
[0m[1mmodule.media_nodes.null_resource.node_config[3] (remote-exec):[0m [0m [1m[32mlvm2(B[m aarch64 8:2.03.14-6.el8   rhel-8-baseos-rhui-rpms
[0m[1mmodule.media_nodes.null_resource.node_config[3] (remote-exec):[0m [0m                                  1.6 M
[0m[1mmodule.media_nodes.null_resource.node_config[3] (remote-exec):[0m [0m [1m[32mlvm2-libs(B[m
[0m[1mmodule.media_nodes.null_resource.node_config[3] (remote-exec):[0m [0m      aarch64 8:2.03.14-6.el8   rhel-8-baseos-rhui-rpms
[0m[1mmodule.media_nodes.null_resource.node_config[3] (remote-exec):[0m [0m                                  1.1 M
[0m[1mmodule.media_nodes.null_resource.node_config[3] (remote-exec):[0m [0m [1m[32mnvme-cli(B[m
[0m[1mmodule.media_nodes.null_resource.node_config[3] (remote-exec):[0m [0m      aarch64 1.16-9.el8        rhel-8-baseos-rhui-rpms
[0m[1mmodule.media_nodes.null_resource.node_config[3] (remote-exec):[0m [0m                                  503 k
[0m[1mmodule.media_nodes.null_resource.node_config[3] (remote-exec):[0m [0m [1m[32mpython3-pip(B[m
[0m[1mmodule.media_nodes.null_resource.node_config[3] (remote-exec):[0m [0m      noarch  9.0.3-22.el8      rhel-8-appstream-rhui-rpms
[0m[1mmodule.media_nodes.null_resource.node_config[3] (remote-exec):[0m [0m                                   20 k
[0m[1mmodule.media_nodes.null_resource.node_config[3] (remote-exec):[0m [0m [1m[32mpython3-setuptools(B[m
[0m[1mmodule.media_nodes.null_resource.node_config[3] (remote-exec):[0m [0m      noarch  39.2.0-6.el8_7.1  rhel-8-baseos-rhui-rpms
[0m[1mmodule.media_nodes.null_resource.node_config[3] (remote-exec):[0m [0m                                  163 k
[0m[1mmodule.media_nodes.null_resource.node_config[3] (remote-exec):[0m [0m [1m[32mpython36(B[m
[0m[1mmodule.media_nodes.null_resource.node_config[3] (remote-exec):[0m [0m      aarch64 3.6.8-38.module+el8.9.0+20976+d3c38525
[0m[1mmodule.media_nodes.null_resource.node_config[3] (remote-exec):[0m [0m                                rhel-8-appstream-rhui-rpms
[0m[1mmodule.media_nodes.null_resource.node_config[1] (remote-exec):[0m [0m(24-25/ 1.9 MB/s | 8.9 MB     00:10 ETA
[0m[1mmodule.media_nodes.null_resource.node_config[1] (remote-exec):[0m [0m(24/39) 2.5 MB/s | 270 kB     00:00
[0m[1mmodule.media_nodes.null_resource.node_config[6] (remote-exec):[0m [0m(25-26/ 3.4 MB/s |  13 MB     00:04 ETA
[0m[1mmodule.media_nodes.null_resource.node_config[6] (remote-exec):[0m [0m(25/39) 5.1 MB/s | 808 kB     00:00
[0m[1mmodule.media_nodes.null_resource.node_config[3] (remote-exec):[0m [0m                                   19 k
[0m[1mmodule.media_nodes.null_resource.node_config[3] (remote-exec):[0m [0m [1m[32mrdma-core(B[m
[0m[1mmodule.media_nodes.null_resource.node_config[3] (remote-exec):[0m [0m      aarch64 46.0-1.el8.1      rhel-8-baseos-rhui-rpms
[0m[1mmodule.media_nodes.null_resource.node_config[3] (remote-exec):[0m [0m                                   62 k
[0m[1mmodule.media_nodes.null_resource.node_config[3] (remote-exec):[0m [0m [1m[32msmartmontools(B[m
[0m[1mmodule.media_nodes.null_resource.node_config[3] (remote-exec):[0m [0m      aarch64 1:7.1-2.el8       rhel-8-baseos-rhui-rpms
[0m[1mmodule.media_nodes.null_resource.node_config[3] (remote-exec):[0m [0m                                  524 k
[0m[1mmodule.media_nodes.null_resource.node_config[3] (remote-exec):[0m [0m [1m[32msysstat(B[m
[0m[1mmodule.media_nodes.null_resource.node_config[3] (remote-exec):[0m [0m      aarch64 11.7.3-11.el8     rhel-8-appstream-rhui-rpms
[0m[1mmodule.media_nodes.null_resource.node_config[3] (remote-exec):[0m [0m                                  410 k
[0m[1mmodule.media_nodes.null_resource.node_config[3] (remote-exec):[0m [0m [1m[32muserspace-rcu(B[m
[0m[1mmodule.media_nodes.null_resource.node_config[3] (remote-exec):[0m [0m      aarch64 0.10.1-4.el8      rhel-8-baseos-rhui-rpms
[0m[1mmodule.media_nodes.null_resource.node_config[3] (remote-exec):[0m [0m                                   98 k
[0m[1mmodule.media_nodes.null_resource.node_config[3] (remote-exec):[0m [0mEnabling module streams:
[0m[1mmodule.media_nodes.null_resource.node_config[3] (remote-exec):[0m [0m python36
[0m[1mmodule.media_nodes.null_resource.node_config[3] (remote-exec):[0m [0m              3.6

[0m[1mmodule.media_nodes.null_resource.node_config[3] (remote-exec):[0m [0mTransaction Summary
[0m[1mmodule.media_nodes.null_resource.node_config[3] (remote-exec):[0m [0m========================================
[0m[1mmodule.media_nodes.null_resource.node_config[3] (remote-exec):[0m [0mInstall  39 Packages

[0m[1mmodule.media_nodes.null_resource.node_config[3] (remote-exec):[0m [0mTotal download size: 29 M
[0m[1mmodule.media_nodes.null_resource.node_config[3] (remote-exec):[0m [0mInstalled size: 105 M
[0m[1mmodule.media_nodes.null_resource.node_config[3] (remote-exec):[0m [0mDownloading Packages:
[0m[1mmodule.media_nodes.null_resource.node_config[1] (remote-exec):[0m [0m(25-26/ 2.0 MB/s | 9.3 MB     00:10 ETA
[0m[1mmodule.media_nodes.null_resource.node_config[1] (remote-exec):[0m [0m(25/39) 6.3 MB/s | 808 kB     00:00
[0m[1mmodule.media_nodes.null_resource.node_config[4] (remote-exec):[0m [0m(39/39)  12 MB/s |  21 MB     00:00 ETA
[0m[1mmodule.media_nodes.null_resource.node_config[3] (remote-exec):[0m [0mRed Hat ---  B/s |   0  B     --:-- ETA
[0m[1mmodule.media_nodes.null_resource.node_config[3] (remote-exec):[0m [0m(1/39): ---  B/s |   0  B     --:-- ETA
[0m[1mmodule.media_nodes.null_resource.node_config[3] (remote-exec):[0m [0m(1/39): 192 kB/s |  20 kB     00:00
[0m[1mmodule.media_nodes.null_resource.node_config[3] (remote-exec):[0m [0m(2-3/39 2.1 MB/s | 228 kB     00:13 ETA
[0m[1mmodule.media_nodes.null_resource.node_config[3] (remote-exec):[0m [0m(2/39): 1.4 MB/s |  14 kB     00:00
[0m[1mmodule.media_nodes.null_resource.node_config[6] (remote-exec):[0m [0m(26-27/ 3.7 MB/s |  14 MB     00:04 ETA
[0m[1mmodule.media_nodes.null_resource.node_config[3] (remote-exec):[0m [0m(3-4/39 2.5 MB/s | 2.0 MB     00:11 ETA
[0m[1mmodule.media_nodes.null_resource.node_config[3] (remote-exec):[0m [0m(3/39): 6.7 MB/s | 989 kB     00:00
[0m[1mmodule.media_nodes.null_resource.node_config[3] (remote-exec):[0m [0m(4-5/39 2.7 MB/s | 3.0 MB     00:09 ETA
[0m[1mmodule.media_nodes.null_resource.node_config[3] (remote-exec):[0m [0m(4/39): 623 kB/s |  23 kB     00:00
[0m[1mmodule.media_nodes.null_resource.node_config[3] (remote-exec):[0m [0m(5-6/39 2.7 MB/s | 3.1 MB     00:09 ETA
[0m[1mmodule.media_nodes.null_resource.node_config[3] (remote-exec):[0m [0m(5/39): 2.6 MB/s |  29 kB     00:00
[0m[1mmodule.media_nodes.null_resource.node_config[1] (remote-exec):[0m [0m(26-27/ 2.2 MB/s |  11 MB     00:08 ETA
[0m[1mmodule.media_nodes.null_resource.node_config[0] (remote-exec):[0m [0mTransaction test succeeded.
[0m[1mmodule.media_nodes.null_resource.node_config[0] (remote-exec):[0m [0mRunning transaction
[0m[1mmodule.media_nodes.null_resource.node_config[2] (remote-exec):[0m [0m  Preparing        :  [           ] 1/1
[0m[1mmodule.media_nodes.null_resource.node_config[2] (remote-exec):[0m [0m  Preparing        :  [=          ] 1/1
[0m[1mmodule.media_nodes.null_resource.node_config[2] (remote-exec):[0m [0m  Preparing        :  [==         ] 1/1
[0m[1mmodule.media_nodes.null_resource.node_config[2] (remote-exec):[0m [0m  Preparing        :  [===        ] 1/1
[0m[1mmodule.media_nodes.null_resource.node_config[2] (remote-exec):[0m [0m  Preparing        :  [====       ] 1/1
[0m[1mmodule.media_nodes.null_resource.node_config[2] (remote-exec):[0m [0m  Preparing        :  [=====      ] 1/1
[0m[1mmodule.media_nodes.null_resource.node_config[2] (remote-exec):[0m [0m  Preparing        :  [======     ] 1/1
[0m[1mmodule.media_nodes.null_resource.node_config[2] (remote-exec):[0m [0m  Preparing        :  [=======    ] 1/1
[0m[1mmodule.media_nodes.null_resource.node_config[2] (remote-exec):[0m [0m  Preparing        :  [========   ] 1/1
[0m[1mmodule.media_nodes.null_resource.node_config[2] (remote-exec):[0m [0m  Preparing        :  [=========  ] 1/1
[0m[1mmodule.media_nodes.null_resource.node_config[2] (remote-exec):[0m [0m  Preparing        :  [========== ] 1/1
[0m[1mmodule.media_nodes.null_resource.node_config[2] (remote-exec):[0m [0m  Preparing        :                1/1
[0m[1mmodule.media_nodes.null_resource.node_config[6] (remote-exec):[0m [0m(26/39)  17 MB/s | 8.7 MB     00:00
[0m[1mmodule.media_nodes.null_resource.node_config[3] (remote-exec):[0m [0m(6-7/39 2.7 MB/s | 3.1 MB     00:09 ETA
[0m[1mmodule.media_nodes.null_resource.node_config[3] (remote-exec):[0m [0m(6/39):  13 MB/s | 2.6 MB     00:00
[0m[1mmodule.media_nodes.null_resource.node_config[1] (remote-exec):[0m [0m(26/39) 8.5 MB/s | 1.6 MB     00:00
[0m[1mmodule.media_nodes.null_resource.node_config[3] (remote-exec):[0m [0m(7-8/39 2.8 MB/s | 3.6 MB     00:09 ETA
[0m[1mmodule.media_nodes.null_resource.node_config[3] (remote-exec):[0m [0m(7/39): 783 kB/s |  40 kB     00:00
[0m[1mmodule.media_nodes.null_resource.node_config[3] (remote-exec):[0m [0m(8-9/39 2.8 MB/s | 3.7 MB     00:09 ETA
[0m[1mmodule.media_nodes.null_resource.node_config[3] (remote-exec):[0m [0m(8/39): 2.5 MB/s | 131 kB     00:00
[0m[1mmodule.media_nodes.null_resource.node_config[4] (remote-exec):[0m [0m(39/39)  34 MB/s | 8.0 MB     00:00
[0m[1mmodule.media_nodes.null_resource.node_config[4] (remote-exec):[0m [0m----------------------------------------
[0m[1mmodule.media_nodes.null_resource.node_config[4] (remote-exec):[0m [0mTotal    24 MB/s |  29 MB     00:01
[0m[1mmodule.media_nodes.null_resource.node_config[3] (remote-exec):[0m [0m(9-10/3 2.8 MB/s | 3.8 MB     00:09 ETA
[0m[1mmodule.media_nodes.null_resource.node_config[3] (remote-exec):[0m [0m(9/39): 1.2 MB/s |  22 kB     00:00
[0m[1mmodule.media_nodes.null_resource.node_config[6] (remote-exec):[0m [0m(27-28/ 4.3 MB/s |  18 MB     00:02 ETA
[0m[1mmodule.media_nodes.null_resource.node_config[6] (remote-exec):[0m [0m(27/39) 5.9 MB/s | 1.6 MB     00:00
[0m[1mmodule.media_nodes.null_resource.node_config[3] (remote-exec):[0m [0m(10-11/ 2.8 MB/s | 3.8 MB     00:09 ETA
[0m[1mmodule.media_nodes.null_resource.node_config[3] (remote-exec):[0m [0m(10/39) 1.4 MB/s |  18 kB     00:00
[0m[1mmodule.media_nodes.null_resource.node_config[6] (remote-exec):[0m [0m(28-29/ 4.3 MB/s |  18 MB     00:02 ETA
[0m[1mmodule.media_nodes.null_resource.node_config[6] (remote-exec):[0m [0m(28/39) 5.2 MB/s | 201 kB     00:00
[0m[1mmodule.media_nodes.null_resource.node_config[5] (remote-exec):[0m [0mVolumez ---  B/s |   0  B     --:-- ETA
[0m[1mmodule.media_nodes.null_resource.node_config[5] (remote-exec):[0m [0mVolumez 393 kB/s |  15 kB     00:00
[0m[1mmodule.media_nodes.null_resource.node_config[3] (remote-exec):[0m [0m(11-12/ 2.8 MB/s | 3.9 MB     00:09 ETA
[0m[1mmodule.media_nodes.null_resource.node_config[3] (remote-exec):[0m [0m(11/39)  10 MB/s | 254 kB     00:00
[0m[1mmodule.media_nodes.null_resource.node_config[3] (remote-exec):[0m [0m(12-13/ 2.8 MB/s | 4.1 MB     00:08 ETA
[0m[1mmodule.media_nodes.null_resource.node_config[3] (remote-exec):[0m [0m(12/39) 3.7 MB/s |  56 kB     00:00
[0m[1mmodule.media_nodes.null_resource.node_config[3] (remote-exec):[0m [0m(13-14/ 2.8 MB/s | 4.1 MB     00:08 ETA
[0m[1mmodule.media_nodes.null_resource.node_config[3] (remote-exec):[0m [0m(13/39)  19 MB/s | 516 kB     00:00
[0m[1mmodule.media_nodes.null_resource.node_config[3] (remote-exec):[0m [0m(14-15/ 2.9 MB/s | 4.6 MB     00:08 ETA
[0m[1mmodule.media_nodes.null_resource.node_config[3] (remote-exec):[0m [0m(14/39) 1.0 MB/s |  19 kB     00:00
[0m[1mmodule.media_nodes.null_resource.node_config[3] (remote-exec):[0m [0m(15-16/ 2.9 MB/s | 4.7 MB     00:08 ETA
[0m[1mmodule.media_nodes.null_resource.node_config[3] (remote-exec):[0m [0m(15/39)  11 MB/s | 410 kB     00:00
[0m[1mmodule.media_nodes.null_resource.node_config[3] (remote-exec):[0m [0m(16-17/ 3.0 MB/s | 5.1 MB     00:08 ETA
[0m[1mmodule.media_nodes.null_resource.node_config[3] (remote-exec):[0m [0m(16/39) 1.6 MB/s |  33 kB     00:00
[0m[1mmodule.media_nodes.null_resource.node_config[3] (remote-exec):[0m [0m(17-18/ 3.0 MB/s | 5.1 MB     00:07 ETA
[0m[1mmodule.media_nodes.null_resource.node_config[3] (remote-exec):[0m [0m(17/39) 4.9 MB/s | 101 kB     00:00
[0m[1mmodule.media_nodes.null_resource.node_config[3] (remote-exec):[0m [0m(18-19/ 3.0 MB/s | 5.2 MB     00:07 ETA
[0m[1mmodule.media_nodes.null_resource.node_config[3] (remote-exec):[0m [0m(18/39) 6.7 MB/s |  58 kB     00:00
[0m[1mmodule.media_nodes.null_resource.node_config[3] (remote-exec):[0m [0m(19-20/ 3.3 MB/s | 6.7 MB     00:06 ETA
[0m[1mmodule.media_nodes.null_resource.node_config[3] (remote-exec):[0m [0m(19/39)  14 MB/s | 249 kB     00:00
[0m[1mmodule.media_nodes.null_resource.node_config[3] (remote-exec):[0m [0m(20-21/ 3.3 MB/s | 6.7 MB     00:06 ETA
[0m[1mmodule.media_nodes.null_resource.node_config[3] (remote-exec):[0m [0m(20/39) 6.5 MB/s |  98 kB     00:00
[0m[1mmodule.media_nodes.null_resource.node_config[3] (remote-exec):[0m [0m(21-22/ 3.4 MB/s | 6.9 MB     00:06 ETA
[0m[1mmodule.media_nodes.null_resource.node_config[3] (remote-exec):[0m [0m(21/39)  13 MB/s | 194 kB     00:00
[0m[1mmodule.media_nodes.null_resource.node_config[1] (remote-exec):[0m [0m(27-28/ 2.8 MB/s |  14 MB     00:05 ETA
[0m[1mmodule.media_nodes.null_resource.node_config[3] (remote-exec):[0m [0m(22-23/ 3.4 MB/s | 7.3 MB     00:06 ETA
[0m[1mmodule.media_nodes.null_resource.node_config[3] (remote-exec):[0m [0m(22/39) 5.1 MB/s |  43 kB     00:00
[0m[1mmodule.media_nodes.null_resource.node_config[2] (remote-exec):[0m [0m  Installing       : liba   1/39
[0m[1mmodule.media_nodes.null_resource.node_config[2] (remote-exec):[0m [0m  Installing       : libaio-0.3    1/39
[0m[1mmodule.media_nodes.null_resource.node_config[2] (remote-exec):[0m [0m  Installing       : boos   2/39
[0m[1mmodule.media_nodes.null_resource.node_config[2] (remote-exec):[0m [0m  Installing       : boost-syst    2/39
[0m[1mmodule.media_nodes.null_resource.node_config[2] (remote-exec):[0m [0m  Running scriptlet: boost-syst    2/39
[0m[1mmodule.media_nodes.null_resource.node_config[2] (remote-exec):[0m [0m  Installing       : devi   3/39
[0m[1mmodule.media_nodes.null_resource.node_config[2] (remote-exec):[0m [0m  Installing       : device-map    3/39
[0m[1mmodule.media_nodes.null_resource.node_config[3] (remote-exec):[0m [0m(23-24/ 3.4 MB/s | 7.4 MB     00:06 ETA
[0m[1mmodule.media_nodes.null_resource.node_config[3] (remote-exec):[0m [0m(23/39)  11 MB/s | 270 kB     00:00
[0m[1mmodule.media_nodes.null_resource.node_config[6] (remote-exec):[0m [0m(29-30/ 4.4 MB/s |  18 MB     00:02 ETA
[0m[1mmodule.media_nodes.null_resource.node_config[2] (remote-exec):[0m [0m  Installing       : boos   4/39
[0m[1mmodule.media_nodes.null_resource.node_config[2] (remote-exec):[0m [0m  Installing       : boost-chro    4/39
[0m[1mmodule.media_nodes.null_resource.node_config[6] (remote-exec):[0m [0m(29/39) 3.6 MB/s | 1.1 MB     00:00
[0m[1mmodule.media_nodes.null_resource.node_config[3] (remote-exec):[0m [0m(24-25/ 3.7 MB/s | 8.6 MB     00:05 ETA
[0m[1mmodule.media_nodes.null_resource.node_config[3] (remote-exec):[0m [0m(24/39) 6.4 MB/s | 270 kB     00:00
[0m[1mmodule.media_nodes.null_resource.node_config[6] (remote-exec):[0m [0m(30-31/ 4.4 MB/s |  19 MB     00:02 ETA
[0m[1mmodule.media_nodes.null_resource.node_config[6] (remote-exec):[0m [0m(30/39) 1.3 MB/s | 163 kB     00:00
[0m[1mmodule.media_nodes.null_resource.node_config[2] (remote-exec):[0m [0m  Running scriptlet: boost-chro    4/39
[0m[1mmodule.media_nodes.null_resource.node_config[2] (remote-exec):[0m [0m  Installing       : boos   5/39
[0m[1mmodule.media_nodes.null_resource.node_config[2] (remote-exec):[0m [0m  Installing       : boost-rand    5/39
[0m[1mmodule.media_nodes.null_resource.node_config[3] (remote-exec):[0m [0m(25-26/ 3.8 MB/s | 9.2 MB     00:05 ETA
[0m[1mmodule.media_nodes.null_resource.node_config[3] (remote-exec):[0m [0m(25/39)  16 MB/s | 808 kB     00:00
[0m[1mmodule.media_nodes.null_resource.node_config[1] (remote-exec):[0m [0m(27/39) 3.7 MB/s | 1.1 MB     00:00
[0m[1mmodule.media_nodes.null_resource.node_config[2] (remote-exec):[0m [0m  Running scriptlet: boost-rand    5/39
[0m[1mmodule.media_nodes.null_resource.node_config[1] (remote-exec):[0m [0m(28-29/ 3.2 MB/s |  16 MB     00:03 ETA
[0m[1mmodule.media_nodes.null_resource.node_config[1] (remote-exec):[0m [0m(28/39) 1.1 MB/s | 201 kB     00:00
[0m[1mmodule.media_nodes.null_resource.node_config[2] (remote-exec):[0m [0m  Installing       : boos   6/39
[0m[1mmodule.media_nodes.null_resource.node_config[2] (remote-exec):[0m [0m  Installing       : boost-thre    6/39
[0m[1mmodule.media_nodes.null_resource.node_config[1] (remote-exec):[0m [0m(29-30/ 3.2 MB/s |  17 MB     00:03 ETA
[0m[1mmodule.media_nodes.null_resource.node_config[1] (remote-exec):[0m [0m(29/39)  16 MB/s | 319 kB     00:00
[0m[1mmodule.media_nodes.null_resource.node_config[1] (remote-exec):[0m [0m(30-31/ 3.5 MB/s |  18 MB     00:03 ETA
[0m[1mmodule.media_nodes.null_resource.node_config[1] (remote-exec):[0m [0m(30/39) 7.7 MB/s | 163 kB     00:00
[0m[1mmodule.media_nodes.null_resource.node_config[1] (remote-exec):[0m [0m(31-32/ 3.5 MB/s |  18 MB     00:03 ETA
[0m[1mmodule.media_nodes.null_resource.node_config[1] (remote-exec):[0m [0m(31/39)  21 MB/s | 376 kB     00:00
[0m[1mmodule.media_nodes.null_resource.node_config[2] (remote-exec):[0m [0m  Running scriptlet: boost-thre    6/39
[0m[1mmodule.media_nodes.null_resource.node_config[6] (remote-exec):[0m [0m(31-32/ 4.4 MB/s |  19 MB     00:02 ETA
[0m[1mmodule.media_nodes.null_resource.node_config[6] (remote-exec):[0m [0m(31/39) 1.6 MB/s | 319 kB     00:00
[0m[1mmodule.media_nodes.null_resource.node_config[6] (remote-exec):[0m [0m(32-33/ 4.4 MB/s |  19 MB     00:02 ETA
[0m[1mmodule.media_nodes.null_resource.node_config[6] (remote-exec):[0m [0m(32/39) 1.3 MB/s |  97 kB     00:00
[0m[1mmodule.media_nodes.null_resource.node_config[6] (remote-exec):[0m [0m(33-34/ 4.4 MB/s |  19 MB     00:02 ETA
[0m[1mmodule.media_nodes.null_resource.node_config[6] (remote-exec):[0m [0m(33/39) 4.4 MB/s | 376 kB     00:00
[0m[1mmodule.media_nodes.null_resource.node_config[3] (remote-exec):[0m [0m(26-27/ 4.1 MB/s |  11 MB     00:04 ETA
[0m[1mmodule.media_nodes.null_resource.node_config[3] (remote-exec):[0m [0m(26/39)  16 MB/s | 1.6 MB     00:00
[0m[1mmodule.media_nodes.null_resource.node_config[3] (remote-exec):[0m [0m(27-28/ 4.8 MB/s |  15 MB     00:03 ETA
[0m[1mmodule.media_nodes.null_resource.node_config[3] (remote-exec):[0m [0m(27/39) 9.9 MB/s | 1.1 MB     00:00
[0m[1mmodule.media_nodes.null_resource.node_config[6] (remote-exec):[0m [0m(34-35/ 4.5 MB/s |  20 MB     00:02 ETA
[0m[1mmodule.media_nodes.null_resource.node_config[6] (remote-exec):[0m [0m(34/39) 5.5 MB/s | 375 kB     00:00
[0m[1mmodule.media_nodes.null_resource.node_config[6] (remote-exec):[0m [0m(35-36/ 4.6 MB/s |  20 MB     00:01 ETA
[0m[1mmodule.media_nodes.null_resource.node_config[6] (remote-exec):[0m [0m(35/39) 1.0 MB/s |  62 kB     00:00
[0m[1mmodule.media_nodes.null_resource.node_config[3] (remote-exec):[0m [0m(28-29/ 4.9 MB/s |  16 MB     00:02 ETA
[0m[1mmodule.media_nodes.null_resource.node_config[3] (remote-exec):[0m [0m(28/39) 4.4 MB/s | 201 kB     00:00
[0m[1mmodule.media_nodes.null_resource.node_config[6] (remote-exec):[0m [0m(36-37/ 4.6 MB/s |  20 MB     00:01 ETA
[0m[1mmodule.media_nodes.null_resource.node_config[6] (remote-exec):[0m [0m(36/39) 6.6 MB/s | 503 kB     00:00
[0m[1mmodule.media_nodes.null_resource.node_config[6] (remote-exec):[0m [0m(37-38/ 4.6 MB/s |  21 MB     00:01 ETA
[0m[1mmodule.media_nodes.null_resource.node_config[6] (remote-exec):[0m [0m(37/39) 5.6 MB/s |  76 kB     00:00
[0m[1mmodule.media_nodes.null_resource.node_config[3] (remote-exec):[0m [0m(29-30/ 5.0 MB/s |  16 MB     00:02 ETA
[0m[1mmodule.media_nodes.null_resource.node_config[3] (remote-exec):[0m [0m(29/39)  12 MB/s | 319 kB     00:00
[0m[1mmodule.media_nodes.null_resource.node_config[1] (remote-exec):[0m [0m(32-33/ 3.8 MB/s |  19 MB     00:02 ETA
[0m[1mmodule.media_nodes.null_resource.node_config[3] (remote-exec):[0m [0m(30-31/ 5.1 MB/s |  17 MB     00:02 ETA
[0m[1mmodule.media_nodes.null_resource.node_config[3] (remote-exec):[0m [0m(30/39) 6.3 MB/s | 163 kB     00:00
[0m[1mmodule.media_nodes.null_resource.node_config[2] (remote-exec):[0m [0m  Installing       : devi   7/39
[0m[1mmodule.media_nodes.null_resource.node_config[2] (remote-exec):[0m [0m  Installing       : device-map    7/39
[0m[1mmodule.media_nodes.null_resource.node_config[3] (remote-exec):[0m [0m(31-32/ 5.2 MB/s |  17 MB     00:02 ETA
[0m[1mmodule.media_nodes.null_resource.node_config[3] (remote-exec):[0m [0m(31/39)  28 MB/s | 376 kB     00:00
[0m[1mmodule.media_nodes.null_resource.node_config[3] (remote-exec):[0m [0m(32-33/ 5.3 MB/s |  18 MB     00:02 ETA
[0m[1mmodule.media_nodes.null_resource.node_config[3] (remote-exec):[0m [0m(32/39) 7.6 MB/s |  97 kB     00:00
[0m[1mmodule.media_nodes.null_resource.node_config[3] (remote-exec):[0m [0m(33-34/ 5.4 MB/s |  18 MB     00:02 ETA
[0m[1mmodule.media_nodes.null_resource.node_config[3] (remote-exec):[0m [0m(33/39)  16 MB/s | 375 kB     00:00
[0m[1mmodule.media_nodes.null_resource.node_config[0] (remote-exec):[0m [0m  Preparing        :  [           ] 1/1
[0m[1mmodule.media_nodes.null_resource.node_config[0] (remote-exec):[0m [0m  Preparing        :  [=          ] 1/1
[0m[1mmodule.media_nodes.null_resource.node_config[0] (remote-exec):[0m [0m  Preparing        :  [==         ] 1/1
[0m[1mmodule.media_nodes.null_resource.node_config[0] (remote-exec):[0m [0m  Preparing        :  [===        ] 1/1
[0m[1mmodule.media_nodes.null_resource.node_config[0] (remote-exec):[0m [0m  Preparing        :  [====       ] 1/1
[0m[1mmodule.media_nodes.null_resource.node_config[0] (remote-exec):[0m [0m  Preparing        :  [=====      ] 1/1
[0m[1mmodule.media_nodes.null_resource.node_config[0] (remote-exec):[0m [0m  Preparing        :  [======     ] 1/1
[0m[1mmodule.media_nodes.null_resource.node_config[0] (remote-exec):[0m [0m  Preparing        :  [=======    ] 1/1
[0m[1mmodule.media_nodes.null_resource.node_config[0] (remote-exec):[0m [0m  Preparing        :  [========   ] 1/1
[0m[1mmodule.media_nodes.null_resource.node_config[0] (remote-exec):[0m [0m  Preparing        :  [=========  ] 1/1
[0m[1mmodule.media_nodes.null_resource.node_config[0] (remote-exec):[0m [0m  Preparing        :  [========== ] 1/1
[0m[1mmodule.media_nodes.null_resource.node_config[0] (remote-exec):[0m [0m  Preparing        :                1/1
[0m[1mmodule.media_nodes.null_resource.node_config[6] (remote-exec):[0m [0m(38-39/ 4.6 MB/s |  21 MB     00:01 ETA
[0m[1mmodule.media_nodes.null_resource.node_config[6] (remote-exec):[0m [0m(38/39) 7.3 MB/s | 524 kB     00:00
[0m[1mmodule.media_nodes.null_resource.node_config[3] (remote-exec):[0m [0m(34-35/ 5.6 MB/s |  19 MB     00:01 ETA
[0m[1mmodule.media_nodes.null_resource.node_config[3] (remote-exec):[0m [0m(34/39)  14 MB/s | 503 kB     00:00
[0m[1mmodule.media_nodes.null_resource.node_config[3] (remote-exec):[0m [0m(35-36/ 5.8 MB/s |  20 MB     00:01 ETA
[0m[1mmodule.media_nodes.null_resource.node_config[3] (remote-exec):[0m [0m(35/39) 3.0 MB/s |  62 kB     00:00
[0m[1mmodule.media_nodes.null_resource.node_config[4] (remote-exec):[0m [0mRunning transaction check
[0m[1mmodule.media_nodes.null_resource.node_config[1] (remote-exec):[0m [0m(32/39)  12 MB/s | 8.7 MB     00:00
[0m[1mmodule.media_nodes.null_resource.node_config[1] (remote-exec):[0m [0m(33-34/ 3.7 MB/s |  20 MB     00:02 ETA
[0m[1mmodule.media_nodes.null_resource.node_config[1] (remote-exec):[0m [0m(33/39) 492 kB/s |  97 kB     00:00
[0m[1mmodule.media_nodes.null_resource.node_config[2] (remote-exec):[0m [0m  Installing       : libi   8/39
[0m[1mmodule.media_nodes.null_resource.node_config[2] (remote-exec):[0m [0m  Installing       : libibverbs    8/39
[0m[1mmodule.media_nodes.null_resource.node_config[0] (remote-exec):[0m [0m  Installing       : liba   1/39
[0m[1mmodule.media_nodes.null_resource.node_config[0] (remote-exec):[0m [0m  Installing       : libaio-0.3    1/39
[0m[1mmodule.media_nodes.null_resource.node_config[1] (remote-exec):[0m [0m(34/39) 3.7 MB/s |  20 MB     00:02 ETA
[0m[1mmodule.media_nodes.null_resource.node_config[1] (remote-exec):[0m [0m(34/39) 1.7 MB/s | 375 kB     00:00
[0m[1mmodule.media_nodes.null_resource.node_config[0] (remote-exec):[0m [0m  Installing       : boos   2/39
[0m[1mmodule.media_nodes.null_resource.node_config[0] (remote-exec):[0m [0m  Installing       : boost-syst    2/39
[0m[1mmodule.media_nodes.null_resource.node_config[1] (remote-exec):[0m [0m(35-36/ 3.7 MB/s |  20 MB     00:02 ETA
[0m[1mmodule.media_nodes.null_resource.node_config[1] (remote-exec):[0m [0m(35/39) 1.5 MB/s |  62 kB     00:00
[0m[1mmodule.media_nodes.null_resource.node_config[2] (remote-exec):[0m [0m  Installing       : user   9/39
[0m[1mmodule.media_nodes.null_resource.node_config[2] (remote-exec):[0m [0m  Installing       : userspace-    9/39
[0m[1mmodule.media_nodes.null_resource.node_config[0] (remote-exec):[0m [0m  Running scriptlet: boost-syst    2/39
[0m[1mmodule.media_nodes.null_resource.node_config[6] (remote-exec):[0m [0m(39/39) 4.7 MB/s |  21 MB     00:01 ETA
[0m[1mmodule.media_nodes.null_resource.node_config[3] (remote-exec):[0m [0m(36-37/ 5.8 MB/s |  20 MB     00:01 ETA
[0m[1mmodule.media_nodes.null_resource.node_config[0] (remote-exec):[0m [0m  Installing       : devi   3/39
[0m[1mmodule.media_nodes.null_resource.node_config[0] (remote-exec):[0m [0m  Installing       : device-map    3/39
[0m[1mmodule.media_nodes.null_resource.node_config[2] (remote-exec):[0m [0m  Running scriptlet: userspace-    9/39
[0m[1mmodule.media_nodes.null_resource.node_config[0] (remote-exec):[0m [0m  Installing       : boos   4/39
[0m[1mmodule.media_nodes.null_resource.node_config[0] (remote-exec):[0m [0m  Installing       : boost-chro    4/39
[0m[1mmodule.media_nodes.null_resource.node_config[3] (remote-exec):[0m [0m(36/39)  20 MB/s | 8.7 MB     00:00
[0m[1mmodule.media_nodes.null_resource.node_config[2] (remote-exec):[0m [0m  Installing       : boos  10/39
[0m[1mmodule.media_nodes.null_resource.node_config[2] (remote-exec):[0m [0m  Installing       : boost-prog   10/39
[0m[1mmodule.media_nodes.null_resource.node_config[3] (remote-exec):[0m [0m(37-38/ 5.7 MB/s |  21 MB     00:01 ETA
[0m[1mmodule.media_nodes.null_resource.node_config[3] (remote-exec):[0m [0m(37/39) 587 kB/s |  76 kB     00:00
[0m[1mmodule.media_nodes.null_resource.node_config[0] (remote-exec):[0m [0m  Running scriptlet: boost-chro    4/39
[0m[1mmodule.media_nodes.null_resource.node_config[2] (remote-exec):[0m [0m  Running scriptlet: boost-prog   10/39
[0m[1mmodule.media_nodes.null_resource.node_config[3] (remote-exec):[0m [0m(38-39/ 5.7 MB/s |  21 MB     00:01 ETA
[0m[1mmodule.media_nodes.null_resource.node_config[3] (remote-exec):[0m [0m(38/39) 3.5 MB/s | 524 kB     00:00
[0m[1mmodule.media_nodes.null_resource.node_config[0] (remote-exec):[0m [0m  Installing       : boos   5/39
[0m[1mmodule.media_nodes.null_resource.node_config[0] (remote-exec):[0m [0m  Installing       : boost-rand    5/39
[0m[1mmodule.media_nodes.null_resource.node_config[4] (remote-exec):[0m [0mTransaction check succeeded.
[0m[1mmodule.media_nodes.null_resource.node_config[4] (remote-exec):[0m [0mRunning transaction test
[0m[1mmodule.media_nodes.null_resource.node_config[2] (remote-exec):[0m [0m  Installing       : boos  11/39
[0m[1mmodule.media_nodes.null_resource.node_config[2] (remote-exec):[0m [0m  Installing       : boost-iost   11/39
[0m[1mmodule.media_nodes.null_resource.node_config[1] (remote-exec):[0m [0m(36-37/ 3.7 MB/s |  20 MB     00:02 ETA
[0m[1mmodule.media_nodes.null_resource.node_config[0] (remote-exec):[0m [0m  Running scriptlet: boost-rand    5/39
[0m[1mmodule.media_nodes.null_resource.node_config[1] (remote-exec):[0m [0m(36/39) 3.4 MB/s | 503 kB     00:00
[0m[1mmodule.media_nodes.null_resource.node_config[1] (remote-exec):[0m [0m(37-38/ 3.8 MB/s |  21 MB     00:02 ETA
[0m[1mmodule.media_nodes.null_resource.node_config[1] (remote-exec):[0m [0m(37/39) 700 kB/s |  76 kB     00:00
[0m[1mmodule.media_nodes.null_resource.node_config[6] (remote-exec):[0m [0m(39/39)  32 MB/s | 8.0 MB     00:00
[0m[1mmodule.media_nodes.null_resource.node_config[2] (remote-exec):[0m [0m  Running scriptlet: boost-iost   11/39
[0m[1mmodule.media_nodes.null_resource.node_config[6] (remote-exec):[0m [0m----------------------------------------
[0m[1mmodule.media_nodes.null_resource.node_config[6] (remote-exec):[0m [0mTotal    16 MB/s |  29 MB     00:01
[0m[1mmodule.media_nodes.null_resource.node_config[0] (remote-exec):[0m [0m  Installing       : boos   6/39
[0m[1mmodule.media_nodes.null_resource.node_config[0] (remote-exec):[0m [0m  Installing       : boost-thre    6/39
[0m[1mmodule.media_nodes.null_resource.node_config[2] (remote-exec):[0m [0m  Installing       : boos  12/39
[0m[1mmodule.media_nodes.null_resource.node_config[2] (remote-exec):[0m [0m  Installing       : boost-date   12/39
[0m[1mmodule.media_nodes.null_resource.node_config[0] (remote-exec):[0m [0m  Running scriptlet: boost-thre    6/39
[0m[1mmodule.media_nodes.null_resource.node_config[2] (remote-exec):[0m [0m  Running scriptlet: boost-date   12/39
[0m[1mmodule.media_nodes.null_resource.node_config[2] (remote-exec):[0m [0m  Installing       : boos  13/39
[0m[1mmodule.media_nodes.null_resource.node_config[2] (remote-exec):[0m [0m  Installing       : boost-atom   13/39
[0m[1mmodule.media_nodes.null_resource.node_config[1] (remote-exec):[0m [0m(38-39/ 3.8 MB/s |  21 MB     00:02 ETA
[0m[1mmodule.media_nodes.null_resource.node_config[1] (remote-exec):[0m [0m(38/39) 3.0 MB/s | 524 kB     00:00
[0m[1mmodule.media_nodes.null_resource.node_config[2] (remote-exec):[0m [0m  Running scriptlet: boost-atom   13/39
[0m[1mmodule.media_nodes.null_resource.node_config[3] (remote-exec):[0m [0m(39/39) 5.8 MB/s |  21 MB     00:01 ETA
[0m[1mmodule.media_nodes.null_resource.node_config[3] (remote-exec):[0m [0m(39/39)  54 MB/s | 8.0 MB     00:00
[0m[1mmodule.media_nodes.null_resource.node_config[3] (remote-exec):[0m [0m----------------------------------------
[0m[1mmodule.media_nodes.null_resource.node_config[3] (remote-exec):[0m [0mTotal    31 MB/s |  29 MB     00:00
[0m[1mmodule.media_nodes.null_resource.node_config[0] (remote-exec):[0m [0m  Installing       : devi   7/39
[0m[1mmodule.media_nodes.null_resource.node_config[0] (remote-exec):[0m [0m  Installing       : device-map    7/39
[0m[1mmodule.media_nodes.null_resource.node_config[2] (remote-exec):[0m [0m  Installing       : devi  14/39
[0m[1mmodule.media_nodes.null_resource.node_config[2] (remote-exec):[0m [0m  Installing       : device-map   14/39
[0m[1mmodule.media_nodes.null_resource.node_config[1] (remote-exec):[0m [0m(39/39) 3.8 MB/s |  21 MB     00:02 ETA
[0m[1mmodule.media_nodes.null_resource.node_config[2] (remote-exec):[0m [0m  Running scriptlet: device-map   14/39
[0m[1mmodule.media_nodes.null_resource.node_config[0] (remote-exec):[0m [0m  Installing       : libi   8/39
[0m[1mmodule.media_nodes.null_resource.node_config[0] (remote-exec):[0m [0m  Installing       : libibverbs    8/39
[0m[1mmodule.media_nodes.null_resource.node_config[2] (remote-exec):[0m [0m  Installing       : devi  15/39
[0m[1mmodule.media_nodes.null_resource.node_config[2] (remote-exec):[0m [0m  Installing       : device-map   15/39
[0m[1mmodule.media_nodes.null_resource.node_config[2] (remote-exec):[0m [0m  Running scriptlet: device-map   15/39
[0m[1mmodule.media_nodes.null_resource.node_config[1] (remote-exec):[0m [0m(39/39)  31 MB/s | 8.0 MB     00:00
[0m[1mmodule.media_nodes.null_resource.node_config[0] (remote-exec):[0m [0m  Installing       : user   9/39
[0m[1mmodule.media_nodes.null_resource.node_config[0] (remote-exec):[0m [0m  Installing       : userspace-    9/39
[0m[1mmodule.media_nodes.null_resource.node_config[1] (remote-exec):[0m [0m----------------------------------------
[0m[1mmodule.media_nodes.null_resource.node_config[1] (remote-exec):[0m [0mTotal    17 MB/s |  29 MB     00:01
[0m[1mmodule.media_nodes.null_resource.node_config[2] (remote-exec):[0m [0m  Installing       : libr  16/39
[0m[1mmodule.media_nodes.null_resource.node_config[2] (remote-exec):[0m [0m  Installing       : librdmacm-   16/39
[0m[1mmodule.media_nodes.null_resource.node_config[0] (remote-exec):[0m [0m  Running scriptlet: userspace-    9/39
[0m[1mmodule.media_nodes.null_resource.node_config[2] (remote-exec):[0m [0m  Installing       : devi  17/39
[0m[1mmodule.media_nodes.null_resource.node_config[2] (remote-exec):[0m [0m  Installing       : device-map   17/39
[0m[1mmodule.media_nodes.null_resource.node_config[2] (remote-exec):[0m [0m  Running scriptlet: device-map   17/39
[0m[1mmodule.media_nodes.null_resource.node_config[0] (remote-exec):[0m [0m  Installing       : boos  10/39
[0m[1mmodule.media_nodes.null_resource.node_config[0] (remote-exec):[0m [0m  Installing       : boost-prog   10/39
[0m[1mmodule.media_nodes.null_resource.node_config[0] (remote-exec):[0m [0m  Running scriptlet: boost-prog   10/39
[0m[1mmodule.media_nodes.null_resource.node_config[0] (remote-exec):[0m [0m  Installing       : boos  11/39
[0m[1mmodule.media_nodes.null_resource.node_config[0] (remote-exec):[0m [0m  Installing       : boost-iost   11/39
[0m[1mmodule.media_nodes.null_resource.node_config[4] (remote-exec):[0m [0mTransaction test succeeded.
[0m[1mmodule.media_nodes.null_resource.node_config[0] (remote-exec):[0m [0m  Running scriptlet: boost-iost   11/39
[0m[1mmodule.media_nodes.null_resource.node_config[4] (remote-exec):[0m [0mRunning transaction
[0m[1mmodule.media_nodes.null_resource.node_config[0] (remote-exec):[0m [0m  Installing       : boos  12/39
[0m[1mmodule.media_nodes.null_resource.node_config[0] (remote-exec):[0m [0m  Installing       : boost-date   12/39
[0m[1mmodule.media_nodes.null_resource.node_config[6] (remote-exec):[0m [0mRunning transaction check
[0m[1mmodule.media_nodes.null_resource.node_config[0] (remote-exec):[0m [0m  Running scriptlet: boost-date   12/39
[0m[1mmodule.media_nodes.null_resource.node_config[0] (remote-exec):[0m [0m  Installing       : boos  13/39
[0m[1mmodule.media_nodes.null_resource.node_config[0] (remote-exec):[0m [0m  Installing       : boost-atom   13/39
[0m[1mmodule.media_nodes.null_resource.node_config[0] (remote-exec):[0m [0m  Running scriptlet: boost-atom   13/39
[0m[1mmodule.media_nodes.null_resource.node_config[3] (remote-exec):[0m [0mRunning transaction check
[0m[1mmodule.media_nodes.null_resource.node_config[0] (remote-exec):[0m [0m  Installing       : devi  14/39
[0m[1mmodule.media_nodes.null_resource.node_config[0] (remote-exec):[0m [0m  Installing       : device-map   14/39
[0m[1mmodule.media_nodes.null_resource.node_config[0] (remote-exec):[0m [0m  Running scriptlet: device-map   14/39
[0m[1mmodule.media_nodes.null_resource.node_config[0] (remote-exec):[0m [0m  Installing       : devi  15/39
[0m[1mmodule.media_nodes.null_resource.node_config[0] (remote-exec):[0m [0m  Installing       : device-map   15/39
[0m[1mmodule.media_nodes.null_resource.node_config[0] (remote-exec):[0m [0m  Running scriptlet: device-map   15/39
[0m[1mmodule.media_nodes.null_resource.node_config[0] (remote-exec):[0m [0m  Installing       : libr  16/39
[0m[1mmodule.media_nodes.null_resource.node_config[0] (remote-exec):[0m [0m  Installing       : librdmacm-   16/39
[0m[1mmodule.media_nodes.null_resource.node_config[1] (remote-exec):[0m [0mRunning transaction check
[0m[1mmodule.media_nodes.null_resource.node_config[0] (remote-exec):[0m [0m  Installing       : devi  17/39
[0m[1mmodule.media_nodes.null_resource.node_config[0] (remote-exec):[0m [0m  Installing       : device-map   17/39
[0m[1mmodule.media_nodes.null_resource.node_config[0] (remote-exec):[0m [0m  Running scriptlet: device-map   17/39
[0m[1mmodule.media_nodes.null_resource.node_config[2] (remote-exec):[0m [0m  Installing       : lvm2  18/39
[0m[1mmodule.media_nodes.null_resource.node_config[2] (remote-exec):[0m [0m  Installing       : lvm2-libs-   18/39
[0m[1mmodule.media_nodes.null_resource.node_config[3] (remote-exec):[0m [0mTransaction check succeeded.
[0m[1mmodule.media_nodes.null_resource.node_config[3] (remote-exec):[0m [0mRunning transaction test
[0m[1mmodule.media_nodes.null_resource.node_config[6] (remote-exec):[0m [0mTransaction check succeeded.
[0m[1mmodule.media_nodes.null_resource.node_config[6] (remote-exec):[0m [0mRunning transaction test
[0m[1mmodule.media_nodes.null_resource.node_config[2] (remote-exec):[0m [0m  Installing       : lvm2  19/39
[0m[1mmodule.media_nodes.null_resource.node_config[4] (remote-exec):[0m [0m  Preparing        :  [           ] 1/1
[0m[1mmodule.media_nodes.null_resource.node_config[4] (remote-exec):[0m [0m  Preparing        :  [=          ] 1/1
[0m[1mmodule.media_nodes.null_resource.node_config[4] (remote-exec):[0m [0m  Preparing        :  [==         ] 1/1
[0m[1mmodule.media_nodes.null_resource.node_config[4] (remote-exec):[0m [0m  Preparing        :  [===        ] 1/1
[0m[1mmodule.media_nodes.null_resource.node_config[4] (remote-exec):[0m [0m  Preparing        :  [====       ] 1/1
[0m[1mmodule.media_nodes.null_resource.node_config[4] (remote-exec):[0m [0m  Preparing        :  [=====      ] 1/1
[0m[1mmodule.media_nodes.null_resource.node_config[4] (remote-exec):[0m [0m  Preparing        :  [======     ] 1/1
[0m[1mmodule.media_nodes.null_resource.node_config[4] (remote-exec):[0m [0m  Preparing        :  [=======    ] 1/1
[0m[1mmodule.media_nodes.null_resource.node_config[4] (remote-exec):[0m [0m  Preparing        :  [========   ] 1/1
[0m[1mmodule.media_nodes.null_resource.node_config[4] (remote-exec):[0m [0m  Preparing        :  [=========  ] 1/1
[0m[1mmodule.media_nodes.null_resource.node_config[2] (remote-exec):[0m [0m  Installing       : lvm2-8:2.0   19/39
[0m[1mmodule.media_nodes.null_resource.node_config[1] (remote-exec):[0m [0mTransaction check succeeded.
[0m[1mmodule.media_nodes.null_resource.node_config[1] (remote-exec):[0m [0mRunning transaction test
[0m[1mmodule.media_nodes.null_resource.node_config[2] (remote-exec):[0m [0m  Running scriptlet: lvm2-8:2.0   19/39
[0m[1mmodule.media_nodes.null_resource.node_config[4] (remote-exec):[0m [0m  Preparing        :  [========== ] 1/1
[0m[1mmodule.media_nodes.null_resource.node_config[4] (remote-exec):[0m [0m  Preparing        :                1/1
[0m[1mmodule.media_nodes.null_resource.node_config[4] (remote-exec):[0m [0m  Installing       : liba   1/39
[0m[1mmodule.media_nodes.null_resource.node_config[4] (remote-exec):[0m [0m  Installing       : libaio-0.3    1/39
[0m[1mmodule.media_nodes.null_resource.node_config[4] (remote-exec):[0m [0m  Installing       : boos   2/39
[0m[1mmodule.media_nodes.null_resource.node_config[4] (remote-exec):[0m [0m  Installing       : boost-syst    2/39
[0m[1mmodule.media_nodes.null_resource.node_config[4] (remote-exec):[0m [0m  Running scriptlet: boost-syst    2/39
[0m[1mmodule.media_nodes.null_resource.node_config[4] (remote-exec):[0m [0m  Installing       : devi   3/39
[0m[1mmodule.media_nodes.null_resource.node_config[4] (remote-exec):[0m [0m  Installing       : device-map    3/39
[0m[1mmodule.media_nodes.null_resource.node_config[4] (remote-exec):[0m [0m  Installing       : boos   4/39
[0m[1mmodule.media_nodes.null_resource.node_config[4] (remote-exec):[0m [0m  Installing       : boost-chro    4/39
[0m[1mmodule.media_nodes.null_resource.node_config[4] (remote-exec):[0m [0m  Running scriptlet: boost-chro    4/39
[0m[1mmodule.media_nodes.null_resource.node_config[4] (remote-exec):[0m [0m  Installing       : boos   5/39
[0m[1mmodule.media_nodes.null_resource.node_config[4] (remote-exec):[0m [0m  Installing       : boost-rand    5/39
[0m[1mmodule.media_nodes.null_resource.node_config[4] (remote-exec):[0m [0m  Running scriptlet: boost-rand    5/39
[0m[1mmodule.media_nodes.null_resource.node_config[0] (remote-exec):[0m [0m  Installing       : lvm2  18/39
[0m[1mmodule.media_nodes.null_resource.node_config[0] (remote-exec):[0m [0m  Installing       : lvm2-libs-   18/39
[0m[1mmodule.media_nodes.null_resource.node_config[4] (remote-exec):[0m [0m  Installing       : boos   6/39
[0m[1mmodule.media_nodes.null_resource.node_config[4] (remote-exec):[0m [0m  Installing       : boost-thre    6/39
[0m[1mmodule.media_nodes.null_resource.node_config[4] (remote-exec):[0m [0m  Running scriptlet: boost-thre    6/39
[0m[1mmodule.media_nodes.null_resource.node_config[0] (remote-exec):[0m [0m  Installing       : lvm2  19/39
[0m[1mmodule.media_nodes.null_resource.node_config[4] (remote-exec):[0m [0m  Installing       : devi   7/39
[0m[1mmodule.media_nodes.null_resource.node_config[4] (remote-exec):[0m [0m  Installing       : device-map    7/39
[0m[1mmodule.media_nodes.null_resource.node_config[0] (remote-exec):[0m [0m  Installing       : lvm2-8:2.0   19/39
[0m[1mmodule.media_nodes.null_resource.node_config[4] (remote-exec):[0m [0m  Installing       : libi   8/39
[0m[1mmodule.media_nodes.null_resource.node_config[4] (remote-exec):[0m [0m  Installing       : libibverbs    8/39
[0m[1mmodule.media_nodes.null_resource.node_config[0] (remote-exec):[0m [0m  Running scriptlet: lvm2-8:2.0   19/39
[0m[1mmodule.media_nodes.null_resource.node_config[4] (remote-exec):[0m [0m  Installing       : user   9/39
[0m[1mmodule.media_nodes.null_resource.node_config[4] (remote-exec):[0m [0m  Installing       : userspace-    9/39
[0m[1mmodule.media_nodes.null_resource.node_config[4] (remote-exec):[0m [0m  Running scriptlet: userspace-    9/39
[0m[1mmodule.media_nodes.null_resource.node_config[4] (remote-exec):[0m [0m  Installing       : boos  10/39
[0m[1mmodule.media_nodes.null_resource.node_config[4] (remote-exec):[0m [0m  Installing       : boost-prog   10/39
[0m[1mmodule.media_nodes.null_resource.node_config[4] (remote-exec):[0m [0m  Running scriptlet: boost-prog   10/39
[0m[1mmodule.media_nodes.null_resource.node_config[4] (remote-exec):[0m [0m  Installing       : boos  11/39
[0m[1mmodule.media_nodes.null_resource.node_config[4] (remote-exec):[0m [0m  Installing       : boost-iost   11/39
[0m[1mmodule.media_nodes.null_resource.node_config[4] (remote-exec):[0m [0m  Running scriptlet: boost-iost   11/39
[0m[1mmodule.media_nodes.null_resource.node_config[4] (remote-exec):[0m [0m  Installing       : boos  12/39
[0m[1mmodule.media_nodes.null_resource.node_config[4] (remote-exec):[0m [0m  Installing       : boost-date   12/39
[0m[1mmodule.media_nodes.null_resource.node_config[4] (remote-exec):[0m [0m  Running scriptlet: boost-date   12/39
[0m[1mmodule.media_nodes.null_resource.node_config[4] (remote-exec):[0m [0m  Installing       : boos  13/39
[0m[1mmodule.media_nodes.null_resource.node_config[4] (remote-exec):[0m [0m  Installing       : boost-atom   13/39
[0m[1mmodule.media_nodes.null_resource.node_config[4] (remote-exec):[0m [0m  Running scriptlet: boost-atom   13/39
[0m[1mmodule.media_nodes.null_resource.node_config[4] (remote-exec):[0m [0m  Installing       : devi  14/39
[0m[1mmodule.media_nodes.null_resource.node_config[4] (remote-exec):[0m [0m  Installing       : device-map   14/39
[0m[1mmodule.media_nodes.null_resource.node_config[4] (remote-exec):[0m [0m  Running scriptlet: device-map   14/39
[0m[1mmodule.media_nodes.null_resource.node_config[4] (remote-exec):[0m [0m  Installing       : devi  15/39
[0m[1mmodule.media_nodes.null_resource.node_config[4] (remote-exec):[0m [0m  Installing       : device-map   15/39
[0m[1mmodule.media_nodes.null_resource.node_config[4] (remote-exec):[0m [0m  Running scriptlet: device-map   15/39
[0m[1mmodule.media_nodes.null_resource.node_config[2] (remote-exec):[0m [0m  Running scriptlet: smartmonto   20/39
[0m[1mmodule.media_nodes.null_resource.node_config[4] (remote-exec):[0m [0m  Installing       : libr  16/39
[0m[1mmodule.media_nodes.null_resource.node_config[4] (remote-exec):[0m [0m  Installing       : librdmacm-   16/39
[0m[1mmodule.media_nodes.null_resource.node_config[4] (remote-exec):[0m [0m  Installing       : devi  17/39
[0m[1mmodule.media_nodes.null_resource.node_config[4] (remote-exec):[0m [0m  Installing       : device-map   17/39
[0m[1mmodule.media_nodes.null_resource.node_config[4] (remote-exec):[0m [0m  Running scriptlet: device-map   17/39
[0m[1mmodule.media_nodes.null_resource.node_config[2] (remote-exec):[0m [0m  Installing       : smar  20/39
[0m[1mmodule.media_nodes.null_resource.node_config[2] (remote-exec):[0m [0m  Installing       : smartmonto   20/39
[0m[1mmodule.media_nodes.null_resource.node_config[2] (remote-exec):[0m [0m  Running scriptlet: smartmonto   20/39
[0m[1mmodule.media_nodes.null_resource.node_config[2] (remote-exec):[0m [0m  Installing       : rdma  21/39
[0m[1mmodule.media_nodes.null_resource.node_config[2] (remote-exec):[0m [0m  Installing       : rdma-core-   21/39
[0m[1mmodule.media_nodes.null_resource.node_config[2] (remote-exec):[0m [0m  Running scriptlet: rdma-core-   21/39
[0m[1mmodule.media_nodes.null_resource.node_config[1] (remote-exec):[0m [0mTransaction test succeeded.
[0m[1mmodule.media_nodes.null_resource.node_config[1] (remote-exec):[0m [0mRunning transaction
[0m[1mmodule.media_nodes.null_resource.node_config[6] (remote-exec):[0m [0mTransaction test succeeded.
[0m[1mmodule.media_nodes.null_resource.node_config[6] (remote-exec):[0m [0mRunning transaction
[0m[1mmodule.media_nodes.null_resource.node_config[0] (remote-exec):[0m [0m  Running scriptlet: smartmonto   20/39
[0m[1mmodule.media_nodes.null_resource.node_config[2] (remote-exec):[0m [0m  Installing       : nvme  22/39
[0m[1mmodule.media_nodes.null_resource.node_config[2] (remote-exec):[0m [0m  Installing       : nvme-cli-1   22/39
[0m[1mmodule.media_nodes.null_resource.node_config[0] (remote-exec):[0m [0m  Installing       : smar  20/39
[0m[1mmodule.media_nodes.null_resource.node_config[0] (remote-exec):[0m [0m  Installing       : smartmonto   20/39
[0m[1mmodule.media_nodes.null_resource.node_config[3] (remote-exec):[0m [0mTransaction test succeeded.
[0m[1mmodule.media_nodes.null_resource.node_config[3] (remote-exec):[0m [0mRunning transaction
[0m[1mmodule.media_nodes.null_resource.node_config[2] (remote-exec):[0m [0m  Running scriptlet: nvme-cli-1   22/39
[0m[1mmodule.media_nodes.null_resource.node_config[0] (remote-exec):[0m [0m  Running scriptlet: smartmonto   20/39
[0m[1mmodule.media_nodes.null_resource.node_config[4] (remote-exec):[0m [0m  Installing       : lvm2  18/39
[0m[1mmodule.media_nodes.null_resource.node_config[4] (remote-exec):[0m [0m  Installing       : lvm2-libs-   18/39
[0m[1mmodule.media_nodes.null_resource.node_config[0] (remote-exec):[0m [0m  Installing       : rdma  21/39
[0m[1mmodule.media_nodes.null_resource.node_config[0] (remote-exec):[0m [0m  Installing       : rdma-core-   21/39
[0m[1mmodule.media_nodes.null_resource.node_config[0] (remote-exec):[0m [0m  Running scriptlet: rdma-core-   21/39
[0m[1mmodule.media_nodes.null_resource.node_config[0] (remote-exec):[0m [0m  Installing       : nvme  22/39
[0m[1mmodule.media_nodes.null_resource.node_config[0] (remote-exec):[0m [0m  Installing       : nvme-cli-1   22/39
[0m[1mmodule.media_nodes.null_resource.node_config[0] (remote-exec):[0m [0m  Running scriptlet: nvme-cli-1   22/39
[0m[1mmodule.media_nodes.null_resource.node_config[4] (remote-exec):[0m [0m  Installing       : lvm2  19/39
[0m[1mmodule.media_nodes.null_resource.node_config[4] (remote-exec):[0m [0m  Installing       : lvm2-8:2.0   19/39
[0m[1mmodule.media_nodes.null_resource.node_config[4] (remote-exec):[0m [0m  Running scriptlet: lvm2-8:2.0   19/39
[0m[1mmodule.media_nodes.null_resource.node_config[2] (remote-exec):[0m [0mCreated symlink /etc/systemd/system/default.target.wants/nvmefc-boot-connections.service → /usr/lib/systemd/system/nvmefc-boot-connections.service.

[0m[1mmodule.media_nodes.null_resource.node_config[2] (remote-exec):[0m [0m  Installing       : pyth  23/39
[0m[1mmodule.media_nodes.null_resource.node_config[2] (remote-exec):[0m [0m  Installing       : python3-se   23/39
[0m[1mmodule.media_nodes.null_resource.node_config[3] (remote-exec):[0m [0m  Preparing        :  [           ] 1/1
[0m[1mmodule.media_nodes.null_resource.node_config[3] (remote-exec):[0m [0m  Preparing        :  [=          ] 1/1
[0m[1mmodule.media_nodes.null_resource.node_config[3] (remote-exec):[0m [0m  Preparing        :  [==         ] 1/1
[0m[1mmodule.media_nodes.null_resource.node_config[3] (remote-exec):[0m [0m  Preparing        :  [===        ] 1/1
[0m[1mmodule.media_nodes.null_resource.node_config[3] (remote-exec):[0m [0m  Preparing        :  [====       ] 1/1
[0m[1mmodule.media_nodes.null_resource.node_config[3] (remote-exec):[0m [0m  Preparing        :  [=====      ] 1/1
[0m[1mmodule.media_nodes.null_resource.node_config[3] (remote-exec):[0m [0m  Preparing        :  [======     ] 1/1
[0m[1mmodule.media_nodes.null_resource.node_config[3] (remote-exec):[0m [0m  Preparing        :  [=======    ] 1/1
[0m[1mmodule.media_nodes.null_resource.node_config[3] (remote-exec):[0m [0m  Preparing        :  [========   ] 1/1
[0m[1mmodule.media_nodes.null_resource.node_config[3] (remote-exec):[0m [0m  Preparing        :  [=========  ] 1/1
[0m[1mmodule.media_nodes.null_resource.node_config[1] (remote-exec):[0m [0m  Preparing        :  [           ] 1/1
[0m[1mmodule.media_nodes.null_resource.node_config[1] (remote-exec):[0m [0m  Preparing        :  [=          ] 1/1
[0m[1mmodule.media_nodes.null_resource.node_config[1] (remote-exec):[0m [0m  Preparing        :  [==         ] 1/1
[0m[1mmodule.media_nodes.null_resource.node_config[1] (remote-exec):[0m [0m  Preparing        :  [===        ] 1/1
[0m[1mmodule.media_nodes.null_resource.node_config[1] (remote-exec):[0m [0m  Preparing        :  [====       ] 1/1
[0m[1mmodule.media_nodes.null_resource.node_config[1] (remote-exec):[0m [0m  Preparing        :  [=====      ] 1/1
[0m[1mmodule.media_nodes.null_resource.node_config[1] (remote-exec):[0m [0m  Preparing        :  [======     ] 1/1
[0m[1mmodule.media_nodes.null_resource.node_config[1] (remote-exec):[0m [0m  Preparing        :  [=======    ] 1/1
[0m[1mmodule.media_nodes.null_resource.node_config[1] (remote-exec):[0m [0m  Preparing        :  [========   ] 1/1
[0m[1mmodule.media_nodes.null_resource.node_config[1] (remote-exec):[0m [0m  Preparing        :  [=========  ] 1/1
[0m[1mmodule.media_nodes.null_resource.node_config[2] (remote-exec):[0m [0m  Installing       : pyth  24/39
[0m[1mmodule.media_nodes.null_resource.node_config[2] (remote-exec):[0m [0m  Installing       : python36-3   24/39
[0m[1mmodule.media_nodes.null_resource.node_config[6] (remote-exec):[0m [0m  Preparing        :  [           ] 1/1
[0m[1mmodule.media_nodes.null_resource.node_config[6] (remote-exec):[0m [0m  Preparing        :  [=          ] 1/1
[0m[1mmodule.media_nodes.null_resource.node_config[6] (remote-exec):[0m [0m  Preparing        :  [==         ] 1/1
[0m[1mmodule.media_nodes.null_resource.node_config[6] (remote-exec):[0m [0m  Preparing        :  [===        ] 1/1
[0m[1mmodule.media_nodes.null_resource.node_config[6] (remote-exec):[0m [0m  Preparing        :  [====       ] 1/1
[0m[1mmodule.media_nodes.null_resource.node_config[6] (remote-exec):[0m [0m  Preparing        :  [=====      ] 1/1
[0m[1mmodule.media_nodes.null_resource.node_config[6] (remote-exec):[0m [0m  Preparing        :  [======     ] 1/1
[0m[1mmodule.media_nodes.null_resource.node_config[6] (remote-exec):[0m [0m  Preparing        :  [=======    ] 1/1
[0m[1mmodule.media_nodes.null_resource.node_config[6] (remote-exec):[0m [0m  Preparing        :  [========   ] 1/1
[0m[1mmodule.media_nodes.null_resource.node_config[6] (remote-exec):[0m [0m  Preparing        :  [=========  ] 1/1
[0m[1mmodule.media_nodes.null_resource.node_config[2] (remote-exec):[0m [0m  Running scriptlet: python36-3   24/39
[0m[1mmodule.media_nodes.null_resource.node_config[3] (remote-exec):[0m [0m  Preparing        :  [========== ] 1/1
[0m[1mmodule.media_nodes.null_resource.node_config[3] (remote-exec):[0m [0m  Preparing        :                1/1
[0m[1mmodule.media_nodes.null_resource.node_config[3] (remote-exec):[0m [0m  Installing       : liba   1/39
[0m[1mmodule.media_nodes.null_resource.node_config[3] (remote-exec):[0m [0m  Installing       : libaio-0.3    1/39
[0m[1mmodule.media_nodes.null_resource.node_config[3] (remote-exec):[0m [0m  Installing       : boos   2/39
[0m[1mmodule.media_nodes.null_resource.node_config[3] (remote-exec):[0m [0m  Installing       : boost-syst    2/39
[0m[1mmodule.media_nodes.null_resource.node_config[3] (remote-exec):[0m [0m  Running scriptlet: boost-syst    2/39
[0m[1mmodule.media_nodes.null_resource.node_config[1] (remote-exec):[0m [0m  Preparing        :  [========== ] 1/1
[0m[1mmodule.media_nodes.null_resource.node_config[1] (remote-exec):[0m [0m  Preparing        :                1/1
[0m[1mmodule.media_nodes.null_resource.node_config[1] (remote-exec):[0m [0m  Installing       : liba   1/39
[0m[1mmodule.media_nodes.null_resource.node_config[1] (remote-exec):[0m [0m  Installing       : libaio-0.3    1/39
[0m[1mmodule.media_nodes.null_resource.node_config[1] (remote-exec):[0m [0m  Installing       : boos   2/39
[0m[1mmodule.media_nodes.null_resource.node_config[1] (remote-exec):[0m [0m  Installing       : boost-syst    2/39
[0m[1mmodule.media_nodes.null_resource.node_config[1] (remote-exec):[0m [0m  Running scriptlet: boost-syst    2/39
[0m[1mmodule.media_nodes.null_resource.node_config[1] (remote-exec):[0m [0m  Installing       : devi   3/39
[0m[1mmodule.media_nodes.null_resource.node_config[1] (remote-exec):[0m [0m  Installing       : device-map    3/39
[0m[1mmodule.media_nodes.null_resource.node_config[1] (remote-exec):[0m [0m  Installing       : boos   4/39
[0m[1mmodule.media_nodes.null_resource.node_config[1] (remote-exec):[0m [0m  Installing       : boost-chro    4/39
[0m[1mmodule.media_nodes.null_resource.node_config[2] (remote-exec):[0m [0m  Installing       : pyth  25/39
[0m[1mmodule.media_nodes.null_resource.node_config[2] (remote-exec):[0m [0m  Installing       : python3-pi   25/39
[0m[1mmodule.media_nodes.null_resource.node_config[3] (remote-exec):[0m [0m  Installing       : devi   3/39
[0m[1mmodule.media_nodes.null_resource.node_config[3] (remote-exec):[0m [0m  Installing       : device-map    3/39
[0m[1mmodule.media_nodes.null_resource.node_config[6] (remote-exec):[0m [0m  Preparing        :  [========== ] 1/1
[0m[1mmodule.media_nodes.null_resource.node_config[6] (remote-exec):[0m [0m  Preparing        :                1/1
[0m[1mmodule.media_nodes.null_resource.node_config[6] (remote-exec):[0m [0m  Installing       : liba   1/39
[0m[1mmodule.media_nodes.null_resource.node_config[6] (remote-exec):[0m [0m  Installing       : libaio-0.3    1/39
[0m[1mmodule.media_nodes.null_resource.node_config[6] (remote-exec):[0m [0m  Installing       : boos   2/39
[0m[1mmodule.media_nodes.null_resource.node_config[6] (remote-exec):[0m [0m  Installing       : boost-syst    2/39
[0m[1mmodule.media_nodes.null_resource.node_config[6] (remote-exec):[0m [0m  Running scriptlet: boost-syst    2/39
[0m[1mmodule.media_nodes.null_resource.node_config[6] (remote-exec):[0m [0m  Installing       : devi   3/39
[0m[1mmodule.media_nodes.null_resource.node_config[6] (remote-exec):[0m [0m  Installing       : device-map    3/39
[0m[1mmodule.media_nodes.null_resource.node_config[6] (remote-exec):[0m [0m  Installing       : boos   4/39
[0m[1mmodule.media_nodes.null_resource.node_config[6] (remote-exec):[0m [0m  Installing       : boost-chro    4/39
[0m[1mmodule.media_nodes.null_resource.node_config[3] (remote-exec):[0m [0m  Installing       : boos   4/39
[0m[1mmodule.media_nodes.null_resource.node_config[3] (remote-exec):[0m [0m  Installing       : boost-chro    4/39
[0m[1mmodule.media_nodes.null_resource.node_config[2] (remote-exec):[0m [0m  Installing       : inte  26/39
[0m[1mmodule.media_nodes.null_resource.node_config[2] (remote-exec):[0m [0m  Installing       : integritys   26/39
[0m[1mmodule.media_nodes.null_resource.node_config[3] (remote-exec):[0m [0m  Running scriptlet: boost-chro    4/39
[0m[1mmodule.media_nodes.null_resource.node_config[1] (remote-exec):[0m [0m  Running scriptlet: boost-chro    4/39
[0m[1mmodule.media_nodes.null_resource.node_config[3] (remote-exec):[0m [0m  Installing       : boos   5/39
[0m[1mmodule.media_nodes.null_resource.node_config[3] (remote-exec):[0m [0m  Installing       : boost-rand    5/39
[0m[1mmodule.media_nodes.null_resource.node_config[2] (remote-exec):[0m [0m  Installing       : cryp  27/39
[0m[1mmodule.media_nodes.null_resource.node_config[2] (remote-exec):[0m [0m  Installing       : cryptsetup   27/39
[0m[1mmodule.media_nodes.null_resource.node_config[1] (remote-exec):[0m [0m  Installing       : boos   5/39
[0m[1mmodule.media_nodes.null_resource.node_config[1] (remote-exec):[0m [0m  Installing       : boost-rand    5/39
[0m[1mmodule.media_nodes.null_resource.node_config[6] (remote-exec):[0m [0m  Running scriptlet: boost-chro    4/39
[0m[1mmodule.media_nodes.null_resource.node_config[1] (remote-exec):[0m [0m  Running scriptlet: boost-rand    5/39
[0m[1mmodule.media_nodes.null_resource.node_config[6] (remote-exec):[0m [0m  Installing       : boos   5/39
[0m[1mmodule.media_nodes.null_resource.node_config[6] (remote-exec):[0m [0m  Installing       : boost-rand    5/39
[0m[1mmodule.media_nodes.null_resource.node_config[3] (remote-exec):[0m [0m  Running scriptlet: boost-rand    5/39
[0m[1mmodule.media_nodes.null_resource.node_config[2] (remote-exec):[0m [0m  Installing       : lm_s  28/39
[0m[1mmodule.media_nodes.null_resource.node_config[2] (remote-exec):[0m [0m  Installing       : lm_sensors   28/39
[0m[1mmodule.media_nodes.null_resource.node_config[1] (remote-exec):[0m [0m  Installing       : boos   6/39
[0m[1mmodule.media_nodes.null_resource.node_config[1] (remote-exec):[0m [0m  Installing       : boost-thre    6/39
[0m[1mmodule.media_nodes.null_resource.node_config[6] (remote-exec):[0m [0m  Running scriptlet: boost-rand    5/39
[0m[1mmodule.media_nodes.null_resource.node_config[2] (remote-exec):[0m [0m  Running scriptlet: lm_sensors   28/39
[0m[1mmodule.media_nodes.null_resource.node_config[3] (remote-exec):[0m [0m  Installing       : boos   6/39
[0m[1mmodule.media_nodes.null_resource.node_config[3] (remote-exec):[0m [0m  Installing       : boost-thre    6/39
[0m[1mmodule.media_nodes.null_resource.node_config[1] (remote-exec):[0m [0m  Running scriptlet: boost-thre    6/39
[0m[1mmodule.media_nodes.null_resource.node_config[0] (remote-exec):[0m [0mCreated symlink /etc/systemd/system/default.target.wants/nvmefc-boot-connections.service → /usr/lib/systemd/system/nvmefc-boot-connections.service.

[0m[1mmodule.media_nodes.null_resource.node_config[6] (remote-exec):[0m [0m  Installing       : boos   6/39
[0m[1mmodule.media_nodes.null_resource.node_config[6] (remote-exec):[0m [0m  Installing       : boost-thre    6/39
[0m[1mmodule.media_nodes.null_resource.node_config[6] (remote-exec):[0m [0m  Running scriptlet: boost-thre    6/39
[0m[1mmodule.media_nodes.null_resource.node_config[3] (remote-exec):[0m [0m  Running scriptlet: boost-thre    6/39
[0m[1mmodule.media_nodes.null_resource.node_config[0] (remote-exec):[0m [0m  Installing       : pyth  23/39
[0m[1mmodule.media_nodes.null_resource.node_config[0] (remote-exec):[0m [0m  Installing       : python3-se   23/39
[0m[1mmodule.media_nodes.null_resource.node_config[0] (remote-exec):[0m [0m  Installing       : pyth  24/39
[0m[1mmodule.media_nodes.null_resource.node_config[0] (remote-exec):[0m [0m  Installing       : python36-3   24/39
[0m[1mmodule.media_nodes.null_resource.node_config[0] (remote-exec):[0m [0m  Running scriptlet: python36-3   24/39
[0m[1mmodule.media_nodes.null_resource.node_config[0] (remote-exec):[0m [0m  Installing       : pyth  25/39
[0m[1mmodule.media_nodes.null_resource.node_config[0] (remote-exec):[0m [0m  Installing       : python3-pi   25/39
[0m[1mmodule.media_nodes.null_resource.node_config[2] (remote-exec):[0m [0m  Installing       : syss  29/39
[0m[1mmodule.media_nodes.null_resource.node_config[2] (remote-exec):[0m [0m  Installing       : sysstat-11   29/39
[0m[1mmodule.media_nodes.null_resource.node_config[1] (remote-exec):[0m [0m  Installing       : devi   7/39
[0m[1mmodule.media_nodes.null_resource.node_config[1] (remote-exec):[0m [0m  Installing       : device-map    7/39
[0m[1mmodule.media_nodes.null_resource.node_config[2] (remote-exec):[0m [0m  Running scriptlet: sysstat-11   29/39
[0m[1mmodule.media_nodes.null_resource.node_config[6] (remote-exec):[0m [0m  Installing       : devi   7/39
[0m[1mmodule.media_nodes.null_resource.node_config[6] (remote-exec):[0m [0m  Installing       : device-map    7/39
[0m[1mmodule.media_nodes.null_resource.node_config[3] (remote-exec):[0m [0m  Installing       : devi   7/39
[0m[1mmodule.media_nodes.null_resource.node_config[3] (remote-exec):[0m [0m  Installing       : device-map    7/39
[0m[1mmodule.media_nodes.null_resource.node_config[0] (remote-exec):[0m [0m  Installing       : inte  26/39
[0m[1mmodule.media_nodes.null_resource.node_config[0] (remote-exec):[0m [0m  Installing       : integritys   26/39
[0m[1mmodule.media_nodes.null_resource.node_config[2] (remote-exec):[0m [0m  Installing       : lsof  30/39
[0m[1mmodule.media_nodes.null_resource.node_config[2] (remote-exec):[0m [0m  Installing       : lsof-4.93.   30/39
[0m[1mmodule.media_nodes.null_resource.node_config[0] (remote-exec):[0m [0m  Installing       : cryp  27/39
[0m[1mmodule.media_nodes.null_resource.node_config[0] (remote-exec):[0m [0m  Installing       : cryptsetup   27/39
[0m[1mmodule.media_nodes.null_resource.node_config[1] (remote-exec):[0m [0m  Installing       : libi   8/39
[0m[1mmodule.media_nodes.null_resource.node_config[1] (remote-exec):[0m [0m  Installing       : libibverbs    8/39
[0m[1mmodule.media_nodes.null_resource.node_config[0] (remote-exec):[0m [0m  Installing       : lm_s  28/39
[0m[1mmodule.media_nodes.null_resource.node_config[0] (remote-exec):[0m [0m  Installing       : lm_sensors   28/39
[0m[1mmodule.media_nodes.null_resource.node_config[6] (remote-exec):[0m [0m  Installing       : libi   8/39
[0m[1mmodule.media_nodes.null_resource.node_config[6] (remote-exec):[0m [0m  Installing       : libibverbs    8/39
[0m[1mmodule.media_nodes.null_resource.node_config[0] (remote-exec):[0m [0m  Running scriptlet: lm_sensors   28/39
[0m[1mmodule.media_nodes.null_resource.node_config[1] (remote-exec):[0m [0m  Installing       : user   9/39
[0m[1mmodule.media_nodes.null_resource.node_config[1] (remote-exec):[0m [0m  Installing       : userspace-    9/39
[0m[1mmodule.media_nodes.null_resource.node_config[1] (remote-exec):[0m [0m  Running scriptlet: userspace-    9/39
[0m[1mmodule.media_nodes.null_resource.node_config[3] (remote-exec):[0m [0m  Installing       : libi   8/39
[0m[1mmodule.media_nodes.null_resource.node_config[6] (remote-exec):[0m [0m  Installing       : user   9/39
[0m[1mmodule.media_nodes.null_resource.node_config[6] (remote-exec):[0m [0m  Installing       : userspace-    9/39
[0m[1mmodule.media_nodes.null_resource.node_config[3] (remote-exec):[0m [0m  Installing       : libibverbs    8/39
[0m[1mmodule.media_nodes.null_resource.node_config[1] (remote-exec):[0m [0m  Installing       : boos  10/39
[0m[1mmodule.media_nodes.null_resource.node_config[1] (remote-exec):[0m [0m  Installing       : boost-prog   10/39
[0m[1mmodule.media_nodes.null_resource.node_config[2] (remote-exec):[0m [0m  Installing       : libi  31/39
[0m[1mmodule.media_nodes.null_resource.node_config[1] (remote-exec):[0m [0m  Running scriptlet: boost-prog   10/39
[0m[1mmodule.media_nodes.null_resource.node_config[1] (remote-exec):[0m [0m  Installing       : boos  11/39
[0m[1mmodule.media_nodes.null_resource.node_config[1] (remote-exec):[0m [0m  Installing       : boost-iost   11/39
[0m[1mmodule.media_nodes.null_resource.node_config[4] (remote-exec):[0m [0m  Running scriptlet: smartmonto   20/39
[0m[1mmodule.media_nodes.null_resource.node_config[1] (remote-exec):[0m [0m  Running scriptlet: boost-iost   11/39
[0m[1mmodule.media_nodes.null_resource.node_config[0] (remote-exec):[0m [0m  Installing       : syss  29/39
[0m[1mmodule.media_nodes.null_resource.node_config[0] (remote-exec):[0m [0m  Installing       : sysstat-11   29/39
[0m[1mmodule.media_nodes.null_resource.node_config[3] (remote-exec):[0m [0m  Installing       : user   9/39
[0m[1mmodule.media_nodes.null_resource.node_config[3] (remote-exec):[0m [0m  Installing       : userspace-    9/39
[0m[1mmodule.media_nodes.null_resource.node_config[1] (remote-exec):[0m [0m  Installing       : boos  12/39
[0m[1mmodule.media_nodes.null_resource.node_config[1] (remote-exec):[0m [0m  Installing       : boost-date   12/39
[0m[1mmodule.media_nodes.null_resource.node_config[1] (remote-exec):[0m [0m  Running scriptlet: boost-date   12/39
[0m[1mmodule.media_nodes.null_resource.node_config[6] (remote-exec):[0m [0m  Running scriptlet: userspace-    9/39
[0m[1mmodule.media_nodes.null_resource.node_config[0] (remote-exec):[0m [0m  Running scriptlet: sysstat-11   29/39
[0m[1mmodule.media_nodes.null_resource.node_config[3] (remote-exec):[0m [0m  Running scriptlet: userspace-    9/39
[0m[1mmodule.media_nodes.null_resource.node_config[1] (remote-exec):[0m [0m  Installing       : boos  13/39
[0m[1mmodule.media_nodes.null_resource.node_config[1] (remote-exec):[0m [0m  Installing       : boost-atom   13/39
[0m[1mmodule.media_nodes.null_resource.node_config[6] (remote-exec):[0m [0m  Installing       : boos  10/39
[0m[1mmodule.media_nodes.null_resource.node_config[6] (remote-exec):[0m [0m  Installing       : boost-prog   10/39
[0m[1mmodule.media_nodes.null_resource.node_config[1] (remote-exec):[0m [0m  Running scriptlet: boost-atom   13/39
[0m[1mmodule.media_nodes.null_resource.node_config[4] (remote-exec):[0m [0m  Installing       : smar  20/39
[0m[1mmodule.media_nodes.null_resource.node_config[4] (remote-exec):[0m [0m  Installing       : smartmonto   20/39
[0m[1mmodule.media_nodes.null_resource.node_config[6] (remote-exec):[0m [0m  Running scriptlet: boost-prog   10/39
[0m[1mmodule.media_nodes.null_resource.node_config[3] (remote-exec):[0m [0m  Installing       : boos  10/39
[0m[1mmodule.media_nodes.null_resource.node_config[3] (remote-exec):[0m [0m  Installing       : boost-prog   10/39
[0m[1mmodule.media_nodes.null_resource.node_config[0] (remote-exec):[0m [0m  Installing       : lsof  30/39
[0m[1mmodule.media_nodes.null_resource.node_config[0] (remote-exec):[0m [0m  Installing       : lsof-4.93.   30/39
[0m[1mmodule.media_nodes.null_resource.node_config[6] (remote-exec):[0m [0m  Installing       : boos  11/39
[0m[1mmodule.media_nodes.null_resource.node_config[6] (remote-exec):[0m [0m  Installing       : boost-iost   11/39
[0m[1mmodule.media_nodes.null_resource.node_config[4] (remote-exec):[0m [0m  Running scriptlet: smartmonto   20/39
[0m[1mmodule.media_nodes.null_resource.node_config[3] (remote-exec):[0m [0m  Running scriptlet: boost-prog   10/39
[0m[1mmodule.media_nodes.null_resource.node_config[6] (remote-exec):[0m [0m  Running scriptlet: boost-iost   11/39
[0m[1mmodule.media_nodes.null_resource.node_config[3] (remote-exec):[0m [0m  Installing       : boos  11/39
[0m[1mmodule.media_nodes.null_resource.node_config[3] (remote-exec):[0m [0m  Installing       : boost-iost   11/39
[0m[1mmodule.media_nodes.null_resource.node_config[6] (remote-exec):[0m [0m  Installing       : boos  12/39
[0m[1mmodule.media_nodes.null_resource.node_config[6] (remote-exec):[0m [0m  Installing       : boost-date   12/39
[0m[1mmodule.media_nodes.null_resource.node_config[4] (remote-exec):[0m [0m  Installing       : rdma  21/39
[0m[1mmodule.media_nodes.null_resource.node_config[4] (remote-exec):[0m [0m  Installing       : rdma-core-   21/39
[0m[1mmodule.media_nodes.null_resource.node_config[6] (remote-exec):[0m [0m  Running scriptlet: boost-date   12/39
[0m[1mmodule.media_nodes.null_resource.node_config[3] (remote-exec):[0m [0m  Running scriptlet: boost-iost   11/39
[0m[1mmodule.media_nodes.null_resource.node_config[6] (remote-exec):[0m [0m  Installing       : boos  13/39
[0m[1mmodule.media_nodes.null_resource.node_config[6] (remote-exec):[0m [0m  Installing       : boost-atom   13/39
[0m[1mmodule.media_nodes.null_resource.node_config[4] (remote-exec):[0m [0m  Running scriptlet: rdma-core-   21/39
[0m[1mmodule.media_nodes.null_resource.node_config[6] (remote-exec):[0m [0m  Running scriptlet: boost-atom   13/39
[0m[1mmodule.media_nodes.null_resource.node_config[3] (remote-exec):[0m [0m  Installing       : boos  12/39
[0m[1mmodule.media_nodes.null_resource.node_config[3] (remote-exec):[0m [0m  Installing       : boost-date   12/39
[0m[1mmodule.media_nodes.null_resource.node_config[1] (remote-exec):[0m [0m  Installing       : devi  14/39
[0m[1mmodule.media_nodes.null_resource.node_config[1] (remote-exec):[0m [0m  Installing       : device-map   14/39
[0m[1mmodule.media_nodes.null_resource.node_config[3] (remote-exec):[0m [0m  Running scriptlet: boost-date   12/39
[0m[1mmodule.media_nodes.null_resource.node_config[0] (remote-exec):[0m [0m  Installing       : libi  31/39
[0m[1mmodule.media_nodes.null_resource.node_config[3] (remote-exec):[0m [0m  Installing       : boos  13/39
[0m[1mmodule.media_nodes.null_resource.node_config[3] (remote-exec):[0m [0m  Installing       : boost-atom   13/39
[0m[1mmodule.media_nodes.null_resource.node_config[3] (remote-exec):[0m [0m  Running scriptlet: boost-atom   13/39
[0m[1mmodule.media_nodes.null_resource.node_config[6] (remote-exec):[0m [0m  Installing       : devi  14/39
[0m[1mmodule.media_nodes.null_resource.node_config[6] (remote-exec):[0m [0m  Installing       : device-map   14/39
[0m[1mmodule.media_nodes.null_resource.node_config[4] (remote-exec):[0m [0m  Installing       : nvme  22/39
[0m[1mmodule.media_nodes.null_resource.node_config[1] (remote-exec):[0m [0m  Running scriptlet: device-map   14/39
[0m[1mmodule.media_nodes.null_resource.node_config[6] (remote-exec):[0m [0m  Running scriptlet: device-map   14/39
[0m[1mmodule.media_nodes.null_resource.node_config[4] (remote-exec):[0m [0m  Installing       : nvme-cli-1   22/39
[0m[1mmodule.media_nodes.null_resource.node_config[1] (remote-exec):[0m [0m  Installing       : devi  15/39
[0m[1mmodule.media_nodes.null_resource.node_config[1] (remote-exec):[0m [0m  Installing       : device-map   15/39
[0m[1mmodule.media_nodes.null_resource.node_config[4] (remote-exec):[0m [0m  Running scriptlet: nvme-cli-1   22/39
[0m[1mmodule.media_nodes.null_resource.node_config[3] (remote-exec):[0m [0m  Installing       : devi  14/39
[0m[1mmodule.media_nodes.null_resource.node_config[3] (remote-exec):[0m [0m  Installing       : device-map   14/39
[0m[1mmodule.media_nodes.null_resource.node_config[6] (remote-exec):[0m [0m  Installing       : devi  15/39
[0m[1mmodule.media_nodes.null_resource.node_config[6] (remote-exec):[0m [0m  Installing       : device-map   15/39
[0m[1mmodule.media_nodes.null_resource.node_config[3] (remote-exec):[0m [0m  Running scriptlet: device-map   14/39
[0m[1mmodule.media_nodes.null_resource.node_config[1] (remote-exec):[0m [0m  Running scriptlet: device-map   15/39
[0m[1mmodule.media_nodes.null_resource.node_config[6] (remote-exec):[0m [0m  Running scriptlet: device-map   15/39
[0m[1mmodule.media_nodes.null_resource.node_config[1] (remote-exec):[0m [0m  Installing       : libr  16/39
[0m[1mmodule.media_nodes.null_resource.node_config[1] (remote-exec):[0m [0m  Installing       : librdmacm-   16/39
[0m[1mmodule.media_nodes.null_resource.node_config[3] (remote-exec):[0m [0m  Installing       : devi  15/39
[0m[1mmodule.media_nodes.null_resource.node_config[3] (remote-exec):[0m [0m  Installing       : device-map   15/39
[0m[1mmodule.media_nodes.null_resource.node_config[6] (remote-exec):[0m [0m  Installing       : libr  16/39
[0m[1mmodule.media_nodes.null_resource.node_config[6] (remote-exec):[0m [0m  Installing       : librdmacm-   16/39
[0m[1mmodule.media_nodes.null_resource.node_config[1] (remote-exec):[0m [0m  Installing       : devi  17/39
[0m[1mmodule.media_nodes.null_resource.node_config[1] (remote-exec):[0m [0m  Installing       : device-map   17/39
[0m[1mmodule.media_nodes.null_resource.node_config[6] (remote-exec):[0m [0m  Installing       : devi  17/39
[0m[1mmodule.media_nodes.null_resource.node_config[6] (remote-exec):[0m [0m  Installing       : device-map   17/39
[0m[1mmodule.media_nodes.null_resource.node_config[1] (remote-exec):[0m [0m  Running scriptlet: device-map   17/39
[0m[1mmodule.media_nodes.null_resource.node_config[3] (remote-exec):[0m [0m  Running scriptlet: device-map   15/39
[0m[1mmodule.media_nodes.null_resource.node_config[6] (remote-exec):[0m [0m  Running scriptlet: device-map   17/39
[0m[1mmodule.media_nodes.null_resource.node_config[3] (remote-exec):[0m [0m  Installing       : libr  16/39
[0m[1mmodule.media_nodes.null_resource.node_config[3] (remote-exec):[0m [0m  Installing       : librdmacm-   16/39
[0m[1mmodule.media_nodes.null_resource.node_config[3] (remote-exec):[0m [0m  Installing       : devi  17/39
[0m[1mmodule.media_nodes.null_resource.node_config[3] (remote-exec):[0m [0m  Installing       : device-map   17/39
[0m[1mmodule.media_nodes.null_resource.node_config[3] (remote-exec):[0m [0m  Running scriptlet: device-map   17/39
[0m[1mmodule.media_nodes.null_resource.node_config[2] (remote-exec):[0m [0m  Installing       : libicu-60.   31/39
[0m[1mmodule.media_nodes.null_resource.node_config[2] (remote-exec):[0m [0m  Running scriptlet: libicu-60.   31/39
[0m[1mmodule.media_nodes.null_resource.node_config[2] (remote-exec):[0m [0m  Installing       : boos  32/39
[0m[1mmodule.media_nodes.null_resource.node_config[2] (remote-exec):[0m [0m  Installing       : boost-rege   32/39
[0m[1mmodule.media_nodes.null_resource.node_config[2] (remote-exec):[0m [0m  Running scriptlet: boost-rege   32/39
[0m[1mmodule.media_nodes.null_resource.node_config[6] (remote-exec):[0m [0m  Installing       : lvm2  18/39
[0m[1mmodule.media_nodes.null_resource.node_config[6] (remote-exec):[0m [0m  Installing       : lvm2-libs-   18/39
[0m[1mmodule.media_nodes.null_resource.node_config[1] (remote-exec):[0m [0m  Installing       : lvm2  18/39
[0m[1mmodule.media_nodes.null_resource.node_config[1] (remote-exec):[0m [0m  Installing       : lvm2-libs-   18/39
[0m[1mmodule.media_nodes.null_resource.node_config[4] (remote-exec):[0m [0mCreated symlink /etc/systemd/system/default.target.wants/nvmefc-boot-connections.service → /usr/lib/systemd/system/nvmefc-boot-connections.service.

[0m[1mmodule.media_nodes.null_resource.node_config[4] (remote-exec):[0m [0m  Installing       : pyth  23/39
[0m[1mmodule.media_nodes.null_resource.node_config[4] (remote-exec):[0m [0m  Installing       : python3-se   23/39
[0m[1mmodule.media_nodes.null_resource.node_config[2] (remote-exec):[0m [0m  Installing       : libr  33/39
[0m[1mmodule.media_nodes.null_resource.node_config[4] (remote-exec):[0m [0m  Installing       : pyth  24/39
[0m[1mmodule.media_nodes.null_resource.node_config[4] (remote-exec):[0m [0m  Installing       : python36-3   24/39
[0m[1mmodule.media_nodes.null_resource.node_config[4] (remote-exec):[0m [0m  Running scriptlet: python36-3   24/39
[0m[1mmodule.media_nodes.null_resource.node_config[0] (remote-exec):[0m [0m  Installing       : libicu-60.   31/39
[0m[1mmodule.media_nodes.null_resource.node_config[4] (remote-exec):[0m [0m  Installing       : pyth  25/39
[0m[1mmodule.media_nodes.null_resource.node_config[4] (remote-exec):[0m [0m  Installing       : python3-pi   25/39
[0m[1mmodule.media_nodes.null_resource.node_config[3] (remote-exec):[0m [0m  Installing       : lvm2  18/39
[0m[1mmodule.media_nodes.null_resource.node_config[3] (remote-exec):[0m [0m  Installing       : lvm2-libs-   18/39
[0m[1mmodule.media_nodes.null_resource.node_config[0] (remote-exec):[0m [0m  Running scriptlet: libicu-60.   31/39
[0m[1mmodule.media_nodes.null_resource.node_config[0] (remote-exec):[0m [0m  Installing       : boos  32/39
[0m[1mmodule.media_nodes.null_resource.node_config[0] (remote-exec):[0m [0m  Installing       : boost-rege   32/39
[0m[1mmodule.media_nodes.null_resource.node_config[4] (remote-exec):[0m [0m  Installing       : inte  26/39
[0m[1mmodule.media_nodes.null_resource.node_config[4] (remote-exec):[0m [0m  Installing       : integritys   26/39
[0m[1mmodule.media_nodes.null_resource.node_config[0] (remote-exec):[0m [0m  Running scriptlet: boost-rege   32/39
[0m[1mmodule.media_nodes.null_resource.node_config[4] (remote-exec):[0m [0m  Installing       : cryp  27/39
[0m[1mmodule.media_nodes.null_resource.node_config[4] (remote-exec):[0m [0m  Installing       : cryptsetup   27/39
[0m[1mmodule.media_nodes.null_resource.node_config[6] (remote-exec):[0m [0m  Installing       : lvm2  19/39
[0m[1mmodule.media_nodes.null_resource.node_config[4] (remote-exec):[0m [0m  Installing       : lm_s  28/39
[0m[1mmodule.media_nodes.null_resource.node_config[4] (remote-exec):[0m [0m  Installing       : lm_sensors   28/39
[0m[1mmodule.media_nodes.null_resource.node_config[2] (remote-exec):[0m [0m  Installing       : librados2-   33/39
[0m[1mmodule.media_nodes.null_resource.node_config[1] (remote-exec):[0m [0m  Installing       : lvm2  19/39
[0m[1mmodule.media_nodes.null_resource.node_config[4] (remote-exec):[0m [0m  Running scriptlet: lm_sensors   28/39
[0m[1mmodule.media_nodes.null_resource.node_config[2] (remote-exec):[0m [0m  Running scriptlet: librados2-   33/39
[0m[1mmodule.media_nodes.null_resource.node_config[3] (remote-exec):[0m [0m  Installing       : lvm2  19/39
[0m[1mmodule.media_nodes.null_resource.node_config[6] (remote-exec):[0m [0m  Installing       : lvm2-8:2.0   19/39
[0m[1mmodule.media_nodes.null_resource.node_config[1] (remote-exec):[0m [0m  Installing       : lvm2-8:2.0   19/39
[0m[1mmodule.media_nodes.null_resource.node_config[0] (remote-exec):[0m [0m  Installing       : libr  33/39
[0m[1mmodule.media_nodes.null_resource.node_config[1] (remote-exec):[0m [0m  Running scriptlet: lvm2-8:2.0   19/39
[0m[1mmodule.media_nodes.null_resource.node_config[2] (remote-exec):[0m [0m  Installing       : libr  34/39
[0m[1mmodule.media_nodes.null_resource.node_config[2] (remote-exec):[0m [0m  Installing       : librbd1-1:   34/39
[0m[1mmodule.media_nodes.null_resource.node_config[3] (remote-exec):[0m [0m  Installing       : lvm2-8:2.0   19/39
[0m[1mmodule.media_nodes.null_resource.node_config[4] (remote-exec):[0m [0m  Installing       : syss  29/39
[0m[1mmodule.media_nodes.null_resource.node_config[4] (remote-exec):[0m [0m  Installing       : sysstat-11   29/39
[0m[1mmodule.media_nodes.null_resource.node_config[2] (remote-exec):[0m [0m  Running scriptlet: librbd1-1:   34/39
[0m[1mmodule.media_nodes.null_resource.node_config[4] (remote-exec):[0m [0m  Running scriptlet: sysstat-11   29/39
[0m[1mmodule.media_nodes.null_resource.node_config[3] (remote-exec):[0m [0m  Running scriptlet: lvm2-8:2.0   19/39
[0m[1mmodule.media_nodes.null_resource.node_config[4] (remote-exec):[0m [0m  Installing       : lsof  30/39
[0m[1mmodule.media_nodes.null_resource.node_config[4] (remote-exec):[0m [0m  Installing       : lsof-4.93.   30/39
[0m[1mmodule.media_nodes.null_resource.node_config[0] (remote-exec):[0m [0m  Installing       : librados2-   33/39
[0m[1mmodule.media_nodes.null_resource.node_config[6] (remote-exec):[0m [0m  Running scriptlet: lvm2-8:2.0   19/39
[0m[1mmodule.media_nodes.null_resource.node_config[2] (remote-exec):[0m [0m  Installing       : fio-  35/39
[0m[1mmodule.media_nodes.null_resource.node_config[2] (remote-exec):[0m [0m  Installing       : fio-3.19-4   35/39
[0m[1mmodule.media_nodes.null_resource.node_config[0] (remote-exec):[0m [0m  Running scriptlet: librados2-   33/39
[0m[1mmodule.media_nodes.null_resource.node_config[5] (remote-exec):[0m [0mDependencies resolved.
[0m[1mmodule.media_nodes.null_resource.node_config[2] (remote-exec):[0m [0m  Installing       : isns  36/39
[0m[1mmodule.media_nodes.null_resource.node_config[2] (remote-exec):[0m [0m  Installing       : isns-utils   36/39
[0m[1mmodule.media_nodes.null_resource.node_config[2] (remote-exec):[0m [0m  Running scriptlet: isns-utils   36/39
[0m[1mmodule.media_nodes.null_resource.node_config[4] (remote-exec):[0m [0m  Installing       : libi  31/39
[0m[1mmodule.media_nodes.null_resource.node_config[2] (remote-exec):[0m [0m  Installing       : iscs  37/39
[0m[1mmodule.media_nodes.null_resource.node_config[2] (remote-exec):[0m [0m  Installing       : iscsi-init   37/39
[0m[1mmodule.media_nodes.null_resource.node_config[5] (remote-exec):[0m [0m========================================
[0m[1mmodule.media_nodes.null_resource.node_config[2] (remote-exec):[0m [0m  Running scriptlet: iscsi-init   37/39
[0m[1mmodule.media_nodes.null_resource.node_config[5] (remote-exec):[0m [0m Package
[0m[1mmodule.media_nodes.null_resource.node_config[5] (remote-exec):[0m [0m      Arch    Version           Repo
[0m[1mmodule.media_nodes.null_resource.node_config[5] (remote-exec):[0m [0m                                   Size
[0m[1mmodule.media_nodes.null_resource.node_config[5] (remote-exec):[0m [0m========================================
[0m[1mmodule.media_nodes.null_resource.node_config[5] (remote-exec):[0m [0mInstalling:
[0m[1mmodule.media_nodes.null_resource.node_config[5] (remote-exec):[0m [0m [1m[32mvlzconnector(B[m
[0m[1mmodule.media_nodes.null_resource.node_config[5] (remote-exec):[0m [0m      aarch64 1.27.0-release    volumez
[0m[1mmodule.media_nodes.null_resource.node_config[5] (remote-exec):[0m [0m                                  8.0 M
[0m[1mmodule.media_nodes.null_resource.node_config[5] (remote-exec):[0m [0mInstalling dependencies:
[0m[1mmodule.media_nodes.null_resource.node_config[5] (remote-exec):[0m [0m [1m[32mboost-atomic(B[m
[0m[1mmodule.media_nodes.null_resource.node_config[5] (remote-exec):[0m [0m      aarch64 1.66.0-13.el8     rhel-8-appstream-rhui-rpms
[0m[1mmodule.media_nodes.null_resource.node_config[5] (remote-exec):[0m [0m                                   14 k
[0m[1mmodule.media_nodes.null_resource.node_config[5] (remote-exec):[0m [0m [1m[32mboost-chrono(B[m
[0m[1mmodule.media_nodes.null_resource.node_config[5] (remote-exec):[0m [0m      aarch64 1.66.0-13.el8     rhel-8-appstream-rhui-rpms
[0m[1mmodule.media_nodes.null_resource.node_config[5] (remote-exec):[0m [0m                                   23 k
[0m[1mmodule.media_nodes.null_resource.node_config[5] (remote-exec):[0m [0m [1m[32mboost-date-time(B[m
[0m[1mmodule.media_nodes.null_resource.node_config[5] (remote-exec):[0m [0m      aarch64 1.66.0-13.el8     rhel-8-appstream-rhui-rpms
[0m[1mmodule.media_nodes.null_resource.node_config[5] (remote-exec):[0m [0m                                   29 k
[0m[1mmodule.media_nodes.null_resource.node_config[5] (remote-exec):[0m [0m [1m[32mboost-iostreams(B[m
[0m[1mmodule.media_nodes.null_resource.node_config[5] (remote-exec):[0m [0m      aarch64 1.66.0-13.el8     rhel-8-appstream-rhui-rpms
[0m[1mmodule.media_nodes.null_resource.node_config[5] (remote-exec):[0m [0m                                   40 k
[0m[1mmodule.media_nodes.null_resource.node_config[5] (remote-exec):[0m [0m [1m[32mboost-program-options(B[m
[0m[1mmodule.media_nodes.null_resource.node_config[5] (remote-exec):[0m [0m      aarch64 1.66.0-13.el8     rhel-8-appstream-rhui-rpms
[0m[1mmodule.media_nodes.null_resource.node_config[5] (remote-exec):[0m [0m                                  131 k
[0m[1mmodule.media_nodes.null_resource.node_config[5] (remote-exec):[0m [0m [1m[32mboost-random(B[m
[0m[1mmodule.media_nodes.null_resource.node_config[5] (remote-exec):[0m [0m      aarch64 1.66.0-13.el8     rhel-8-appstream-rhui-rpms
[0m[1mmodule.media_nodes.null_resource.node_config[5] (remote-exec):[0m [0m                                   22 k
[0m[1mmodule.media_nodes.null_resource.node_config[5] (remote-exec):[0m [0m [1m[32mboost-regex(B[m
[0m[1mmodule.media_nodes.null_resource.node_config[5] (remote-exec):[0m [0m      aarch64 1.66.0-13.el8     rhel-8-appstream-rhui-rpms
[0m[1mmodule.media_nodes.null_resource.node_config[5] (remote-exec):[0m [0m                                  254 k
[0m[1mmodule.media_nodes.null_resource.node_config[5] (remote-exec):[0m [0m [1m[32mboost-system(B[m
[0m[1mmodule.media_nodes.null_resource.node_config[5] (remote-exec):[0m [0m      aarch64 1.66.0-13.el8     rhel-8-appstream-rhui-rpms
[0m[1mmodule.media_nodes.null_resource.node_config[5] (remote-exec):[0m [0m                                   18 k
[0m[1mmodule.media_nodes.null_resource.node_config[5] (remote-exec):[0m [0m [1m[32mboost-thread(B[m
[0m[1mmodule.media_nodes.null_resource.node_config[5] (remote-exec):[0m [0m      aarch64 1.66.0-13.el8     rhel-8-appstream-rhui-rpms
[0m[1mmodule.media_nodes.null_resource.node_config[5] (remote-exec):[0m [0m                                   56 k
[0m[1mmodule.media_nodes.null_resource.node_config[5] (remote-exec):[0m [0m [1m[32mcryptsetup(B[m
[0m[1mmodule.media_nodes.null_resource.node_config[5] (remote-exec):[0m [0m      aarch64 2.3.7-2.el8       rhel-8-baseos-rhui-rpms
[0m[1mmodule.media_nodes.null_resource.node_config[5] (remote-exec):[0m [0m                                  194 k
[0m[1mmodule.media_nodes.null_resource.node_config[5] (remote-exec):[0m [0m [1m[32mdevice-mapper-event(B[m
[0m[1mmodule.media_nodes.null_resource.node_config[5] (remote-exec):[0m [0m      aarch64 8:1.02.181-6.el8  rhel-8-baseos-rhui-rpms
[0m[1mmodule.media_nodes.null_resource.node_config[5] (remote-exec):[0m [0m                                  270 k
[0m[1mmodule.media_nodes.null_resource.node_config[5] (remote-exec):[0m [0m [1m[32mdevice-mapper-event-libs(B[m
[0m[1mmodule.media_nodes.null_resource.node_config[5] (remote-exec):[0m [0m      aarch64 8:1.02.181-6.el8  rhel-8-baseos-rhui-rpms
[0m[1mmodule.media_nodes.null_resource.node_config[5] (remote-exec):[0m [0m                                  270 k
[0m[1mmodule.media_nodes.null_resource.node_config[5] (remote-exec):[0m [0m [1m[32mdevice-mapper-multipath(B[m
[0m[1mmodule.media_nodes.null_resource.node_config[5] (remote-exec):[0m [0m      aarch64 0.8.4-28.el8_7.1  rhel-8-baseos-rhui-rpms
[0m[1mmodule.media_nodes.null_resource.node_config[5] (remote-exec):[0m [0m                                  201 k
[0m[1mmodule.media_nodes.null_resource.node_config[5] (remote-exec):[0m [0m [1m[32mdevice-mapper-multipath-libs(B[m
[0m[1mmodule.media_nodes.null_resource.node_config[5] (remote-exec):[0m [0m      aarch64 0.8.4-28.el8_7.1  rhel-8-baseos-rhui-rpms
[0m[1mmodule.media_nodes.null_resource.node_config[5] (remote-exec):[0m [0m                                  319 k
[0m[1mmodule.media_nodes.null_resource.node_config[5] (remote-exec):[0m [0m [1m[32mdevice-mapper-persistent-data(B[m
[0m[1mmodule.media_nodes.null_resource.node_config[5] (remote-exec):[0m [0m      aarch64 0.9.0-7.el8       rhel-8-baseos-rhui-rpms
[0m[1mmodule.media_nodes.null_resource.node_config[5] (remote-exec):[0m [0m                                  808 k
[0m[1mmodule.media_nodes.null_resource.node_config[5] (remote-exec):[0m [0m [1m[32mfio (B[m aarch64 3.19-4.el8        rhel-8-appstream-rhui-rpms
[0m[1mmodule.media_nodes.null_resource.node_config[5] (remote-exec):[0m [0m                                  516 k
[0m[1mmodule.media_nodes.null_resource.node_config[5] (remote-exec):[0m [0m [1m[32mintegritysetup(B[m
[0m[1mmodule.media_nodes.null_resource.node_config[5] (remote-exec):[0m [0m      aarch64 2.3.7-2.el8       rhel-8-baseos-rhui-rpms
[0m[1mmodule.media_nodes.null_resource.node_config[5] (remote-exec):[0m [0m                                   43 k
[0m[1mmodule.media_nodes.null_resource.node_config[5] (remote-exec):[0m [0m [1m[32miscsi-initiator-utils(B[m
[0m[1mmodule.media_nodes.null_resource.node_config[5] (remote-exec):[0m [0m      aarch64 6.2.1.4-8.git095f59c.el8_8
[0m[1mmodule.media_nodes.null_resource.node_config[5] (remote-exec):[0m [0m                                rhel-8-baseos-rhui-rpms
[0m[1mmodule.media_nodes.null_resource.node_config[5] (remote-exec):[0m [0m                                  376 k
[0m[1mmodule.media_nodes.null_resource.node_config[5] (remote-exec):[0m [0m [1m[32miscsi-initiator-utils-iscsiuio(B[m
[0m[1mmodule.media_nodes.null_resource.node_config[5] (remote-exec):[0m [0m      aarch64 6.2.1.4-8.git095f59c.el8_8
[0m[1mmodule.media_nodes.null_resource.node_config[5] (remote-exec):[0m [0m                                rhel-8-baseos-rhui-rpms
[0m[1mmodule.media_nodes.null_resource.node_config[5] (remote-exec):[0m [0m                                   97 k
[0m[1mmodule.media_nodes.null_resource.node_config[5] (remote-exec):[0m [0m [1m[32misns-utils-libs(B[m
[0m[1mmodule.media_nodes.null_resource.node_config[5] (remote-exec):[0m [0m      aarch64 0.99-1.el8        rhel-8-baseos-rhui-rpms
[0m[1mmodule.media_nodes.null_resource.node_config[5] (remote-exec):[0m [0m                                  101 k
[0m[1mmodule.media_nodes.null_resource.node_config[5] (remote-exec):[0m [0m [1m[32mlibaio(B[m
[0m[1mmodule.media_nodes.null_resource.node_config[5] (remote-exec):[0m [0m      aarch64 0.3.112-1.el8     rhel-8-baseos-rhui-rpms
[0m[1mmodule.media_nodes.null_resource.node_config[0] (remote-exec):[0m [0m  Installing       : libr  34/39
[0m[1mmodule.media_nodes.null_resource.node_config[0] (remote-exec):[0m [0m  Installing       : librbd1-1:   34/39
[0m[1mmodule.media_nodes.null_resource.node_config[0] (remote-exec):[0m [0m  Running scriptlet: librbd1-1:   34/39
[0m[1mmodule.media_nodes.null_resource.node_config[5] (remote-exec):[0m [0m                                   33 k
[0m[1mmodule.media_nodes.null_resource.node_config[5] (remote-exec):[0m [0m [1m[32mlibibverbs(B[m
[0m[1mmodule.media_nodes.null_resource.node_config[5] (remote-exec):[0m [0m      aarch64 46.0-1.el8.1      rhel-8-baseos-rhui-rpms
[0m[1mmodule.media_nodes.null_resource.node_config[5] (remote-exec):[0m [0m                                  375 k
[0m[1mmodule.media_nodes.null_resource.node_config[5] (remote-exec):[0m [0m [1m[32mlibicu(B[m
[0m[1mmodule.media_nodes.null_resource.node_config[5] (remote-exec):[0m [0m      aarch64 60.3-2.el8_1      rhel-8-baseos-rhui-rpms
[0m[1mmodule.media_nodes.null_resource.node_config[5] (remote-exec):[0m [0m                                  8.7 M
[0m[1mmodule.media_nodes.null_resource.node_config[5] (remote-exec):[0m [0m [1m[32mlibrados2(B[m
[0m[1mmodule.media_nodes.null_resource.node_config[5] (remote-exec):[0m [0m      aarch64 1:12.2.7-9.el8    rhel-8-appstream-rhui-rpms
[0m[1mmodule.media_nodes.null_resource.node_config[5] (remote-exec):[0m [0m                                  2.6 M
[0m[1mmodule.media_nodes.null_resource.node_config[5] (remote-exec):[0m [0m [1m[32mlibrbd1(B[m
[0m[1mmodule.media_nodes.null_resource.node_config[5] (remote-exec):[0m [0m      aarch64 1:12.2.7-9.el8    rhel-8-appstream-rhui-rpms
[0m[1mmodule.media_nodes.null_resource.node_config[5] (remote-exec):[0m [0m                                  989 k
[0m[1mmodule.media_nodes.null_resource.node_config[5] (remote-exec):[0m [0m [1m[32mlibrdmacm(B[m
[0m[1mmodule.media_nodes.null_resource.node_config[5] (remote-exec):[0m [0m      aarch64 46.0-1.el8.1      rhel-8-baseos-rhui-rpms
[0m[1mmodule.media_nodes.null_resource.node_config[5] (remote-exec):[0m [0m                                   76 k
[0m[1mmodule.media_nodes.null_resource.node_config[5] (remote-exec):[0m [0m [1m[32mlm_sensors-libs(B[m
[0m[1mmodule.media_nodes.null_resource.node_config[5] (remote-exec):[0m [0m      aarch64 3.4.0-23.20180522git70f7e08.el8
[0m[1mmodule.media_nodes.null_resource.node_config[5] (remote-exec):[0m [0m                                rhel-8-baseos-rhui-rpms
[0m[1mmodule.media_nodes.null_resource.node_config[5] (remote-exec):[0m [0m                                   58 k
[0m[1mmodule.media_nodes.null_resource.node_config[5] (remote-exec):[0m [0m [1m[32mlsof(B[m aarch64 4.93.2-1.el8      rhel-8-baseos-rhui-rpms
[0m[1mmodule.media_nodes.null_resource.node_config[5] (remote-exec):[0m [0m                                  249 k
[0m[1mmodule.media_nodes.null_resource.node_config[5] (remote-exec):[0m [0m [1m[32mlvm2(B[m aarch64 8:2.03.14-6.el8   rhel-8-baseos-rhui-rpms
[0m[1mmodule.media_nodes.null_resource.node_config[5] (remote-exec):[0m [0m                                  1.6 M
[0m[1mmodule.media_nodes.null_resource.node_config[5] (remote-exec):[0m [0m [1m[32mlvm2-libs(B[m
[0m[1mmodule.media_nodes.null_resource.node_config[5] (remote-exec):[0m [0m      aarch64 8:2.03.14-6.el8   rhel-8-baseos-rhui-rpms
[0m[1mmodule.media_nodes.null_resource.node_config[5] (remote-exec):[0m [0m                                  1.1 M
[0m[1mmodule.media_nodes.null_resource.node_config[5] (remote-exec):[0m [0m [1m[32mnvme-cli(B[m
[0m[1mmodule.media_nodes.null_resource.node_config[5] (remote-exec):[0m [0m      aarch64 1.16-9.el8        rhel-8-baseos-rhui-rpms
[0m[1mmodule.media_nodes.null_resource.node_config[5] (remote-exec):[0m [0m                                  503 k
[0m[1mmodule.media_nodes.null_resource.node_config[5] (remote-exec):[0m [0m [1m[32mpython3-pip(B[m
[0m[1mmodule.media_nodes.null_resource.node_config[5] (remote-exec):[0m [0m      noarch  9.0.3-22.el8      rhel-8-appstream-rhui-rpms
[0m[1mmodule.media_nodes.null_resource.node_config[5] (remote-exec):[0m [0m                                   20 k
[0m[1mmodule.media_nodes.null_resource.node_config[5] (remote-exec):[0m [0m [1m[32mpython3-setuptools(B[m
[0m[1mmodule.media_nodes.null_resource.node_config[5] (remote-exec):[0m [0m      noarch  39.2.0-6.el8_7.1  rhel-8-baseos-rhui-rpms
[0m[1mmodule.media_nodes.null_resource.node_config[5] (remote-exec):[0m [0m                                  163 k
[0m[1mmodule.media_nodes.null_resource.node_config[5] (remote-exec):[0m [0m [1m[32mpython36(B[m
[0m[1mmodule.media_nodes.null_resource.node_config[5] (remote-exec):[0m [0m      aarch64 3.6.8-38.module+el8.9.0+20976+d3c38525
[0m[1mmodule.media_nodes.null_resource.node_config[5] (remote-exec):[0m [0m                                rhel-8-appstream-rhui-rpms
[0m[1mmodule.media_nodes.null_resource.node_config[5] (remote-exec):[0m [0m                                   19 k
[0m[1mmodule.media_nodes.null_resource.node_config[5] (remote-exec):[0m [0m [1m[32mrdma-core(B[m
[0m[1mmodule.media_nodes.null_resource.node_config[5] (remote-exec):[0m [0m      aarch64 46.0-1.el8.1      rhel-8-baseos-rhui-rpms
[0m[1mmodule.media_nodes.null_resource.node_config[5] (remote-exec):[0m [0m                                   62 k
[0m[1mmodule.media_nodes.null_resource.node_config[5] (remote-exec):[0m [0m [1m[32msmartmontools(B[m
[0m[1mmodule.media_nodes.null_resource.node_config[5] (remote-exec):[0m [0m      aarch64 1:7.1-2.el8       rhel-8-baseos-rhui-rpms
[0m[1mmodule.media_nodes.null_resource.node_config[5] (remote-exec):[0m [0m                                  524 k
[0m[1mmodule.media_nodes.null_resource.node_config[5] (remote-exec):[0m [0m [1m[32msysstat(B[m
[0m[1mmodule.media_nodes.null_resource.node_config[5] (remote-exec):[0m [0m      aarch64 11.7.3-11.el8     rhel-8-appstream-rhui-rpms
[0m[1mmodule.media_nodes.null_resource.node_config[5] (remote-exec):[0m [0m                                  410 k
[0m[1mmodule.media_nodes.null_resource.node_config[5] (remote-exec):[0m [0m [1m[32muserspace-rcu(B[m
[0m[1mmodule.media_nodes.null_resource.node_config[5] (remote-exec):[0m [0m      aarch64 0.10.1-4.el8      rhel-8-baseos-rhui-rpms
[0m[1mmodule.media_nodes.null_resource.node_config[5] (remote-exec):[0m [0m                                   98 k
[0m[1mmodule.media_nodes.null_resource.node_config[5] (remote-exec):[0m [0mEnabling module streams:
[0m[1mmodule.media_nodes.null_resource.node_config[5] (remote-exec):[0m [0m python36
[0m[1mmodule.media_nodes.null_resource.node_config[5] (remote-exec):[0m [0m              3.6

[0m[1mmodule.media_nodes.null_resource.node_config[5] (remote-exec):[0m [0mTransaction Summary
[0m[1mmodule.media_nodes.null_resource.node_config[5] (remote-exec):[0m [0m========================================
[0m[1mmodule.media_nodes.null_resource.node_config[5] (remote-exec):[0m [0mInstall  39 Packages

[0m[1mmodule.media_nodes.null_resource.node_config[5] (remote-exec):[0m [0mTotal download size: 29 M
[0m[1mmodule.media_nodes.null_resource.node_config[5] (remote-exec):[0m [0mInstalled size: 105 M
[0m[1mmodule.media_nodes.null_resource.node_config[5] (remote-exec):[0m [0mDownloading Packages:
[0m[1mmodule.media_nodes.null_resource.node_config[0] (remote-exec):[0m [0m  Installing       : fio-  35/39
[0m[1mmodule.media_nodes.null_resource.node_config[0] (remote-exec):[0m [0m  Installing       : fio-3.19-4   35/39
[0m[1mmodule.media_nodes.null_resource.node_config[5] (remote-exec):[0m [0mRed Hat ---  B/s |   0  B     --:-- ETA
[0m[1mmodule.media_nodes.null_resource.node_config[5] (remote-exec):[0m [0m(1/39): ---  B/s |   0  B     --:-- ETA
[0m[1mmodule.media_nodes.null_resource.node_config[5] (remote-exec):[0m [0m(1/39): 187 kB/s |  20 kB     00:00
[0m[1mmodule.media_nodes.null_resource.node_config[5] (remote-exec):[0m [0m(2-3/39 4.5 MB/s | 500 kB     00:06 ETA
[0m[1mmodule.media_nodes.null_resource.node_config[5] (remote-exec):[0m [0m(2/39): 7.9 MB/s | 989 kB     00:00
[0m[1mmodule.media_nodes.null_resource.node_config[0] (remote-exec):[0m [0m  Installing       : isns  36/39
[0m[1mmodule.media_nodes.null_resource.node_config[0] (remote-exec):[0m [0m  Installing       : isns-utils   36/39
[0m[1mmodule.media_nodes.null_resource.node_config[5] (remote-exec):[0m [0m(3-4/39 4.7 MB/s | 1.3 MB     00:05 ETA
[0m[1mmodule.media_nodes.null_resource.node_config[5] (remote-exec):[0m [0m(3/39): 707 kB/s |  14 kB     00:00
[0m[1mmodule.media_nodes.null_resource.node_config[5] (remote-exec):[0m [0m(4-5/39 4.7 MB/s | 1.4 MB     00:05 ETA
[0m[1mmodule.media_nodes.null_resource.node_config[5] (remote-exec):[0m [0m(4/39): 2.5 MB/s |  23 kB     00:00
[0m[1mmodule.media_nodes.null_resource.node_config[5] (remote-exec):[0m [0m(5-6/39 4.7 MB/s | 1.5 MB     00:05 ETA
[0m[1mmodule.media_nodes.null_resource.node_config[5] (remote-exec):[0m [0m(5/39): 2.8 MB/s |  40 kB     00:00
[0m[1mmodule.media_nodes.null_resource.node_config[5] (remote-exec):[0m [0m(6-7/39 5.0 MB/s | 3.1 MB     00:05 ETA
[0m[1mmodule.media_nodes.null_resource.node_config[5] (remote-exec):[0m [0m(6/39): 1.4 MB/s |  29 kB     00:00
[0m[1mmodule.media_nodes.null_resource.node_config[0] (remote-exec):[0m [0m  Running scriptlet: isns-utils   36/39
[0m[1mmodule.media_nodes.null_resource.node_config[5] (remote-exec):[0m [0m(7-8/39 5.0 MB/s | 3.2 MB     00:05 ETA
[0m[1mmodule.media_nodes.null_resource.node_config[5] (remote-exec):[0m [0m(7/39):  15 MB/s | 2.6 MB     00:00
[0m[1mmodule.media_nodes.null_resource.node_config[0] (remote-exec):[0m [0m  Installing       : iscs  37/39
[0m[1mmodule.media_nodes.null_resource.node_config[0] (remote-exec):[0m [0m  Installing       : iscsi-init   37/39
[0m[1mmodule.media_nodes.null_resource.node_config[5] (remote-exec):[0m [0m(8-9/39 5.1 MB/s | 3.7 MB     00:04 ETA
[0m[1mmodule.media_nodes.null_resource.node_config[5] (remote-exec):[0m [0m(8/39): 745 kB/s |  22 kB     00:00
[0m[1mmodule.media_nodes.null_resource.node_config[5] (remote-exec):[0m [0m(9-10/3 5.1 MB/s | 3.7 MB     00:04 ETA
[0m[1mmodule.media_nodes.null_resource.node_config[5] (remote-exec):[0m [0m(9/39): 3.7 MB/s | 131 kB     00:00
[0m[1mmodule.media_nodes.null_resource.node_config[5] (remote-exec):[0m [0m(10-11/ 5.1 MB/s | 3.8 MB     00:04 ETA
[0m[1mmodule.media_nodes.null_resource.node_config[5] (remote-exec):[0m [0m(10/39)  15 MB/s | 254 kB     00:00
[0m[1mmodule.media_nodes.null_resource.node_config[5] (remote-exec):[0m [0m(11-12/ 5.2 MB/s | 4.1 MB     00:04 ETA
[0m[1mmodule.media_nodes.null_resource.node_config[5] (remote-exec):[0m [0m(11/39) 1.1 MB/s |  18 kB     00:00
[0m[1mmodule.media_nodes.null_resource.node_config[5] (remote-exec):[0m [0m(12-13/ 5.2 MB/s | 4.1 MB     00:04 ETA
[0m[1mmodule.media_nodes.null_resource.node_config[5] (remote-exec):[0m [0m(12/39) 3.4 MB/s |  56 kB     00:00
[0m[1mmodule.media_nodes.null_resource.node_config[0] (remote-exec):[0m [0m  Running scriptlet: iscsi-init   37/39
[0m[1mmodule.media_nodes.null_resource.node_config[2] (remote-exec):[0m [0m  Installing       : iscs  38/39
[0m[1mmodule.media_nodes.null_resource.node_config[2] (remote-exec):[0m [0m  Installing       : iscsi-init   38/39
[0m[1mmodule.media_nodes.null_resource.node_config[2] (remote-exec):[0m [0m  Running scriptlet: iscsi-init   38/39
[0m[1mmodule.media_nodes.null_resource.node_config[5] (remote-exec):[0m [0m(13-14/ 5.2 MB/s | 4.1 MB     00:04 ETA
[0m[1mmodule.media_nodes.null_resource.node_config[5] (remote-exec):[0m [0m(13/39)  28 MB/s | 516 kB     00:00
[0m[1mmodule.media_nodes.null_resource.node_config[5] (remote-exec):[0m [0m(14-15/ 5.3 MB/s | 4.6 MB     00:04 ETA
[0m[1mmodule.media_nodes.null_resource.node_config[5] (remote-exec):[0m [0m(14/39) 1.1 MB/s |  19 kB     00:00
[0m[1mmodule.media_nodes.null_resource.node_config[5] (remote-exec):[0m [0m(15-16/ 5.3 MB/s | 4.7 MB     00:04 ETA
[0m[1mmodule.media_nodes.null_resource.node_config[5] (remote-exec):[0m [0m(15/39)  13 MB/s | 410 kB     00:00
[0m[1mmodule.media_nodes.null_resource.node_config[5] (remote-exec):[0m [0m(16-17/ 5.3 MB/s | 5.1 MB     00:04 ETA
[0m[1mmodule.media_nodes.null_resource.node_config[5] (remote-exec):[0m [0m(16/39) 2.0 MB/s |  33 kB     00:00
[0m[1mmodule.media_nodes.null_resource.node_config[5] (remote-exec):[0m [0m(17-18/ 5.4 MB/s | 5.1 MB     00:04 ETA
[0m[1mmodule.media_nodes.null_resource.node_config[5] (remote-exec):[0m [0m(17/39) 6.3 MB/s | 101 kB     00:00
[0m[1mmodule.media_nodes.null_resource.node_config[5] (remote-exec):[0m [0m(18-19/ 5.4 MB/s | 5.2 MB     00:04 ETA
[0m[1mmodule.media_nodes.null_resource.node_config[5] (remote-exec):[0m [0m(18/39) 6.9 MB/s |  58 kB     00:00
[0m[1mmodule.media_nodes.null_resource.node_config[5] (remote-exec):[0m [0m(19-20/ 5.4 MB/s | 5.3 MB     00:04 ETA
[0m[1mmodule.media_nodes.null_resource.node_config[5] (remote-exec):[0m [0m(19/39)  12 MB/s | 249 kB     00:00
[0m[1mmodule.media_nodes.null_resource.node_config[5] (remote-exec):[0m [0m(20-21/ 5.4 MB/s | 5.7 MB     00:04 ETA
[0m[1mmodule.media_nodes.null_resource.node_config[5] (remote-exec):[0m [0m(20/39) 8.1 MB/s |  98 kB     00:00
[0m[1mmodule.media_nodes.null_resource.node_config[5] (remote-exec):[0m [0m(21-22/ 5.5 MB/s | 5.9 MB     00:04 ETA
[0m[1mmodule.media_nodes.null_resource.node_config[5] (remote-exec):[0m [0m(21/39)  13 MB/s | 194 kB     00:00
[0m[1mmodule.media_nodes.null_resource.node_config[5] (remote-exec):[0m [0m(22-23/ 5.7 MB/s | 7.0 MB     00:03 ETA
[0m[1mmodule.media_nodes.null_resource.node_config[5] (remote-exec):[0m [0m(22/39) 3.1 MB/s |  43 kB     00:00
[0m[1mmodule.media_nodes.null_resource.node_config[5] (remote-exec):[0m [0m(23-24/ 5.7 MB/s | 7.1 MB     00:03 ETA
[0m[1mmodule.media_nodes.null_resource.node_config[5] (remote-exec):[0m [0m(23/39)  21 MB/s | 270 kB     00:00
[0m[1mmodule.media_nodes.null_resource.node_config[5] (remote-exec):[0m [0m(24-25/ 6.0 MB/s | 8.4 MB     00:03 ETA
[0m[1mmodule.media_nodes.null_resource.node_config[5] (remote-exec):[0m [0m(24/39)  12 MB/s | 270 kB     00:00
[0m[1mmodule.media_nodes.null_resource.node_config[5] (remote-exec):[0m [0m(25-26/ 6.0 MB/s | 8.9 MB     00:03 ETA
[0m[1mmodule.media_nodes.null_resource.node_config[5] (remote-exec):[0m [0m(25/39)  28 MB/s | 808 kB     00:00
[0m[1mmodule.media_nodes.null_resource.node_config[5] (remote-exec):[0m [0m(26-27/ 6.3 MB/s |  10 MB     00:02 ETA
[0m[1mmodule.media_nodes.null_resource.node_config[5] (remote-exec):[0m [0m(26/39)  35 MB/s | 1.6 MB     00:00
[0m[1mmodule.media_nodes.null_resource.node_config[5] (remote-exec):[0m [0m(27-28/ 7.1 MB/s |  15 MB     00:02 ETA
[0m[1mmodule.media_nodes.null_resource.node_config[5] (remote-exec):[0m [0m(27/39)  24 MB/s | 1.1 MB     00:00
[0m[1mmodule.media_nodes.null_resource.node_config[5] (remote-exec):[0m [0m(28-29/ 7.2 MB/s |  15 MB     00:01 ETA
[0m[1mmodule.media_nodes.null_resource.node_config[5] (remote-exec):[0m [0m(28/39) 9.2 MB/s | 201 kB     00:00
[0m[1mmodule.media_nodes.null_resource.node_config[5] (remote-exec):[0m [0m(29-30/ 7.2 MB/s |  15 MB     00:01 ETA
[0m[1mmodule.media_nodes.null_resource.node_config[5] (remote-exec):[0m [0m(29/39)  17 MB/s | 319 kB     00:00
[0m[1mmodule.media_nodes.null_resource.node_config[5] (remote-exec):[0m [0m(30-31/ 7.6 MB/s |  17 MB     00:01 ETA
[0m[1mmodule.media_nodes.null_resource.node_config[5] (remote-exec):[0m [0m(30/39) 8.9 MB/s | 163 kB     00:00
[0m[1mmodule.media_nodes.null_resource.node_config[5] (remote-exec):[0m [0m(31-32/ 7.6 MB/s |  17 MB     00:01 ETA
[0m[1mmodule.media_nodes.null_resource.node_config[5] (remote-exec):[0m [0m(31/39)  22 MB/s | 376 kB     00:00
[0m[1mmodule.media_nodes.null_resource.node_config[5] (remote-exec):[0m [0m(32-33/ 7.9 MB/s |  19 MB     00:01 ETA
[0m[1mmodule.media_nodes.null_resource.node_config[5] (remote-exec):[0m [0m(32/39) 4.4 MB/s |  97 kB     00:00
[0m[1mmodule.media_nodes.null_resource.node_config[1] (remote-exec):[0m [0m  Running scriptlet: smartmonto   20/39
[0m[1mmodule.media_nodes.null_resource.node_config[3] (remote-exec):[0m [0m  Running scriptlet: smartmonto   20/39
[0m[1mmodule.media_nodes.null_resource.node_config[6] (remote-exec):[0m [0m  Running scriptlet: smartmonto   20/39
[0m[1mmodule.media_nodes.null_resource.node_config[5] (remote-exec):[0m [0m(33-34/ 7.9 MB/s |  19 MB     00:01 ETA
[0m[1mmodule.media_nodes.null_resource.node_config[5] (remote-exec):[0m [0m(33/39)  35 MB/s | 8.7 MB     00:00
[0m[1mmodule.media_nodes.null_resource.node_config[1] (remote-exec):[0m [0m  Installing       : smar  20/39
[0m[1mmodule.media_nodes.null_resource.node_config[1] (remote-exec):[0m [0m  Installing       : smartmonto   20/39
[0m[1mmodule.media_nodes.null_resource.node_config[0] (remote-exec):[0m [0m  Installing       : iscs  38/39
[0m[1mmodule.media_nodes.null_resource.node_config[0] (remote-exec):[0m [0m  Installing       : iscsi-init   38/39
[0m[1mmodule.media_nodes.null_resource.node_config[5] (remote-exec):[0m [0m(34-35/ 7.9 MB/s |  20 MB     00:01 ETA
[0m[1mmodule.media_nodes.null_resource.node_config[5] (remote-exec):[0m [0m(34/39) 3.7 MB/s | 375 kB     00:00
[0m[1mmodule.media_nodes.null_resource.node_config[5] (remote-exec):[0m [0m(35-36/ 8.0 MB/s |  20 MB     00:01 ETA
[0m[1mmodule.media_nodes.null_resource.node_config[5] (remote-exec):[0m [0m(35/39) 4.6 MB/s |  62 kB     00:00
[0m[1mmodule.media_nodes.null_resource.node_config[1] (remote-exec):[0m [0m  Running scriptlet: smartmonto   20/39
[0m[1mmodule.media_nodes.null_resource.node_config[5] (remote-exec):[0m [0m(36-37/ 8.1 MB/s |  21 MB     00:01 ETA
[0m[1mmodule.media_nodes.null_resource.node_config[5] (remote-exec):[0m [0m(36/39) 4.8 MB/s | 503 kB     00:00
[0m[1mmodule.media_nodes.null_resource.node_config[5] (remote-exec):[0m [0m(37-38/ 8.1 MB/s |  21 MB     00:01 ETA
[0m[1mmodule.media_nodes.null_resource.node_config[5] (remote-exec):[0m [0m(37/39) 5.4 MB/s |  76 kB     00:00
[0m[1mmodule.media_nodes.null_resource.node_config[0] (remote-exec):[0m [0m  Running scriptlet: iscsi-init   38/39
[0m[1mmodule.media_nodes.null_resource.node_config[3] (remote-exec):[0m [0m  Installing       : smar  20/39
[0m[1mmodule.media_nodes.null_resource.node_config[3] (remote-exec):[0m [0m  Installing       : smartmonto   20/39
[0m[1mmodule.media_nodes.null_resource.node_config[5] (remote-exec):[0m [0m(38-39/ 8.1 MB/s |  21 MB     00:01 ETA
[0m[1mmodule.media_nodes.null_resource.node_config[5] (remote-exec):[0m [0m(38/39)  17 MB/s | 524 kB     00:00
[0m[1mmodule.media_nodes.null_resource.node_config[1] (remote-exec):[0m [0m  Installing       : rdma  21/39
[0m[1mmodule.media_nodes.null_resource.node_config[1] (remote-exec):[0m [0m  Installing       : rdma-core-   21/39
[0m[1mmodule.media_nodes.null_resource.node_config[6] (remote-exec):[0m [0m  Installing       : smar  20/39
[0m[1mmodule.media_nodes.null_resource.node_config[6] (remote-exec):[0m [0m  Installing       : smartmonto   20/39
[0m[1mmodule.media_nodes.null_resource.node_config[3] (remote-exec):[0m [0m  Running scriptlet: smartmonto   20/39
[0m[1mmodule.media_nodes.null_resource.node_config[6] (remote-exec):[0m [0m  Running scriptlet: smartmonto   20/39
[0m[1mmodule.media_nodes.null_resource.node_config[1] (remote-exec):[0m [0m  Running scriptlet: rdma-core-   21/39
[0m[1mmodule.media_nodes.null_resource.node_config[4] (remote-exec):[0m [0m  Installing       : libicu-60.   31/39
[0m[1mmodule.media_nodes.null_resource.node_config[6] (remote-exec):[0m [0m  Installing       : rdma  21/39
[0m[1mmodule.media_nodes.null_resource.node_config[6] (remote-exec):[0m [0m  Installing       : rdma-core-   21/39
[0m[1mmodule.media_nodes.null_resource.node_config[3] (remote-exec):[0m [0m  Installing       : rdma  21/39
[0m[1mmodule.media_nodes.null_resource.node_config[3] (remote-exec):[0m [0m  Installing       : rdma-core-   21/39
[0m[1mmodule.media_nodes.null_resource.node_config[4] (remote-exec):[0m [0m  Running scriptlet: libicu-60.   31/39
[0m[1mmodule.media_nodes.null_resource.node_config[6] (remote-exec):[0m [0m  Running scriptlet: rdma-core-   21/39
[0m[1mmodule.media_nodes.null_resource.node_config[5] (remote-exec):[0m [0m(39/39) 8.1 MB/s |  21 MB     00:00 ETA
[0m[1mmodule.media_nodes.null_resource.node_config[5] (remote-exec):[0m [0m(39/39)  67 MB/s | 8.0 MB     00:00
[0m[1mmodule.media_nodes.null_resource.node_config[5] (remote-exec):[0m [0m----------------------------------------
[0m[1mmodule.media_nodes.null_resource.node_config[5] (remote-exec):[0m [0mTotal    41 MB/s |  29 MB     00:00
[0m[1mmodule.media_nodes.null_resource.node_config[3] (remote-exec):[0m [0m  Running scriptlet: rdma-core-   21/39
[0m[1mmodule.media_nodes.null_resource.node_config[4] (remote-exec):[0m [0m  Installing       : boos  32/39
[0m[1mmodule.media_nodes.null_resource.node_config[4] (remote-exec):[0m [0m  Installing       : boost-rege   32/39
[0m[1mmodule.media_nodes.null_resource.node_config[4] (remote-exec):[0m [0m  Running scriptlet: boost-rege   32/39
[0m[1mmodule.media_nodes.null_resource.node_config[1] (remote-exec):[0m [0m  Installing       : nvme  22/39
[0m[1mmodule.media_nodes.null_resource.node_config[1] (remote-exec):[0m [0m  Installing       : nvme-cli-1   22/39
[0m[1mmodule.media_nodes.null_resource.node_config[1] (remote-exec):[0m [0m  Running scriptlet: nvme-cli-1   22/39
[0m[1mmodule.media_nodes.null_resource.node_config[6] (remote-exec):[0m [0m  Installing       : nvme  22/39
[0m[1mmodule.media_nodes.null_resource.node_config[3] (remote-exec):[0m [0m  Installing       : nvme  22/39
[0m[1mmodule.media_nodes.null_resource.node_config[4] (remote-exec):[0m [0m  Installing       : libr  33/39
[0m[1mmodule.media_nodes.null_resource.node_config[6] (remote-exec):[0m [0m  Installing       : nvme-cli-1   22/39
[0m[1mmodule.media_nodes.null_resource.node_config[6] (remote-exec):[0m [0m  Running scriptlet: nvme-cli-1   22/39
[0m[1mmodule.media_nodes.null_resource.node_config[3] (remote-exec):[0m [0m  Installing       : nvme-cli-1   22/39
[0m[1mmodule.media_nodes.null_resource.node_config[3] (remote-exec):[0m [0m  Running scriptlet: nvme-cli-1   22/39
[0m[1mmodule.media_nodes.null_resource.node_config[4] (remote-exec):[0m [0m  Installing       : librados2-   33/39
[0m[1mmodule.media_nodes.null_resource.node_config[4] (remote-exec):[0m [0m  Running scriptlet: librados2-   33/39
[0m[1mmodule.media_nodes.null_resource.node_config[5] (remote-exec):[0m [0mRunning transaction check
[0m[1mmodule.media_nodes.null_resource.node_config[4] (remote-exec):[0m [0m  Installing       : libr  34/39
[0m[1mmodule.media_nodes.null_resource.node_config[4] (remote-exec):[0m [0m  Installing       : librbd1-1:   34/39
[0m[1mmodule.media_nodes.null_resource.node_config[5] (remote-exec):[0m [0mTransaction check succeeded.
[0m[1mmodule.media_nodes.null_resource.node_config[5] (remote-exec):[0m [0mRunning transaction test
[0m[1mmodule.media_nodes.null_resource.node_config[4] (remote-exec):[0m [0m  Running scriptlet: librbd1-1:   34/39
[0m[1mmodule.media_nodes.null_resource.node_config[2] (remote-exec):[0m [0m  Installing       : vlzc  39/39
[0m[1mmodule.media_nodes.null_resource.node_config[4] (remote-exec):[0m [0m  Installing       : fio-  35/39
[0m[1mmodule.media_nodes.null_resource.node_config[4] (remote-exec):[0m [0m  Installing       : fio-3.19-4   35/39
[0m[1mmodule.media_nodes.null_resource.node_config[4] (remote-exec):[0m [0m  Installing       : isns  36/39
[0m[1mmodule.media_nodes.null_resource.node_config[4] (remote-exec):[0m [0m  Installing       : isns-utils   36/39
[0m[1mmodule.media_nodes.null_resource.node_config[4] (remote-exec):[0m [0m  Running scriptlet: isns-utils   36/39
[0m[1mmodule.media_nodes.null_resource.node_config[2] (remote-exec):[0m [0m  Installing       : vlzconnect   39/39
[0m[1mmodule.media_nodes.null_resource.node_config[4] (remote-exec):[0m [0m  Installing       : iscs  37/39
[0m[1mmodule.media_nodes.null_resource.node_config[4] (remote-exec):[0m [0m  Installing       : iscsi-init   37/39
[0m[1mmodule.media_nodes.null_resource.node_config[2] (remote-exec):[0m [0m  Running scriptlet: vlzconnect   39/39
[0m[1mmodule.media_nodes.null_resource.node_config[4] (remote-exec):[0m [0m  Running scriptlet: iscsi-init   37/39
[0m[1mmodule.media_nodes.null_resource.node_config[1] (remote-exec):[0m [0mCreated symlink /etc/systemd/system/default.target.wants/nvmefc-boot-connections.service → /usr/lib/systemd/system/nvmefc-boot-connections.service.

[0m[1mmodule.media_nodes.null_resource.node_config[1] (remote-exec):[0m [0m  Installing       : pyth  23/39
[0m[1mmodule.media_nodes.null_resource.node_config[1] (remote-exec):[0m [0m  Installing       : python3-se   23/39
[0m[1mmodule.media_nodes.null_resource.node_config[1] (remote-exec):[0m [0m  Installing       : pyth  24/39
[0m[1mmodule.media_nodes.null_resource.node_config[1] (remote-exec):[0m [0m  Installing       : python36-3   24/39
[0m[1mmodule.media_nodes.null_resource.node_config[1] (remote-exec):[0m [0m  Running scriptlet: python36-3   24/39
[0m[1mmodule.media_nodes.null_resource.node_config[6] (remote-exec):[0m [0mCreated symlink /etc/systemd/system/default.target.wants/nvmefc-boot-connections.service → /usr/lib/systemd/system/nvmefc-boot-connections.service.

[0m[1mmodule.media_nodes.null_resource.node_config[1] (remote-exec):[0m [0m  Installing       : pyth  25/39
[0m[1mmodule.media_nodes.null_resource.node_config[1] (remote-exec):[0m [0m  Installing       : python3-pi   25/39
[0m[1mmodule.media_nodes.null_resource.node_config[6] (remote-exec):[0m [0m  Installing       : pyth  23/39
[0m[1mmodule.media_nodes.null_resource.node_config[6] (remote-exec):[0m [0m  Installing       : python3-se   23/39
[0m[1mmodule.media_nodes.null_resource.node_config[6] (remote-exec):[0m [0m  Installing       : pyth  24/39
[0m[1mmodule.media_nodes.null_resource.node_config[6] (remote-exec):[0m [0m  Installing       : python36-3   24/39
[0m[1mmodule.media_nodes.null_resource.node_config[3] (remote-exec):[0m [0mCreated symlink /etc/systemd/system/default.target.wants/nvmefc-boot-connections.service → /usr/lib/systemd/system/nvmefc-boot-connections.service.

[0m[1mmodule.media_nodes.null_resource.node_config[6] (remote-exec):[0m [0m  Running scriptlet: python36-3   24/39
[0m[1mmodule.media_nodes.null_resource.node_config[5] (remote-exec):[0m [0mTransaction test succeeded.
[0m[1mmodule.media_nodes.null_resource.node_config[5] (remote-exec):[0m [0mRunning transaction
[0m[1mmodule.media_nodes.null_resource.node_config[0] (remote-exec):[0m [0m  Installing       : vlzc  39/39
[0m[1mmodule.media_nodes.null_resource.node_config[6] (remote-exec):[0m [0m  Installing       : pyth  25/39
[0m[1mmodule.media_nodes.null_resource.node_config[6] (remote-exec):[0m [0m  Installing       : python3-pi   25/39
[0m[1mmodule.media_nodes.null_resource.node_config[3] (remote-exec):[0m [0m  Installing       : pyth  23/39
[0m[1mmodule.media_nodes.null_resource.node_config[3] (remote-exec):[0m [0m  Installing       : python3-se   23/39
[0m[1mmodule.media_nodes.null_resource.node_config[1] (remote-exec):[0m [0m  Installing       : inte  26/39
[0m[1mmodule.media_nodes.null_resource.node_config[1] (remote-exec):[0m [0m  Installing       : integritys   26/39
[0m[1mmodule.media_nodes.null_resource.node_config[1] (remote-exec):[0m [0m  Installing       : cryp  27/39
[0m[1mmodule.media_nodes.null_resource.node_config[1] (remote-exec):[0m [0m  Installing       : cryptsetup   27/39
[0m[1mmodule.media_nodes.null_resource.node_config[3] (remote-exec):[0m [0m  Installing       : pyth  24/39
[0m[1mmodule.media_nodes.null_resource.node_config[3] (remote-exec):[0m [0m  Installing       : python36-3   24/39
[0m[1mmodule.media_nodes.null_resource.node_config[3] (remote-exec):[0m [0m  Running scriptlet: python36-3   24/39
[0m[1mmodule.media_nodes.null_resource.node_config[6] (remote-exec):[0m [0m  Installing       : inte  26/39
[0m[1mmodule.media_nodes.null_resource.node_config[6] (remote-exec):[0m [0m  Installing       : integritys   26/39
[0m[1mmodule.media_nodes.null_resource.node_config[6] (remote-exec):[0m [0m  Installing       : cryp  27/39
[0m[1mmodule.media_nodes.null_resource.node_config[6] (remote-exec):[0m [0m  Installing       : cryptsetup   27/39
[0m[1mmodule.media_nodes.null_resource.node_config[0] (remote-exec):[0m [0m  Installing       : vlzconnect   39/39
[0m[1mmodule.media_nodes.null_resource.node_config[1] (remote-exec):[0m [0m  Installing       : lm_s  28/39
[0m[1mmodule.media_nodes.null_resource.node_config[1] (remote-exec):[0m [0m  Installing       : lm_sensors   28/39
[0m[1mmodule.media_nodes.null_resource.node_config[3] (remote-exec):[0m [0m  Installing       : pyth  25/39
[0m[1mmodule.media_nodes.null_resource.node_config[3] (remote-exec):[0m [0m  Installing       : python3-pi   25/39
[0m[1mmodule.media_nodes.null_resource.node_config[1] (remote-exec):[0m [0m  Running scriptlet: lm_sensors   28/39
[0m[1mmodule.media_nodes.null_resource.node_config[0] (remote-exec):[0m [0m  Running scriptlet: vlzconnect   39/39
[0m[1mmodule.media_nodes.null_resource.node_config[3] (remote-exec):[0m [0m  Installing       : inte  26/39
[0m[1mmodule.media_nodes.null_resource.node_config[3] (remote-exec):[0m [0m  Installing       : integritys   26/39
[0m[1mmodule.media_nodes.null_resource.node_config[6] (remote-exec):[0m [0m  Installing       : lm_s  28/39
[0m[1mmodule.media_nodes.null_resource.node_config[6] (remote-exec):[0m [0m  Installing       : lm_sensors   28/39
[0m[1mmodule.media_nodes.null_resource.node_config[6] (remote-exec):[0m [0m  Running scriptlet: lm_sensors   28/39
[0m[1mmodule.media_nodes.null_resource.node_config[4] (remote-exec):[0m [0m  Installing       : iscs  38/39
[0m[1mmodule.media_nodes.null_resource.node_config[4] (remote-exec):[0m [0m  Installing       : iscsi-init   38/39
[0m[1mmodule.media_nodes.null_resource.node_config[4] (remote-exec):[0m [0m  Running scriptlet: iscsi-init   38/39
[0m[1mmodule.media_nodes.null_resource.node_config[3] (remote-exec):[0m [0m  Installing       : cryp  27/39
[0m[1mmodule.media_nodes.null_resource.node_config[3] (remote-exec):[0m [0m  Installing       : cryptsetup   27/39
[0m[1mmodule.media_nodes.null_resource.node_config[3] (remote-exec):[0m [0m  Installing       : lm_s  28/39
[0m[1mmodule.media_nodes.null_resource.node_config[3] (remote-exec):[0m [0m  Installing       : lm_sensors   28/39
[0m[1mmodule.media_nodes.null_resource.node_config[3] (remote-exec):[0m [0m  Running scriptlet: lm_sensors   28/39
[0m[1mmodule.media_nodes.null_resource.node_config[1] (remote-exec):[0m [0m  Installing       : syss  29/39
[0m[1mmodule.media_nodes.null_resource.node_config[2] (remote-exec):[0m [0mfirst install
[0m[1mmodule.media_nodes.null_resource.node_config[2] (remote-exec):[0m [0mCreated symlink /etc/systemd/system/default.target.wants/vlzconnector.service → /etc/systemd/system/vlzconnector.service.

[0m[1mmodule.media_nodes.null_resource.node_config[1] (remote-exec):[0m [0m  Installing       : sysstat-11   29/39
[0m[1mmodule.media_nodes.null_resource.node_config[6] (remote-exec):[0m [0m  Installing       : syss  29/39
[0m[1mmodule.media_nodes.null_resource.node_config[6] (remote-exec):[0m [0m  Installing       : sysstat-11   29/39
[0m[1mmodule.media_nodes.null_resource.node_config[1] (remote-exec):[0m [0m  Running scriptlet: sysstat-11   29/39
[0m[1mmodule.media_nodes.null_resource.node_config[6] (remote-exec):[0m [0m  Running scriptlet: sysstat-11   29/39
[0m[1mmodule.media_nodes.null_resource.node_config[5] (remote-exec):[0m [0m  Preparing        :  [           ] 1/1
[0m[1mmodule.media_nodes.null_resource.node_config[5] (remote-exec):[0m [0m  Preparing        :  [=          ] 1/1
[0m[1mmodule.media_nodes.null_resource.node_config[5] (remote-exec):[0m [0m  Preparing        :  [==         ] 1/1
[0m[1mmodule.media_nodes.null_resource.node_config[5] (remote-exec):[0m [0m  Preparing        :  [===        ] 1/1
[0m[1mmodule.media_nodes.null_resource.node_config[5] (remote-exec):[0m [0m  Preparing        :  [====       ] 1/1
[0m[1mmodule.media_nodes.null_resource.node_config[5] (remote-exec):[0m [0m  Preparing        :  [=====      ] 1/1
[0m[1mmodule.media_nodes.null_resource.node_config[5] (remote-exec):[0m [0m  Preparing        :  [======     ] 1/1
[0m[1mmodule.media_nodes.null_resource.node_config[5] (remote-exec):[0m [0m  Preparing        :  [=======    ] 1/1
[0m[1mmodule.media_nodes.null_resource.node_config[5] (remote-exec):[0m [0m  Preparing        :  [========   ] 1/1
[0m[1mmodule.media_nodes.null_resource.node_config[5] (remote-exec):[0m [0m  Preparing        :  [=========  ] 1/1
[0m[1mmodule.media_nodes.null_resource.node_config[5] (remote-exec):[0m [0m  Preparing        :  [========== ] 1/1
[0m[1mmodule.media_nodes.null_resource.node_config[5] (remote-exec):[0m [0m  Preparing        :                1/1
[0m[1mmodule.media_nodes.null_resource.node_config[1] (remote-exec):[0m [0m  Installing       : lsof  30/39
[0m[1mmodule.media_nodes.null_resource.node_config[1] (remote-exec):[0m [0m  Installing       : lsof-4.93.   30/39
[0m[1mmodule.media_nodes.null_resource.node_config[6] (remote-exec):[0m [0m  Installing       : lsof  30/39
[0m[1mmodule.media_nodes.null_resource.node_config[6] (remote-exec):[0m [0m  Installing       : lsof-4.93.   30/39
[0m[1mmodule.media_nodes.null_resource.node_config[3] (remote-exec):[0m [0m  Installing       : syss  29/39
[0m[1mmodule.media_nodes.null_resource.node_config[1] (remote-exec):[0m [0m  Installing       : libi  31/39
[0m[1mmodule.media_nodes.null_resource.node_config[5] (remote-exec):[0m [0m  Installing       : liba   1/39
[0m[1mmodule.media_nodes.null_resource.node_config[5] (remote-exec):[0m [0m  Installing       : libaio-0.3    1/39
[0m[1mmodule.media_nodes.null_resource.node_config[5] (remote-exec):[0m [0m  Installing       : boos   2/39
[0m[1mmodule.media_nodes.null_resource.node_config[5] (remote-exec):[0m [0m  Installing       : boost-syst    2/39
[0m[1mmodule.media_nodes.null_resource.node_config[5] (remote-exec):[0m [0m  Running scriptlet: boost-syst    2/39
[0m[1mmodule.media_nodes.null_resource.node_config[5] (remote-exec):[0m [0m  Installing       : devi   3/39
[0m[1mmodule.media_nodes.null_resource.node_config[5] (remote-exec):[0m [0m  Installing       : device-map    3/39
[0m[1mmodule.media_nodes.null_resource.node_config[6] (remote-exec):[0m [0m  Installing       : libi  31/39
[0m[1mmodule.media_nodes.null_resource.node_config[5] (remote-exec):[0m [0m  Installing       : boos   4/39
[0m[1mmodule.media_nodes.null_resource.node_config[5] (remote-exec):[0m [0m  Installing       : boost-chro    4/39
[0m[1mmodule.media_nodes.null_resource.node_config[3] (remote-exec):[0m [0m  Installing       : sysstat-11   29/39
[0m[1mmodule.media_nodes.null_resource.node_config[5] (remote-exec):[0m [0m  Running scriptlet: boost-chro    4/39
[0m[1mmodule.media_nodes.null_resource.node_config[3] (remote-exec):[0m [0m  Running scriptlet: sysstat-11   29/39
[0m[1mmodule.media_nodes.null_resource.node_config[5] (remote-exec):[0m [0m  Installing       : boos   5/39
[0m[1mmodule.media_nodes.null_resource.node_config[5] (remote-exec):[0m [0m  Installing       : boost-rand    5/39
[0m[1mmodule.media_nodes.null_resource.node_config[0] (remote-exec):[0m [0mfirst install
[0m[1mmodule.media_nodes.null_resource.node_config[0] (remote-exec):[0m [0mCreated symlink /etc/systemd/system/default.target.wants/vlzconnector.service → /etc/systemd/system/vlzconnector.service.

[0m[1mmodule.media_nodes.null_resource.node_config[5] (remote-exec):[0m [0m  Running scriptlet: boost-rand    5/39
[0m[1mmodule.media_nodes.null_resource.node_config[3] (remote-exec):[0m [0m  Installing       : lsof  30/39
[0m[1mmodule.media_nodes.null_resource.node_config[3] (remote-exec):[0m [0m  Installing       : lsof-4.93.   30/39
[0m[1mmodule.media_nodes.null_resource.node_config[5] (remote-exec):[0m [0m  Installing       : boos   6/39
[0m[1mmodule.media_nodes.null_resource.node_config[5] (remote-exec):[0m [0m  Installing       : boost-thre    6/39
[0m[1mmodule.media_nodes.null_resource.node_config[5] (remote-exec):[0m [0m  Running scriptlet: boost-thre    6/39
[0m[1mmodule.media_nodes.null_resource.node_config[3] (remote-exec):[0m [0m  Installing       : libi  31/39
[0m[1mmodule.media_nodes.null_resource.node_config[5] (remote-exec):[0m [0m  Installing       : devi   7/39
[0m[1mmodule.media_nodes.null_resource.node_config[5] (remote-exec):[0m [0m  Installing       : device-map    7/39
[0m[1mmodule.media_nodes.null_resource.node_config[2] (remote-exec):[0m [0m  Verifying        : librados2-    1/39
[0m[1mmodule.media_nodes.null_resource.node_config[2] (remote-exec):[0m [0m  Verifying        : librbd1-1:    2/39
[0m[1mmodule.media_nodes.null_resource.node_config[2] (remote-exec):[0m [0m  Verifying        : python3-pi    3/39
[0m[1mmodule.media_nodes.null_resource.node_config[2] (remote-exec):[0m [0m  Verifying        : boost-atom    4/39
[0m[1mmodule.media_nodes.null_resource.node_config[2] (remote-exec):[0m [0m  Verifying        : boost-chro    5/39
[0m[1mmodule.media_nodes.null_resource.node_config[2] (remote-exec):[0m [0m  Verifying        : boost-date    6/39
[0m[1mmodule.media_nodes.null_resource.node_config[2] (remote-exec):[0m [0m  Verifying        : boost-iost    7/39
[0m[1mmodule.media_nodes.null_resource.node_config[2] (remote-exec):[0m [0m  Verifying        : boost-prog    8/39
[0m[1mmodule.media_nodes.null_resource.node_config[5] (remote-exec):[0m [0m  Installing       : libi   8/39
[0m[1mmodule.media_nodes.null_resource.node_config[5] (remote-exec):[0m [0m  Installing       : libibverbs    8/39
[0m[1mmodule.media_nodes.null_resource.node_config[5] (remote-exec):[0m [0m  Installing       : user   9/39
[0m[1mmodule.media_nodes.null_resource.node_config[5] (remote-exec):[0m [0m  Installing       : userspace-    9/39
[0m[1mmodule.media_nodes.null_resource.node_config[5] (remote-exec):[0m [0m  Running scriptlet: userspace-    9/39
[0m[1mmodule.media_nodes.null_resource.node_config[2] (remote-exec):[0m [0m  Verifying        : boost-rand    9/39
[0m[1mmodule.media_nodes.null_resource.node_config[2] (remote-exec):[0m [0m  Verifying        : boost-rege   10/39
[0m[1mmodule.media_nodes.null_resource.node_config[2] (remote-exec):[0m [0m  Verifying        : boost-syst   11/39
[0m[1mmodule.media_nodes.null_resource.node_config[2] (remote-exec):[0m [0m  Verifying        : boost-thre   12/39
[0m[1mmodule.media_nodes.null_resource.node_config[2] (remote-exec):[0m [0m  Verifying        : fio-3.19-4   13/39
[0m[1mmodule.media_nodes.null_resource.node_config[2] (remote-exec):[0m [0m  Verifying        : sysstat-11   14/39
[0m[1mmodule.media_nodes.null_resource.node_config[2] (remote-exec):[0m [0m  Verifying        : python36-3   15/39
[0m[1mmodule.media_nodes.null_resource.node_config[2] (remote-exec):[0m [0m  Verifying        : libaio-0.3   16/39
[0m[1mmodule.media_nodes.null_resource.node_config[2] (remote-exec):[0m [0m  Verifying        : isns-utils   17/39
[0m[1mmodule.media_nodes.null_resource.node_config[2] (remote-exec):[0m [0m  Verifying        : libicu-60.   18/39
[0m[1mmodule.media_nodes.null_resource.node_config[2] (remote-exec):[0m [0m  Verifying        : lsof-4.93.   19/39
[0m[1mmodule.media_nodes.null_resource.node_config[2] (remote-exec):[0m [0m  Verifying        : lm_sensors   20/39
[0m[1mmodule.media_nodes.null_resource.node_config[2] (remote-exec):[0m [0m  Verifying        : userspace-   21/39
[0m[1mmodule.media_nodes.null_resource.node_config[2] (remote-exec):[0m [0m  Verifying        : cryptsetup   22/39
[0m[1mmodule.media_nodes.null_resource.node_config[2] (remote-exec):[0m [0m  Verifying        : integritys   23/39
[0m[1mmodule.media_nodes.null_resource.node_config[2] (remote-exec):[0m [0m  Verifying        : device-map   24/39
[0m[1mmodule.media_nodes.null_resource.node_config[2] (remote-exec):[0m [0m  Verifying        : device-map   25/39
[0m[1mmodule.media_nodes.null_resource.node_config[2] (remote-exec):[0m [0m  Verifying        : device-map   26/39
[0m[1mmodule.media_nodes.null_resource.node_config[2] (remote-exec):[0m [0m  Verifying        : lvm2-8:2.0   27/39
[0m[1mmodule.media_nodes.null_resource.node_config[2] (remote-exec):[0m [0m  Verifying        : lvm2-libs-   28/39
[0m[1mmodule.media_nodes.null_resource.node_config[2] (remote-exec):[0m [0m  Verifying        : device-map   29/39
[0m[1mmodule.media_nodes.null_resource.node_config[2] (remote-exec):[0m [0m  Verifying        : device-map   30/39
[0m[1mmodule.media_nodes.null_resource.node_config[2] (remote-exec):[0m [0m  Verifying        : python3-se   31/39
[0m[1mmodule.media_nodes.null_resource.node_config[2] (remote-exec):[0m [0m  Verifying        : iscsi-init   32/39
[0m[1mmodule.media_nodes.null_resource.node_config[2] (remote-exec):[0m [0m  Verifying        : iscsi-init   33/39
[0m[1mmodule.media_nodes.null_resource.node_config[2] (remote-exec):[0m [0m  Verifying        : libibverbs   34/39
[0m[1mmodule.media_nodes.null_resource.node_config[2] (remote-exec):[0m [0m  Verifying        : nvme-cli-1   35/39
[0m[1mmodule.media_nodes.null_resource.node_config[2] (remote-exec):[0m [0m  Verifying        : rdma-core-   36/39
[0m[1mmodule.media_nodes.null_resource.node_config[2] (remote-exec):[0m [0m  Verifying        : librdmacm-   37/39
[0m[1mmodule.media_nodes.null_resource.node_config[2] (remote-exec):[0m [0m  Verifying        : smartmonto   38/39
[0m[1mmodule.media_nodes.null_resource.node_config[0] (remote-exec):[0m [0m  Verifying        : librados2-    1/39
[0m[1mmodule.media_nodes.null_resource.node_config[0] (remote-exec):[0m [0m  Verifying        : librbd1-1:    2/39
[0m[1mmodule.media_nodes.null_resource.node_config[0] (remote-exec):[0m [0m  Verifying        : python3-pi    3/39
[0m[1mmodule.media_nodes.null_resource.node_config[0] (remote-exec):[0m [0m  Verifying        : boost-atom    4/39
[0m[1mmodule.media_nodes.null_resource.node_config[0] (remote-exec):[0m [0m  Verifying        : boost-chro    5/39
[0m[1mmodule.media_nodes.null_resource.node_config[0] (remote-exec):[0m [0m  Verifying        : boost-date    6/39
[0m[1mmodule.media_nodes.null_resource.node_config[0] (remote-exec):[0m [0m  Verifying        : boost-iost    7/39
[0m[1mmodule.media_nodes.null_resource.node_config[5] (remote-exec):[0m [0m  Installing       : boos  10/39
[0m[1mmodule.media_nodes.null_resource.node_config[5] (remote-exec):[0m [0m  Installing       : boost-prog   10/39
[0m[1mmodule.media_nodes.null_resource.node_config[5] (remote-exec):[0m [0m  Running scriptlet: boost-prog   10/39
[0m[1mmodule.media_nodes.null_resource.node_config[5] (remote-exec):[0m [0m  Installing       : boos  11/39
[0m[1mmodule.media_nodes.null_resource.node_config[5] (remote-exec):[0m [0m  Installing       : boost-iost   11/39
[0m[1mmodule.media_nodes.null_resource.node_config[4] (remote-exec):[0m [0m  Installing       : vlzc  39/39
[0m[1mmodule.media_nodes.null_resource.node_config[5] (remote-exec):[0m [0m  Running scriptlet: boost-iost   11/39
[0m[1mmodule.media_nodes.null_resource.node_config[2] (remote-exec):[0m [0m  Verifying        : vlzconnect   39/39
[0m[1mmodule.media_nodes.null_resource.node_config[5] (remote-exec):[0m [0m  Installing       : boos  12/39
[0m[1mmodule.media_nodes.null_resource.node_config[5] (remote-exec):[0m [0m  Installing       : boost-date   12/39
[0m[1mmodule.media_nodes.null_resource.node_config[0] (remote-exec):[0m [0m  Verifying        : boost-prog    8/39

[0m[1mmodule.media_nodes.null_resource.node_config[5] (remote-exec):[0m [0m  Running scriptlet: boost-date   12/39
[0m[1mmodule.media_nodes.null_resource.node_config[2] (remote-exec):[0m [0mInstalled products updated.
[0m[1mmodule.media_nodes.null_resource.node_config[5] (remote-exec):[0m [0m  Installing       : boos  13/39
[0m[1mmodule.media_nodes.null_resource.node_config[5] (remote-exec):[0m [0m  Installing       : boost-atom   13/39
[0m[1mmodule.media_nodes.null_resource.node_config[5] (remote-exec):[0m [0m  Running scriptlet: boost-atom   13/39

[0m[1mmodule.media_nodes.null_resource.node_config[0] (remote-exec):[0m [0m  Verifying        : boost-rand    9/39
[0m[1mmodule.media_nodes.null_resource.node_config[0] (remote-exec):[0m [0m  Verifying        : boost-rege   10/39
[0m[1mmodule.media_nodes.null_resource.node_config[0] (remote-exec):[0m [0m  Verifying        : boost-syst   11/39
[0m[1mmodule.media_nodes.null_resource.node_config[0] (remote-exec):[0m [0m  Verifying        : boost-thre   12/39
[0m[1mmodule.media_nodes.null_resource.node_config[0] (remote-exec):[0m [0m  Verifying        : fio-3.19-4   13/39
[0m[1mmodule.media_nodes.null_resource.node_config[0] (remote-exec):[0m [0m  Verifying        : sysstat-11   14/39
[0m[1mmodule.media_nodes.null_resource.node_config[0] (remote-exec):[0m [0m  Verifying        : python36-3   15/39
[0m[1mmodule.media_nodes.null_resource.node_config[0] (remote-exec):[0m [0m  Verifying        : libaio-0.3   16/39
[0m[1mmodule.media_nodes.null_resource.node_config[0] (remote-exec):[0m [0m  Verifying        : isns-utils   17/39
[0m[1mmodule.media_nodes.null_resource.node_config[0] (remote-exec):[0m [0m  Verifying        : libicu-60.   18/39
[0m[1mmodule.media_nodes.null_resource.node_config[0] (remote-exec):[0m [0m  Verifying        : lsof-4.93.   19/39
[0m[1mmodule.media_nodes.null_resource.node_config[0] (remote-exec):[0m [0m  Verifying        : lm_sensors   20/39
[0m[1mmodule.media_nodes.null_resource.node_config[0] (remote-exec):[0m [0m  Verifying        : userspace-   21/39
[0m[1mmodule.media_nodes.null_resource.node_config[0] (remote-exec):[0m [0m  Verifying        : cryptsetup   22/39
[0m[1mmodule.media_nodes.null_resource.node_config[0] (remote-exec):[0m [0m  Verifying        : integritys   23/39
[0m[1mmodule.media_nodes.null_resource.node_config[0] (remote-exec):[0m [0m  Verifying        : device-map   24/39
[0m[1mmodule.media_nodes.null_resource.node_config[0] (remote-exec):[0m [0m  Verifying        : device-map   25/39
[0m[1mmodule.media_nodes.null_resource.node_config[0] (remote-exec):[0m [0m  Verifying        : device-map   26/39
[0m[1mmodule.media_nodes.null_resource.node_config[0] (remote-exec):[0m [0m  Verifying        : lvm2-8:2.0   27/39
[0m[1mmodule.media_nodes.null_resource.node_config[0] (remote-exec):[0m [0m  Verifying        : lvm2-libs-   28/39
[0m[1mmodule.media_nodes.null_resource.node_config[0] (remote-exec):[0m [0m  Verifying        : device-map   29/39
[0m[1mmodule.media_nodes.null_resource.node_config[0] (remote-exec):[0m [0m  Verifying        : device-map   30/39
[0m[1mmodule.media_nodes.null_resource.node_config[0] (remote-exec):[0m [0m  Verifying        : python3-se   31/39
[0m[1mmodule.media_nodes.null_resource.node_config[0] (remote-exec):[0m [0m  Verifying        : iscsi-init   32/39
[0m[1mmodule.media_nodes.null_resource.node_config[0] (remote-exec):[0m [0m  Verifying        : iscsi-init   33/39
[0m[1mmodule.media_nodes.null_resource.node_config[0] (remote-exec):[0m [0m  Verifying        : libibverbs   34/39
[0m[1mmodule.media_nodes.null_resource.node_config[0] (remote-exec):[0m [0m  Verifying        : nvme-cli-1   35/39
[0m[1mmodule.media_nodes.null_resource.node_config[0] (remote-exec):[0m [0m  Verifying        : rdma-core-   36/39
[0m[1mmodule.media_nodes.null_resource.node_config[0] (remote-exec):[0m [0m  Verifying        : librdmacm-   37/39
[0m[1mmodule.media_nodes.null_resource.node_config[0] (remote-exec):[0m [0m  Verifying        : smartmonto   38/39
[0m[1mmodule.media_nodes.null_resource.node_config[0] (remote-exec):[0m [0m  Verifying        : vlzconnect   39/39

[0m[1mmodule.media_nodes.null_resource.node_config[4] (remote-exec):[0m [0m  Installing       : vlzconnect   39/39
[0m[1mmodule.media_nodes.null_resource.node_config[4] (remote-exec):[0m [0m  Running scriptlet: vlzconnect   39/39
[0m[1mmodule.media_nodes.null_resource.node_config[5] (remote-exec):[0m [0m  Installing       : devi  14/39
[0m[1mmodule.media_nodes.null_resource.node_config[5] (remote-exec):[0m [0m  Installing       : device-map   14/39
[0m[1mmodule.media_nodes.null_resource.node_config[2] (remote-exec):[0m [0mInstalled:
[0m[1mmodule.media_nodes.null_resource.node_config[2] (remote-exec):[0m [0m  boost-atomic-1.66.0-13.el8.aarch64
[0m[1mmodule.media_nodes.null_resource.node_config[2] (remote-exec):[0m [0m  boost-chrono-1.66.0-13.el8.aarch64
[0m[1mmodule.media_nodes.null_resource.node_config[2] (remote-exec):[0m [0m  boost-date-time-1.66.0-13.el8.aarch64
[0m[1mmodule.media_nodes.null_resource.node_config[2] (remote-exec):[0m [0m  boost-iostreams-1.66.0-13.el8.aarch64
[0m[1mmodule.media_nodes.null_resource.node_config[2] (remote-exec):[0m [0m  boost-program-options-1.66.0-13.el8.aarch64
[0m[1mmodule.media_nodes.null_resource.node_config[2] (remote-exec):[0m [0m  boost-random-1.66.0-13.el8.aarch64
[0m[1mmodule.media_nodes.null_resource.node_config[2] (remote-exec):[0m [0m  boost-regex-1.66.0-13.el8.aarch64
[0m[1mmodule.media_nodes.null_resource.node_config[2] (remote-exec):[0m [0m  boost-system-1.66.0-13.el8.aarch64
[0m[1mmodule.media_nodes.null_resource.node_config[2] (remote-exec):[0m [0m  boost-thread-1.66.0-13.el8.aarch64
[0m[1mmodule.media_nodes.null_resource.node_config[2] (remote-exec):[0m [0m  cryptsetup-2.3.7-2.el8.aarch64
[0m[1mmodule.media_nodes.null_resource.node_config[2] (remote-exec):[0m [0m  device-mapper-event-8:1.02.181-6.el8.aarch64
[0m[1mmodule.media_nodes.null_resource.node_config[2] (remote-exec):[0m [0m  device-mapper-event-libs-8:1.02.181-6.el8.aarch64
[0m[1mmodule.media_nodes.null_resource.node_config[2] (remote-exec):[0m [0m  device-mapper-multipath-0.8.4-28.el8_7.1.aarch64
[0m[1mmodule.media_nodes.null_resource.node_config[2] (remote-exec):[0m [0m  device-mapper-multipath-libs-0.8.4-28.el8_7.1.aarch64
[0m[1mmodule.media_nodes.null_resource.node_config[2] (remote-exec):[0m [0m  device-mapper-persistent-data-0.9.0-7.el8.aarch64
[0m[1mmodule.media_nodes.null_resource.node_config[2] (remote-exec):[0m [0m  fio-3.19-4.el8.aarch64
[0m[1mmodule.media_nodes.null_resource.node_config[2] (remote-exec):[0m [0m  integritysetup-2.3.7-2.el8.aarch64
[0m[1mmodule.media_nodes.null_resource.node_config[2] (remote-exec):[0m [0m  iscsi-initiator-utils-6.2.1.4-8.git095f59c.el8_8.aarch64
[0m[1mmodule.media_nodes.null_resource.node_config[2] (remote-exec):[0m [0m  iscsi-initiator-utils-iscsiuio-6.2.1.4-8.git095f59c.el8_8.aarch64
[0m[1mmodule.media_nodes.null_resource.node_config[2] (remote-exec):[0m [0m  isns-utils-libs-0.99-1.el8.aarch64
[0m[1mmodule.media_nodes.null_resource.node_config[2] (remote-exec):[0m [0m  libaio-0.3.112-1.el8.aarch64
[0m[1mmodule.media_nodes.null_resource.node_config[2] (remote-exec):[0m [0m  libibverbs-46.0-1.el8.1.aarch64
[0m[1mmodule.media_nodes.null_resource.node_config[2] (remote-exec):[0m [0m  libicu-60.3-2.el8_1.aarch64
[0m[1mmodule.media_nodes.null_resource.node_config[2] (remote-exec):[0m [0m  librados2-1:12.2.7-9.el8.aarch64
[0m[1mmodule.media_nodes.null_resource.node_config[2] (remote-exec):[0m [0m  librbd1-1:12.2.7-9.el8.aarch64
[0m[1mmodule.media_nodes.null_resource.node_config[2] (remote-exec):[0m [0m  librdmacm-46.0-1.el8.1.aarch64
[0m[1mmodule.media_nodes.null_resource.node_config[2] (remote-exec):[0m [0m  lm_sensors-libs-3.4.0-23.20180522git70f7e08.el8.aarch64
[0m[1mmodule.media_nodes.null_resource.node_config[2] (remote-exec):[0m [0m  lsof-4.93.2-1.el8.aarch64
[0m[1mmodule.media_nodes.null_resource.node_config[2] (remote-exec):[0m [0m  lvm2-8:2.03.14-6.el8.aarch64
[0m[1mmodule.media_nodes.null_resource.node_config[2] (remote-exec):[0m [0m  lvm2-libs-8:2.03.14-6.el8.aarch64
[0m[1mmodule.media_nodes.null_resource.node_config[2] (remote-exec):[0m [0m  nvme-cli-1.16-9.el8.aarch64
[0m[1mmodule.media_nodes.null_resource.node_config[2] (remote-exec):[0m [0m  python3-pip-9.0.3-22.el8.noarch
[0m[1mmodule.media_nodes.null_resource.node_config[2] (remote-exec):[0m [0m  python3-setuptools-39.2.0-6.el8_7.1.noarch
[0m[1mmodule.media_nodes.null_resource.node_config[2] (remote-exec):[0m [0m  python36-3.6.8-38.module+el8.9.0+20976+d3c38525.aarch64
[0m[1mmodule.media_nodes.null_resource.node_config[2] (remote-exec):[0m [0m  rdma-core-46.0-1.el8.1.aarch64
[0m[1mmodule.media_nodes.null_resource.node_config[2] (remote-exec):[0m [0m  smartmontools-1:7.1-2.el8.aarch64
[0m[1mmodule.media_nodes.null_resource.node_config[2] (remote-exec):[0m [0m  sysstat-11.7.3-11.el8.aarch64
[0m[1mmodule.media_nodes.null_resource.node_config[2] (remote-exec):[0m [0m  userspace-rcu-0.10.1-4.el8.aarch64
[0m[1mmodule.media_nodes.null_resource.node_config[2] (remote-exec):[0m [0m  vlzconnector-1.27.0-release.aarch64

[0m[1mmodule.media_nodes.null_resource.node_config[2] (remote-exec):[0m [0mComplete!
[0m[1mmodule.media_nodes.null_resource.node_config[1] (remote-exec):[0m [0m  Installing       : libicu-60.   31/39
[0m[1mmodule.media_nodes.null_resource.node_config[5] (remote-exec):[0m [0m  Running scriptlet: device-map   14/39
[0m[1mmodule.media_nodes.null_resource.node_config[6] (remote-exec):[0m [0m  Installing       : libicu-60.   31/39
[0m[1mmodule.media_nodes.null_resource.node_config[1] (remote-exec):[0m [0m  Running scriptlet: libicu-60.   31/39
[0m[1mmodule.media_nodes.null_resource.node_config[0] (remote-exec):[0m [0mInstalled products updated.
[0m[1mmodule.media_nodes.null_resource.node_config[5] (remote-exec):[0m [0m  Installing       : devi  15/39
[0m[1mmodule.media_nodes.null_resource.node_config[5] (remote-exec):[0m [0m  Installing       : device-map   15/39
[0m[1mmodule.media_nodes.null_resource.node_config[1] (remote-exec):[0m [0m  Installing       : boos  32/39
[0m[1mmodule.media_nodes.null_resource.node_config[1] (remote-exec):[0m [0m  Installing       : boost-rege   32/39
[0m[1mmodule.media_nodes.null_resource.node_config[5] (remote-exec):[0m [0m  Running scriptlet: device-map   15/39
[0m[1mmodule.media_nodes.null_resource.node_config[1] (remote-exec):[0m [0m  Running scriptlet: boost-rege   32/39

[0m[1mmodule.media_nodes.null_resource.node_config[5] (remote-exec):[0m [0m  Installing       : libr  16/39
[0m[1mmodule.media_nodes.null_resource.node_config[5] (remote-exec):[0m [0m  Installing       : librdmacm-   16/39
[0m[1mmodule.media_nodes.null_resource.node_config[6] (remote-exec):[0m [0m  Running scriptlet: libicu-60.   31/39
[0m[1mmodule.media_nodes.null_resource.node_config[5] (remote-exec):[0m [0m  Installing       : devi  17/39
[0m[1mmodule.media_nodes.null_resource.node_config[5] (remote-exec):[0m [0m  Installing       : device-map   17/39
[0m[1mmodule.media_nodes.null_resource.node_config[6] (remote-exec):[0m [0m  Installing       : boos  32/39
[0m[1mmodule.media_nodes.null_resource.node_config[6] (remote-exec):[0m [0m  Installing       : boost-rege   32/39
[0m[1mmodule.media_nodes.null_resource.node_config[6] (remote-exec):[0m [0m  Running scriptlet: boost-rege   32/39
[0m[1mmodule.media_nodes.null_resource.node_config[5] (remote-exec):[0m [0m  Running scriptlet: device-map   17/39
[0m[1mmodule.media_nodes.null_resource.node_config[0] (remote-exec):[0m [0mInstalled:
[0m[1mmodule.media_nodes.null_resource.node_config[0] (remote-exec):[0m [0m  boost-atomic-1.66.0-13.el8.aarch64
[0m[1mmodule.media_nodes.null_resource.node_config[0] (remote-exec):[0m [0m  boost-chrono-1.66.0-13.el8.aarch64
[0m[1mmodule.media_nodes.null_resource.node_config[0] (remote-exec):[0m [0m  boost-date-time-1.66.0-13.el8.aarch64
[0m[1mmodule.media_nodes.null_resource.node_config[0] (remote-exec):[0m [0m  boost-iostreams-1.66.0-13.el8.aarch64
[0m[1mmodule.media_nodes.null_resource.node_config[0] (remote-exec):[0m [0m  boost-program-options-1.66.0-13.el8.aarch64
[0m[1mmodule.media_nodes.null_resource.node_config[0] (remote-exec):[0m [0m  boost-random-1.66.0-13.el8.aarch64
[0m[1mmodule.media_nodes.null_resource.node_config[0] (remote-exec):[0m [0m  boost-regex-1.66.0-13.el8.aarch64
[0m[1mmodule.media_nodes.null_resource.node_config[0] (remote-exec):[0m [0m  boost-system-1.66.0-13.el8.aarch64
[0m[1mmodule.media_nodes.null_resource.node_config[0] (remote-exec):[0m [0m  boost-thread-1.66.0-13.el8.aarch64
[0m[1mmodule.media_nodes.null_resource.node_config[0] (remote-exec):[0m [0m  cryptsetup-2.3.7-2.el8.aarch64
[0m[1mmodule.media_nodes.null_resource.node_config[0] (remote-exec):[0m [0m  device-mapper-event-8:1.02.181-6.el8.aarch64
[0m[1mmodule.media_nodes.null_resource.node_config[0] (remote-exec):[0m [0m  device-mapper-event-libs-8:1.02.181-6.el8.aarch64
[0m[1mmodule.media_nodes.null_resource.node_config[0] (remote-exec):[0m [0m  device-mapper-multipath-0.8.4-28.el8_7.1.aarch64
[0m[1mmodule.media_nodes.null_resource.node_config[0] (remote-exec):[0m [0m  device-mapper-multipath-libs-0.8.4-28.el8_7.1.aarch64
[0m[1mmodule.media_nodes.null_resource.node_config[0] (remote-exec):[0m [0m  device-mapper-persistent-data-0.9.0-7.el8.aarch64
[0m[1mmodule.media_nodes.null_resource.node_config[0] (remote-exec):[0m [0m  fio-3.19-4.el8.aarch64
[0m[1mmodule.media_nodes.null_resource.node_config[0] (remote-exec):[0m [0m  integritysetup-2.3.7-2.el8.aarch64
[0m[1mmodule.media_nodes.null_resource.node_config[0] (remote-exec):[0m [0m  iscsi-initiator-utils-6.2.1.4-8.git095f59c.el8_8.aarch64
[0m[1mmodule.media_nodes.null_resource.node_config[0] (remote-exec):[0m [0m  iscsi-initiator-utils-iscsiuio-6.2.1.4-8.git095f59c.el8_8.aarch64
[0m[1mmodule.media_nodes.null_resource.node_config[0] (remote-exec):[0m [0m  isns-utils-libs-0.99-1.el8.aarch64
[0m[1mmodule.media_nodes.null_resource.node_config[0] (remote-exec):[0m [0m  libaio-0.3.112-1.el8.aarch64
[0m[1mmodule.media_nodes.null_resource.node_config[0] (remote-exec):[0m [0m  libibverbs-46.0-1.el8.1.aarch64
[0m[1mmodule.media_nodes.null_resource.node_config[0] (remote-exec):[0m [0m  libicu-60.3-2.el8_1.aarch64
[0m[1mmodule.media_nodes.null_resource.node_config[0] (remote-exec):[0m [0m  librados2-1:12.2.7-9.el8.aarch64
[0m[1mmodule.media_nodes.null_resource.node_config[0] (remote-exec):[0m [0m  librbd1-1:12.2.7-9.el8.aarch64
[0m[1mmodule.media_nodes.null_resource.node_config[0] (remote-exec):[0m [0m  librdmacm-46.0-1.el8.1.aarch64
[0m[1mmodule.media_nodes.null_resource.node_config[0] (remote-exec):[0m [0m  lm_sensors-libs-3.4.0-23.20180522git70f7e08.el8.aarch64
[0m[1mmodule.media_nodes.null_resource.node_config[0] (remote-exec):[0m [0m  lsof-4.93.2-1.el8.aarch64
[0m[1mmodule.media_nodes.null_resource.node_config[0] (remote-exec):[0m [0m  lvm2-8:2.03.14-6.el8.aarch64
[0m[1mmodule.media_nodes.null_resource.node_config[0] (remote-exec):[0m [0m  lvm2-libs-8:2.03.14-6.el8.aarch64
[0m[1mmodule.media_nodes.null_resource.node_config[0] (remote-exec):[0m [0m  nvme-cli-1.16-9.el8.aarch64
[0m[1mmodule.media_nodes.null_resource.node_config[0] (remote-exec):[0m [0m  python3-pip-9.0.3-22.el8.noarch
[0m[1mmodule.media_nodes.null_resource.node_config[0] (remote-exec):[0m [0m  python3-setuptools-39.2.0-6.el8_7.1.noarch
[0m[1mmodule.media_nodes.null_resource.node_config[0] (remote-exec):[0m [0m  python36-3.6.8-38.module+el8.9.0+20976+d3c38525.aarch64
[0m[1mmodule.media_nodes.null_resource.node_config[0] (remote-exec):[0m [0m  rdma-core-46.0-1.el8.1.aarch64
[0m[1mmodule.media_nodes.null_resource.node_config[0] (remote-exec):[0m [0m  smartmontools-1:7.1-2.el8.aarch64
[0m[1mmodule.media_nodes.null_resource.node_config[0] (remote-exec):[0m [0m  sysstat-11.7.3-11.el8.aarch64
[0m[1mmodule.media_nodes.null_resource.node_config[0] (remote-exec):[0m [0m  userspace-rcu-0.10.1-4.el8.aarch64
[0m[1mmodule.media_nodes.null_resource.node_config[0] (remote-exec):[0m [0m  vlzconnector-1.27.0-release.aarch64

[0m[1mmodule.media_nodes.null_resource.node_config[0] (remote-exec):[0m [0mComplete!
[0m[1mmodule.media_nodes.null_resource.node_config[2] (remote-exec):[0m [0m<><><> Finished Connector install on Red Hat Enterprise Linux!
[0m[1mmodule.media_nodes.null_resource.node_config[1] (remote-exec):[0m [0m  Installing       : libr  33/39
[0m[1mmodule.media_nodes.null_resource.node_config[3] (remote-exec):[0m [0m  Installing       : libicu-60.   31/39
[0m[1mmodule.media_nodes.null_resource.node_config[6] (remote-exec):[0m [0m  Installing       : libr  33/39
[0m[1mmodule.media_nodes.null_resource.node_config[3] (remote-exec):[0m [0m  Running scriptlet: libicu-60.   31/39
[0m[1mmodule.media_nodes.null_resource.node_config[3] (remote-exec):[0m [0m  Installing       : boos  32/39
[0m[1mmodule.media_nodes.null_resource.node_config[3] (remote-exec):[0m [0m  Installing       : boost-rege   32/39
[0m[1mmodule.media_nodes.null_resource.node_config[1] (remote-exec):[0m [0m  Installing       : librados2-   33/39
[0m[1mmodule.media_nodes.null_resource.node_config[0] (remote-exec):[0m [0m<><><> Finished Connector install on Red Hat Enterprise Linux!
[0m[1mmodule.media_nodes.null_resource.node_config[1] (remote-exec):[0m [0m  Running scriptlet: librados2-   33/39
[0m[1mmodule.media_nodes.null_resource.node_config[3] (remote-exec):[0m [0m  Running scriptlet: boost-rege   32/39
[0m[1mmodule.media_nodes.null_resource.node_config[4] (remote-exec):[0m [0mfirst install
[0m[1mmodule.media_nodes.null_resource.node_config[4] (remote-exec):[0m [0mCreated symlink /etc/systemd/system/default.target.wants/vlzconnector.service → /etc/systemd/system/vlzconnector.service.

[0m[1mmodule.media_nodes.null_resource.node_config[6] (remote-exec):[0m [0m  Installing       : librados2-   33/39
[0m[1mmodule.media_nodes.null_resource.node_config[6] (remote-exec):[0m [0m  Running scriptlet: librados2-   33/39
[0m[1mmodule.media_nodes.null_resource.node_config[1] (remote-exec):[0m [0m  Installing       : libr  34/39
[0m[1mmodule.media_nodes.null_resource.node_config[1] (remote-exec):[0m [0m  Installing       : librbd1-1:   34/39
[0m[1mmodule.media_nodes.null_resource.node_config[1] (remote-exec):[0m [0m  Running scriptlet: librbd1-1:   34/39
[0m[1mmodule.media_nodes.null_resource.node_config[3] (remote-exec):[0m [0m  Installing       : libr  33/39
[0m[1mmodule.media_nodes.null_resource.node_config[5] (remote-exec):[0m [0m  Installing       : lvm2  18/39
[0m[1mmodule.media_nodes.null_resource.node_config[5] (remote-exec):[0m [0m  Installing       : lvm2-libs-   18/39
[0m[1mmodule.media_nodes.null_resource.node_config[6] (remote-exec):[0m [0m  Installing       : libr  34/39
[0m[1mmodule.media_nodes.null_resource.node_config[6] (remote-exec):[0m [0m  Installing       : librbd1-1:   34/39
[0m[1mmodule.media_nodes.null_resource.node_config[6] (remote-exec):[0m [0m  Running scriptlet: librbd1-1:   34/39
[0m[1mmodule.media_nodes.null_resource.node_config[1] (remote-exec):[0m [0m  Installing       : fio-  35/39
[0m[1mmodule.media_nodes.null_resource.node_config[1] (remote-exec):[0m [0m  Installing       : fio-3.19-4   35/39
[0m[1mmodule.media_nodes.null_resource.node_config[1] (remote-exec):[0m [0m  Installing       : isns  36/39
[0m[1mmodule.media_nodes.null_resource.node_config[1] (remote-exec):[0m [0m  Installing       : isns-utils   36/39
[0m[1mmodule.media_nodes.null_resource.node_config[1] (remote-exec):[0m [0m  Running scriptlet: isns-utils   36/39
[0m[1mmodule.media_nodes.null_resource.node_config[5] (remote-exec):[0m [0m  Installing       : lvm2  19/39
[0m[1mmodule.media_nodes.null_resource.node_config[3] (remote-exec):[0m [0m  Installing       : librados2-   33/39
[0m[1mmodule.media_nodes.null_resource.node_config[1] (remote-exec):[0m [0m  Installing       : iscs  37/39
[0m[1mmodule.media_nodes.null_resource.node_config[1] (remote-exec):[0m [0m  Installing       : iscsi-init   37/39
[0m[1mmodule.media_nodes.null_resource.node_config[3] (remote-exec):[0m [0m  Running scriptlet: librados2-   33/39
[0m[1mmodule.media_nodes.null_resource.node_config[6] (remote-exec):[0m [0m  Installing       : fio-  35/39
[0m[1mmodule.media_nodes.null_resource.node_config[6] (remote-exec):[0m [0m  Installing       : fio-3.19-4   35/39
[0m[1mmodule.media_nodes.null_resource.node_config[5] (remote-exec):[0m [0m  Installing       : lvm2-8:2.0   19/39
[0m[1mmodule.media_nodes.null_resource.node_config[6] (remote-exec):[0m [0m  Installing       : isns  36/39
[0m[1mmodule.media_nodes.null_resource.node_config[6] (remote-exec):[0m [0m  Installing       : isns-utils   36/39
[0m[1mmodule.media_nodes.null_resource.node_config[6] (remote-exec):[0m [0m  Running scriptlet: isns-utils   36/39
[0m[1mmodule.media_nodes.null_resource.node_config[6] (remote-exec):[0m [0m  Installing       : iscs  37/39
[0m[1mmodule.media_nodes.null_resource.node_config[6] (remote-exec):[0m [0m  Installing       : iscsi-init   37/39
[0m[1mmodule.media_nodes.null_resource.node_config[5] (remote-exec):[0m [0m  Running scriptlet: lvm2-8:2.0   19/39
[0m[1mmodule.media_nodes.null_resource.node_config[3] (remote-exec):[0m [0m  Installing       : libr  34/39
[0m[1mmodule.media_nodes.null_resource.node_config[3] (remote-exec):[0m [0m  Installing       : librbd1-1:   34/39
[0m[1mmodule.media_nodes.null_resource.node_config[1] (remote-exec):[0m [0m  Running scriptlet: iscsi-init   37/39
[0m[1mmodule.media_nodes.null_resource.node_config[6] (remote-exec):[0m [0m  Running scriptlet: iscsi-init   37/39
[0m[1mmodule.media_nodes.null_resource.node_config[3] (remote-exec):[0m [0m  Running scriptlet: librbd1-1:   34/39
[0m[1mmodule.media_nodes.null_resource.node_config[4] (remote-exec):[0m [0m  Verifying        : librados2-    1/39
[0m[1mmodule.media_nodes.null_resource.node_config[4] (remote-exec):[0m [0m  Verifying        : librbd1-1:    2/39
[0m[1mmodule.media_nodes.null_resource.node_config[4] (remote-exec):[0m [0m  Verifying        : python3-pi    3/39
[0m[1mmodule.media_nodes.null_resource.node_config[4] (remote-exec):[0m [0m  Verifying        : boost-atom    4/39
[0m[1mmodule.media_nodes.null_resource.node_config[4] (remote-exec):[0m [0m  Verifying        : boost-chro    5/39
[0m[1mmodule.media_nodes.null_resource.node_config[4] (remote-exec):[0m [0m  Verifying        : boost-date    6/39
[0m[1mmodule.media_nodes.null_resource.node_config[4] (remote-exec):[0m [0m  Verifying        : boost-iost    7/39
[0m[1mmodule.media_nodes.null_resource.node_config[4] (remote-exec):[0m [0m  Verifying        : boost-prog    8/39
[0m[1mmodule.media_nodes.null_resource.node_config[3] (remote-exec):[0m [0m  Installing       : fio-  35/39
[0m[1mmodule.media_nodes.null_resource.node_config[3] (remote-exec):[0m [0m  Installing       : fio-3.19-4   35/39
[0m[1mmodule.media_nodes.null_resource.node_config[3] (remote-exec):[0m [0m  Installing       : isns  36/39
[0m[1mmodule.media_nodes.null_resource.node_config[3] (remote-exec):[0m [0m  Installing       : isns-utils   36/39
[0m[1mmodule.media_nodes.null_resource.node_config[3] (remote-exec):[0m [0m  Running scriptlet: isns-utils   36/39
[0m[1mmodule.media_nodes.null_resource.node_config[1]: Still creating... [50s elapsed][0m[0m
[0m[1mmodule.media_nodes.null_resource.node_config[2]: Still creating... [50s elapsed][0m[0m
[0m[1mmodule.media_nodes.null_resource.node_config[6]: Still creating... [50s elapsed][0m[0m
[0m[1mmodule.media_nodes.null_resource.node_config[5]: Still creating... [50s elapsed][0m[0m
[0m[1mmodule.media_nodes.null_resource.node_config[4]: Still creating... [50s elapsed][0m[0m
[0m[1mmodule.media_nodes.null_resource.node_config[3]: Still creating... [50s elapsed][0m[0m
[0m[1mmodule.media_nodes.null_resource.node_config[0]: Still creating... [50s elapsed][0m[0m
[0m[1mmodule.media_nodes.null_resource.node_config[3] (remote-exec):[0m [0m  Installing       : iscs  37/39
[0m[1mmodule.media_nodes.null_resource.node_config[3] (remote-exec):[0m [0m  Installing       : iscsi-init   37/39
[0m[1mmodule.media_nodes.null_resource.node_config[4] (remote-exec):[0m [0m  Verifying        : boost-rand    9/39
[0m[1mmodule.media_nodes.null_resource.node_config[4] (remote-exec):[0m [0m  Verifying        : boost-rege   10/39
[0m[1mmodule.media_nodes.null_resource.node_config[4] (remote-exec):[0m [0m  Verifying        : boost-syst   11/39
[0m[1mmodule.media_nodes.null_resource.node_config[4] (remote-exec):[0m [0m  Verifying        : boost-thre   12/39
[0m[1mmodule.media_nodes.null_resource.node_config[4] (remote-exec):[0m [0m  Verifying        : fio-3.19-4   13/39
[0m[1mmodule.media_nodes.null_resource.node_config[4] (remote-exec):[0m [0m  Verifying        : sysstat-11   14/39
[0m[1mmodule.media_nodes.null_resource.node_config[4] (remote-exec):[0m [0m  Verifying        : python36-3   15/39
[0m[1mmodule.media_nodes.null_resource.node_config[4] (remote-exec):[0m [0m  Verifying        : libaio-0.3   16/39
[0m[1mmodule.media_nodes.null_resource.node_config[4] (remote-exec):[0m [0m  Verifying        : isns-utils   17/39
[0m[1mmodule.media_nodes.null_resource.node_config[4] (remote-exec):[0m [0m  Verifying        : libicu-60.   18/39
[0m[1mmodule.media_nodes.null_resource.node_config[4] (remote-exec):[0m [0m  Verifying        : lsof-4.93.   19/39
[0m[1mmodule.media_nodes.null_resource.node_config[4] (remote-exec):[0m [0m  Verifying        : lm_sensors   20/39
[0m[1mmodule.media_nodes.null_resource.node_config[4] (remote-exec):[0m [0m  Verifying        : userspace-   21/39
[0m[1mmodule.media_nodes.null_resource.node_config[4] (remote-exec):[0m [0m  Verifying        : cryptsetup   22/39
[0m[1mmodule.media_nodes.null_resource.node_config[4] (remote-exec):[0m [0m  Verifying        : integritys   23/39
[0m[1mmodule.media_nodes.null_resource.node_config[4] (remote-exec):[0m [0m  Verifying        : device-map   24/39
[0m[1mmodule.media_nodes.null_resource.node_config[4] (remote-exec):[0m [0m  Verifying        : device-map   25/39
[0m[1mmodule.media_nodes.null_resource.node_config[4] (remote-exec):[0m [0m  Verifying        : device-map   26/39
[0m[1mmodule.media_nodes.null_resource.node_config[4] (remote-exec):[0m [0m  Verifying        : lvm2-8:2.0   27/39
[0m[1mmodule.media_nodes.null_resource.node_config[4] (remote-exec):[0m [0m  Verifying        : lvm2-libs-   28/39
[0m[1mmodule.media_nodes.null_resource.node_config[4] (remote-exec):[0m [0m  Verifying        : device-map   29/39
[0m[1mmodule.media_nodes.null_resource.node_config[4] (remote-exec):[0m [0m  Verifying        : device-map   30/39
[0m[1mmodule.media_nodes.null_resource.node_config[4] (remote-exec):[0m [0m  Verifying        : python3-se   31/39
[0m[1mmodule.media_nodes.null_resource.node_config[4] (remote-exec):[0m [0m  Verifying        : iscsi-init   32/39
[0m[1mmodule.media_nodes.null_resource.node_config[4] (remote-exec):[0m [0m  Verifying        : iscsi-init   33/39
[0m[1mmodule.media_nodes.null_resource.node_config[4] (remote-exec):[0m [0m  Verifying        : libibverbs   34/39
[0m[1mmodule.media_nodes.null_resource.node_config[4] (remote-exec):[0m [0m  Verifying        : nvme-cli-1   35/39
[0m[1mmodule.media_nodes.null_resource.node_config[4] (remote-exec):[0m [0m  Verifying        : rdma-core-   36/39
[0m[1mmodule.media_nodes.null_resource.node_config[4] (remote-exec):[0m [0m  Verifying        : librdmacm-   37/39
[0m[1mmodule.media_nodes.null_resource.node_config[4] (remote-exec):[0m [0m  Verifying        : smartmonto   38/39
[0m[1mmodule.media_nodes.null_resource.node_config[4] (remote-exec):[0m [0m  Verifying        : vlzconnect   39/39
[0m[1mmodule.media_nodes.null_resource.node_config[3] (remote-exec):[0m [0m  Running scriptlet: iscsi-init   37/39
[0m[1mmodule.media_nodes.null_resource.node_config[1] (remote-exec):[0m [0m  Installing       : iscs  38/39
[0m[1mmodule.media_nodes.null_resource.node_config[1] (remote-exec):[0m [0m  Installing       : iscsi-init   38/39
[0m[1mmodule.media_nodes.null_resource.node_config[6] (remote-exec):[0m [0m  Installing       : iscs  38/39
[0m[1mmodule.media_nodes.null_resource.node_config[6] (remote-exec):[0m [0m  Installing       : iscsi-init   38/39
[0m[1mmodule.media_nodes.null_resource.node_config[1] (remote-exec):[0m [0m  Running scriptlet: iscsi-init   38/39
[0m[1mmodule.media_nodes.null_resource.node_config[6] (remote-exec):[0m [0m  Running scriptlet: iscsi-init   38/39
[0m[1mmodule.media_nodes.null_resource.node_config[4] (remote-exec):[0m [0mInstalled products updated.

[0m[1mmodule.media_nodes.null_resource.node_config[0]: Creation complete after 50s [id=160659250213076154][0m
[0m[1mmodule.media_nodes.null_resource.node_config[4] (remote-exec):[0m [0mInstalled:
[0m[1mmodule.media_nodes.null_resource.node_config[4] (remote-exec):[0m [0m  boost-atomic-1.66.0-13.el8.aarch64
[0m[1mmodule.media_nodes.null_resource.node_config[4] (remote-exec):[0m [0m  boost-chrono-1.66.0-13.el8.aarch64
[0m[1mmodule.media_nodes.null_resource.node_config[4] (remote-exec):[0m [0m  boost-date-time-1.66.0-13.el8.aarch64
[0m[1mmodule.media_nodes.null_resource.node_config[4] (remote-exec):[0m [0m  boost-iostreams-1.66.0-13.el8.aarch64
[0m[1mmodule.media_nodes.null_resource.node_config[4] (remote-exec):[0m [0m  boost-program-options-1.66.0-13.el8.aarch64
[0m[1mmodule.media_nodes.null_resource.node_config[4] (remote-exec):[0m [0m  boost-random-1.66.0-13.el8.aarch64
[0m[1mmodule.media_nodes.null_resource.node_config[4] (remote-exec):[0m [0m  boost-regex-1.66.0-13.el8.aarch64
[0m[1mmodule.media_nodes.null_resource.node_config[4] (remote-exec):[0m [0m  boost-system-1.66.0-13.el8.aarch64
[0m[1mmodule.media_nodes.null_resource.node_config[4] (remote-exec):[0m [0m  boost-thread-1.66.0-13.el8.aarch64
[0m[1mmodule.media_nodes.null_resource.node_config[4] (remote-exec):[0m [0m  cryptsetup-2.3.7-2.el8.aarch64
[0m[1mmodule.media_nodes.null_resource.node_config[4] (remote-exec):[0m [0m  device-mapper-event-8:1.02.181-6.el8.aarch64
[0m[1mmodule.media_nodes.null_resource.node_config[4] (remote-exec):[0m [0m  device-mapper-event-libs-8:1.02.181-6.el8.aarch64
[0m[1mmodule.media_nodes.null_resource.node_config[4] (remote-exec):[0m [0m  device-mapper-multipath-0.8.4-28.el8_7.1.aarch64
[0m[1mmodule.media_nodes.null_resource.node_config[4] (remote-exec):[0m [0m  device-mapper-multipath-libs-0.8.4-28.el8_7.1.aarch64
[0m[1mmodule.media_nodes.null_resource.node_config[4] (remote-exec):[0m [0m  device-mapper-persistent-data-0.9.0-7.el8.aarch64
[0m[1mmodule.media_nodes.null_resource.node_config[4] (remote-exec):[0m [0m  fio-3.19-4.el8.aarch64
[0m[1mmodule.media_nodes.null_resource.node_config[4] (remote-exec):[0m [0m  integritysetup-2.3.7-2.el8.aarch64
[0m[1mmodule.media_nodes.null_resource.node_config[4] (remote-exec):[0m [0m  iscsi-initiator-utils-6.2.1.4-8.git095f59c.el8_8.aarch64
[0m[1mmodule.media_nodes.null_resource.node_config[4] (remote-exec):[0m [0m  iscsi-initiator-utils-iscsiuio-6.2.1.4-8.git095f59c.el8_8.aarch64
[0m[1mmodule.media_nodes.null_resource.node_config[4] (remote-exec):[0m [0m  isns-utils-libs-0.99-1.el8.aarch64
[0m[1mmodule.media_nodes.null_resource.node_config[4] (remote-exec):[0m [0m  libaio-0.3.112-1.el8.aarch64
[0m[1mmodule.media_nodes.null_resource.node_config[4] (remote-exec):[0m [0m  libibverbs-46.0-1.el8.1.aarch64
[0m[1mmodule.media_nodes.null_resource.node_config[4] (remote-exec):[0m [0m  libicu-60.3-2.el8_1.aarch64
[0m[1mmodule.media_nodes.null_resource.node_config[4] (remote-exec):[0m [0m  librados2-1:12.2.7-9.el8.aarch64
[0m[1mmodule.media_nodes.null_resource.node_config[4] (remote-exec):[0m [0m  librbd1-1:12.2.7-9.el8.aarch64
[0m[1mmodule.media_nodes.null_resource.node_config[4] (remote-exec):[0m [0m  librdmacm-46.0-1.el8.1.aarch64
[0m[1mmodule.media_nodes.null_resource.node_config[4] (remote-exec):[0m [0m  lm_sensors-libs-3.4.0-23.20180522git70f7e08.el8.aarch64
[0m[1mmodule.media_nodes.null_resource.node_config[4] (remote-exec):[0m [0m  lsof-4.93.2-1.el8.aarch64
[0m[1mmodule.media_nodes.null_resource.node_config[4] (remote-exec):[0m [0m  lvm2-8:2.03.14-6.el8.aarch64
[0m[1mmodule.media_nodes.null_resource.node_config[4] (remote-exec):[0m [0m  lvm2-libs-8:2.03.14-6.el8.aarch64
[0m[1mmodule.media_nodes.null_resource.node_config[4] (remote-exec):[0m [0m  nvme-cli-1.16-9.el8.aarch64
[0m[1mmodule.media_nodes.null_resource.node_config[4] (remote-exec):[0m [0m  python3-pip-9.0.3-22.el8.noarch
[0m[1mmodule.media_nodes.null_resource.node_config[4] (remote-exec):[0m [0m  python3-setuptools-39.2.0-6.el8_7.1.noarch
[0m[1mmodule.media_nodes.null_resource.node_config[4] (remote-exec):[0m [0m  python36-3.6.8-38.module+el8.9.0+20976+d3c38525.aarch64
[0m[1mmodule.media_nodes.null_resource.node_config[4] (remote-exec):[0m [0m  rdma-core-46.0-1.el8.1.aarch64
[0m[1mmodule.media_nodes.null_resource.node_config[4] (remote-exec):[0m [0m  smartmontools-1:7.1-2.el8.aarch64
[0m[1mmodule.media_nodes.null_resource.node_config[4] (remote-exec):[0m [0m  sysstat-11.7.3-11.el8.aarch64
[0m[1mmodule.media_nodes.null_resource.node_config[4] (remote-exec):[0m [0m  userspace-rcu-0.10.1-4.el8.aarch64
[0m[1mmodule.media_nodes.null_resource.node_config[4] (remote-exec):[0m [0m  vlzconnector-1.27.0-release.aarch64

[0m[1mmodule.media_nodes.null_resource.node_config[4] (remote-exec):[0m [0mComplete!
[0m[1mmodule.media_nodes.null_resource.node_config[3] (remote-exec):[0m [0m  Installing       : iscs  38/39
[0m[1mmodule.media_nodes.null_resource.node_config[3] (remote-exec):[0m [0m  Installing       : iscsi-init   38/39
[0m[1mmodule.media_nodes.null_resource.node_config[3] (remote-exec):[0m [0m  Running scriptlet: iscsi-init   38/39
[0m[1mmodule.media_nodes.null_resource.node_config[5] (remote-exec):[0m [0m  Running scriptlet: smartmonto   20/39
[0m[1mmodule.media_nodes.null_resource.node_config[4] (remote-exec):[0m [0m<><><> Finished Connector install on Red Hat Enterprise Linux!
[0m[1mmodule.media_nodes.null_resource.node_config[5] (remote-exec):[0m [0m  Installing       : smar  20/39
[0m[1mmodule.media_nodes.null_resource.node_config[5] (remote-exec):[0m [0m  Installing       : smartmonto   20/39
[0m[1mmodule.media_nodes.null_resource.node_config[5] (remote-exec):[0m [0m  Running scriptlet: smartmonto   20/39
[0m[1mmodule.media_nodes.null_resource.node_config[5] (remote-exec):[0m [0m  Installing       : rdma  21/39
[0m[1mmodule.media_nodes.null_resource.node_config[5] (remote-exec):[0m [0m  Installing       : rdma-core-   21/39
[0m[1mmodule.media_nodes.null_resource.node_config[5] (remote-exec):[0m [0m  Running scriptlet: rdma-core-   21/39
[0m[1mmodule.media_nodes.null_resource.node_config[5] (remote-exec):[0m [0m  Installing       : nvme  22/39
[0m[1mmodule.media_nodes.null_resource.node_config[5] (remote-exec):[0m [0m  Installing       : nvme-cli-1   22/39
[0m[1mmodule.media_nodes.null_resource.node_config[5] (remote-exec):[0m [0m  Running scriptlet: nvme-cli-1   22/39
[0m[1mmodule.media_nodes.null_resource.node_config[1] (remote-exec):[0m [0m  Installing       : vlzc  39/39
[0m[1mmodule.media_nodes.null_resource.node_config[6] (remote-exec):[0m [0m  Installing       : vlzc  39/39
[0m[1mmodule.media_nodes.null_resource.node_config[1] (remote-exec):[0m [0m  Installing       : vlzconnect   39/39
[0m[1mmodule.media_nodes.null_resource.node_config[1] (remote-exec):[0m [0m  Running scriptlet: vlzconnect   39/39
[0m[1mmodule.media_nodes.null_resource.node_config[6] (remote-exec):[0m [0m  Installing       : vlzconnect   39/39
[0m[1mmodule.media_nodes.null_resource.node_config[6] (remote-exec):[0m [0m  Running scriptlet: vlzconnect   39/39
[0m[1mmodule.media_nodes.null_resource.node_config[3] (remote-exec):[0m [0m  Installing       : vlzc  39/39
[0m[1mmodule.media_nodes.null_resource.node_config[5] (remote-exec):[0m [0mCreated symlink /etc/systemd/system/default.target.wants/nvmefc-boot-connections.service → /usr/lib/systemd/system/nvmefc-boot-connections.service.

[0m[1mmodule.media_nodes.null_resource.node_config[4]: Creation complete after 51s [id=1632078934680801035][0m
[0m[1mmodule.media_nodes.null_resource.node_config[5] (remote-exec):[0m [0m  Installing       : pyth  23/39
[0m[1mmodule.media_nodes.null_resource.node_config[5] (remote-exec):[0m [0m  Installing       : python3-se   23/39
[0m[1mmodule.media_nodes.null_resource.node_config[5] (remote-exec):[0m [0m  Installing       : pyth  24/39
[0m[1mmodule.media_nodes.null_resource.node_config[5] (remote-exec):[0m [0m  Installing       : python36-3   24/39
[0m[1mmodule.media_nodes.null_resource.node_config[5] (remote-exec):[0m [0m  Running scriptlet: python36-3   24/39
[0m[1mmodule.media_nodes.null_resource.node_config[3] (remote-exec):[0m [0m  Installing       : vlzconnect   39/39
[0m[1mmodule.media_nodes.null_resource.node_config[5] (remote-exec):[0m [0m  Installing       : pyth  25/39
[0m[1mmodule.media_nodes.null_resource.node_config[5] (remote-exec):[0m [0m  Installing       : python3-pi   25/39
[0m[1mmodule.media_nodes.null_resource.node_config[5] (remote-exec):[0m [0m  Installing       : inte  26/39
[0m[1mmodule.media_nodes.null_resource.node_config[5] (remote-exec):[0m [0m  Installing       : integritys   26/39
[0m[1mmodule.media_nodes.null_resource.node_config[3] (remote-exec):[0m [0m  Running scriptlet: vlzconnect   39/39
[0m[1mmodule.media_nodes.null_resource.node_config[5] (remote-exec):[0m [0m  Installing       : cryp  27/39
[0m[1mmodule.media_nodes.null_resource.node_config[5] (remote-exec):[0m [0m  Installing       : cryptsetup   27/39
[0m[1mmodule.media_nodes.null_resource.node_config[5] (remote-exec):[0m [0m  Installing       : lm_s  28/39
[0m[1mmodule.media_nodes.null_resource.node_config[5] (remote-exec):[0m [0m  Installing       : lm_sensors   28/39
[0m[1mmodule.media_nodes.null_resource.node_config[1] (remote-exec):[0m [0mfirst install
[0m[1mmodule.media_nodes.null_resource.node_config[1] (remote-exec):[0m [0mCreated symlink /etc/systemd/system/default.target.wants/vlzconnector.service → /etc/systemd/system/vlzconnector.service.

[0m[1mmodule.media_nodes.null_resource.node_config[5] (remote-exec):[0m [0m  Running scriptlet: lm_sensors   28/39
[0m[1mmodule.media_nodes.null_resource.node_config[6] (remote-exec):[0m [0mfirst install
[0m[1mmodule.media_nodes.null_resource.node_config[6] (remote-exec):[0m [0mCreated symlink /etc/systemd/system/default.target.wants/vlzconnector.service → /etc/systemd/system/vlzconnector.service.

[0m[1mmodule.media_nodes.null_resource.node_config[5] (remote-exec):[0m [0m  Installing       : syss  29/39
[0m[1mmodule.media_nodes.null_resource.node_config[5] (remote-exec):[0m [0m  Installing       : sysstat-11   29/39
[0m[1mmodule.media_nodes.null_resource.node_config[5] (remote-exec):[0m [0m  Running scriptlet: sysstat-11   29/39
[0m[1mmodule.media_nodes.null_resource.node_config[5] (remote-exec):[0m [0m  Installing       : lsof  30/39
[0m[1mmodule.media_nodes.null_resource.node_config[5] (remote-exec):[0m [0m  Installing       : lsof-4.93.   30/39
[0m[1mmodule.media_nodes.null_resource.node_config[5] (remote-exec):[0m [0m  Installing       : libi  31/39
[0m[1mmodule.media_nodes.null_resource.node_config[3] (remote-exec):[0m [0mfirst install
[0m[1mmodule.media_nodes.null_resource.node_config[3] (remote-exec):[0m [0mCreated symlink /etc/systemd/system/default.target.wants/vlzconnector.service → /etc/systemd/system/vlzconnector.service.

[0m[1mmodule.media_nodes.null_resource.node_config[1] (remote-exec):[0m [0m  Verifying        : librados2-    1/39
[0m[1mmodule.media_nodes.null_resource.node_config[1] (remote-exec):[0m [0m  Verifying        : librbd1-1:    2/39
[0m[1mmodule.media_nodes.null_resource.node_config[1] (remote-exec):[0m [0m  Verifying        : python3-pi    3/39
[0m[1mmodule.media_nodes.null_resource.node_config[1] (remote-exec):[0m [0m  Verifying        : boost-atom    4/39
[0m[1mmodule.media_nodes.null_resource.node_config[1] (remote-exec):[0m [0m  Verifying        : boost-chro    5/39
[0m[1mmodule.media_nodes.null_resource.node_config[1] (remote-exec):[0m [0m  Verifying        : boost-date    6/39
[0m[1mmodule.media_nodes.null_resource.node_config[1] (remote-exec):[0m [0m  Verifying        : boost-iost    7/39
[0m[1mmodule.media_nodes.null_resource.node_config[6] (remote-exec):[0m [0m  Verifying        : librados2-    1/39
[0m[1mmodule.media_nodes.null_resource.node_config[6] (remote-exec):[0m [0m  Verifying        : librbd1-1:    2/39
[0m[1mmodule.media_nodes.null_resource.node_config[6] (remote-exec):[0m [0m  Verifying        : python3-pi    3/39
[0m[1mmodule.media_nodes.null_resource.node_config[6] (remote-exec):[0m [0m  Verifying        : boost-atom    4/39
[0m[1mmodule.media_nodes.null_resource.node_config[6] (remote-exec):[0m [0m  Verifying        : boost-chro    5/39
[0m[1mmodule.media_nodes.null_resource.node_config[6] (remote-exec):[0m [0m  Verifying        : boost-date    6/39
[0m[1mmodule.media_nodes.null_resource.node_config[6] (remote-exec):[0m [0m  Verifying        : boost-iost    7/39
[0m[1mmodule.media_nodes.null_resource.node_config[6] (remote-exec):[0m [0m  Verifying        : boost-prog    8/39
[0m[1mmodule.media_nodes.null_resource.node_config[6] (remote-exec):[0m [0m  Verifying        : boost-rand    9/39
[0m[1mmodule.media_nodes.null_resource.node_config[6] (remote-exec):[0m [0m  Verifying        : boost-rege   10/39
[0m[1mmodule.media_nodes.null_resource.node_config[6] (remote-exec):[0m [0m  Verifying        : boost-syst   11/39
[0m[1mmodule.media_nodes.null_resource.node_config[6] (remote-exec):[0m [0m  Verifying        : boost-thre   12/39
[0m[1mmodule.media_nodes.null_resource.node_config[1] (remote-exec):[0m [0m  Verifying        : boost-prog    8/39
[0m[1mmodule.media_nodes.null_resource.node_config[1] (remote-exec):[0m [0m  Verifying        : boost-rand    9/39
[0m[1mmodule.media_nodes.null_resource.node_config[1] (remote-exec):[0m [0m  Verifying        : boost-rege   10/39
[0m[1mmodule.media_nodes.null_resource.node_config[1] (remote-exec):[0m [0m  Verifying        : boost-syst   11/39
[0m[1mmodule.media_nodes.null_resource.node_config[1] (remote-exec):[0m [0m  Verifying        : boost-thre   12/39
[0m[1mmodule.media_nodes.null_resource.node_config[1] (remote-exec):[0m [0m  Verifying        : fio-3.19-4   13/39
[0m[1mmodule.media_nodes.null_resource.node_config[1] (remote-exec):[0m [0m  Verifying        : sysstat-11   14/39
[0m[1mmodule.media_nodes.null_resource.node_config[1] (remote-exec):[0m [0m  Verifying        : python36-3   15/39
[0m[1mmodule.media_nodes.null_resource.node_config[1] (remote-exec):[0m [0m  Verifying        : libaio-0.3   16/39
[0m[1mmodule.media_nodes.null_resource.node_config[1] (remote-exec):[0m [0m  Verifying        : isns-utils   17/39
[0m[1mmodule.media_nodes.null_resource.node_config[1] (remote-exec):[0m [0m  Verifying        : libicu-60.   18/39
[0m[1mmodule.media_nodes.null_resource.node_config[1] (remote-exec):[0m [0m  Verifying        : lsof-4.93.   19/39
[0m[1mmodule.media_nodes.null_resource.node_config[1] (remote-exec):[0m [0m  Verifying        : lm_sensors   20/39
[0m[1mmodule.media_nodes.null_resource.node_config[1] (remote-exec):[0m [0m  Verifying        : userspace-   21/39
[0m[1mmodule.media_nodes.null_resource.node_config[1] (remote-exec):[0m [0m  Verifying        : cryptsetup   22/39
[0m[1mmodule.media_nodes.null_resource.node_config[1] (remote-exec):[0m [0m  Verifying        : integritys   23/39
[0m[1mmodule.media_nodes.null_resource.node_config[1] (remote-exec):[0m [0m  Verifying        : device-map   24/39
[0m[1mmodule.media_nodes.null_resource.node_config[1] (remote-exec):[0m [0m  Verifying        : device-map   25/39
[0m[1mmodule.media_nodes.null_resource.node_config[1] (remote-exec):[0m [0m  Verifying        : device-map   26/39
[0m[1mmodule.media_nodes.null_resource.node_config[1] (remote-exec):[0m [0m  Verifying        : lvm2-8:2.0   27/39
[0m[1mmodule.media_nodes.null_resource.node_config[1] (remote-exec):[0m [0m  Verifying        : lvm2-libs-   28/39
[0m[1mmodule.media_nodes.null_resource.node_config[1] (remote-exec):[0m [0m  Verifying        : device-map   29/39
[0m[1mmodule.media_nodes.null_resource.node_config[1] (remote-exec):[0m [0m  Verifying        : device-map   30/39
[0m[1mmodule.media_nodes.null_resource.node_config[1] (remote-exec):[0m [0m  Verifying        : python3-se   31/39
[0m[1mmodule.media_nodes.null_resource.node_config[1] (remote-exec):[0m [0m  Verifying        : iscsi-init   32/39
[0m[1mmodule.media_nodes.null_resource.node_config[1] (remote-exec):[0m [0m  Verifying        : iscsi-init   33/39
[0m[1mmodule.media_nodes.null_resource.node_config[1] (remote-exec):[0m [0m  Verifying        : libibverbs   34/39
[0m[1mmodule.media_nodes.null_resource.node_config[1] (remote-exec):[0m [0m  Verifying        : nvme-cli-1   35/39
[0m[1mmodule.media_nodes.null_resource.node_config[1] (remote-exec):[0m [0m  Verifying        : rdma-core-   36/39
[0m[1mmodule.media_nodes.null_resource.node_config[1] (remote-exec):[0m [0m  Verifying        : librdmacm-   37/39
[0m[1mmodule.media_nodes.null_resource.node_config[1] (remote-exec):[0m [0m  Verifying        : smartmonto   38/39
[0m[1mmodule.media_nodes.null_resource.node_config[1] (remote-exec):[0m [0m  Verifying        : vlzconnect   39/39
[0m[1mmodule.media_nodes.null_resource.node_config[6] (remote-exec):[0m [0m  Verifying        : fio-3.19-4   13/39
[0m[1mmodule.media_nodes.null_resource.node_config[6] (remote-exec):[0m [0m  Verifying        : sysstat-11   14/39
[0m[1mmodule.media_nodes.null_resource.node_config[6] (remote-exec):[0m [0m  Verifying        : python36-3   15/39
[0m[1mmodule.media_nodes.null_resource.node_config[6] (remote-exec):[0m [0m  Verifying        : libaio-0.3   16/39
[0m[1mmodule.media_nodes.null_resource.node_config[6] (remote-exec):[0m [0m  Verifying        : isns-utils   17/39
[0m[1mmodule.media_nodes.null_resource.node_config[6] (remote-exec):[0m [0m  Verifying        : libicu-60.   18/39
[0m[1mmodule.media_nodes.null_resource.node_config[6] (remote-exec):[0m [0m  Verifying        : lsof-4.93.   19/39
[0m[1mmodule.media_nodes.null_resource.node_config[6] (remote-exec):[0m [0m  Verifying        : lm_sensors   20/39
[0m[1mmodule.media_nodes.null_resource.node_config[6] (remote-exec):[0m [0m  Verifying        : userspace-   21/39
[0m[1mmodule.media_nodes.null_resource.node_config[6] (remote-exec):[0m [0m  Verifying        : cryptsetup   22/39
[0m[1mmodule.media_nodes.null_resource.node_config[6] (remote-exec):[0m [0m  Verifying        : integritys   23/39
[0m[1mmodule.media_nodes.null_resource.node_config[6] (remote-exec):[0m [0m  Verifying        : device-map   24/39
[0m[1mmodule.media_nodes.null_resource.node_config[6] (remote-exec):[0m [0m  Verifying        : device-map   25/39
[0m[1mmodule.media_nodes.null_resource.node_config[6] (remote-exec):[0m [0m  Verifying        : device-map   26/39
[0m[1mmodule.media_nodes.null_resource.node_config[6] (remote-exec):[0m [0m  Verifying        : lvm2-8:2.0   27/39
[0m[1mmodule.media_nodes.null_resource.node_config[6] (remote-exec):[0m [0m  Verifying        : lvm2-libs-   28/39
[0m[1mmodule.media_nodes.null_resource.node_config[6] (remote-exec):[0m [0m  Verifying        : device-map   29/39
[0m[1mmodule.media_nodes.null_resource.node_config[6] (remote-exec):[0m [0m  Verifying        : device-map   30/39
[0m[1mmodule.media_nodes.null_resource.node_config[6] (remote-exec):[0m [0m  Verifying        : python3-se   31/39
[0m[1mmodule.media_nodes.null_resource.node_config[6] (remote-exec):[0m [0m  Verifying        : iscsi-init   32/39
[0m[1mmodule.media_nodes.null_resource.node_config[6] (remote-exec):[0m [0m  Verifying        : iscsi-init   33/39
[0m[1mmodule.media_nodes.null_resource.node_config[6] (remote-exec):[0m [0m  Verifying        : libibverbs   34/39
[0m[1mmodule.media_nodes.null_resource.node_config[6] (remote-exec):[0m [0m  Verifying        : nvme-cli-1   35/39
[0m[1mmodule.media_nodes.null_resource.node_config[6] (remote-exec):[0m [0m  Verifying        : rdma-core-   36/39
[0m[1mmodule.media_nodes.null_resource.node_config[6] (remote-exec):[0m [0m  Verifying        : librdmacm-   37/39
[0m[1mmodule.media_nodes.null_resource.node_config[6] (remote-exec):[0m [0m  Verifying        : smartmonto   38/39
[0m[1mmodule.media_nodes.null_resource.node_config[6] (remote-exec):[0m [0m  Verifying        : vlzconnect   39/39
[0m[1mmodule.media_nodes.null_resource.node_config[2]: Creation complete after 52s [id=1872706742548802781][0m
[0m[1mmodule.media_nodes.null_resource.node_config[3] (remote-exec):[0m [0m  Verifying        : librados2-    1/39
[0m[1mmodule.media_nodes.null_resource.node_config[3] (remote-exec):[0m [0m  Verifying        : librbd1-1:    2/39
[0m[1mmodule.media_nodes.null_resource.node_config[3] (remote-exec):[0m [0m  Verifying        : python3-pi    3/39
[0m[1mmodule.media_nodes.null_resource.node_config[3] (remote-exec):[0m [0m  Verifying        : boost-atom    4/39
[0m[1mmodule.media_nodes.null_resource.node_config[3] (remote-exec):[0m [0m  Verifying        : boost-chro    5/39
[0m[1mmodule.media_nodes.null_resource.node_config[3] (remote-exec):[0m [0m  Verifying        : boost-date    6/39
[0m[1mmodule.media_nodes.null_resource.node_config[3] (remote-exec):[0m [0m  Verifying        : boost-iost    7/39
[0m[1mmodule.media_nodes.null_resource.node_config[3] (remote-exec):[0m [0m  Verifying        : boost-prog    8/39
[0m[1mmodule.media_nodes.null_resource.node_config[5] (remote-exec):[0m [0m  Installing       : libicu-60.   31/39
[0m[1mmodule.media_nodes.null_resource.node_config[5] (remote-exec):[0m [0m  Running scriptlet: libicu-60.   31/39
[0m[1mmodule.media_nodes.null_resource.node_config[3] (remote-exec):[0m [0m  Verifying        : boost-rand    9/39
[0m[1mmodule.media_nodes.null_resource.node_config[3] (remote-exec):[0m [0m  Verifying        : boost-rege   10/39
[0m[1mmodule.media_nodes.null_resource.node_config[3] (remote-exec):[0m [0m  Verifying        : boost-syst   11/39
[0m[1mmodule.media_nodes.null_resource.node_config[3] (remote-exec):[0m [0m  Verifying        : boost-thre   12/39
[0m[1mmodule.media_nodes.null_resource.node_config[3] (remote-exec):[0m [0m  Verifying        : fio-3.19-4   13/39
[0m[1mmodule.media_nodes.null_resource.node_config[3] (remote-exec):[0m [0m  Verifying        : sysstat-11   14/39
[0m[1mmodule.media_nodes.null_resource.node_config[3] (remote-exec):[0m [0m  Verifying        : python36-3   15/39
[0m[1mmodule.media_nodes.null_resource.node_config[3] (remote-exec):[0m [0m  Verifying        : libaio-0.3   16/39
[0m[1mmodule.media_nodes.null_resource.node_config[3] (remote-exec):[0m [0m  Verifying        : isns-utils   17/39
[0m[1mmodule.media_nodes.null_resource.node_config[3] (remote-exec):[0m [0m  Verifying        : libicu-60.   18/39
[0m[1mmodule.media_nodes.null_resource.node_config[3] (remote-exec):[0m [0m  Verifying        : lsof-4.93.   19/39
[0m[1mmodule.media_nodes.null_resource.node_config[3] (remote-exec):[0m [0m  Verifying        : lm_sensors   20/39
[0m[1mmodule.media_nodes.null_resource.node_config[3] (remote-exec):[0m [0m  Verifying        : userspace-   21/39
[0m[1mmodule.media_nodes.null_resource.node_config[3] (remote-exec):[0m [0m  Verifying        : cryptsetup   22/39
[0m[1mmodule.media_nodes.null_resource.node_config[3] (remote-exec):[0m [0m  Verifying        : integritys   23/39
[0m[1mmodule.media_nodes.null_resource.node_config[3] (remote-exec):[0m [0m  Verifying        : device-map   24/39
[0m[1mmodule.media_nodes.null_resource.node_config[3] (remote-exec):[0m [0m  Verifying        : device-map   25/39
[0m[1mmodule.media_nodes.null_resource.node_config[3] (remote-exec):[0m [0m  Verifying        : device-map   26/39
[0m[1mmodule.media_nodes.null_resource.node_config[3] (remote-exec):[0m [0m  Verifying        : lvm2-8:2.0   27/39
[0m[1mmodule.media_nodes.null_resource.node_config[3] (remote-exec):[0m [0m  Verifying        : lvm2-libs-   28/39
[0m[1mmodule.media_nodes.null_resource.node_config[3] (remote-exec):[0m [0m  Verifying        : device-map   29/39
[0m[1mmodule.media_nodes.null_resource.node_config[3] (remote-exec):[0m [0m  Verifying        : device-map   30/39
[0m[1mmodule.media_nodes.null_resource.node_config[3] (remote-exec):[0m [0m  Verifying        : python3-se   31/39
[0m[1mmodule.media_nodes.null_resource.node_config[3] (remote-exec):[0m [0m  Verifying        : iscsi-init   32/39
[0m[1mmodule.media_nodes.null_resource.node_config[3] (remote-exec):[0m [0m  Verifying        : iscsi-init   33/39
[0m[1mmodule.media_nodes.null_resource.node_config[3] (remote-exec):[0m [0m  Verifying        : libibverbs   34/39
[0m[1mmodule.media_nodes.null_resource.node_config[3] (remote-exec):[0m [0m  Verifying        : nvme-cli-1   35/39
[0m[1mmodule.media_nodes.null_resource.node_config[3] (remote-exec):[0m [0m  Verifying        : rdma-core-   36/39
[0m[1mmodule.media_nodes.null_resource.node_config[3] (remote-exec):[0m [0m  Verifying        : librdmacm-   37/39
[0m[1mmodule.media_nodes.null_resource.node_config[3] (remote-exec):[0m [0m  Verifying        : smartmonto   38/39
[0m[1mmodule.media_nodes.null_resource.node_config[5] (remote-exec):[0m [0m  Installing       : boos  32/39
[0m[1mmodule.media_nodes.null_resource.node_config[5] (remote-exec):[0m [0m  Installing       : boost-rege   32/39
[0m[1mmodule.media_nodes.null_resource.node_config[5] (remote-exec):[0m [0m  Running scriptlet: boost-rege   32/39
[0m[1mmodule.media_nodes.null_resource.node_config[3] (remote-exec):[0m [0m  Verifying        : vlzconnect   39/39

[0m[1mmodule.media_nodes.null_resource.node_config[3] (remote-exec):[0m [0mInstalled products updated.
[0m[1mmodule.media_nodes.null_resource.node_config[5] (remote-exec):[0m [0m  Installing       : libr  33/39

[0m[1mmodule.media_nodes.null_resource.node_config[3] (remote-exec):[0m [0mInstalled:
[0m[1mmodule.media_nodes.null_resource.node_config[3] (remote-exec):[0m [0m  boost-atomic-1.66.0-13.el8.aarch64
[0m[1mmodule.media_nodes.null_resource.node_config[3] (remote-exec):[0m [0m  boost-chrono-1.66.0-13.el8.aarch64
[0m[1mmodule.media_nodes.null_resource.node_config[3] (remote-exec):[0m [0m  boost-date-time-1.66.0-13.el8.aarch64
[0m[1mmodule.media_nodes.null_resource.node_config[3] (remote-exec):[0m [0m  boost-iostreams-1.66.0-13.el8.aarch64
[0m[1mmodule.media_nodes.null_resource.node_config[3] (remote-exec):[0m [0m  boost-program-options-1.66.0-13.el8.aarch64
[0m[1mmodule.media_nodes.null_resource.node_config[3] (remote-exec):[0m [0m  boost-random-1.66.0-13.el8.aarch64
[0m[1mmodule.media_nodes.null_resource.node_config[3] (remote-exec):[0m [0m  boost-regex-1.66.0-13.el8.aarch64
[0m[1mmodule.media_nodes.null_resource.node_config[3] (remote-exec):[0m [0m  boost-system-1.66.0-13.el8.aarch64
[0m[1mmodule.media_nodes.null_resource.node_config[3] (remote-exec):[0m [0m  boost-thread-1.66.0-13.el8.aarch64
[0m[1mmodule.media_nodes.null_resource.node_config[3] (remote-exec):[0m [0m  cryptsetup-2.3.7-2.el8.aarch64
[0m[1mmodule.media_nodes.null_resource.node_config[3] (remote-exec):[0m [0m  device-mapper-event-8:1.02.181-6.el8.aarch64
[0m[1mmodule.media_nodes.null_resource.node_config[3] (remote-exec):[0m [0m  device-mapper-event-libs-8:1.02.181-6.el8.aarch64
[0m[1mmodule.media_nodes.null_resource.node_config[3] (remote-exec):[0m [0m  device-mapper-multipath-0.8.4-28.el8_7.1.aarch64
[0m[1mmodule.media_nodes.null_resource.node_config[3] (remote-exec):[0m [0m  device-mapper-multipath-libs-0.8.4-28.el8_7.1.aarch64
[0m[1mmodule.media_nodes.null_resource.node_config[3] (remote-exec):[0m [0m  device-mapper-persistent-data-0.9.0-7.el8.aarch64
[0m[1mmodule.media_nodes.null_resource.node_config[3] (remote-exec):[0m [0m  fio-3.19-4.el8.aarch64
[0m[1mmodule.media_nodes.null_resource.node_config[3] (remote-exec):[0m [0m  integritysetup-2.3.7-2.el8.aarch64
[0m[1mmodule.media_nodes.null_resource.node_config[3] (remote-exec):[0m [0m  iscsi-initiator-utils-6.2.1.4-8.git095f59c.el8_8.aarch64
[0m[1mmodule.media_nodes.null_resource.node_config[3] (remote-exec):[0m [0m  iscsi-initiator-utils-iscsiuio-6.2.1.4-8.git095f59c.el8_8.aarch64
[0m[1mmodule.media_nodes.null_resource.node_config[3] (remote-exec):[0m [0m  isns-utils-libs-0.99-1.el8.aarch64
[0m[1mmodule.media_nodes.null_resource.node_config[3] (remote-exec):[0m [0m  libaio-0.3.112-1.el8.aarch64
[0m[1mmodule.media_nodes.null_resource.node_config[3] (remote-exec):[0m [0m  libibverbs-46.0-1.el8.1.aarch64
[0m[1mmodule.media_nodes.null_resource.node_config[3] (remote-exec):[0m [0m  libicu-60.3-2.el8_1.aarch64
[0m[1mmodule.media_nodes.null_resource.node_config[3] (remote-exec):[0m [0m  librados2-1:12.2.7-9.el8.aarch64
[0m[1mmodule.media_nodes.null_resource.node_config[3] (remote-exec):[0m [0m  librbd1-1:12.2.7-9.el8.aarch64
[0m[1mmodule.media_nodes.null_resource.node_config[3] (remote-exec):[0m [0m  librdmacm-46.0-1.el8.1.aarch64
[0m[1mmodule.media_nodes.null_resource.node_config[3] (remote-exec):[0m [0m  lm_sensors-libs-3.4.0-23.20180522git70f7e08.el8.aarch64
[0m[1mmodule.media_nodes.null_resource.node_config[3] (remote-exec):[0m [0m  lsof-4.93.2-1.el8.aarch64
[0m[1mmodule.media_nodes.null_resource.node_config[3] (remote-exec):[0m [0m  lvm2-8:2.03.14-6.el8.aarch64
[0m[1mmodule.media_nodes.null_resource.node_config[3] (remote-exec):[0m [0m  lvm2-libs-8:2.03.14-6.el8.aarch64
[0m[1mmodule.media_nodes.null_resource.node_config[3] (remote-exec):[0m [0m  nvme-cli-1.16-9.el8.aarch64
[0m[1mmodule.media_nodes.null_resource.node_config[3] (remote-exec):[0m [0m  python3-pip-9.0.3-22.el8.noarch
[0m[1mmodule.media_nodes.null_resource.node_config[3] (remote-exec):[0m [0m  python3-setuptools-39.2.0-6.el8_7.1.noarch
[0m[1mmodule.media_nodes.null_resource.node_config[3] (remote-exec):[0m [0m  python36-3.6.8-38.module+el8.9.0+20976+d3c38525.aarch64
[0m[1mmodule.media_nodes.null_resource.node_config[3] (remote-exec):[0m [0m  rdma-core-46.0-1.el8.1.aarch64
[0m[1mmodule.media_nodes.null_resource.node_config[3] (remote-exec):[0m [0m  smartmontools-1:7.1-2.el8.aarch64
[0m[1mmodule.media_nodes.null_resource.node_config[3] (remote-exec):[0m [0m  sysstat-11.7.3-11.el8.aarch64
[0m[1mmodule.media_nodes.null_resource.node_config[3] (remote-exec):[0m [0m  userspace-rcu-0.10.1-4.el8.aarch64
[0m[1mmodule.media_nodes.null_resource.node_config[3] (remote-exec):[0m [0m  vlzconnector-1.27.0-release.aarch64

[0m[1mmodule.media_nodes.null_resource.node_config[3] (remote-exec):[0m [0mComplete!
[0m[1mmodule.media_nodes.null_resource.node_config[1] (remote-exec):[0m [0mInstalled products updated.
[0m[1mmodule.media_nodes.null_resource.node_config[5] (remote-exec):[0m [0m  Installing       : librados2-   33/39
[0m[1mmodule.media_nodes.null_resource.node_config[5] (remote-exec):[0m [0m  Running scriptlet: librados2-   33/39

[0m[1mmodule.media_nodes.null_resource.node_config[1] (remote-exec):[0m [0mInstalled:
[0m[1mmodule.media_nodes.null_resource.node_config[1] (remote-exec):[0m [0m  boost-atomic-1.66.0-13.el8.aarch64
[0m[1mmodule.media_nodes.null_resource.node_config[1] (remote-exec):[0m [0m  boost-chrono-1.66.0-13.el8.aarch64
[0m[1mmodule.media_nodes.null_resource.node_config[1] (remote-exec):[0m [0m  boost-date-time-1.66.0-13.el8.aarch64
[0m[1mmodule.media_nodes.null_resource.node_config[1] (remote-exec):[0m [0m  boost-iostreams-1.66.0-13.el8.aarch64
[0m[1mmodule.media_nodes.null_resource.node_config[1] (remote-exec):[0m [0m  boost-program-options-1.66.0-13.el8.aarch64
[0m[1mmodule.media_nodes.null_resource.node_config[1] (remote-exec):[0m [0m  boost-random-1.66.0-13.el8.aarch64
[0m[1mmodule.media_nodes.null_resource.node_config[1] (remote-exec):[0m [0m  boost-regex-1.66.0-13.el8.aarch64
[0m[1mmodule.media_nodes.null_resource.node_config[1] (remote-exec):[0m [0m  boost-system-1.66.0-13.el8.aarch64
[0m[1mmodule.media_nodes.null_resource.node_config[1] (remote-exec):[0m [0m  boost-thread-1.66.0-13.el8.aarch64
[0m[1mmodule.media_nodes.null_resource.node_config[1] (remote-exec):[0m [0m  cryptsetup-2.3.7-2.el8.aarch64
[0m[1mmodule.media_nodes.null_resource.node_config[1] (remote-exec):[0m [0m  device-mapper-event-8:1.02.181-6.el8.aarch64
[0m[1mmodule.media_nodes.null_resource.node_config[1] (remote-exec):[0m [0m  device-mapper-event-libs-8:1.02.181-6.el8.aarch64
[0m[1mmodule.media_nodes.null_resource.node_config[1] (remote-exec):[0m [0m  device-mapper-multipath-0.8.4-28.el8_7.1.aarch64
[0m[1mmodule.media_nodes.null_resource.node_config[1] (remote-exec):[0m [0m  device-mapper-multipath-libs-0.8.4-28.el8_7.1.aarch64
[0m[1mmodule.media_nodes.null_resource.node_config[1] (remote-exec):[0m [0m  device-mapper-persistent-data-0.9.0-7.el8.aarch64
[0m[1mmodule.media_nodes.null_resource.node_config[1] (remote-exec):[0m [0m  fio-3.19-4.el8.aarch64
[0m[1mmodule.media_nodes.null_resource.node_config[1] (remote-exec):[0m [0m  integritysetup-2.3.7-2.el8.aarch64
[0m[1mmodule.media_nodes.null_resource.node_config[1] (remote-exec):[0m [0m  iscsi-initiator-utils-6.2.1.4-8.git095f59c.el8_8.aarch64
[0m[1mmodule.media_nodes.null_resource.node_config[1] (remote-exec):[0m [0m  iscsi-initiator-utils-iscsiuio-6.2.1.4-8.git095f59c.el8_8.aarch64
[0m[1mmodule.media_nodes.null_resource.node_config[1] (remote-exec):[0m [0m  isns-utils-libs-0.99-1.el8.aarch64
[0m[1mmodule.media_nodes.null_resource.node_config[1] (remote-exec):[0m [0m  libaio-0.3.112-1.el8.aarch64
[0m[1mmodule.media_nodes.null_resource.node_config[1] (remote-exec):[0m [0m  libibverbs-46.0-1.el8.1.aarch64
[0m[1mmodule.media_nodes.null_resource.node_config[1] (remote-exec):[0m [0m  libicu-60.3-2.el8_1.aarch64
[0m[1mmodule.media_nodes.null_resource.node_config[1] (remote-exec):[0m [0m  librados2-1:12.2.7-9.el8.aarch64
[0m[1mmodule.media_nodes.null_resource.node_config[1] (remote-exec):[0m [0m  librbd1-1:12.2.7-9.el8.aarch64
[0m[1mmodule.media_nodes.null_resource.node_config[1] (remote-exec):[0m [0m  librdmacm-46.0-1.el8.1.aarch64
[0m[1mmodule.media_nodes.null_resource.node_config[1] (remote-exec):[0m [0m  lm_sensors-libs-3.4.0-23.20180522git70f7e08.el8.aarch64
[0m[1mmodule.media_nodes.null_resource.node_config[1] (remote-exec):[0m [0m  lsof-4.93.2-1.el8.aarch64
[0m[1mmodule.media_nodes.null_resource.node_config[1] (remote-exec):[0m [0m  lvm2-8:2.03.14-6.el8.aarch64
[0m[1mmodule.media_nodes.null_resource.node_config[1] (remote-exec):[0m [0m  lvm2-libs-8:2.03.14-6.el8.aarch64
[0m[1mmodule.media_nodes.null_resource.node_config[1] (remote-exec):[0m [0m  nvme-cli-1.16-9.el8.aarch64
[0m[1mmodule.media_nodes.null_resource.node_config[1] (remote-exec):[0m [0m  python3-pip-9.0.3-22.el8.noarch
[0m[1mmodule.media_nodes.null_resource.node_config[1] (remote-exec):[0m [0m  python3-setuptools-39.2.0-6.el8_7.1.noarch
[0m[1mmodule.media_nodes.null_resource.node_config[1] (remote-exec):[0m [0m  python36-3.6.8-38.module+el8.9.0+20976+d3c38525.aarch64
[0m[1mmodule.media_nodes.null_resource.node_config[1] (remote-exec):[0m [0m  rdma-core-46.0-1.el8.1.aarch64
[0m[1mmodule.media_nodes.null_resource.node_config[1] (remote-exec):[0m [0m  smartmontools-1:7.1-2.el8.aarch64
[0m[1mmodule.media_nodes.null_resource.node_config[1] (remote-exec):[0m [0m  sysstat-11.7.3-11.el8.aarch64
[0m[1mmodule.media_nodes.null_resource.node_config[1] (remote-exec):[0m [0m  userspace-rcu-0.10.1-4.el8.aarch64
[0m[1mmodule.media_nodes.null_resource.node_config[1] (remote-exec):[0m [0m  vlzconnector-1.27.0-release.aarch64

[0m[1mmodule.media_nodes.null_resource.node_config[1] (remote-exec):[0m [0mComplete!
[0m[1mmodule.media_nodes.null_resource.node_config[3] (remote-exec):[0m [0m<><><> Finished Connector install on Red Hat Enterprise Linux!
[0m[1mmodule.media_nodes.null_resource.node_config[5] (remote-exec):[0m [0m  Installing       : libr  34/39
[0m[1mmodule.media_nodes.null_resource.node_config[5] (remote-exec):[0m [0m  Installing       : librbd1-1:   34/39
[0m[1mmodule.media_nodes.null_resource.node_config[5] (remote-exec):[0m [0m  Running scriptlet: librbd1-1:   34/39
[0m[1mmodule.media_nodes.null_resource.node_config[6] (remote-exec):[0m [0mInstalled products updated.
[0m[1mmodule.media_nodes.null_resource.node_config[1] (remote-exec):[0m [0m<><><> Finished Connector install on Red Hat Enterprise Linux!

[0m[1mmodule.media_nodes.null_resource.node_config[5] (remote-exec):[0m [0m  Installing       : fio-  35/39
[0m[1mmodule.media_nodes.null_resource.node_config[5] (remote-exec):[0m [0m  Installing       : fio-3.19-4   35/39
[0m[1mmodule.media_nodes.null_resource.node_config[5] (remote-exec):[0m [0m  Installing       : isns  36/39
[0m[1mmodule.media_nodes.null_resource.node_config[5] (remote-exec):[0m [0m  Installing       : isns-utils   36/39
[0m[1mmodule.media_nodes.null_resource.node_config[5] (remote-exec):[0m [0m  Running scriptlet: isns-utils   36/39
[0m[1mmodule.media_nodes.null_resource.node_config[6] (remote-exec):[0m [0mInstalled:
[0m[1mmodule.media_nodes.null_resource.node_config[6] (remote-exec):[0m [0m  boost-atomic-1.66.0-13.el8.aarch64
[0m[1mmodule.media_nodes.null_resource.node_config[6] (remote-exec):[0m [0m  boost-chrono-1.66.0-13.el8.aarch64
[0m[1mmodule.media_nodes.null_resource.node_config[6] (remote-exec):[0m [0m  boost-date-time-1.66.0-13.el8.aarch64
[0m[1mmodule.media_nodes.null_resource.node_config[6] (remote-exec):[0m [0m  boost-iostreams-1.66.0-13.el8.aarch64
[0m[1mmodule.media_nodes.null_resource.node_config[6] (remote-exec):[0m [0m  boost-program-options-1.66.0-13.el8.aarch64
[0m[1mmodule.media_nodes.null_resource.node_config[6] (remote-exec):[0m [0m  boost-random-1.66.0-13.el8.aarch64
[0m[1mmodule.media_nodes.null_resource.node_config[6] (remote-exec):[0m [0m  boost-regex-1.66.0-13.el8.aarch64
[0m[1mmodule.media_nodes.null_resource.node_config[6] (remote-exec):[0m [0m  boost-system-1.66.0-13.el8.aarch64
[0m[1mmodule.media_nodes.null_resource.node_config[6] (remote-exec):[0m [0m  boost-thread-1.66.0-13.el8.aarch64
[0m[1mmodule.media_nodes.null_resource.node_config[6] (remote-exec):[0m [0m  cryptsetup-2.3.7-2.el8.aarch64
[0m[1mmodule.media_nodes.null_resource.node_config[6] (remote-exec):[0m [0m  device-mapper-event-8:1.02.181-6.el8.aarch64
[0m[1mmodule.media_nodes.null_resource.node_config[6] (remote-exec):[0m [0m  device-mapper-event-libs-8:1.02.181-6.el8.aarch64
[0m[1mmodule.media_nodes.null_resource.node_config[6] (remote-exec):[0m [0m  device-mapper-multipath-0.8.4-28.el8_7.1.aarch64
[0m[1mmodule.media_nodes.null_resource.node_config[6] (remote-exec):[0m [0m  device-mapper-multipath-libs-0.8.4-28.el8_7.1.aarch64
[0m[1mmodule.media_nodes.null_resource.node_config[6] (remote-exec):[0m [0m  device-mapper-persistent-data-0.9.0-7.el8.aarch64
[0m[1mmodule.media_nodes.null_resource.node_config[6] (remote-exec):[0m [0m  fio-3.19-4.el8.aarch64
[0m[1mmodule.media_nodes.null_resource.node_config[6] (remote-exec):[0m [0m  integritysetup-2.3.7-2.el8.aarch64
[0m[1mmodule.media_nodes.null_resource.node_config[6] (remote-exec):[0m [0m  iscsi-initiator-utils-6.2.1.4-8.git095f59c.el8_8.aarch64
[0m[1mmodule.media_nodes.null_resource.node_config[6] (remote-exec):[0m [0m  iscsi-initiator-utils-iscsiuio-6.2.1.4-8.git095f59c.el8_8.aarch64
[0m[1mmodule.media_nodes.null_resource.node_config[6] (remote-exec):[0m [0m  isns-utils-libs-0.99-1.el8.aarch64
[0m[1mmodule.media_nodes.null_resource.node_config[6] (remote-exec):[0m [0m  libaio-0.3.112-1.el8.aarch64
[0m[1mmodule.media_nodes.null_resource.node_config[6] (remote-exec):[0m [0m  libibverbs-46.0-1.el8.1.aarch64
[0m[1mmodule.media_nodes.null_resource.node_config[6] (remote-exec):[0m [0m  libicu-60.3-2.el8_1.aarch64
[0m[1mmodule.media_nodes.null_resource.node_config[6] (remote-exec):[0m [0m  librados2-1:12.2.7-9.el8.aarch64
[0m[1mmodule.media_nodes.null_resource.node_config[6] (remote-exec):[0m [0m  librbd1-1:12.2.7-9.el8.aarch64
[0m[1mmodule.media_nodes.null_resource.node_config[6] (remote-exec):[0m [0m  librdmacm-46.0-1.el8.1.aarch64
[0m[1mmodule.media_nodes.null_resource.node_config[6] (remote-exec):[0m [0m  lm_sensors-libs-3.4.0-23.20180522git70f7e08.el8.aarch64
[0m[1mmodule.media_nodes.null_resource.node_config[6] (remote-exec):[0m [0m  lsof-4.93.2-1.el8.aarch64
[0m[1mmodule.media_nodes.null_resource.node_config[6] (remote-exec):[0m [0m  lvm2-8:2.03.14-6.el8.aarch64
[0m[1mmodule.media_nodes.null_resource.node_config[6] (remote-exec):[0m [0m  lvm2-libs-8:2.03.14-6.el8.aarch64
[0m[1mmodule.media_nodes.null_resource.node_config[6] (remote-exec):[0m [0m  nvme-cli-1.16-9.el8.aarch64
[0m[1mmodule.media_nodes.null_resource.node_config[6] (remote-exec):[0m [0m  python3-pip-9.0.3-22.el8.noarch
[0m[1mmodule.media_nodes.null_resource.node_config[6] (remote-exec):[0m [0m  python3-setuptools-39.2.0-6.el8_7.1.noarch
[0m[1mmodule.media_nodes.null_resource.node_config[6] (remote-exec):[0m [0m  python36-3.6.8-38.module+el8.9.0+20976+d3c38525.aarch64
[0m[1mmodule.media_nodes.null_resource.node_config[6] (remote-exec):[0m [0m  rdma-core-46.0-1.el8.1.aarch64
[0m[1mmodule.media_nodes.null_resource.node_config[6] (remote-exec):[0m [0m  smartmontools-1:7.1-2.el8.aarch64
[0m[1mmodule.media_nodes.null_resource.node_config[6] (remote-exec):[0m [0m  sysstat-11.7.3-11.el8.aarch64
[0m[1mmodule.media_nodes.null_resource.node_config[6] (remote-exec):[0m [0m  userspace-rcu-0.10.1-4.el8.aarch64
[0m[1mmodule.media_nodes.null_resource.node_config[6] (remote-exec):[0m [0m  vlzconnector-1.27.0-release.aarch64

[0m[1mmodule.media_nodes.null_resource.node_config[6] (remote-exec):[0m [0mComplete!
[0m[1mmodule.media_nodes.null_resource.node_config[5] (remote-exec):[0m [0m  Installing       : iscs  37/39
[0m[1mmodule.media_nodes.null_resource.node_config[5] (remote-exec):[0m [0m  Installing       : iscsi-init   37/39
[0m[1mmodule.media_nodes.null_resource.node_config[5] (remote-exec):[0m [0m  Running scriptlet: iscsi-init   37/39
[0m[1mmodule.media_nodes.null_resource.node_config[6] (remote-exec):[0m [0m<><><> Finished Connector install on Red Hat Enterprise Linux!
[0m[1mmodule.media_nodes.null_resource.node_config[5] (remote-exec):[0m [0m  Installing       : iscs  38/39
[0m[1mmodule.media_nodes.null_resource.node_config[5] (remote-exec):[0m [0m  Installing       : iscsi-init   38/39
[0m[1mmodule.media_nodes.null_resource.node_config[3]: Creation complete after 53s [id=4766279845957402196][0m
[0m[1mmodule.media_nodes.null_resource.node_config[5] (remote-exec):[0m [0m  Running scriptlet: iscsi-init   38/39
[0m[1mmodule.media_nodes.null_resource.node_config[1]: Creation complete after 53s [id=6065729397991736247][0m
[0m[1mmodule.media_nodes.null_resource.node_config[6]: Creation complete after 54s [id=1001348096576410632][0m
[0m[1mmodule.media_nodes.null_resource.node_config[5] (remote-exec):[0m [0m  Installing       : vlzc  39/39
[0m[1mmodule.media_nodes.null_resource.node_config[5] (remote-exec):[0m [0m  Installing       : vlzconnect   39/39
[0m[1mmodule.media_nodes.null_resource.node_config[5] (remote-exec):[0m [0m  Running scriptlet: vlzconnect   39/39
[0m[1mmodule.media_nodes.null_resource.node_config[5] (remote-exec):[0m [0mfirst install
[0m[1mmodule.media_nodes.null_resource.node_config[5] (remote-exec):[0m [0mCreated symlink /etc/systemd/system/default.target.wants/vlzconnector.service → /etc/systemd/system/vlzconnector.service.

[0m[1mmodule.media_nodes.null_resource.node_config[5] (remote-exec):[0m [0m  Verifying        : librados2-    1/39
[0m[1mmodule.media_nodes.null_resource.node_config[5] (remote-exec):[0m [0m  Verifying        : librbd1-1:    2/39
[0m[1mmodule.media_nodes.null_resource.node_config[5] (remote-exec):[0m [0m  Verifying        : python3-pi    3/39
[0m[1mmodule.media_nodes.null_resource.node_config[5] (remote-exec):[0m [0m  Verifying        : boost-atom    4/39
[0m[1mmodule.media_nodes.null_resource.node_config[5] (remote-exec):[0m [0m  Verifying        : boost-chro    5/39
[0m[1mmodule.media_nodes.null_resource.node_config[5] (remote-exec):[0m [0m  Verifying        : boost-date    6/39
[0m[1mmodule.media_nodes.null_resource.node_config[5] (remote-exec):[0m [0m  Verifying        : boost-iost    7/39
[0m[1mmodule.media_nodes.null_resource.node_config[5] (remote-exec):[0m [0m  Verifying        : boost-prog    8/39
[0m[1mmodule.media_nodes.null_resource.node_config[5] (remote-exec):[0m [0m  Verifying        : boost-rand    9/39
[0m[1mmodule.media_nodes.null_resource.node_config[5] (remote-exec):[0m [0m  Verifying        : boost-rege   10/39
[0m[1mmodule.media_nodes.null_resource.node_config[5] (remote-exec):[0m [0m  Verifying        : boost-syst   11/39
[0m[1mmodule.media_nodes.null_resource.node_config[5] (remote-exec):[0m [0m  Verifying        : boost-thre   12/39
[0m[1mmodule.media_nodes.null_resource.node_config[5] (remote-exec):[0m [0m  Verifying        : fio-3.19-4   13/39
[0m[1mmodule.media_nodes.null_resource.node_config[5] (remote-exec):[0m [0m  Verifying        : sysstat-11   14/39
[0m[1mmodule.media_nodes.null_resource.node_config[5] (remote-exec):[0m [0m  Verifying        : python36-3   15/39
[0m[1mmodule.media_nodes.null_resource.node_config[5] (remote-exec):[0m [0m  Verifying        : libaio-0.3   16/39
[0m[1mmodule.media_nodes.null_resource.node_config[5] (remote-exec):[0m [0m  Verifying        : isns-utils   17/39
[0m[1mmodule.media_nodes.null_resource.node_config[5] (remote-exec):[0m [0m  Verifying        : libicu-60.   18/39
[0m[1mmodule.media_nodes.null_resource.node_config[5] (remote-exec):[0m [0m  Verifying        : lsof-4.93.   19/39
[0m[1mmodule.media_nodes.null_resource.node_config[5] (remote-exec):[0m [0m  Verifying        : lm_sensors   20/39
[0m[1mmodule.media_nodes.null_resource.node_config[5] (remote-exec):[0m [0m  Verifying        : userspace-   21/39
[0m[1mmodule.media_nodes.null_resource.node_config[5] (remote-exec):[0m [0m  Verifying        : cryptsetup   22/39
[0m[1mmodule.media_nodes.null_resource.node_config[5] (remote-exec):[0m [0m  Verifying        : integritys   23/39
[0m[1mmodule.media_nodes.null_resource.node_config[5] (remote-exec):[0m [0m  Verifying        : device-map   24/39
[0m[1mmodule.media_nodes.null_resource.node_config[5] (remote-exec):[0m [0m  Verifying        : device-map   25/39
[0m[1mmodule.media_nodes.null_resource.node_config[5] (remote-exec):[0m [0m  Verifying        : device-map   26/39
[0m[1mmodule.media_nodes.null_resource.node_config[5] (remote-exec):[0m [0m  Verifying        : lvm2-8:2.0   27/39
[0m[1mmodule.media_nodes.null_resource.node_config[5] (remote-exec):[0m [0m  Verifying        : lvm2-libs-   28/39
[0m[1mmodule.media_nodes.null_resource.node_config[5] (remote-exec):[0m [0m  Verifying        : device-map   29/39
[0m[1mmodule.media_nodes.null_resource.node_config[5] (remote-exec):[0m [0m  Verifying        : device-map   30/39
[0m[1mmodule.media_nodes.null_resource.node_config[5] (remote-exec):[0m [0m  Verifying        : python3-se   31/39
[0m[1mmodule.media_nodes.null_resource.node_config[5] (remote-exec):[0m [0m  Verifying        : iscsi-init   32/39
[0m[1mmodule.media_nodes.null_resource.node_config[5] (remote-exec):[0m [0m  Verifying        : iscsi-init   33/39
[0m[1mmodule.media_nodes.null_resource.node_config[5] (remote-exec):[0m [0m  Verifying        : libibverbs   34/39
[0m[1mmodule.media_nodes.null_resource.node_config[5] (remote-exec):[0m [0m  Verifying        : nvme-cli-1   35/39
[0m[1mmodule.media_nodes.null_resource.node_config[5] (remote-exec):[0m [0m  Verifying        : rdma-core-   36/39
[0m[1mmodule.media_nodes.null_resource.node_config[5] (remote-exec):[0m [0m  Verifying        : librdmacm-   37/39
[0m[1mmodule.media_nodes.null_resource.node_config[5] (remote-exec):[0m [0m  Verifying        : smartmonto   38/39
[0m[1mmodule.media_nodes.null_resource.node_config[5] (remote-exec):[0m [0m  Verifying        : vlzconnect   39/39
[0m[1mmodule.media_nodes.null_resource.node_config[5] (remote-exec):[0m [0mInstalled products updated.

[0m[1mmodule.media_nodes.null_resource.node_config[5] (remote-exec):[0m [0mInstalled:
[0m[1mmodule.media_nodes.null_resource.node_config[5] (remote-exec):[0m [0m  boost-atomic-1.66.0-13.el8.aarch64
[0m[1mmodule.media_nodes.null_resource.node_config[5] (remote-exec):[0m [0m  boost-chrono-1.66.0-13.el8.aarch64
[0m[1mmodule.media_nodes.null_resource.node_config[5] (remote-exec):[0m [0m  boost-date-time-1.66.0-13.el8.aarch64
[0m[1mmodule.media_nodes.null_resource.node_config[5] (remote-exec):[0m [0m  boost-iostreams-1.66.0-13.el8.aarch64
[0m[1mmodule.media_nodes.null_resource.node_config[5] (remote-exec):[0m [0m  boost-program-options-1.66.0-13.el8.aarch64
[0m[1mmodule.media_nodes.null_resource.node_config[5] (remote-exec):[0m [0m  boost-random-1.66.0-13.el8.aarch64
[0m[1mmodule.media_nodes.null_resource.node_config[5] (remote-exec):[0m [0m  boost-regex-1.66.0-13.el8.aarch64
[0m[1mmodule.media_nodes.null_resource.node_config[5] (remote-exec):[0m [0m  boost-system-1.66.0-13.el8.aarch64
[0m[1mmodule.media_nodes.null_resource.node_config[5] (remote-exec):[0m [0m  boost-thread-1.66.0-13.el8.aarch64
[0m[1mmodule.media_nodes.null_resource.node_config[5] (remote-exec):[0m [0m  cryptsetup-2.3.7-2.el8.aarch64
[0m[1mmodule.media_nodes.null_resource.node_config[5] (remote-exec):[0m [0m  device-mapper-event-8:1.02.181-6.el8.aarch64
[0m[1mmodule.media_nodes.null_resource.node_config[5] (remote-exec):[0m [0m  device-mapper-event-libs-8:1.02.181-6.el8.aarch64
[0m[1mmodule.media_nodes.null_resource.node_config[5] (remote-exec):[0m [0m  device-mapper-multipath-0.8.4-28.el8_7.1.aarch64
[0m[1mmodule.media_nodes.null_resource.node_config[5] (remote-exec):[0m [0m  device-mapper-multipath-libs-0.8.4-28.el8_7.1.aarch64
[0m[1mmodule.media_nodes.null_resource.node_config[5] (remote-exec):[0m [0m  device-mapper-persistent-data-0.9.0-7.el8.aarch64
[0m[1mmodule.media_nodes.null_resource.node_config[5] (remote-exec):[0m [0m  fio-3.19-4.el8.aarch64
[0m[1mmodule.media_nodes.null_resource.node_config[5] (remote-exec):[0m [0m  integritysetup-2.3.7-2.el8.aarch64
[0m[1mmodule.media_nodes.null_resource.node_config[5] (remote-exec):[0m [0m  iscsi-initiator-utils-6.2.1.4-8.git095f59c.el8_8.aarch64
[0m[1mmodule.media_nodes.null_resource.node_config[5] (remote-exec):[0m [0m  iscsi-initiator-utils-iscsiuio-6.2.1.4-8.git095f59c.el8_8.aarch64
[0m[1mmodule.media_nodes.null_resource.node_config[5] (remote-exec):[0m [0m  isns-utils-libs-0.99-1.el8.aarch64
[0m[1mmodule.media_nodes.null_resource.node_config[5] (remote-exec):[0m [0m  libaio-0.3.112-1.el8.aarch64
[0m[1mmodule.media_nodes.null_resource.node_config[5] (remote-exec):[0m [0m  libibverbs-46.0-1.el8.1.aarch64
[0m[1mmodule.media_nodes.null_resource.node_config[5] (remote-exec):[0m [0m  libicu-60.3-2.el8_1.aarch64
[0m[1mmodule.media_nodes.null_resource.node_config[5] (remote-exec):[0m [0m  librados2-1:12.2.7-9.el8.aarch64
[0m[1mmodule.media_nodes.null_resource.node_config[5] (remote-exec):[0m [0m  librbd1-1:12.2.7-9.el8.aarch64
[0m[1mmodule.media_nodes.null_resource.node_config[5] (remote-exec):[0m [0m  librdmacm-46.0-1.el8.1.aarch64
[0m[1mmodule.media_nodes.null_resource.node_config[5] (remote-exec):[0m [0m  lm_sensors-libs-3.4.0-23.20180522git70f7e08.el8.aarch64
[0m[1mmodule.media_nodes.null_resource.node_config[5] (remote-exec):[0m [0m  lsof-4.93.2-1.el8.aarch64
[0m[1mmodule.media_nodes.null_resource.node_config[5] (remote-exec):[0m [0m  lvm2-8:2.03.14-6.el8.aarch64
[0m[1mmodule.media_nodes.null_resource.node_config[5] (remote-exec):[0m [0m  lvm2-libs-8:2.03.14-6.el8.aarch64
[0m[1mmodule.media_nodes.null_resource.node_config[5] (remote-exec):[0m [0m  nvme-cli-1.16-9.el8.aarch64
[0m[1mmodule.media_nodes.null_resource.node_config[5] (remote-exec):[0m [0m  python3-pip-9.0.3-22.el8.noarch
[0m[1mmodule.media_nodes.null_resource.node_config[5] (remote-exec):[0m [0m  python3-setuptools-39.2.0-6.el8_7.1.noarch
[0m[1mmodule.media_nodes.null_resource.node_config[5] (remote-exec):[0m [0m  python36-3.6.8-38.module+el8.9.0+20976+d3c38525.aarch64
[0m[1mmodule.media_nodes.null_resource.node_config[5] (remote-exec):[0m [0m  rdma-core-46.0-1.el8.1.aarch64
[0m[1mmodule.media_nodes.null_resource.node_config[5] (remote-exec):[0m [0m  smartmontools-1:7.1-2.el8.aarch64
[0m[1mmodule.media_nodes.null_resource.node_config[5] (remote-exec):[0m [0m  sysstat-11.7.3-11.el8.aarch64
[0m[1mmodule.media_nodes.null_resource.node_config[5] (remote-exec):[0m [0m  userspace-rcu-0.10.1-4.el8.aarch64
[0m[1mmodule.media_nodes.null_resource.node_config[5] (remote-exec):[0m [0m  vlzconnector-1.27.0-release.aarch64

[0m[1mmodule.media_nodes.null_resource.node_config[5] (remote-exec):[0m [0mComplete!
[0m[1mmodule.media_nodes.null_resource.node_config[5] (remote-exec):[0m [0m<><><> Finished Connector install on Red Hat Enterprise Linux!
[0m[1mmodule.media_nodes.null_resource.node_config[5]: Creation complete after 57s [id=1664250152642047903][0m
[0m[1m[32m
Apply complete! Resources: 32 added, 0 changed, 0 destroyed.
[0m[0m[1m[32m
Outputs:

[0mapp_nodes_id_list = []
app_nodes_public_dns = []
media_nodes_id_list = [
  "i-0d17b807ce308f939",
  "i-050d6e8c33cb3bb6a",
  "i-03e78c7272d220eeb",
  "i-0b25098905de73f87",
  "i-057e35c33711c3e8a",
  "i-0402683a92da93c6c",
  "i-06dbc145d9e06a04c",
]
media_nodes_public_dns = [
  "ec2-54-152-196-83.compute-1.amazonaws.com",
  "ec2-54-152-69-190.compute-1.amazonaws.com",
  "ec2-174-129-129-36.compute-1.amazonaws.com",
  "ec2-3-95-188-76.compute-1.amazonaws.com",
  "ec2-3-82-233-118.compute-1.amazonaws.com",
  "ec2-44-212-61-84.compute-1.amazonaws.com",
  "ec2-35-174-107-1.compute-1.amazonaws.com",
]
ssh_key_name = "Volumez20240204152454617000000001"
ssh_key_value = <sensitive>
vpc_id = "vpc-0d9e5389c1eaf42ca"
